{
  "version": 4,
  "terraform_version": "1.12.2",
  "serial": 715,
  "lineage": "1925b700-2f66-0cd5-71f9-b7ae09686276",
  "outputs": {
    "bastion_public_ip": {
      "value": "44.248.240.62",
      "type": "string"
    },
    "connection_instructions": {
      "value": "    \n=== CONNECTION INSTRUCTIONS ===\n    \n1. SSH to Bastion host:\n   ssh -i ./ssh-key-dev.pem ec2-user@44.248.240.62\n    \n2. From Bastion, SSH to WordPress:\n   First, copy your SSH key to the Bastion:\n   scp -i ./ssh-key-dev.pem ./ssh-key-dev.pem ec2-user@44.248.240.62:~/\n       \n   Then SSH to the WordPress server:\n   ssh -i ~/ssh-key-dev.pem ec2-user@10.0.0.132\n    \n🌐 WORDPRESS ACCESS (Secure):\n   URL: http://wordpress-alb-dev-2051701730.us-west-2.elb.amazonaws.com\n       \n🔒 ARCHITECTURE:\n   Internet → Load Balancer (Public) → WordPress (Private) → Database (Private)\n",
      "type": "string"
    },
    "database_endpoint": {
      "value": "wordpress-db-dev.cyuicznmrsyz.us-west-2.rds.amazonaws.com:3306",
      "type": "string",
      "sensitive": true
    },
    "load_balancer_dns": {
      "value": "wordpress-alb-dev-2051701730.us-west-2.elb.amazonaws.com",
      "type": "string"
    },
    "random_password": {
      "value": "5:iZyfydp+Jn[G$=",
      "type": "string",
      "sensitive": true
    },
    "ssh_key_path": {
      "value": "./ssh-key-dev.pem",
      "type": "string"
    },
    "wordpress_private_ip": {
      "value": "10.0.0.132",
      "type": "string"
    },
    "wordpress_url": {
      "value": "http://wordpress-alb-dev-2051701730.us-west-2.elb.amazonaws.com",
      "type": "string"
    }
  },
  "resources": [
    {
      "mode": "data",
      "type": "aws_availability_zones",
      "name": "available",
      "provider": "provider[\"registry.terraform.io/hashicorp/aws\"]",
      "instances": [
        {
          "schema_version": 0,
          "attributes": {
            "all_availability_zones": null,
            "exclude_names": null,
            "exclude_zone_ids": null,
            "filter": null,
            "group_names": [
              "us-west-2-zg-1"
            ],
            "id": "us-west-2",
            "names": [
              "us-west-2a",
              "us-west-2b",
              "us-west-2c",
              "us-west-2d"
            ],
            "region": "us-west-2",
            "state": "available",
            "timeouts": null,
            "zone_ids": [
              "usw2-az1",
              "usw2-az2",
              "usw2-az3",
              "usw2-az4"
            ]
          },
          "sensitive_attributes": [],
          "identity_schema_version": 0
        }
      ]
    },
    {
      "mode": "data",
      "type": "aws_region",
      "name": "current",
      "provider": "provider[\"registry.terraform.io/hashicorp/aws\"]",
      "instances": [
        {
          "schema_version": 0,
          "attributes": {
            "description": "US West (Oregon)",
            "endpoint": "ec2.us-west-2.amazonaws.com",
            "id": "us-west-2",
            "name": "us-west-2",
            "region": "us-west-2"
          },
          "sensitive_attributes": [],
          "identity_schema_version": 0
        }
      ]
    },
    {
      "mode": "data",
      "type": "aws_ssm_parameter",
      "name": "al2023",
      "provider": "provider[\"registry.terraform.io/hashicorp/aws\"]",
      "instances": [
        {
          "schema_version": 0,
          "attributes": {
            "arn": "arn:aws:ssm:us-west-2::parameter/aws/service/ami-amazon-linux-latest/al2023-ami-kernel-6.1-x86_64",
            "id": "/aws/service/ami-amazon-linux-latest/al2023-ami-kernel-6.1-x86_64",
            "insecure_value": "ami-05ee755be0cd7555c",
            "name": "/aws/service/ami-amazon-linux-latest/al2023-ami-kernel-6.1-x86_64",
            "region": "us-west-2",
            "type": "String",
            "value": "ami-05ee755be0cd7555c",
            "version": 121,
            "with_decryption": true
          },
          "sensitive_attributes": [
            [
              {
                "type": "get_attr",
                "value": "value"
              }
            ]
          ],
          "identity_schema_version": 0
        }
      ]
    },
    {
      "mode": "managed",
      "type": "aws_db_instance",
      "name": "wordpress_db",
      "provider": "provider[\"registry.terraform.io/hashicorp/aws\"]",
      "instances": [
        {
          "schema_version": 2,
          "attributes": {
            "address": "wordpress-db-dev.cyuicznmrsyz.us-west-2.rds.amazonaws.com",
            "allocated_storage": 20,
            "allow_major_version_upgrade": null,
            "apply_immediately": false,
            "arn": "arn:aws:rds:us-west-2:599994645102:db:wordpress-db-dev",
            "auto_minor_version_upgrade": true,
            "availability_zone": "us-west-2b",
            "backup_retention_period": 0,
            "backup_target": "region",
            "backup_window": "09:19-09:49",
            "blue_green_update": [],
            "ca_cert_identifier": "rds-ca-rsa2048-g1",
            "character_set_name": "",
            "copy_tags_to_snapshot": false,
            "custom_iam_instance_profile": "",
            "customer_owned_ip_enabled": false,
            "database_insights_mode": "standard",
            "db_name": "wordpress",
            "db_subnet_group_name": "wordpress-db-subnet-group",
            "dedicated_log_volume": false,
            "delete_automated_backups": true,
            "deletion_protection": false,
            "domain": "",
            "domain_auth_secret_arn": "",
            "domain_dns_ips": null,
            "domain_fqdn": "",
            "domain_iam_role_name": "",
            "domain_ou": "",
            "enabled_cloudwatch_logs_exports": null,
            "endpoint": "wordpress-db-dev.cyuicznmrsyz.us-west-2.rds.amazonaws.com:3306",
            "engine": "mysql",
            "engine_lifecycle_support": "open-source-rds-extended-support",
            "engine_version": "8.0",
            "engine_version_actual": "8.0.41",
            "final_snapshot_identifier": null,
            "hosted_zone_id": "Z1PVIF0B656C1W",
            "iam_database_authentication_enabled": false,
            "id": "db-Q2H7DNSZ2FCFQRPUA7C2R6XLCY",
            "identifier": "wordpress-db-dev",
            "identifier_prefix": "",
            "instance_class": "db.t3.micro",
            "iops": 0,
            "kms_key_id": "",
            "latest_restorable_time": "",
            "license_model": "general-public-license",
            "listener_endpoint": [],
            "maintenance_window": "sat:10:44-sat:11:14",
            "manage_master_user_password": null,
            "master_user_secret": [],
            "master_user_secret_kms_key_id": null,
            "max_allocated_storage": 0,
            "monitoring_interval": 0,
            "monitoring_role_arn": "",
            "multi_az": false,
            "nchar_character_set_name": "",
            "network_type": "IPV4",
            "option_group_name": "default:mysql-8-0",
            "parameter_group_name": "default.mysql8.0",
            "password": "5:iZyfydp+Jn[G$=",
            "password_wo": null,
            "password_wo_version": null,
            "performance_insights_enabled": false,
            "performance_insights_kms_key_id": "",
            "performance_insights_retention_period": 0,
            "port": 3306,
            "publicly_accessible": false,
            "region": "us-west-2",
            "replica_mode": "",
            "replicas": [],
            "replicate_source_db": "",
            "resource_id": "db-Q2H7DNSZ2FCFQRPUA7C2R6XLCY",
            "restore_to_point_in_time": [],
            "s3_import": [],
            "skip_final_snapshot": true,
            "snapshot_identifier": null,
            "status": "available",
            "storage_encrypted": false,
            "storage_throughput": 0,
            "storage_type": "gp2",
            "tags": {
              "Environment": "dev",
              "Name": "WordPress-DB-dev",
              "Terraform": "true"
            },
            "tags_all": {
              "Environment": "dev",
              "Name": "WordPress-DB-dev",
              "Terraform": "true"
            },
            "timeouts": null,
            "timezone": "",
            "upgrade_storage_config": null,
            "username": "wpuser",
            "vpc_security_group_ids": [
              "sg-09707c9efe4280dfb"
            ]
          },
          "sensitive_attributes": [
            [
              {
                "type": "get_attr",
                "value": "password"
              }
            ],
            [
              {
                "type": "get_attr",
                "value": "password_wo"
              }
            ]
          ],
          "identity_schema_version": 0,
          "private": "eyJlMmJmYjczMC1lY2FhLTExZTYtOGY4OC0zNDM2M2JjN2M0YzAiOnsiY3JlYXRlIjozMDAwMDAwMDAwMDAwLCJkZWxldGUiOjM2MDAwMDAwMDAwMDAsInVwZGF0ZSI6NDgwMDAwMDAwMDAwMH0sInNjaGVtYV92ZXJzaW9uIjoiMiJ9",
          "dependencies": [
            "aws_db_subnet_group.wordpress_db_subnet_group",
            "aws_security_group.alb_sg",
            "aws_security_group.bastion_sg",
            "aws_security_group.rds_sg",
            "aws_security_group.wordpress_sg",
            "aws_subnet.privateSubnet",
            "aws_subnet.privateSubnet2",
            "aws_vpc.myVPC",
            "data.aws_availability_zones.available",
            "random_password.db_password"
          ]
        }
      ]
    },
    {
      "mode": "managed",
      "type": "aws_db_subnet_group",
      "name": "wordpress_db_subnet_group",
      "provider": "provider[\"registry.terraform.io/hashicorp/aws\"]",
      "instances": [
        {
          "schema_version": 0,
          "attributes": {
            "arn": "arn:aws:rds:us-west-2:599994645102:subgrp:wordpress-db-subnet-group",
            "description": "Managed by Terraform",
            "id": "wordpress-db-subnet-group",
            "name": "wordpress-db-subnet-group",
            "name_prefix": "",
            "region": "us-west-2",
            "subnet_ids": [
              "subnet-050106d803a2dbfce",
              "subnet-0e0be88db8306e1a2"
            ],
            "supported_network_types": [
              "IPV4"
            ],
            "tags": {
              "Environment": "dev",
              "Name": "WordPress DB subnet group",
              "Terraform": "true"
            },
            "tags_all": {
              "Environment": "dev",
              "Name": "WordPress DB subnet group",
              "Terraform": "true"
            },
            "vpc_id": "vpc-0026dbcf0bef046bd"
          },
          "sensitive_attributes": [],
          "identity_schema_version": 0,
          "private": "bnVsbA==",
          "dependencies": [
            "aws_subnet.privateSubnet",
            "aws_subnet.privateSubnet2",
            "aws_vpc.myVPC",
            "data.aws_availability_zones.available"
          ]
        }
      ]
    },
    {
      "mode": "managed",
      "type": "aws_eip",
      "name": "elasticIP",
      "provider": "provider[\"registry.terraform.io/hashicorp/aws\"]",
      "instances": [
        {
          "schema_version": 0,
          "attributes": {
            "address": null,
            "allocation_id": "eipalloc-03dcc648a211d3c8f",
            "arn": "arn:aws:ec2:us-west-2:599994645102:elastic-ip/eipalloc-03dcc648a211d3c8f",
            "associate_with_private_ip": null,
            "association_id": "",
            "carrier_ip": "",
            "customer_owned_ip": "",
            "customer_owned_ipv4_pool": "",
            "domain": "vpc",
            "id": "eipalloc-03dcc648a211d3c8f",
            "instance": "",
            "ipam_pool_id": null,
            "network_border_group": "us-west-2",
            "network_interface": "",
            "private_dns": null,
            "private_ip": "",
            "ptr_record": "",
            "public_dns": "ec2-52-41-124-4.us-west-2.compute.amazonaws.com",
            "public_ip": "52.41.124.4",
            "public_ipv4_pool": "amazon",
            "region": "us-west-2",
            "tags": {
              "Environment": "dev",
              "Name": "NAT-Gateway-EIP",
              "Terraform": "true"
            },
            "tags_all": {
              "Environment": "dev",
              "Name": "NAT-Gateway-EIP",
              "Terraform": "true"
            },
            "timeouts": null
          },
          "sensitive_attributes": [],
          "identity_schema_version": 0,
          "private": "eyJlMmJmYjczMC1lY2FhLTExZTYtOGY4OC0zNDM2M2JjN2M0YzAiOnsiZGVsZXRlIjoxODAwMDAwMDAwMDAsInJlYWQiOjkwMDAwMDAwMDAwMCwidXBkYXRlIjozMDAwMDAwMDAwMDB9fQ=="
        }
      ]
    },
    {
      "mode": "managed",
      "type": "aws_instance",
      "name": "bastion",
      "provider": "provider[\"registry.terraform.io/hashicorp/aws\"]",
      "instances": [
        {
          "schema_version": 2,
          "attributes": {
            "ami": "ami-05ee755be0cd7555c",
            "arn": "arn:aws:ec2:us-west-2:599994645102:instance/i-06aef907117302211",
            "associate_public_ip_address": true,
            "availability_zone": "us-west-2a",
            "capacity_reservation_specification": [
              {
                "capacity_reservation_preference": "open",
                "capacity_reservation_target": []
              }
            ],
            "cpu_options": [
              {
                "amd_sev_snp": "",
                "core_count": 1,
                "threads_per_core": 1
              }
            ],
            "credit_specification": [
              {
                "cpu_credits": "standard"
              }
            ],
            "disable_api_stop": false,
            "disable_api_termination": false,
            "ebs_block_device": [],
            "ebs_optimized": false,
            "enable_primary_ipv6": null,
            "enclave_options": [
              {
                "enabled": false
              }
            ],
            "ephemeral_block_device": [],
            "get_password_data": false,
            "hibernation": false,
            "host_id": "",
            "host_resource_group_arn": null,
            "iam_instance_profile": "",
            "id": "i-06aef907117302211",
            "instance_initiated_shutdown_behavior": "stop",
            "instance_lifecycle": "",
            "instance_market_options": [],
            "instance_state": "running",
            "instance_type": "t2.micro",
            "ipv6_address_count": 0,
            "ipv6_addresses": [],
            "key_name": "terraform-dev-key",
            "launch_template": [],
            "maintenance_options": [
              {
                "auto_recovery": "default"
              }
            ],
            "metadata_options": [
              {
                "http_endpoint": "enabled",
                "http_protocol_ipv6": "disabled",
                "http_put_response_hop_limit": 2,
                "http_tokens": "required",
                "instance_metadata_tags": "disabled"
              }
            ],
            "monitoring": false,
            "network_interface": [],
            "outpost_arn": "",
            "password_data": "",
            "placement_group": "",
            "placement_partition_number": 0,
            "primary_network_interface_id": "eni-038541c198f65cded",
            "private_dns": "ip-10-0-0-38.us-west-2.compute.internal",
            "private_dns_name_options": [
              {
                "enable_resource_name_dns_a_record": false,
                "enable_resource_name_dns_aaaa_record": false,
                "hostname_type": "ip-name"
              }
            ],
            "private_ip": "10.0.0.38",
            "public_dns": "",
            "public_ip": "44.248.240.62",
            "region": "us-west-2",
            "root_block_device": [
              {
                "delete_on_termination": true,
                "device_name": "/dev/xvda",
                "encrypted": false,
                "iops": 3000,
                "kms_key_id": "",
                "tags": {},
                "tags_all": {},
                "throughput": 125,
                "volume_id": "vol-0a59963149351924f",
                "volume_size": 8,
                "volume_type": "gp3"
              }
            ],
            "secondary_private_ips": [],
            "security_groups": [],
            "source_dest_check": true,
            "spot_instance_request_id": "",
            "subnet_id": "subnet-09ea0e7f89023b61c",
            "tags": {
              "Environment": "dev",
              "Name": "Bastion-dev",
              "Terraform": "true"
            },
            "tags_all": {
              "Environment": "dev",
              "Name": "Bastion-dev",
              "Terraform": "true"
            },
            "tenancy": "default",
            "timeouts": null,
            "user_data": "#!/bin/bash\n# Update system packages\ndnf update -y\n        \n    \n# 1. Disabling root login via SSH by setting PermitRootLogin to 'no'\n# 2. Disabling password authentication by setting PasswordAuthentication to 'no' (forcing key-based auth only)\nsed -i 's/#PermitRootLogin yes/PermitRootLogin no/' /etc/ssh/sshd_config\nsed -i 's/#PasswordAuthentication yes/PasswordAuthentication no/' /etc/ssh/sshd_config\nsystemctl restart sshd # 3. Restarting the SSH daemon to apply these changes\n",
            "user_data_base64": null,
            "user_data_replace_on_change": false,
            "volume_tags": null,
            "vpc_security_group_ids": [
              "sg-08359cc61da65c2fd"
            ]
          },
          "sensitive_attributes": [
            [
              {
                "type": "get_attr",
                "value": "ami"
              }
            ]
          ],
          "identity_schema_version": 0,
          "private": "eyJlMmJmYjczMC1lY2FhLTExZTYtOGY4OC0zNDM2M2JjN2M0YzAiOnsiY3JlYXRlIjo2MDAwMDAwMDAwMDAsImRlbGV0ZSI6MTIwMDAwMDAwMDAwMCwicmVhZCI6OTAwMDAwMDAwMDAwLCJ1cGRhdGUiOjYwMDAwMDAwMDAwMH0sInNjaGVtYV92ZXJzaW9uIjoiMiJ9",
          "dependencies": [
            "aws_key_pair.generated_key",
            "aws_security_group.bastion_sg",
            "aws_subnet.publicSubnet",
            "aws_vpc.myVPC",
            "data.aws_availability_zones.available",
            "data.aws_ssm_parameter.al2023",
            "tls_private_key.ssh_key"
          ]
        }
      ]
    },
    {
      "mode": "managed",
      "type": "aws_instance",
      "name": "wordpress",
      "provider": "provider[\"registry.terraform.io/hashicorp/aws\"]",
      "instances": [
        {
          "schema_version": 2,
          "attributes": {
            "ami": "ami-05ee755be0cd7555c",
            "arn": "arn:aws:ec2:us-west-2:599994645102:instance/i-0052955421c32e02f",
            "associate_public_ip_address": false,
            "availability_zone": "us-west-2a",
            "capacity_reservation_specification": [
              {
                "capacity_reservation_preference": "open",
                "capacity_reservation_target": []
              }
            ],
            "cpu_options": [
              {
                "amd_sev_snp": "",
                "core_count": 1,
                "threads_per_core": 2
              }
            ],
            "credit_specification": [
              {
                "cpu_credits": "unlimited"
              }
            ],
            "disable_api_stop": false,
            "disable_api_termination": false,
            "ebs_block_device": [],
            "ebs_optimized": false,
            "enable_primary_ipv6": null,
            "enclave_options": [
              {
                "enabled": false
              }
            ],
            "ephemeral_block_device": [],
            "get_password_data": false,
            "hibernation": false,
            "host_id": "",
            "host_resource_group_arn": null,
            "iam_instance_profile": "",
            "id": "i-0052955421c32e02f",
            "instance_initiated_shutdown_behavior": "stop",
            "instance_lifecycle": "",
            "instance_market_options": [],
            "instance_state": "running",
            "instance_type": "t3.micro",
            "ipv6_address_count": 0,
            "ipv6_addresses": [],
            "key_name": "terraform-dev-key",
            "launch_template": [],
            "maintenance_options": [
              {
                "auto_recovery": "default"
              }
            ],
            "metadata_options": [
              {
                "http_endpoint": "enabled",
                "http_protocol_ipv6": "disabled",
                "http_put_response_hop_limit": 2,
                "http_tokens": "required",
                "instance_metadata_tags": "disabled"
              }
            ],
            "monitoring": false,
            "network_interface": [],
            "outpost_arn": "",
            "password_data": "",
            "placement_group": "",
            "placement_partition_number": 0,
            "primary_network_interface_id": "eni-031d029b7575caf82",
            "private_dns": "ip-10-0-0-132.us-west-2.compute.internal",
            "private_dns_name_options": [
              {
                "enable_resource_name_dns_a_record": false,
                "enable_resource_name_dns_aaaa_record": false,
                "hostname_type": "ip-name"
              }
            ],
            "private_ip": "10.0.0.132",
            "public_dns": "",
            "public_ip": "",
            "region": "us-west-2",
            "root_block_device": [
              {
                "delete_on_termination": true,
                "device_name": "/dev/xvda",
                "encrypted": false,
                "iops": 3000,
                "kms_key_id": "",
                "tags": {},
                "tags_all": {},
                "throughput": 125,
                "volume_id": "vol-0c7260a2a341f3c90",
                "volume_size": 8,
                "volume_type": "gp3"
              }
            ],
            "secondary_private_ips": [],
            "security_groups": [],
            "source_dest_check": true,
            "spot_instance_request_id": "",
            "subnet_id": "subnet-0e0be88db8306e1a2",
            "tags": {
              "Environment": "dev",
              "Name": "WordPress-dev",
              "OS": "Linux",
              "Terraform": "true"
            },
            "tags_all": {
              "Environment": "dev",
              "Name": "WordPress-dev",
              "OS": "Linux",
              "Terraform": "true"
            },
            "tenancy": "default",
            "timeouts": null,
            "user_data": " #!/bin/bash\nexec \u003e \u003e(tee /var/log/user-data.log) 2\u003e\u00261\n    \n# # Quick connectivity test\n# if ! curl -s --connect-timeout 10 http://amazon.com \u003e/dev/null; then\n#     echo \"No internet connectivity - checking network config:\"\n#     ip route\n#     cat /etc/resolv.conf\n#     sleep 30\n# fi\n    \ndnf update -y\ndnf install -y httpd php php-mysqli php-json php-gd php-mbstring\n    \nsystemctl start httpd\nsystemctl enable httpd\n    \n# Create a simple health check page first\necho \"OK\" \u003e /var/www/html/health.html\n\n# Download and extract WordPress\ncd /tmp\nwget https://wordpress.org/latest.zip -O /tmp/wordpress.zip\nunzip /tmp/wordpress.zip -d /tmp/\ncp -r /tmp/wordpress/* /var/www/html/\nchown -R apache:apache /var/www/html/\nchmod -R 755 /var/www/html/\n\n# Wait for RDS to be ready\nsleep 60\n\n\n# Configure wp-config.php\ncp /var/www/html/wp-config-sample.php /var/www/html/wp-config.php\nsed -i \"s/database_name_here/wordpress/\" /var/www/html/wp-config.php\nsed -i \"s/username_here/wpuser/\" /var/www/html/wp-config.php\nsed -i \"s/password_here/5:iZyfydp+Jn[G$=/\" /var/www/html/wp-config.php\nsed -i \"s/host_here/wordpress-db-dev.cyuicznmrsyz.us-west-2.rds.amazonaws.com:3306/\" /var/www/html/wp-config.php\n",
            "user_data_base64": null,
            "user_data_replace_on_change": false,
            "volume_tags": null,
            "vpc_security_group_ids": [
              "sg-08d1e406f65137065"
            ]
          },
          "sensitive_attributes": [
            [
              {
                "type": "get_attr",
                "value": "ami"
              }
            ],
            [
              {
                "type": "get_attr",
                "value": "user_data"
              }
            ]
          ],
          "identity_schema_version": 0,
          "private": "eyJlMmJmYjczMC1lY2FhLTExZTYtOGY4OC0zNDM2M2JjN2M0YzAiOnsiY3JlYXRlIjo2MDAwMDAwMDAwMDAsImRlbGV0ZSI6MTIwMDAwMDAwMDAwMCwicmVhZCI6OTAwMDAwMDAwMDAwLCJ1cGRhdGUiOjYwMDAwMDAwMDAwMH0sInNjaGVtYV92ZXJzaW9uIjoiMiJ9",
          "dependencies": [
            "aws_db_instance.wordpress_db",
            "aws_db_subnet_group.wordpress_db_subnet_group",
            "aws_eip.elasticIP",
            "aws_internet_gateway.myIGW",
            "aws_key_pair.generated_key",
            "aws_nat_gateway.myNATGateway",
            "aws_route_table.myPrivateRouteTable",
            "aws_route_table_association.private",
            "aws_security_group.alb_sg",
            "aws_security_group.bastion_sg",
            "aws_security_group.rds_sg",
            "aws_security_group.wordpress_sg",
            "aws_subnet.privateSubnet",
            "aws_subnet.privateSubnet2",
            "aws_subnet.publicSubnet",
            "aws_vpc.myVPC",
            "data.aws_availability_zones.available",
            "data.aws_ssm_parameter.al2023",
            "random_password.db_password",
            "time_sleep.wait_for_nat_gateway",
            "tls_private_key.ssh_key"
          ]
        }
      ]
    },
    {
      "mode": "managed",
      "type": "aws_internet_gateway",
      "name": "myIGW",
      "provider": "provider[\"registry.terraform.io/hashicorp/aws\"]",
      "instances": [
        {
          "schema_version": 0,
          "attributes": {
            "arn": "arn:aws:ec2:us-west-2:599994645102:internet-gateway/igw-0328b9e4dab369ddb",
            "id": "igw-0328b9e4dab369ddb",
            "owner_id": "599994645102",
            "region": "us-west-2",
            "tags": {
              "Environment": "dev",
              "Name": "myIGW",
              "Terraform": "true"
            },
            "tags_all": {
              "Environment": "dev",
              "Name": "myIGW",
              "Terraform": "true"
            },
            "timeouts": null,
            "vpc_id": "vpc-0026dbcf0bef046bd"
          },
          "sensitive_attributes": [],
          "identity_schema_version": 0,
          "private": "eyJlMmJmYjczMC1lY2FhLTExZTYtOGY4OC0zNDM2M2JjN2M0YzAiOnsiY3JlYXRlIjoxMjAwMDAwMDAwMDAwLCJkZWxldGUiOjEyMDAwMDAwMDAwMDAsInVwZGF0ZSI6MTIwMDAwMDAwMDAwMH19",
          "dependencies": [
            "aws_vpc.myVPC"
          ]
        }
      ]
    },
    {
      "mode": "managed",
      "type": "aws_key_pair",
      "name": "generated_key",
      "provider": "provider[\"registry.terraform.io/hashicorp/aws\"]",
      "instances": [
        {
          "schema_version": 1,
          "attributes": {
            "arn": "arn:aws:ec2:us-west-2:599994645102:key-pair/terraform-dev-key",
            "fingerprint": "40:c0:27:45:97:87:df:f3:bc:e3:fe:74:00:e6:31:d0",
            "id": "terraform-dev-key",
            "key_name": "terraform-dev-key",
            "key_name_prefix": "",
            "key_pair_id": "key-02702cba411367d7d",
            "key_type": "rsa",
            "public_key": "ssh-rsa AAAAB3NzaC1yc2EAAAADAQABAAACAQC9r/afROTWXanmJW/de+GTO2xP/cmtnIq+dg/kvaOKcuesWuzT+PTUztoGar7UQDkpHBxPNKWG/D1w2mxP2Gd5OoxiuBKp0C7irWeA2xFnL43lOGw+wHU3wetpfI2SqiGBII5fBdGGK6l+/eFmAd7uh5K1EdXlb/5iHZbLte5POI9l/NMrmvh0eDTRbqLuXtYftD+8ASjFljcIAs+OfC51fmWV4aXlUQD4UM26wKjO8PExjXGk8/zIf2qnz32xu3x4tQUGJJ7EAm23eubRHSfXnnAEFf+b7I2GwpEa40najD+9yhQD61nGxjhhMxznJF+h1UdJaZtEDwECvTo1ekzP2Jk69fJ2Cz3hBguI7ZJlWT4fbpthBtYo6Ua7Tla5dIJzreTaSTg9H9Sb8dPbXbZz4DCEMWkaXIj7Rz39un6j9tl3alX1lzIgpwSXmKhOeQx7ttRPz5/4HvHUr/db2AU9q7kmpTFsjp7yy6hCkIbO9/SRE1LUL0Hk9CwpYSG5YRo/3GVjr3FTENm18YxrFS1+J9Xr4E700bQcaopd5FZq3s9EbET8vgyYz29jJEIBq3cYVROYRYNRL3Vge6ynYai980+Fj4tG8gjouZsitrv7++opLnoMXsbUp2kk5mFUXzdcOFYoYhriN7+/O6PdeMHrnEZQC+JBE2T62cUGJLW1Rw==",
            "region": "us-west-2",
            "tags": null,
            "tags_all": {}
          },
          "sensitive_attributes": [],
          "identity_schema_version": 0,
          "private": "eyJzY2hlbWFfdmVyc2lvbiI6IjEifQ==",
          "dependencies": [
            "tls_private_key.ssh_key"
          ]
        }
      ]
    },
    {
      "mode": "managed",
      "type": "aws_lb",
      "name": "wordpress_alb",
      "provider": "provider[\"registry.terraform.io/hashicorp/aws\"]",
      "instances": [
        {
          "schema_version": 0,
          "attributes": {
            "access_logs": [
              {
                "bucket": "",
                "enabled": false,
                "prefix": ""
              }
            ],
            "arn": "arn:aws:elasticloadbalancing:us-west-2:599994645102:loadbalancer/app/wordpress-alb-dev/09fe0441e42f4b0e",
            "arn_suffix": "app/wordpress-alb-dev/09fe0441e42f4b0e",
            "client_keep_alive": 3600,
            "connection_logs": [
              {
                "bucket": "",
                "enabled": false,
                "prefix": ""
              }
            ],
            "customer_owned_ipv4_pool": "",
            "desync_mitigation_mode": "defensive",
            "dns_name": "wordpress-alb-dev-2051701730.us-west-2.elb.amazonaws.com",
            "dns_record_client_routing_policy": null,
            "drop_invalid_header_fields": false,
            "enable_cross_zone_load_balancing": true,
            "enable_deletion_protection": false,
            "enable_http2": true,
            "enable_tls_version_and_cipher_suite_headers": false,
            "enable_waf_fail_open": false,
            "enable_xff_client_port": false,
            "enable_zonal_shift": false,
            "enforce_security_group_inbound_rules_on_private_link_traffic": "",
            "id": "arn:aws:elasticloadbalancing:us-west-2:599994645102:loadbalancer/app/wordpress-alb-dev/09fe0441e42f4b0e",
            "idle_timeout": 60,
            "internal": false,
            "ip_address_type": "ipv4",
            "ipam_pools": [],
            "load_balancer_type": "application",
            "minimum_load_balancer_capacity": [],
            "name": "wordpress-alb-dev",
            "name_prefix": "",
            "preserve_host_header": false,
            "region": "us-west-2",
            "security_groups": [
              "sg-0448b47d9ddaad468"
            ],
            "subnet_mapping": [
              {
                "allocation_id": "",
                "ipv6_address": "",
                "outpost_id": "",
                "private_ipv4_address": "",
                "subnet_id": "subnet-055e9f431dda11853"
              },
              {
                "allocation_id": "",
                "ipv6_address": "",
                "outpost_id": "",
                "private_ipv4_address": "",
                "subnet_id": "subnet-09ea0e7f89023b61c"
              }
            ],
            "subnets": [
              "subnet-055e9f431dda11853",
              "subnet-09ea0e7f89023b61c"
            ],
            "tags": {
              "Environment": "dev",
              "Name": "WordPress-ALB-dev",
              "Terraform": "true"
            },
            "tags_all": {
              "Environment": "dev",
              "Name": "WordPress-ALB-dev",
              "Terraform": "true"
            },
            "timeouts": null,
            "vpc_id": "vpc-0026dbcf0bef046bd",
            "xff_header_processing_mode": "append",
            "zone_id": "Z1H1FL5HABSF5"
          },
          "sensitive_attributes": [],
          "identity_schema_version": 0,
          "identity": {
            "arn": "arn:aws:elasticloadbalancing:us-west-2:599994645102:loadbalancer/app/wordpress-alb-dev/09fe0441e42f4b0e"
          },
          "private": "eyJlMmJmYjczMC1lY2FhLTExZTYtOGY4OC0zNDM2M2JjN2M0YzAiOnsiY3JlYXRlIjo2MDAwMDAwMDAwMDAsImRlbGV0ZSI6NjAwMDAwMDAwMDAwLCJ1cGRhdGUiOjYwMDAwMDAwMDAwMH19",
          "dependencies": [
            "aws_security_group.alb_sg",
            "aws_subnet.publicSubnet",
            "aws_subnet.publicSubnet2",
            "aws_vpc.myVPC",
            "data.aws_availability_zones.available"
          ]
        }
      ]
    },
    {
      "mode": "managed",
      "type": "aws_lb_listener",
      "name": "wordpress_listener",
      "provider": "provider[\"registry.terraform.io/hashicorp/aws\"]",
      "instances": [
        {
          "schema_version": 0,
          "attributes": {
            "alpn_policy": null,
            "arn": "arn:aws:elasticloadbalancing:us-west-2:599994645102:listener/app/wordpress-alb-dev/09fe0441e42f4b0e/4125b3d0cef979b6",
            "certificate_arn": null,
            "default_action": [
              {
                "authenticate_cognito": [],
                "authenticate_oidc": [],
                "fixed_response": [],
                "forward": [],
                "order": 1,
                "redirect": [],
                "target_group_arn": "arn:aws:elasticloadbalancing:us-west-2:599994645102:targetgroup/wordpress-tg-dev/8ff78b2b82e04355",
                "type": "forward"
              }
            ],
            "id": "arn:aws:elasticloadbalancing:us-west-2:599994645102:listener/app/wordpress-alb-dev/09fe0441e42f4b0e/4125b3d0cef979b6",
            "load_balancer_arn": "arn:aws:elasticloadbalancing:us-west-2:599994645102:loadbalancer/app/wordpress-alb-dev/09fe0441e42f4b0e",
            "mutual_authentication": [],
            "port": 80,
            "protocol": "HTTP",
            "region": "us-west-2",
            "routing_http_request_x_amzn_mtls_clientcert_header_name": null,
            "routing_http_request_x_amzn_mtls_clientcert_issuer_header_name": null,
            "routing_http_request_x_amzn_mtls_clientcert_leaf_header_name": null,
            "routing_http_request_x_amzn_mtls_clientcert_serial_number_header_name": null,
            "routing_http_request_x_amzn_mtls_clientcert_subject_header_name": null,
            "routing_http_request_x_amzn_mtls_clientcert_validity_header_name": null,
            "routing_http_request_x_amzn_tls_cipher_suite_header_name": null,
            "routing_http_request_x_amzn_tls_version_header_name": null,
            "routing_http_response_access_control_allow_credentials_header_value": "",
            "routing_http_response_access_control_allow_headers_header_value": "",
            "routing_http_response_access_control_allow_methods_header_value": "",
            "routing_http_response_access_control_allow_origin_header_value": "",
            "routing_http_response_access_control_expose_headers_header_value": "",
            "routing_http_response_access_control_max_age_header_value": "",
            "routing_http_response_content_security_policy_header_value": "",
            "routing_http_response_server_enabled": true,
            "routing_http_response_strict_transport_security_header_value": "",
            "routing_http_response_x_content_type_options_header_value": "",
            "routing_http_response_x_frame_options_header_value": "",
            "ssl_policy": "",
            "tags": null,
            "tags_all": {},
            "tcp_idle_timeout_seconds": null,
            "timeouts": null
          },
          "sensitive_attributes": [],
          "identity_schema_version": 0,
          "private": "eyJlMmJmYjczMC1lY2FhLTExZTYtOGY4OC0zNDM2M2JjN2M0YzAiOnsiY3JlYXRlIjozMDAwMDAwMDAwMDAsInVwZGF0ZSI6MzAwMDAwMDAwMDAwfX0=",
          "dependencies": [
            "aws_lb.wordpress_alb",
            "aws_lb_target_group.wordpress_tg",
            "aws_security_group.alb_sg",
            "aws_subnet.publicSubnet",
            "aws_subnet.publicSubnet2",
            "aws_vpc.myVPC",
            "data.aws_availability_zones.available"
          ]
        }
      ]
    },
    {
      "mode": "managed",
      "type": "aws_lb_target_group",
      "name": "wordpress_tg",
      "provider": "provider[\"registry.terraform.io/hashicorp/aws\"]",
      "instances": [
        {
          "schema_version": 0,
          "attributes": {
            "arn": "arn:aws:elasticloadbalancing:us-west-2:599994645102:targetgroup/wordpress-tg-dev/8ff78b2b82e04355",
            "arn_suffix": "targetgroup/wordpress-tg-dev/8ff78b2b82e04355",
            "connection_termination": null,
            "deregistration_delay": "300",
            "health_check": [
              {
                "enabled": true,
                "healthy_threshold": 2,
                "interval": 30,
                "matcher": "200",
                "path": "/health.html",
                "port": "traffic-port",
                "protocol": "HTTP",
                "timeout": 10,
                "unhealthy_threshold": 3
              }
            ],
            "id": "arn:aws:elasticloadbalancing:us-west-2:599994645102:targetgroup/wordpress-tg-dev/8ff78b2b82e04355",
            "ip_address_type": "ipv4",
            "lambda_multi_value_headers_enabled": false,
            "load_balancer_arns": [],
            "load_balancing_algorithm_type": "round_robin",
            "load_balancing_anomaly_mitigation": "off",
            "load_balancing_cross_zone_enabled": "use_load_balancer_configuration",
            "name": "wordpress-tg-dev",
            "name_prefix": "",
            "port": 80,
            "preserve_client_ip": null,
            "protocol": "HTTP",
            "protocol_version": "HTTP1",
            "proxy_protocol_v2": false,
            "region": "us-west-2",
            "slow_start": 0,
            "stickiness": [
              {
                "cookie_duration": 86400,
                "cookie_name": "",
                "enabled": false,
                "type": "lb_cookie"
              }
            ],
            "tags": {
              "Environment": "dev",
              "Name": "WordPress-TG-dev",
              "Terraform": "true"
            },
            "tags_all": {
              "Environment": "dev",
              "Name": "WordPress-TG-dev",
              "Terraform": "true"
            },
            "target_failover": [
              {
                "on_deregistration": null,
                "on_unhealthy": null
              }
            ],
            "target_group_health": [
              {
                "dns_failover": [
                  {
                    "minimum_healthy_targets_count": "1",
                    "minimum_healthy_targets_percentage": "off"
                  }
                ],
                "unhealthy_state_routing": [
                  {
                    "minimum_healthy_targets_count": 1,
                    "minimum_healthy_targets_percentage": "off"
                  }
                ]
              }
            ],
            "target_health_state": [
              {
                "enable_unhealthy_connection_termination": null,
                "unhealthy_draining_interval": null
              }
            ],
            "target_type": "instance",
            "vpc_id": "vpc-0026dbcf0bef046bd"
          },
          "sensitive_attributes": [],
          "identity_schema_version": 0,
          "private": "bnVsbA==",
          "dependencies": [
            "aws_vpc.myVPC"
          ]
        }
      ]
    },
    {
      "mode": "managed",
      "type": "aws_lb_target_group_attachment",
      "name": "wordpress_tg_attachment",
      "provider": "provider[\"registry.terraform.io/hashicorp/aws\"]",
      "instances": [
        {
          "schema_version": 0,
          "attributes": {
            "availability_zone": null,
            "id": "arn:aws:elasticloadbalancing:us-west-2:599994645102:targetgroup/wordpress-tg-dev/8ff78b2b82e04355-20250710102515240900000006",
            "port": 80,
            "region": "us-west-2",
            "target_group_arn": "arn:aws:elasticloadbalancing:us-west-2:599994645102:targetgroup/wordpress-tg-dev/8ff78b2b82e04355",
            "target_id": "i-0052955421c32e02f"
          },
          "sensitive_attributes": [],
          "identity_schema_version": 0,
          "private": "bnVsbA==",
          "dependencies": [
            "aws_db_instance.wordpress_db",
            "aws_db_subnet_group.wordpress_db_subnet_group",
            "aws_eip.elasticIP",
            "aws_instance.wordpress",
            "aws_internet_gateway.myIGW",
            "aws_key_pair.generated_key",
            "aws_lb_target_group.wordpress_tg",
            "aws_nat_gateway.myNATGateway",
            "aws_route_table.myPrivateRouteTable",
            "aws_route_table_association.private",
            "aws_security_group.alb_sg",
            "aws_security_group.bastion_sg",
            "aws_security_group.rds_sg",
            "aws_security_group.wordpress_sg",
            "aws_subnet.privateSubnet",
            "aws_subnet.privateSubnet2",
            "aws_subnet.publicSubnet",
            "aws_vpc.myVPC",
            "data.aws_availability_zones.available",
            "data.aws_ssm_parameter.al2023",
            "random_password.db_password",
            "time_sleep.wait_for_nat_gateway",
            "tls_private_key.ssh_key"
          ]
        }
      ]
    },
    {
      "mode": "managed",
      "type": "aws_nat_gateway",
      "name": "myNATGateway",
      "provider": "provider[\"registry.terraform.io/hashicorp/aws\"]",
      "instances": [
        {
          "schema_version": 0,
          "attributes": {
            "allocation_id": "eipalloc-03dcc648a211d3c8f",
            "association_id": "eipassoc-0af4ce38f386f0aea",
            "connectivity_type": "public",
            "id": "nat-06a23e8c5d3b5f1c4",
            "network_interface_id": "eni-0e4dc90e1e6fe3692",
            "private_ip": "10.0.0.12",
            "public_ip": "52.41.124.4",
            "region": "us-west-2",
            "secondary_allocation_ids": null,
            "secondary_private_ip_address_count": 0,
            "secondary_private_ip_addresses": [],
            "subnet_id": "subnet-09ea0e7f89023b61c",
            "tags": {
              "Environment": "dev",
              "Name": "myNATGateway",
              "Terraform": "true"
            },
            "tags_all": {
              "Environment": "dev",
              "Name": "myNATGateway",
              "Terraform": "true"
            },
            "timeouts": null
          },
          "sensitive_attributes": [],
          "identity_schema_version": 0,
          "private": "eyJlMmJmYjczMC1lY2FhLTExZTYtOGY4OC0zNDM2M2JjN2M0YzAiOnsiY3JlYXRlIjo2MDAwMDAwMDAwMDAsImRlbGV0ZSI6MTgwMDAwMDAwMDAwMCwidXBkYXRlIjo2MDAwMDAwMDAwMDB9fQ==",
          "dependencies": [
            "aws_eip.elasticIP",
            "aws_internet_gateway.myIGW",
            "aws_subnet.publicSubnet",
            "aws_vpc.myVPC",
            "data.aws_availability_zones.available"
          ]
        }
      ]
    },
    {
      "mode": "managed",
      "type": "aws_route_table",
      "name": "myPrivateRouteTable",
      "provider": "provider[\"registry.terraform.io/hashicorp/aws\"]",
      "instances": [
        {
          "schema_version": 0,
          "attributes": {
            "arn": "arn:aws:ec2:us-west-2:599994645102:route-table/rtb-085301e9fa5915005",
            "id": "rtb-085301e9fa5915005",
            "owner_id": "599994645102",
            "propagating_vgws": [],
            "region": "us-west-2",
            "route": [
              {
                "carrier_gateway_id": "",
                "cidr_block": "0.0.0.0/0",
                "core_network_arn": "",
                "destination_prefix_list_id": "",
                "egress_only_gateway_id": "",
                "gateway_id": "",
                "ipv6_cidr_block": "",
                "local_gateway_id": "",
                "nat_gateway_id": "nat-06a23e8c5d3b5f1c4",
                "network_interface_id": "",
                "transit_gateway_id": "",
                "vpc_endpoint_id": "",
                "vpc_peering_connection_id": ""
              }
            ],
            "tags": {
              "Environment": "dev",
              "Name": "myPrivateRouteTable",
              "Terraform": "true"
            },
            "tags_all": {
              "Environment": "dev",
              "Name": "myPrivateRouteTable",
              "Terraform": "true"
            },
            "timeouts": null,
            "vpc_id": "vpc-0026dbcf0bef046bd"
          },
          "sensitive_attributes": [],
          "identity_schema_version": 0,
          "private": "eyJlMmJmYjczMC1lY2FhLTExZTYtOGY4OC0zNDM2M2JjN2M0YzAiOnsiY3JlYXRlIjozMDAwMDAwMDAwMDAsImRlbGV0ZSI6MzAwMDAwMDAwMDAwLCJ1cGRhdGUiOjEyMDAwMDAwMDAwMH19",
          "dependencies": [
            "aws_eip.elasticIP",
            "aws_internet_gateway.myIGW",
            "aws_nat_gateway.myNATGateway",
            "aws_subnet.publicSubnet",
            "aws_vpc.myVPC",
            "data.aws_availability_zones.available"
          ]
        }
      ]
    },
    {
      "mode": "managed",
      "type": "aws_route_table",
      "name": "myPublicRouteTable",
      "provider": "provider[\"registry.terraform.io/hashicorp/aws\"]",
      "instances": [
        {
          "schema_version": 0,
          "attributes": {
            "arn": "arn:aws:ec2:us-west-2:599994645102:route-table/rtb-0d8f73ec688774656",
            "id": "rtb-0d8f73ec688774656",
            "owner_id": "599994645102",
            "propagating_vgws": [],
            "region": "us-west-2",
            "route": [
              {
                "carrier_gateway_id": "",
                "cidr_block": "0.0.0.0/0",
                "core_network_arn": "",
                "destination_prefix_list_id": "",
                "egress_only_gateway_id": "",
                "gateway_id": "igw-0328b9e4dab369ddb",
                "ipv6_cidr_block": "",
                "local_gateway_id": "",
                "nat_gateway_id": "",
                "network_interface_id": "",
                "transit_gateway_id": "",
                "vpc_endpoint_id": "",
                "vpc_peering_connection_id": ""
              }
            ],
            "tags": {
              "Environment": "dev",
              "Name": "myPublicRouteTable",
              "Terraform": "true"
            },
            "tags_all": {
              "Environment": "dev",
              "Name": "myPublicRouteTable",
              "Terraform": "true"
            },
            "timeouts": null,
            "vpc_id": "vpc-0026dbcf0bef046bd"
          },
          "sensitive_attributes": [],
          "identity_schema_version": 0,
          "private": "eyJlMmJmYjczMC1lY2FhLTExZTYtOGY4OC0zNDM2M2JjN2M0YzAiOnsiY3JlYXRlIjozMDAwMDAwMDAwMDAsImRlbGV0ZSI6MzAwMDAwMDAwMDAwLCJ1cGRhdGUiOjEyMDAwMDAwMDAwMH19",
          "dependencies": [
            "aws_internet_gateway.myIGW",
            "aws_vpc.myVPC"
          ]
        }
      ]
    },
    {
      "mode": "managed",
      "type": "aws_route_table_association",
      "name": "private",
      "provider": "provider[\"registry.terraform.io/hashicorp/aws\"]",
      "instances": [
        {
          "schema_version": 0,
          "attributes": {
            "gateway_id": "",
            "id": "rtbassoc-0c008ca32cad3a7f9",
            "region": "us-west-2",
            "route_table_id": "rtb-085301e9fa5915005",
            "subnet_id": "subnet-0e0be88db8306e1a2",
            "timeouts": null
          },
          "sensitive_attributes": [],
          "identity_schema_version": 0,
          "private": "eyJlMmJmYjczMC1lY2FhLTExZTYtOGY4OC0zNDM2M2JjN2M0YzAiOnsiY3JlYXRlIjozMDAwMDAwMDAwMDAsImRlbGV0ZSI6MzAwMDAwMDAwMDAwLCJ1cGRhdGUiOjEyMDAwMDAwMDAwMH19",
          "dependencies": [
            "aws_eip.elasticIP",
            "aws_internet_gateway.myIGW",
            "aws_nat_gateway.myNATGateway",
            "aws_route_table.myPrivateRouteTable",
            "aws_subnet.privateSubnet",
            "aws_subnet.publicSubnet",
            "aws_vpc.myVPC",
            "data.aws_availability_zones.available"
          ]
        }
      ]
    },
    {
      "mode": "managed",
      "type": "aws_route_table_association",
      "name": "private2",
      "provider": "provider[\"registry.terraform.io/hashicorp/aws\"]",
      "instances": [
        {
          "schema_version": 0,
          "attributes": {
            "gateway_id": "",
            "id": "rtbassoc-0d75cdb61c1b6dfae",
            "region": "us-west-2",
            "route_table_id": "rtb-085301e9fa5915005",
            "subnet_id": "subnet-050106d803a2dbfce",
            "timeouts": null
          },
          "sensitive_attributes": [],
          "identity_schema_version": 0,
          "private": "eyJlMmJmYjczMC1lY2FhLTExZTYtOGY4OC0zNDM2M2JjN2M0YzAiOnsiY3JlYXRlIjozMDAwMDAwMDAwMDAsImRlbGV0ZSI6MzAwMDAwMDAwMDAwLCJ1cGRhdGUiOjEyMDAwMDAwMDAwMH19",
          "dependencies": [
            "aws_eip.elasticIP",
            "aws_internet_gateway.myIGW",
            "aws_nat_gateway.myNATGateway",
            "aws_route_table.myPrivateRouteTable",
            "aws_subnet.privateSubnet2",
            "aws_subnet.publicSubnet",
            "aws_vpc.myVPC",
            "data.aws_availability_zones.available"
          ]
        }
      ]
    },
    {
      "mode": "managed",
      "type": "aws_route_table_association",
      "name": "public",
      "provider": "provider[\"registry.terraform.io/hashicorp/aws\"]",
      "instances": [
        {
          "schema_version": 0,
          "attributes": {
            "gateway_id": "",
            "id": "rtbassoc-0ae2547ef720b984d",
            "region": "us-west-2",
            "route_table_id": "rtb-0d8f73ec688774656",
            "subnet_id": "subnet-09ea0e7f89023b61c",
            "timeouts": null
          },
          "sensitive_attributes": [],
          "identity_schema_version": 0,
          "private": "eyJlMmJmYjczMC1lY2FhLTExZTYtOGY4OC0zNDM2M2JjN2M0YzAiOnsiY3JlYXRlIjozMDAwMDAwMDAwMDAsImRlbGV0ZSI6MzAwMDAwMDAwMDAwLCJ1cGRhdGUiOjEyMDAwMDAwMDAwMH19",
          "dependencies": [
            "aws_internet_gateway.myIGW",
            "aws_route_table.myPublicRouteTable",
            "aws_subnet.publicSubnet",
            "aws_vpc.myVPC",
            "data.aws_availability_zones.available"
          ]
        }
      ]
    },
    {
      "mode": "managed",
      "type": "aws_route_table_association",
      "name": "public2",
      "provider": "provider[\"registry.terraform.io/hashicorp/aws\"]",
      "instances": [
        {
          "schema_version": 0,
          "attributes": {
            "gateway_id": "",
            "id": "rtbassoc-000f1b929313c3ff3",
            "region": "us-west-2",
            "route_table_id": "rtb-0d8f73ec688774656",
            "subnet_id": "subnet-055e9f431dda11853",
            "timeouts": null
          },
          "sensitive_attributes": [],
          "identity_schema_version": 0,
          "private": "eyJlMmJmYjczMC1lY2FhLTExZTYtOGY4OC0zNDM2M2JjN2M0YzAiOnsiY3JlYXRlIjozMDAwMDAwMDAwMDAsImRlbGV0ZSI6MzAwMDAwMDAwMDAwLCJ1cGRhdGUiOjEyMDAwMDAwMDAwMH19",
          "dependencies": [
            "aws_internet_gateway.myIGW",
            "aws_route_table.myPublicRouteTable",
            "aws_subnet.publicSubnet2",
            "aws_vpc.myVPC",
            "data.aws_availability_zones.available"
          ]
        }
      ]
    },
    {
      "mode": "managed",
      "type": "aws_security_group",
      "name": "alb_sg",
      "provider": "provider[\"registry.terraform.io/hashicorp/aws\"]",
      "instances": [
        {
          "schema_version": 1,
          "attributes": {
            "arn": "arn:aws:ec2:us-west-2:599994645102:security-group/sg-0448b47d9ddaad468",
            "description": "Security group for Application Load Balancer",
            "egress": [
              {
                "cidr_blocks": [
                  "0.0.0.0/0"
                ],
                "description": "",
                "from_port": 0,
                "ipv6_cidr_blocks": [],
                "prefix_list_ids": [],
                "protocol": "-1",
                "security_groups": [],
                "self": false,
                "to_port": 0
              }
            ],
            "id": "sg-0448b47d9ddaad468",
            "ingress": [
              {
                "cidr_blocks": [
                  "0.0.0.0/0"
                ],
                "description": "HTTP from anywhere",
                "from_port": 80,
                "ipv6_cidr_blocks": [],
                "prefix_list_ids": [],
                "protocol": "tcp",
                "security_groups": [],
                "self": false,
                "to_port": 80
              },
              {
                "cidr_blocks": [
                  "0.0.0.0/0"
                ],
                "description": "HTTPS from anywhere",
                "from_port": 443,
                "ipv6_cidr_blocks": [],
                "prefix_list_ids": [],
                "protocol": "tcp",
                "security_groups": [],
                "self": false,
                "to_port": 443
              }
            ],
            "name": "ALB-SecurityGroup",
            "name_prefix": "",
            "owner_id": "599994645102",
            "region": "us-west-2",
            "revoke_rules_on_delete": false,
            "tags": {
              "Environment": "dev",
              "Name": "ALB-SecurityGroup",
              "Terraform": "true"
            },
            "tags_all": {
              "Environment": "dev",
              "Name": "ALB-SecurityGroup",
              "Terraform": "true"
            },
            "timeouts": null,
            "vpc_id": "vpc-0026dbcf0bef046bd"
          },
          "sensitive_attributes": [],
          "identity_schema_version": 0,
          "private": "eyJlMmJmYjczMC1lY2FhLTExZTYtOGY4OC0zNDM2M2JjN2M0YzAiOnsiY3JlYXRlIjo2MDAwMDAwMDAwMDAsImRlbGV0ZSI6OTAwMDAwMDAwMDAwfSwic2NoZW1hX3ZlcnNpb24iOiIxIn0=",
          "dependencies": [
            "aws_vpc.myVPC"
          ]
        }
      ]
    },
    {
      "mode": "managed",
      "type": "aws_security_group",
      "name": "bastion_sg",
      "provider": "provider[\"registry.terraform.io/hashicorp/aws\"]",
      "instances": [
        {
          "schema_version": 1,
          "attributes": {
            "arn": "arn:aws:ec2:us-west-2:599994645102:security-group/sg-08359cc61da65c2fd",
            "description": "Security group for Bastion host - Restrict SSH access to specified IP",
            "egress": [
              {
                "cidr_blocks": [
                  "0.0.0.0/0"
                ],
                "description": "",
                "from_port": 0,
                "ipv6_cidr_blocks": [],
                "prefix_list_ids": [],
                "protocol": "-1",
                "security_groups": [],
                "self": false,
                "to_port": 0
              }
            ],
            "id": "sg-08359cc61da65c2fd",
            "ingress": [
              {
                "cidr_blocks": [
                  "95.222.26.151/32"
                ],
                "description": "SSH access from specified IP",
                "from_port": 22,
                "ipv6_cidr_blocks": [],
                "prefix_list_ids": [],
                "protocol": "tcp",
                "security_groups": [],
                "self": false,
                "to_port": 22
              }
            ],
            "name": "BastionSecurityGroup",
            "name_prefix": "",
            "owner_id": "599994645102",
            "region": "us-west-2",
            "revoke_rules_on_delete": false,
            "tags": {
              "Environment": "dev",
              "Name": "BastionSecurityGroup",
              "Terraform": "true"
            },
            "tags_all": {
              "Environment": "dev",
              "Name": "BastionSecurityGroup",
              "Terraform": "true"
            },
            "timeouts": null,
            "vpc_id": "vpc-0026dbcf0bef046bd"
          },
          "sensitive_attributes": [],
          "identity_schema_version": 0,
          "private": "eyJlMmJmYjczMC1lY2FhLTExZTYtOGY4OC0zNDM2M2JjN2M0YzAiOnsiY3JlYXRlIjo2MDAwMDAwMDAwMDAsImRlbGV0ZSI6OTAwMDAwMDAwMDAwfSwic2NoZW1hX3ZlcnNpb24iOiIxIn0=",
          "dependencies": [
            "aws_vpc.myVPC"
          ]
        }
      ]
    },
    {
      "mode": "managed",
      "type": "aws_security_group",
      "name": "rds_sg",
      "provider": "provider[\"registry.terraform.io/hashicorp/aws\"]",
      "instances": [
        {
          "schema_version": 1,
          "attributes": {
            "arn": "arn:aws:ec2:us-west-2:599994645102:security-group/sg-09707c9efe4280dfb",
            "description": "Security group for RDS MySQL database",
            "egress": [],
            "id": "sg-09707c9efe4280dfb",
            "ingress": [
              {
                "cidr_blocks": [],
                "description": "MySQL from WordPress",
                "from_port": 3306,
                "ipv6_cidr_blocks": [],
                "prefix_list_ids": [],
                "protocol": "tcp",
                "security_groups": [
                  "sg-08d1e406f65137065"
                ],
                "self": false,
                "to_port": 3306
              }
            ],
            "name": "RDS-SecurityGroup",
            "name_prefix": "",
            "owner_id": "599994645102",
            "region": "us-west-2",
            "revoke_rules_on_delete": false,
            "tags": {
              "Environment": "dev",
              "Name": "RDS-SecurityGroup",
              "Terraform": "true"
            },
            "tags_all": {
              "Environment": "dev",
              "Name": "RDS-SecurityGroup",
              "Terraform": "true"
            },
            "timeouts": null,
            "vpc_id": "vpc-0026dbcf0bef046bd"
          },
          "sensitive_attributes": [],
          "identity_schema_version": 0,
          "private": "eyJlMmJmYjczMC1lY2FhLTExZTYtOGY4OC0zNDM2M2JjN2M0YzAiOnsiY3JlYXRlIjo2MDAwMDAwMDAwMDAsImRlbGV0ZSI6OTAwMDAwMDAwMDAwfSwic2NoZW1hX3ZlcnNpb24iOiIxIn0=",
          "dependencies": [
            "aws_security_group.alb_sg",
            "aws_security_group.bastion_sg",
            "aws_security_group.wordpress_sg",
            "aws_vpc.myVPC"
          ]
        }
      ]
    },
    {
      "mode": "managed",
      "type": "aws_security_group",
      "name": "wordpress_sg",
      "provider": "provider[\"registry.terraform.io/hashicorp/aws\"]",
      "instances": [
        {
          "schema_version": 1,
          "attributes": {
            "arn": "arn:aws:ec2:us-west-2:599994645102:security-group/sg-08d1e406f65137065",
            "description": "Security group for WordPress server in private subnet",
            "egress": [
              {
                "cidr_blocks": [
                  "0.0.0.0/0"
                ],
                "description": "",
                "from_port": 0,
                "ipv6_cidr_blocks": [],
                "prefix_list_ids": [],
                "protocol": "-1",
                "security_groups": [],
                "self": false,
                "to_port": 0
              }
            ],
            "id": "sg-08d1e406f65137065",
            "ingress": [
              {
                "cidr_blocks": [],
                "description": "HTTP from ALB",
                "from_port": 80,
                "ipv6_cidr_blocks": [],
                "prefix_list_ids": [],
                "protocol": "tcp",
                "security_groups": [
                  "sg-0448b47d9ddaad468"
                ],
                "self": false,
                "to_port": 80
              },
              {
                "cidr_blocks": [],
                "description": "SSH from Bastion",
                "from_port": 22,
                "ipv6_cidr_blocks": [],
                "prefix_list_ids": [],
                "protocol": "tcp",
                "security_groups": [
                  "sg-08359cc61da65c2fd"
                ],
                "self": false,
                "to_port": 22
              }
            ],
            "name": "WordPress-SecurityGroup",
            "name_prefix": "",
            "owner_id": "599994645102",
            "region": "us-west-2",
            "revoke_rules_on_delete": false,
            "tags": {
              "Environment": "dev",
              "Name": "WordPress-SecurityGroup",
              "Terraform": "true"
            },
            "tags_all": {
              "Environment": "dev",
              "Name": "WordPress-SecurityGroup",
              "Terraform": "true"
            },
            "timeouts": null,
            "vpc_id": "vpc-0026dbcf0bef046bd"
          },
          "sensitive_attributes": [],
          "identity_schema_version": 0,
          "private": "eyJlMmJmYjczMC1lY2FhLTExZTYtOGY4OC0zNDM2M2JjN2M0YzAiOnsiY3JlYXRlIjo2MDAwMDAwMDAwMDAsImRlbGV0ZSI6OTAwMDAwMDAwMDAwfSwic2NoZW1hX3ZlcnNpb24iOiIxIn0=",
          "dependencies": [
            "aws_security_group.alb_sg",
            "aws_security_group.bastion_sg",
            "aws_vpc.myVPC"
          ]
        }
      ]
    },
    {
      "mode": "managed",
      "type": "aws_subnet",
      "name": "privateSubnet",
      "provider": "provider[\"registry.terraform.io/hashicorp/aws\"]",
      "instances": [
        {
          "schema_version": 1,
          "attributes": {
            "arn": "arn:aws:ec2:us-west-2:599994645102:subnet/subnet-0e0be88db8306e1a2",
            "assign_ipv6_address_on_creation": false,
            "availability_zone": "us-west-2a",
            "availability_zone_id": "usw2-az1",
            "cidr_block": "10.0.0.128/26",
            "customer_owned_ipv4_pool": "",
            "enable_dns64": false,
            "enable_lni_at_device_index": 0,
            "enable_resource_name_dns_a_record_on_launch": false,
            "enable_resource_name_dns_aaaa_record_on_launch": false,
            "id": "subnet-0e0be88db8306e1a2",
            "ipv6_cidr_block": "",
            "ipv6_cidr_block_association_id": "",
            "ipv6_native": false,
            "map_customer_owned_ip_on_launch": false,
            "map_public_ip_on_launch": false,
            "outpost_arn": "",
            "owner_id": "599994645102",
            "private_dns_hostname_type_on_launch": "ip-name",
            "region": "us-west-2",
            "tags": {
              "Environment": "dev",
              "Name": "privateSubnet",
              "Terraform": "true"
            },
            "tags_all": {
              "Environment": "dev",
              "Name": "privateSubnet",
              "Terraform": "true"
            },
            "timeouts": null,
            "vpc_id": "vpc-0026dbcf0bef046bd"
          },
          "sensitive_attributes": [],
          "identity_schema_version": 0,
          "private": "eyJlMmJmYjczMC1lY2FhLTExZTYtOGY4OC0zNDM2M2JjN2M0YzAiOnsiY3JlYXRlIjo2MDAwMDAwMDAwMDAsImRlbGV0ZSI6MTIwMDAwMDAwMDAwMH0sInNjaGVtYV92ZXJzaW9uIjoiMSJ9",
          "dependencies": [
            "aws_vpc.myVPC",
            "data.aws_availability_zones.available"
          ]
        }
      ]
    },
    {
      "mode": "managed",
      "type": "aws_subnet",
      "name": "privateSubnet2",
      "provider": "provider[\"registry.terraform.io/hashicorp/aws\"]",
      "instances": [
        {
          "schema_version": 1,
          "attributes": {
            "arn": "arn:aws:ec2:us-west-2:599994645102:subnet/subnet-050106d803a2dbfce",
            "assign_ipv6_address_on_creation": false,
            "availability_zone": "us-west-2b",
            "availability_zone_id": "usw2-az2",
            "cidr_block": "10.0.0.192/26",
            "customer_owned_ipv4_pool": "",
            "enable_dns64": false,
            "enable_lni_at_device_index": 0,
            "enable_resource_name_dns_a_record_on_launch": false,
            "enable_resource_name_dns_aaaa_record_on_launch": false,
            "id": "subnet-050106d803a2dbfce",
            "ipv6_cidr_block": "",
            "ipv6_cidr_block_association_id": "",
            "ipv6_native": false,
            "map_customer_owned_ip_on_launch": false,
            "map_public_ip_on_launch": false,
            "outpost_arn": "",
            "owner_id": "599994645102",
            "private_dns_hostname_type_on_launch": "ip-name",
            "region": "us-west-2",
            "tags": {
              "Environment": "dev",
              "Name": "privateSubnet2",
              "Terraform": "true"
            },
            "tags_all": {
              "Environment": "dev",
              "Name": "privateSubnet2",
              "Terraform": "true"
            },
            "timeouts": null,
            "vpc_id": "vpc-0026dbcf0bef046bd"
          },
          "sensitive_attributes": [],
          "identity_schema_version": 0,
          "private": "eyJlMmJmYjczMC1lY2FhLTExZTYtOGY4OC0zNDM2M2JjN2M0YzAiOnsiY3JlYXRlIjo2MDAwMDAwMDAwMDAsImRlbGV0ZSI6MTIwMDAwMDAwMDAwMH0sInNjaGVtYV92ZXJzaW9uIjoiMSJ9",
          "dependencies": [
            "aws_vpc.myVPC",
            "data.aws_availability_zones.available"
          ]
        }
      ]
    },
    {
      "mode": "managed",
      "type": "aws_subnet",
      "name": "publicSubnet",
      "provider": "provider[\"registry.terraform.io/hashicorp/aws\"]",
      "instances": [
        {
          "schema_version": 1,
          "attributes": {
            "arn": "arn:aws:ec2:us-west-2:599994645102:subnet/subnet-09ea0e7f89023b61c",
            "assign_ipv6_address_on_creation": false,
            "availability_zone": "us-west-2a",
            "availability_zone_id": "usw2-az1",
            "cidr_block": "10.0.0.0/26",
            "customer_owned_ipv4_pool": "",
            "enable_dns64": false,
            "enable_lni_at_device_index": 0,
            "enable_resource_name_dns_a_record_on_launch": false,
            "enable_resource_name_dns_aaaa_record_on_launch": false,
            "id": "subnet-09ea0e7f89023b61c",
            "ipv6_cidr_block": "",
            "ipv6_cidr_block_association_id": "",
            "ipv6_native": false,
            "map_customer_owned_ip_on_launch": false,
            "map_public_ip_on_launch": true,
            "outpost_arn": "",
            "owner_id": "599994645102",
            "private_dns_hostname_type_on_launch": "ip-name",
            "region": "us-west-2",
            "tags": {
              "Environment": "dev",
              "Name": "publicSubnet",
              "Terraform": "true"
            },
            "tags_all": {
              "Environment": "dev",
              "Name": "publicSubnet",
              "Terraform": "true"
            },
            "timeouts": null,
            "vpc_id": "vpc-0026dbcf0bef046bd"
          },
          "sensitive_attributes": [],
          "identity_schema_version": 0,
          "private": "eyJlMmJmYjczMC1lY2FhLTExZTYtOGY4OC0zNDM2M2JjN2M0YzAiOnsiY3JlYXRlIjo2MDAwMDAwMDAwMDAsImRlbGV0ZSI6MTIwMDAwMDAwMDAwMH0sInNjaGVtYV92ZXJzaW9uIjoiMSJ9",
          "dependencies": [
            "aws_vpc.myVPC",
            "data.aws_availability_zones.available"
          ]
        }
      ]
    },
    {
      "mode": "managed",
      "type": "aws_subnet",
      "name": "publicSubnet2",
      "provider": "provider[\"registry.terraform.io/hashicorp/aws\"]",
      "instances": [
        {
          "schema_version": 1,
          "attributes": {
            "arn": "arn:aws:ec2:us-west-2:599994645102:subnet/subnet-055e9f431dda11853",
            "assign_ipv6_address_on_creation": false,
            "availability_zone": "us-west-2b",
            "availability_zone_id": "usw2-az2",
            "cidr_block": "10.0.0.64/26",
            "customer_owned_ipv4_pool": "",
            "enable_dns64": false,
            "enable_lni_at_device_index": 0,
            "enable_resource_name_dns_a_record_on_launch": false,
            "enable_resource_name_dns_aaaa_record_on_launch": false,
            "id": "subnet-055e9f431dda11853",
            "ipv6_cidr_block": "",
            "ipv6_cidr_block_association_id": "",
            "ipv6_native": false,
            "map_customer_owned_ip_on_launch": false,
            "map_public_ip_on_launch": true,
            "outpost_arn": "",
            "owner_id": "599994645102",
            "private_dns_hostname_type_on_launch": "ip-name",
            "region": "us-west-2",
            "tags": {
              "Environment": "dev",
              "Name": "publicSubnet2",
              "Terraform": "true"
            },
            "tags_all": {
              "Environment": "dev",
              "Name": "publicSubnet2",
              "Terraform": "true"
            },
            "timeouts": null,
            "vpc_id": "vpc-0026dbcf0bef046bd"
          },
          "sensitive_attributes": [],
          "identity_schema_version": 0,
          "private": "eyJlMmJmYjczMC1lY2FhLTExZTYtOGY4OC0zNDM2M2JjN2M0YzAiOnsiY3JlYXRlIjo2MDAwMDAwMDAwMDAsImRlbGV0ZSI6MTIwMDAwMDAwMDAwMH0sInNjaGVtYV92ZXJzaW9uIjoiMSJ9",
          "dependencies": [
            "aws_vpc.myVPC",
            "data.aws_availability_zones.available"
          ]
        }
      ]
    },
    {
      "mode": "managed",
      "type": "aws_vpc",
      "name": "myVPC",
      "provider": "provider[\"registry.terraform.io/hashicorp/aws\"]",
      "instances": [
        {
          "schema_version": 1,
          "attributes": {
            "arn": "arn:aws:ec2:us-west-2:599994645102:vpc/vpc-0026dbcf0bef046bd",
            "assign_generated_ipv6_cidr_block": false,
            "cidr_block": "10.0.0.0/24",
            "default_network_acl_id": "acl-0581f355d8d6a0fd5",
            "default_route_table_id": "rtb-0716b722abd948489",
            "default_security_group_id": "sg-06e050dbcf98e8e08",
            "dhcp_options_id": "dopt-093696586999cb34f",
            "enable_dns_hostnames": false,
            "enable_dns_support": true,
            "enable_network_address_usage_metrics": false,
            "id": "vpc-0026dbcf0bef046bd",
            "instance_tenancy": "default",
            "ipv4_ipam_pool_id": null,
            "ipv4_netmask_length": null,
            "ipv6_association_id": "",
            "ipv6_cidr_block": "",
            "ipv6_cidr_block_network_border_group": "",
            "ipv6_ipam_pool_id": "",
            "ipv6_netmask_length": 0,
            "main_route_table_id": "rtb-0716b722abd948489",
            "owner_id": "599994645102",
            "region": "us-west-2",
            "tags": {
              "Environment": "dev",
              "Name": "myVPC",
              "Terraform": "true"
            },
            "tags_all": {
              "Environment": "dev",
              "Name": "myVPC",
              "Terraform": "true"
            }
          },
          "sensitive_attributes": [],
          "identity_schema_version": 0,
          "private": "eyJzY2hlbWFfdmVyc2lvbiI6IjEifQ=="
        }
      ]
    },
    {
      "mode": "managed",
      "type": "local_file",
      "name": "private_key",
      "provider": "provider[\"registry.terraform.io/hashicorp/local\"]",
      "instances": [
        {
          "schema_version": 0,
          "attributes": {
            "content": "-----BEGIN RSA PRIVATE KEY-----\nMIIJKQIBAAKCAgEAva/2n0Tk1l2p5iVv3XvhkztsT/3JrZyKvnYP5L2jinLnrFrs\n0/j01M7aBmq+1EA5KRwcTzSlhvw9cNpsT9hneTqMYrgSqdAu4q1ngNsRZy+N5Ths\nPsB1N8HraXyNkqohgSCOXwXRhiupfv3hZgHe7oeStRHV5W/+Yh2Wy7XuTziPZfzT\nK5r4dHg00W6i7l7WH7Q/vAEoxZY3CALPjnwudX5lleGl5VEA+FDNusCozvDxMY1x\npPP8yH9qp899sbt8eLUFBiSexAJtt3rm0R0n155wBBX/m+yNhsKRGuNJ2ow/vcoU\nA+tZxsY4YTMc5yRfodVHSWmbRA8BAr06NXpMz9iZOvXydgs94QYLiO2SZVk+H26b\nYQbWKOlGu05WuXSCc63k2kk4PR/Um/HT2122c+AwhDFpGlyI+0c9/bp+o/bZd2pV\n9ZcyIKcEl5ioTnkMe7bUT8+f+B7x1K/3W9gFPau5JqUxbI6e8suoQpCGzvf0kRNS\n1C9B5PQsKWEhuWEaP9xlY69xUxDZtfGMaxUtfifV6+BO9NG0HGqKXeRWat7PRGxE\n/L4MmM9vYyRCAat3GFUTmEWDUS91YHusp2GovfNPhY+LRvII6LmbIra7+/vqKS56\nDF7G1KdpJOZhVF83XDhWKGIa4je/vzuj3XjB65xGUAviQRNk+tnFBiS1tUcCAwEA\nAQKCAgBUMUR9J8aMUTFmaepve5tBTshB7uqzqL46UEu4ouVyP5MNwKPKZ/8/b3p9\nC6ccrU7RrNzx2PO5aL7altApVmuC9tY1wO7juXf9+6prmpBsZMKN4Y/GAIVmlKdp\nADQUS3goiKs4iOwZKcsHByeir6Tj6X/X540xU5astOZoD52xQvD++ws9mQC7LVmA\nNaOSurw+gTIiv775iDVv1FOMshiq5MmxD2EjWeNc0/ykbfvfMjlT3ax54yOpWEie\nKC3pk8ZpCyuqMNnZNRy+qgnF+jNjdDrSzXLRIdslW7mtHgH7Q3HNSuK8ZJtJ61Q9\n7EJhY5cgzPnhn0KfoCs6LIQoFVr+x6iS224RWJ1iPE+yLXuGidY4oo5TLZ3jhCS9\n13NYThBJQkHt8nAZ1N7LM3+CbyfNSn1p2RD29ZfaX+y+malQBoxuXaCwagO2dsdW\nWrd+V/LpDan2Jpd5d1carkpkzN8z9FyS1e+bRwc9nnJaxxgWNkyia+ixNaPtWf65\nec0sXx/CkPKAi8oEFQlME6D4cco6Bc3psg/Tr577QWilkrT5ifVb9MhOv72ZJ+zd\nlTPn3bUHJMeWTj+OJWuIzuS+dS7Ro5cPPWDdJ5rfJ74DRdjv7Yqvsp1bG4MG8Ki4\n+QVXsSyO8uqJyUd42GQjhusx633VjUjs9hDMMNvEVkYqud2yHQKCAQEA7wCechUd\nWrYUiksNUeUtaxYO34QUmPu+ncw0AhFulVDlT2FPHHvVc7CerdTscv5nsFhnsQss\n7m9Gd2G6vEkvLJTjyeIInolcwqm6Z4FnKXeMJzP+qPV6rBaO//r1yWKBCR+V1vzX\na3gNuH410yiz6kGCEXzXQ3UBDSbYMjYm8FNeSSd0j4EoDyzyd8UqLr6x7tYDNGXL\neUD3Qxbjh0ESKPop0H8rK5pQdZcgWY41BK3nSTQW3agkIq4pIgXInyn9IJveSRNB\nz/nibl5TtKVfhS2GRTYh6vyboZ32+ZDagVqaLLm75RM6GAbj4Q5eli9+Q8N6/dKM\njxbykK/ZdeMvvQKCAQEAyy1+QPZPylmLH4H1SjF8BLKBOlO/qpdAVAoaje+IEYqv\n5AqO6E0SyQYCTky0tjhzYbUSmc17GoxGQ3hZ6BJDzVS2q7Z/mBVUyGs0sDj+MFmk\nDxZJuibiKDMHS6ywjZGOEecGBbZMjVdj02GW1Rh2extoK98fQRQFr0j7Vhqop8V/\nbXf2NO+nfy3AHm5F6gxjv7nmKd3a02u/zA1OW1qG4kbqbFoh9R38WiBO2SPZhYZE\ni8xl+staavrHFZdH7dl34idzVFr/1dS4zE67LmyvLcKdRqz+nI3A3DjUtt4VoW8w\nFeLQi6VJFgc6YjQU8LMGT2cKsgjElegZwSsq5WRXUwKCAQEA0KDBruQvk5eNpoqN\nPgfH9cpzgTlSoZhfdG9klsmQtla/VOOko0CVuz9ZxHQxUtAwwwbovOr8dcY8xMlS\nsDlSLKBrlzbwPzO4/VQbm26iFth8R1xj2CkwxDeM7HatRvXtnYEs01Yy1WUe1QWX\nBpRpOPumBo3rer8QA+L8phgPNYoQq9r9LKeZyGV74oEBqXxc5hd7BKo3S8kiDjZU\ntyReLdbx2Uao8I7r3Tnmy0YPkd4cHxKRQzwbDwrobQKPdiC5DVYCW9erg1imB6Hf\nf7k8AI0UwCXYxb9sO1Ag3wlLM89a9d/L3NNDyuV41mQsvP0IQy7IlfjNKbrmUtau\nBPIkIQKCAQEAuIoQg2Z04GBmOW7rYMEDWKzdLSIGEyafufUXW1V1bCFgUqq4VAw1\nBLrde0q2VE9/lP5G78Uvi9ReuUdluaBlTukjpWD0ESlGwWaGC40oarfwh/eBbX+F\nqGd4t+YY0eyjcmU4FhYW/8WhGMwpmFFIw9YHztkwZQaPhz6tce5ywzdh3wa3bCtE\nIgJm3fzgqY0pSGnLwLkN2Tujj+2B/v2BR6KLp3BSKXVb0GxJ0XV7S4jBV4yGD72F\n2Wb/TgACx+jet12HpdWlSw2T75WO88KpddGu0hOsintB8YP4yEN8uAzqSuag7kVo\n1YYpJCsT3e9sys/Xag8GpvWR9t6DbqitmwKCAQBErhY+ig9zU4jS3DusRAxxRzPy\n8iQSkcWo3zTLoUwi+0jxpgVvfgmieZ8rUHg870Ue0aUDe+rU2OTqist0DlZGEMHk\nEIrJwBB7/8hWpd70aqtpOJCQL47dFWhZVHGDn47vq/ooMS7f+V1ckrS74Yw3sDpB\nvh6ndefgui3np5ItKb/Cq5iVn5bQ1RwtRAs/CkhxWswmuoWK1X6OnWlfS+cYplGM\noPRNI9xlLJ2NAfok5caOEtUH5owk8+Nrm4KS0kkmIC5ddd3Vo4tNxdN1Epudym7Y\nHLT/enQ+U9HPK3cmXpbGMFPpSPqYszOanBZ9XHQUK87E6KZDlk1UtVPPo7l2\n-----END RSA PRIVATE KEY-----\n",
            "content_base64": null,
            "content_base64sha256": "zEtRyTAhvM2OjCHWJsrv381hQETNkJO+y2e0OaXy0TM=",
            "content_base64sha512": "+jfmp1subDJl7XRDz5qezNpUVTP8SZRLc2J9/otUJ8nh1rT4IJz9R2ySbblVQF/GwYyuGCykF6cYECN8XqexbQ==",
            "content_md5": "65b2c63ac446f80a1b2417aff692bfba",
            "content_sha1": "b95655cc6beb736ebe346fa324cdcc038d0bbb77",
            "content_sha256": "cc4b51c93021bccd8e8c21d626caefdfcd614044cd9093becb67b439a5f2d133",
            "content_sha512": "fa37e6a75b2e6c3265ed7443cf9a9eccda545533fc49944b73627dfe8b5427c9e1d6b4f8209cfd476c926db955405fc6c18cae182ca417a71810237c5ea7b16d",
            "directory_permission": "0777",
            "file_permission": "0600",
            "filename": "./ssh-key-dev.pem",
            "id": "b95655cc6beb736ebe346fa324cdcc038d0bbb77",
            "sensitive_content": null,
            "source": null
          },
          "sensitive_attributes": [
            [
              {
                "type": "get_attr",
                "value": "content"
              }
            ],
            [
              {
                "type": "get_attr",
                "value": "sensitive_content"
              }
            ]
          ],
          "identity_schema_version": 0,
          "dependencies": [
            "tls_private_key.ssh_key"
          ]
        }
      ]
    },
    {
      "mode": "managed",
      "type": "random_password",
      "name": "db_password",
      "provider": "provider[\"registry.terraform.io/hashicorp/random\"]",
      "instances": [
        {
          "schema_version": 3,
          "attributes": {
            "bcrypt_hash": "$2a$10$1Zmi/GyTeDIgGa3My7OOsOxxBRpqCuCViYWCjyTHI28XGXDnCu.BS",
            "id": "none",
            "keepers": null,
            "length": 16,
            "lower": true,
            "min_lower": 0,
            "min_numeric": 0,
            "min_special": 0,
            "min_upper": 0,
            "number": true,
            "numeric": true,
            "override_special": "!#$%\u0026*()-_=+[]{}\u003c\u003e:?",
            "result": "5:iZyfydp+Jn[G$=",
            "special": true,
            "upper": true
          },
          "sensitive_attributes": [
            [
              {
                "type": "get_attr",
                "value": "bcrypt_hash"
              }
            ],
            [
              {
                "type": "get_attr",
                "value": "result"
              }
            ]
          ],
          "identity_schema_version": 0
        }
      ]
    },
    {
      "mode": "managed",
      "type": "time_sleep",
      "name": "wait_for_nat_gateway",
      "provider": "provider[\"registry.terraform.io/hashicorp/time\"]",
      "instances": [
        {
          "schema_version": 0,
          "attributes": {
            "create_duration": "120s",
            "destroy_duration": null,
            "id": "2025-07-10T10:24:58Z",
            "triggers": null
          },
          "sensitive_attributes": [],
          "identity_schema_version": 0,
          "dependencies": [
            "aws_eip.elasticIP",
            "aws_internet_gateway.myIGW",
            "aws_nat_gateway.myNATGateway",
            "aws_route_table.myPrivateRouteTable",
            "aws_route_table_association.private",
            "aws_subnet.privateSubnet",
            "aws_subnet.publicSubnet",
            "aws_vpc.myVPC",
            "data.aws_availability_zones.available"
          ]
        }
      ]
    },
    {
      "mode": "managed",
      "type": "tls_private_key",
      "name": "ssh_key",
      "provider": "provider[\"registry.terraform.io/hashicorp/tls\"]",
      "instances": [
        {
          "schema_version": 1,
          "attributes": {
            "algorithm": "RSA",
            "ecdsa_curve": "P224",
            "id": "555b97f92433c7185f4e62d421c2b52328a67d21",
            "private_key_openssh": "-----BEGIN OPENSSH PRIVATE KEY-----\nb3BlbnNzaC1rZXktdjEAAAAABG5vbmUAAAAEbm9uZQAAAAAAAAABAAACFwAAAAdz\nc2gtcnNhAAAAAwEAAQAAAgEAva/2n0Tk1l2p5iVv3XvhkztsT/3JrZyKvnYP5L2j\ninLnrFrs0/j01M7aBmq+1EA5KRwcTzSlhvw9cNpsT9hneTqMYrgSqdAu4q1ngNsR\nZy+N5ThsPsB1N8HraXyNkqohgSCOXwXRhiupfv3hZgHe7oeStRHV5W/+Yh2Wy7Xu\nTziPZfzTK5r4dHg00W6i7l7WH7Q/vAEoxZY3CALPjnwudX5lleGl5VEA+FDNusCo\nzvDxMY1xpPP8yH9qp899sbt8eLUFBiSexAJtt3rm0R0n155wBBX/m+yNhsKRGuNJ\n2ow/vcoUA+tZxsY4YTMc5yRfodVHSWmbRA8BAr06NXpMz9iZOvXydgs94QYLiO2S\nZVk+H26bYQbWKOlGu05WuXSCc63k2kk4PR/Um/HT2122c+AwhDFpGlyI+0c9/bp+\no/bZd2pV9ZcyIKcEl5ioTnkMe7bUT8+f+B7x1K/3W9gFPau5JqUxbI6e8suoQpCG\nzvf0kRNS1C9B5PQsKWEhuWEaP9xlY69xUxDZtfGMaxUtfifV6+BO9NG0HGqKXeRW\nat7PRGxE/L4MmM9vYyRCAat3GFUTmEWDUS91YHusp2GovfNPhY+LRvII6LmbIra7\n+/vqKS56DF7G1KdpJOZhVF83XDhWKGIa4je/vzuj3XjB65xGUAviQRNk+tnFBiS1\ntUcAAAc4TwGrMk8BqzIAAAAHc3NoLXJzYQAAAgEAva/2n0Tk1l2p5iVv3Xvhkzts\nT/3JrZyKvnYP5L2jinLnrFrs0/j01M7aBmq+1EA5KRwcTzSlhvw9cNpsT9hneTqM\nYrgSqdAu4q1ngNsRZy+N5ThsPsB1N8HraXyNkqohgSCOXwXRhiupfv3hZgHe7oeS\ntRHV5W/+Yh2Wy7XuTziPZfzTK5r4dHg00W6i7l7WH7Q/vAEoxZY3CALPjnwudX5l\nleGl5VEA+FDNusCozvDxMY1xpPP8yH9qp899sbt8eLUFBiSexAJtt3rm0R0n155w\nBBX/m+yNhsKRGuNJ2ow/vcoUA+tZxsY4YTMc5yRfodVHSWmbRA8BAr06NXpMz9iZ\nOvXydgs94QYLiO2SZVk+H26bYQbWKOlGu05WuXSCc63k2kk4PR/Um/HT2122c+Aw\nhDFpGlyI+0c9/bp+o/bZd2pV9ZcyIKcEl5ioTnkMe7bUT8+f+B7x1K/3W9gFPau5\nJqUxbI6e8suoQpCGzvf0kRNS1C9B5PQsKWEhuWEaP9xlY69xUxDZtfGMaxUtfifV\n6+BO9NG0HGqKXeRWat7PRGxE/L4MmM9vYyRCAat3GFUTmEWDUS91YHusp2GovfNP\nhY+LRvII6LmbIra7+/vqKS56DF7G1KdpJOZhVF83XDhWKGIa4je/vzuj3XjB65xG\nUAviQRNk+tnFBiS1tUcAAAADAQABAAACAFQxRH0nxoxRMWZp6m97m0FOyEHu6rOo\nvjpQS7ii5XI/kw3Ao8pn/z9ven0LpxytTtGs3PHY87lovtqW0ClWa4L21jXA7uO5\nd/37qmuakGxkwo3hj8YAhWaUp2kANBRLeCiIqziI7BkpywcHJ6KvpOPpf9fnjTFT\nlqy05mgPnbFC8P77Cz2ZALstWYA1o5K6vD6BMiK/vvmINW/UU4yyGKrkybEPYSNZ\n41zT/KRt+98yOVPdrHnjI6lYSJ4oLemTxmkLK6ow2dk1HL6qCcX6M2N0OtLNctEh\n2yVbua0eAftDcc1K4rxkm0nrVD3sQmFjlyDM+eGfQp+gKzoshCgVWv7HqJLbbhFY\nnWI8T7Ite4aJ1jiijlMtneOEJL3Xc1hOEElCQe3ycBnU3sszf4JvJ81KfWnZEPb1\nl9pf7L6ZqVAGjG5doLBqA7Z2x1Zat35X8ukNqfYml3l3VxquSmTM3zP0XJLV75tH\nBz2eclrHGBY2TKJr6LE1o+1Z/rl5zSxfH8KQ8oCLygQVCUwToPhxyjoFzemyD9Ov\nnvtBaKWStPmJ9Vv0yE6/vZkn7N2VM+fdtQckx5ZOP44la4jO5L51LtGjlw89YN0n\nmt8nvgNF2O/tiq+ynVsbgwbwqLj5BVexLI7y6onJR3jYZCOG6zHrfdWNSOz2EMww\n28RWRiq53bIdAAABAESuFj6KD3NTiNLcO6xEDHFHM/LyJBKRxajfNMuhTCL7SPGm\nBW9+CaJ5nytQeDzvRR7RpQN76tTY5OqKy3QOVkYQweQQisnAEHv/yFal3vRqq2k4\nkJAvjt0VaFlUcYOfju+r+igxLt/5XVyStLvhjDewOkG+Hqd15+C6Leenki0pv8Kr\nmJWfltDVHC1ECz8KSHFazCa6hYrVfo6daV9L5ximUYyg9E0j3GUsnY0B+iTlxo4S\n1QfmjCTz42ubgpLSSSYgLl113dWji03F03USm53KbtgctP96dD5T0c8rdyZelsYw\nU+lI+pizM5qcFn1cdBQrzsTopkOWTVS1U8+juXYAAAEBAO8AnnIVHVq2FIpLDVHl\nLWsWDt+EFJj7vp3MNAIRbpVQ5U9hTxx71XOwnq3U7HL+Z7BYZ7ELLO5vRndhurxJ\nLyyU48niCJ6JXMKpumeBZyl3jCcz/qj1eqwWjv/69cligQkfldb812t4Dbh+NdMo\ns+pBghF810N1AQ0m2DI2JvBTXkkndI+BKA8s8nfFKi6+se7WAzRly3lA90MW44dB\nEij6KdB/KyuaUHWXIFmONQSt50k0Ft2oJCKuKSIFyJ8p/SCb3kkTQc/54m5eU7Sl\nX4UthkU2Ier8m6Gd9vmQ2oFamiy5u+UTOhgG4+EOXpYvfkPDev3SjI8W8pCv2XXj\nL70AAAEBAMstfkD2T8pZix+B9UoxfASygTpTv6qXQFQKGo3viBGKr+QKjuhNEskG\nAk5MtLY4c2G1EpnNexqMRkN4WegSQ81Utqu2f5gVVMhrNLA4/jBZpA8WSbom4igz\nB0ussI2RjhHnBgW2TI1XY9NhltUYdnsbaCvfH0EUBa9I+1YaqKfFf2139jTvp38t\nwB5uReoMY7+55ind2tNrv8wNTltahuJG6mxaIfUd/FogTtkj2YWGRIvMZfrLWmr6\nxxWXR+3Zd+Inc1Ra/9XUuMxOuy5sry3CnUas/pyNwNw41LbeFaFvMBXi0IulSRYH\nOmI0FPCzBk9nCrIIxJXoGcErKuVkV1MAAAAAAQID\n-----END OPENSSH PRIVATE KEY-----\n",
            "private_key_pem": "-----BEGIN RSA PRIVATE KEY-----\nMIIJKQIBAAKCAgEAva/2n0Tk1l2p5iVv3XvhkztsT/3JrZyKvnYP5L2jinLnrFrs\n0/j01M7aBmq+1EA5KRwcTzSlhvw9cNpsT9hneTqMYrgSqdAu4q1ngNsRZy+N5Ths\nPsB1N8HraXyNkqohgSCOXwXRhiupfv3hZgHe7oeStRHV5W/+Yh2Wy7XuTziPZfzT\nK5r4dHg00W6i7l7WH7Q/vAEoxZY3CALPjnwudX5lleGl5VEA+FDNusCozvDxMY1x\npPP8yH9qp899sbt8eLUFBiSexAJtt3rm0R0n155wBBX/m+yNhsKRGuNJ2ow/vcoU\nA+tZxsY4YTMc5yRfodVHSWmbRA8BAr06NXpMz9iZOvXydgs94QYLiO2SZVk+H26b\nYQbWKOlGu05WuXSCc63k2kk4PR/Um/HT2122c+AwhDFpGlyI+0c9/bp+o/bZd2pV\n9ZcyIKcEl5ioTnkMe7bUT8+f+B7x1K/3W9gFPau5JqUxbI6e8suoQpCGzvf0kRNS\n1C9B5PQsKWEhuWEaP9xlY69xUxDZtfGMaxUtfifV6+BO9NG0HGqKXeRWat7PRGxE\n/L4MmM9vYyRCAat3GFUTmEWDUS91YHusp2GovfNPhY+LRvII6LmbIra7+/vqKS56\nDF7G1KdpJOZhVF83XDhWKGIa4je/vzuj3XjB65xGUAviQRNk+tnFBiS1tUcCAwEA\nAQKCAgBUMUR9J8aMUTFmaepve5tBTshB7uqzqL46UEu4ouVyP5MNwKPKZ/8/b3p9\nC6ccrU7RrNzx2PO5aL7altApVmuC9tY1wO7juXf9+6prmpBsZMKN4Y/GAIVmlKdp\nADQUS3goiKs4iOwZKcsHByeir6Tj6X/X540xU5astOZoD52xQvD++ws9mQC7LVmA\nNaOSurw+gTIiv775iDVv1FOMshiq5MmxD2EjWeNc0/ykbfvfMjlT3ax54yOpWEie\nKC3pk8ZpCyuqMNnZNRy+qgnF+jNjdDrSzXLRIdslW7mtHgH7Q3HNSuK8ZJtJ61Q9\n7EJhY5cgzPnhn0KfoCs6LIQoFVr+x6iS224RWJ1iPE+yLXuGidY4oo5TLZ3jhCS9\n13NYThBJQkHt8nAZ1N7LM3+CbyfNSn1p2RD29ZfaX+y+malQBoxuXaCwagO2dsdW\nWrd+V/LpDan2Jpd5d1carkpkzN8z9FyS1e+bRwc9nnJaxxgWNkyia+ixNaPtWf65\nec0sXx/CkPKAi8oEFQlME6D4cco6Bc3psg/Tr577QWilkrT5ifVb9MhOv72ZJ+zd\nlTPn3bUHJMeWTj+OJWuIzuS+dS7Ro5cPPWDdJ5rfJ74DRdjv7Yqvsp1bG4MG8Ki4\n+QVXsSyO8uqJyUd42GQjhusx633VjUjs9hDMMNvEVkYqud2yHQKCAQEA7wCechUd\nWrYUiksNUeUtaxYO34QUmPu+ncw0AhFulVDlT2FPHHvVc7CerdTscv5nsFhnsQss\n7m9Gd2G6vEkvLJTjyeIInolcwqm6Z4FnKXeMJzP+qPV6rBaO//r1yWKBCR+V1vzX\na3gNuH410yiz6kGCEXzXQ3UBDSbYMjYm8FNeSSd0j4EoDyzyd8UqLr6x7tYDNGXL\neUD3Qxbjh0ESKPop0H8rK5pQdZcgWY41BK3nSTQW3agkIq4pIgXInyn9IJveSRNB\nz/nibl5TtKVfhS2GRTYh6vyboZ32+ZDagVqaLLm75RM6GAbj4Q5eli9+Q8N6/dKM\njxbykK/ZdeMvvQKCAQEAyy1+QPZPylmLH4H1SjF8BLKBOlO/qpdAVAoaje+IEYqv\n5AqO6E0SyQYCTky0tjhzYbUSmc17GoxGQ3hZ6BJDzVS2q7Z/mBVUyGs0sDj+MFmk\nDxZJuibiKDMHS6ywjZGOEecGBbZMjVdj02GW1Rh2extoK98fQRQFr0j7Vhqop8V/\nbXf2NO+nfy3AHm5F6gxjv7nmKd3a02u/zA1OW1qG4kbqbFoh9R38WiBO2SPZhYZE\ni8xl+staavrHFZdH7dl34idzVFr/1dS4zE67LmyvLcKdRqz+nI3A3DjUtt4VoW8w\nFeLQi6VJFgc6YjQU8LMGT2cKsgjElegZwSsq5WRXUwKCAQEA0KDBruQvk5eNpoqN\nPgfH9cpzgTlSoZhfdG9klsmQtla/VOOko0CVuz9ZxHQxUtAwwwbovOr8dcY8xMlS\nsDlSLKBrlzbwPzO4/VQbm26iFth8R1xj2CkwxDeM7HatRvXtnYEs01Yy1WUe1QWX\nBpRpOPumBo3rer8QA+L8phgPNYoQq9r9LKeZyGV74oEBqXxc5hd7BKo3S8kiDjZU\ntyReLdbx2Uao8I7r3Tnmy0YPkd4cHxKRQzwbDwrobQKPdiC5DVYCW9erg1imB6Hf\nf7k8AI0UwCXYxb9sO1Ag3wlLM89a9d/L3NNDyuV41mQsvP0IQy7IlfjNKbrmUtau\nBPIkIQKCAQEAuIoQg2Z04GBmOW7rYMEDWKzdLSIGEyafufUXW1V1bCFgUqq4VAw1\nBLrde0q2VE9/lP5G78Uvi9ReuUdluaBlTukjpWD0ESlGwWaGC40oarfwh/eBbX+F\nqGd4t+YY0eyjcmU4FhYW/8WhGMwpmFFIw9YHztkwZQaPhz6tce5ywzdh3wa3bCtE\nIgJm3fzgqY0pSGnLwLkN2Tujj+2B/v2BR6KLp3BSKXVb0GxJ0XV7S4jBV4yGD72F\n2Wb/TgACx+jet12HpdWlSw2T75WO88KpddGu0hOsintB8YP4yEN8uAzqSuag7kVo\n1YYpJCsT3e9sys/Xag8GpvWR9t6DbqitmwKCAQBErhY+ig9zU4jS3DusRAxxRzPy\n8iQSkcWo3zTLoUwi+0jxpgVvfgmieZ8rUHg870Ue0aUDe+rU2OTqist0DlZGEMHk\nEIrJwBB7/8hWpd70aqtpOJCQL47dFWhZVHGDn47vq/ooMS7f+V1ckrS74Yw3sDpB\nvh6ndefgui3np5ItKb/Cq5iVn5bQ1RwtRAs/CkhxWswmuoWK1X6OnWlfS+cYplGM\noPRNI9xlLJ2NAfok5caOEtUH5owk8+Nrm4KS0kkmIC5ddd3Vo4tNxdN1Epudym7Y\nHLT/enQ+U9HPK3cmXpbGMFPpSPqYszOanBZ9XHQUK87E6KZDlk1UtVPPo7l2\n-----END RSA PRIVATE KEY-----\n",
            "private_key_pem_pkcs8": "-----BEGIN PRIVATE KEY-----\nMIIJQwIBADANBgkqhkiG9w0BAQEFAASCCS0wggkpAgEAAoICAQC9r/afROTWXanm\nJW/de+GTO2xP/cmtnIq+dg/kvaOKcuesWuzT+PTUztoGar7UQDkpHBxPNKWG/D1w\n2mxP2Gd5OoxiuBKp0C7irWeA2xFnL43lOGw+wHU3wetpfI2SqiGBII5fBdGGK6l+\n/eFmAd7uh5K1EdXlb/5iHZbLte5POI9l/NMrmvh0eDTRbqLuXtYftD+8ASjFljcI\nAs+OfC51fmWV4aXlUQD4UM26wKjO8PExjXGk8/zIf2qnz32xu3x4tQUGJJ7EAm23\neubRHSfXnnAEFf+b7I2GwpEa40najD+9yhQD61nGxjhhMxznJF+h1UdJaZtEDwEC\nvTo1ekzP2Jk69fJ2Cz3hBguI7ZJlWT4fbpthBtYo6Ua7Tla5dIJzreTaSTg9H9Sb\n8dPbXbZz4DCEMWkaXIj7Rz39un6j9tl3alX1lzIgpwSXmKhOeQx7ttRPz5/4HvHU\nr/db2AU9q7kmpTFsjp7yy6hCkIbO9/SRE1LUL0Hk9CwpYSG5YRo/3GVjr3FTENm1\n8YxrFS1+J9Xr4E700bQcaopd5FZq3s9EbET8vgyYz29jJEIBq3cYVROYRYNRL3Vg\ne6ynYai980+Fj4tG8gjouZsitrv7++opLnoMXsbUp2kk5mFUXzdcOFYoYhriN7+/\nO6PdeMHrnEZQC+JBE2T62cUGJLW1RwIDAQABAoICAFQxRH0nxoxRMWZp6m97m0FO\nyEHu6rOovjpQS7ii5XI/kw3Ao8pn/z9ven0LpxytTtGs3PHY87lovtqW0ClWa4L2\n1jXA7uO5d/37qmuakGxkwo3hj8YAhWaUp2kANBRLeCiIqziI7BkpywcHJ6KvpOPp\nf9fnjTFTlqy05mgPnbFC8P77Cz2ZALstWYA1o5K6vD6BMiK/vvmINW/UU4yyGKrk\nybEPYSNZ41zT/KRt+98yOVPdrHnjI6lYSJ4oLemTxmkLK6ow2dk1HL6qCcX6M2N0\nOtLNctEh2yVbua0eAftDcc1K4rxkm0nrVD3sQmFjlyDM+eGfQp+gKzoshCgVWv7H\nqJLbbhFYnWI8T7Ite4aJ1jiijlMtneOEJL3Xc1hOEElCQe3ycBnU3sszf4JvJ81K\nfWnZEPb1l9pf7L6ZqVAGjG5doLBqA7Z2x1Zat35X8ukNqfYml3l3VxquSmTM3zP0\nXJLV75tHBz2eclrHGBY2TKJr6LE1o+1Z/rl5zSxfH8KQ8oCLygQVCUwToPhxyjoF\nzemyD9OvnvtBaKWStPmJ9Vv0yE6/vZkn7N2VM+fdtQckx5ZOP44la4jO5L51LtGj\nlw89YN0nmt8nvgNF2O/tiq+ynVsbgwbwqLj5BVexLI7y6onJR3jYZCOG6zHrfdWN\nSOz2EMww28RWRiq53bIdAoIBAQDvAJ5yFR1athSKSw1R5S1rFg7fhBSY+76dzDQC\nEW6VUOVPYU8ce9VzsJ6t1Oxy/mewWGexCyzub0Z3Ybq8SS8slOPJ4gieiVzCqbpn\ngWcpd4wnM/6o9XqsFo7/+vXJYoEJH5XW/NdreA24fjXTKLPqQYIRfNdDdQENJtgy\nNibwU15JJ3SPgSgPLPJ3xSouvrHu1gM0Zct5QPdDFuOHQRIo+inQfysrmlB1lyBZ\njjUEredJNBbdqCQirikiBcifKf0gm95JE0HP+eJuXlO0pV+FLYZFNiHq/Juhnfb5\nkNqBWposubvlEzoYBuPhDl6WL35Dw3r90oyPFvKQr9l14y+9AoIBAQDLLX5A9k/K\nWYsfgfVKMXwEsoE6U7+ql0BUChqN74gRiq/kCo7oTRLJBgJOTLS2OHNhtRKZzXsa\njEZDeFnoEkPNVLartn+YFVTIazSwOP4wWaQPFkm6JuIoMwdLrLCNkY4R5wYFtkyN\nV2PTYZbVGHZ7G2gr3x9BFAWvSPtWGqinxX9td/Y076d/LcAebkXqDGO/ueYp3drT\na7/MDU5bWobiRupsWiH1HfxaIE7ZI9mFhkSLzGX6y1pq+scVl0ft2XfiJ3NUWv/V\n1LjMTrsubK8twp1GrP6cjcDcONS23hWhbzAV4tCLpUkWBzpiNBTwswZPZwqyCMSV\n6BnBKyrlZFdTAoIBAQDQoMGu5C+Tl42mio0+B8f1ynOBOVKhmF90b2SWyZC2Vr9U\n46SjQJW7P1nEdDFS0DDDBui86vx1xjzEyVKwOVIsoGuXNvA/M7j9VBubbqIW2HxH\nXGPYKTDEN4zsdq1G9e2dgSzTVjLVZR7VBZcGlGk4+6YGjet6vxAD4vymGA81ihCr\n2v0sp5nIZXvigQGpfFzmF3sEqjdLySIONlS3JF4t1vHZRqjwjuvdOebLRg+R3hwf\nEpFDPBsPCuhtAo92ILkNVgJb16uDWKYHod9/uTwAjRTAJdjFv2w7UCDfCUszz1r1\n38vc00PK5XjWZCy8/QhDLsiV+M0puuZS1q4E8iQhAoIBAQC4ihCDZnTgYGY5butg\nwQNYrN0tIgYTJp+59RdbVXVsIWBSqrhUDDUEut17SrZUT3+U/kbvxS+L1F65R2W5\noGVO6SOlYPQRKUbBZoYLjShqt/CH94Ftf4WoZ3i35hjR7KNyZTgWFhb/xaEYzCmY\nUUjD1gfO2TBlBo+HPq1x7nLDN2HfBrdsK0QiAmbd/OCpjSlIacvAuQ3ZO6OP7YH+\n/YFHoouncFIpdVvQbEnRdXtLiMFXjIYPvYXZZv9OAALH6N63XYel1aVLDZPvlY7z\nwql10a7SE6yKe0Hxg/jIQ3y4DOpK5qDuRWjVhikkKxPd72zKz9dqDwam9ZH23oNu\nqK2bAoIBAESuFj6KD3NTiNLcO6xEDHFHM/LyJBKRxajfNMuhTCL7SPGmBW9+CaJ5\nnytQeDzvRR7RpQN76tTY5OqKy3QOVkYQweQQisnAEHv/yFal3vRqq2k4kJAvjt0V\naFlUcYOfju+r+igxLt/5XVyStLvhjDewOkG+Hqd15+C6Leenki0pv8KrmJWfltDV\nHC1ECz8KSHFazCa6hYrVfo6daV9L5ximUYyg9E0j3GUsnY0B+iTlxo4S1QfmjCTz\n42ubgpLSSSYgLl113dWji03F03USm53KbtgctP96dD5T0c8rdyZelsYwU+lI+piz\nM5qcFn1cdBQrzsTopkOWTVS1U8+juXY=\n-----END PRIVATE KEY-----\n",
            "public_key_fingerprint_md5": "02:32:c6:a6:53:02:34:27:23:3f:eb:e4:a2:92:c4:ac",
            "public_key_fingerprint_sha256": "SHA256:ybJH/pGMsreYQOxBvy7KxrnylBjMwpsVEDR3pMRfuzk",
            "public_key_openssh": "ssh-rsa AAAAB3NzaC1yc2EAAAADAQABAAACAQC9r/afROTWXanmJW/de+GTO2xP/cmtnIq+dg/kvaOKcuesWuzT+PTUztoGar7UQDkpHBxPNKWG/D1w2mxP2Gd5OoxiuBKp0C7irWeA2xFnL43lOGw+wHU3wetpfI2SqiGBII5fBdGGK6l+/eFmAd7uh5K1EdXlb/5iHZbLte5POI9l/NMrmvh0eDTRbqLuXtYftD+8ASjFljcIAs+OfC51fmWV4aXlUQD4UM26wKjO8PExjXGk8/zIf2qnz32xu3x4tQUGJJ7EAm23eubRHSfXnnAEFf+b7I2GwpEa40najD+9yhQD61nGxjhhMxznJF+h1UdJaZtEDwECvTo1ekzP2Jk69fJ2Cz3hBguI7ZJlWT4fbpthBtYo6Ua7Tla5dIJzreTaSTg9H9Sb8dPbXbZz4DCEMWkaXIj7Rz39un6j9tl3alX1lzIgpwSXmKhOeQx7ttRPz5/4HvHUr/db2AU9q7kmpTFsjp7yy6hCkIbO9/SRE1LUL0Hk9CwpYSG5YRo/3GVjr3FTENm18YxrFS1+J9Xr4E700bQcaopd5FZq3s9EbET8vgyYz29jJEIBq3cYVROYRYNRL3Vge6ynYai980+Fj4tG8gjouZsitrv7++opLnoMXsbUp2kk5mFUXzdcOFYoYhriN7+/O6PdeMHrnEZQC+JBE2T62cUGJLW1Rw==\n",
            "public_key_pem": "-----BEGIN PUBLIC KEY-----\nMIICIjANBgkqhkiG9w0BAQEFAAOCAg8AMIICCgKCAgEAva/2n0Tk1l2p5iVv3Xvh\nkztsT/3JrZyKvnYP5L2jinLnrFrs0/j01M7aBmq+1EA5KRwcTzSlhvw9cNpsT9hn\neTqMYrgSqdAu4q1ngNsRZy+N5ThsPsB1N8HraXyNkqohgSCOXwXRhiupfv3hZgHe\n7oeStRHV5W/+Yh2Wy7XuTziPZfzTK5r4dHg00W6i7l7WH7Q/vAEoxZY3CALPjnwu\ndX5lleGl5VEA+FDNusCozvDxMY1xpPP8yH9qp899sbt8eLUFBiSexAJtt3rm0R0n\n155wBBX/m+yNhsKRGuNJ2ow/vcoUA+tZxsY4YTMc5yRfodVHSWmbRA8BAr06NXpM\nz9iZOvXydgs94QYLiO2SZVk+H26bYQbWKOlGu05WuXSCc63k2kk4PR/Um/HT2122\nc+AwhDFpGlyI+0c9/bp+o/bZd2pV9ZcyIKcEl5ioTnkMe7bUT8+f+B7x1K/3W9gF\nPau5JqUxbI6e8suoQpCGzvf0kRNS1C9B5PQsKWEhuWEaP9xlY69xUxDZtfGMaxUt\nfifV6+BO9NG0HGqKXeRWat7PRGxE/L4MmM9vYyRCAat3GFUTmEWDUS91YHusp2Go\nvfNPhY+LRvII6LmbIra7+/vqKS56DF7G1KdpJOZhVF83XDhWKGIa4je/vzuj3XjB\n65xGUAviQRNk+tnFBiS1tUcCAwEAAQ==\n-----END PUBLIC KEY-----\n",
            "rsa_bits": 4096
          },
          "sensitive_attributes": [
            [
              {
                "type": "get_attr",
                "value": "private_key_openssh"
              }
            ],
            [
              {
                "type": "get_attr",
                "value": "private_key_pem"
              }
            ],
            [
              {
                "type": "get_attr",
                "value": "private_key_pem_pkcs8"
              }
            ]
          ],
          "identity_schema_version": 0
        }
      ]
    }
  ],
  "check_results": null
}
