{
  "version": 4,
  "terraform_version": "1.12.2",
  "serial": 942,
  "lineage": "1925b700-2f66-0cd5-71f9-b7ae09686276",
  "outputs": {
    "bastion_public_ip": {
      "value": "18.159.97.16",
      "type": "string"
    },
    "connection_instructions": {
      "value": "    \n=== CONNECTION INSTRUCTIONS ===\n    \n1. SSH to Bastion host:\n   ssh -i ./ssh-key-dev.pem ec2-user@18.159.97.16\n    \n2. From Bastion, SSH to WordPress:\n   First, copy your SSH key to the Bastion:\n   scp -i ./ssh-key-dev.pem ./ssh-key-dev.pem ec2-user@18.159.97.16:~/\n       \n   Then SSH to the WordPress server:\n   ssh -i ~/ssh-key-dev.pem ec2-user@\u003cWORDPRESS_INSTANCE_IP\u003e\n    \n🌐 WORDPRESS ACCESS (Secure):\n   URL: http://wordpress-alb-dev-1006287018.eu-central-1.elb.amazonaws.com\n       \n🔒 ARCHITECTURE:\n   Internet → Load Balancer (Public) → WordPress (Private) → Database (Private)\n",
      "type": "string"
    },
    "database_endpoint": {
      "value": "wordpress-db-dev.cfis6qyi07hg.eu-central-1.rds.amazonaws.com:3306",
      "type": "string",
      "sensitive": true
    },
    "load_balancer_dns": {
      "value": "wordpress-alb-dev-1006287018.eu-central-1.elb.amazonaws.com",
      "type": "string"
    },
    "random_password": {
      "value": "GGj!gOX7YQE*gKaK",
      "type": "string",
      "sensitive": true
    },
    "ssh_key_path": {
      "value": "./ssh-key-dev.pem",
      "type": "string"
    },
    "wordpress_asg_name": {
      "value": "wordpress-asg-dev",
      "type": "string"
    },
    "wordpress_url": {
      "value": "http://wordpress-alb-dev-1006287018.eu-central-1.elb.amazonaws.com",
      "type": "string"
    }
  },
  "resources": [
    {
      "mode": "data",
      "type": "aws_availability_zones",
      "name": "available",
      "provider": "provider[\"registry.terraform.io/hashicorp/aws\"]",
      "instances": [
        {
          "schema_version": 0,
          "attributes": {
            "all_availability_zones": null,
            "exclude_names": null,
            "exclude_zone_ids": null,
            "filter": null,
            "group_names": [
              "eu-central-1-zg-1"
            ],
            "id": "eu-central-1",
            "names": [
              "eu-central-1a",
              "eu-central-1b",
              "eu-central-1c"
            ],
            "region": "eu-central-1",
            "state": "available",
            "timeouts": null,
            "zone_ids": [
              "euc1-az2",
              "euc1-az3",
              "euc1-az1"
            ]
          },
          "sensitive_attributes": [],
          "identity_schema_version": 0
        }
      ]
    },
    {
      "mode": "data",
      "type": "aws_region",
      "name": "current",
      "provider": "provider[\"registry.terraform.io/hashicorp/aws\"]",
      "instances": [
        {
          "schema_version": 0,
          "attributes": {
            "description": "Europe (Frankfurt)",
            "endpoint": "ec2.eu-central-1.amazonaws.com",
            "id": "eu-central-1",
            "name": "eu-central-1",
            "region": "eu-central-1"
          },
          "sensitive_attributes": [],
          "identity_schema_version": 0
        }
      ]
    },
    {
      "mode": "data",
      "type": "aws_ssm_parameter",
      "name": "al2023",
      "provider": "provider[\"registry.terraform.io/hashicorp/aws\"]",
      "instances": [
        {
          "schema_version": 0,
          "attributes": {
            "arn": "arn:aws:ssm:eu-central-1::parameter/aws/service/ami-amazon-linux-latest/al2023-ami-kernel-6.1-x86_64",
            "id": "/aws/service/ami-amazon-linux-latest/al2023-ami-kernel-6.1-x86_64",
            "insecure_value": "ami-0229b8f55e5178b65",
            "name": "/aws/service/ami-amazon-linux-latest/al2023-ami-kernel-6.1-x86_64",
            "region": "eu-central-1",
            "type": "String",
            "value": "ami-0229b8f55e5178b65",
            "version": 121,
            "with_decryption": true
          },
          "sensitive_attributes": [
            [
              {
                "type": "get_attr",
                "value": "value"
              }
            ]
          ],
          "identity_schema_version": 0
        }
      ]
    },
    {
      "mode": "managed",
      "type": "aws_autoscaling_group",
      "name": "wordpress_asg",
      "provider": "provider[\"registry.terraform.io/hashicorp/aws\"]",
      "instances": [
        {
          "schema_version": 1,
          "attributes": {
            "arn": "arn:aws:autoscaling:eu-central-1:253490779310:autoScalingGroup:87645cbc-0bf8-4a9f-8b2b-24764e9d3534:autoScalingGroupName/wordpress-asg-dev",
            "availability_zone_distribution": [
              {
                "capacity_distribution_strategy": "balanced-best-effort"
              }
            ],
            "availability_zones": [
              "eu-central-1a",
              "eu-central-1b"
            ],
            "capacity_rebalance": false,
            "capacity_reservation_specification": [
              {
                "capacity_reservation_preference": "default",
                "capacity_reservation_target": []
              }
            ],
            "context": "",
            "default_cooldown": 300,
            "default_instance_warmup": 0,
            "desired_capacity": 2,
            "desired_capacity_type": "",
            "enabled_metrics": null,
            "force_delete": false,
            "force_delete_warm_pool": false,
            "health_check_grace_period": 300,
            "health_check_type": "ELB",
            "id": "wordpress-asg-dev",
            "ignore_failed_scaling_activities": false,
            "initial_lifecycle_hook": [],
            "instance_maintenance_policy": [],
            "instance_refresh": [],
            "launch_configuration": "",
            "launch_template": [
              {
                "id": "lt-08b91de12a6214d5f",
                "name": "wordpress-template-dev-20250711104651110000000005",
                "version": "$Latest"
              }
            ],
            "load_balancers": [],
            "max_instance_lifetime": 0,
            "max_size": 4,
            "metrics_granularity": "1Minute",
            "min_elb_capacity": null,
            "min_size": 2,
            "mixed_instances_policy": [],
            "name": "wordpress-asg-dev",
            "name_prefix": "",
            "placement_group": "",
            "predicted_capacity": 0,
            "protect_from_scale_in": false,
            "region": "eu-central-1",
            "service_linked_role_arn": "arn:aws:iam::253490779310:role/aws-service-role/autoscaling.amazonaws.com/AWSServiceRoleForAutoScaling",
            "suspended_processes": null,
            "tag": [
              {
                "key": "Environment",
                "propagate_at_launch": true,
                "value": "dev"
              },
              {
                "key": "Name",
                "propagate_at_launch": true,
                "value": "WordPress-ASG-dev"
              }
            ],
            "target_group_arns": [
              "arn:aws:elasticloadbalancing:eu-central-1:253490779310:targetgroup/wordpress-tg-dev/2dfe67bf8a01e8d8"
            ],
            "termination_policies": null,
            "timeouts": null,
            "traffic_source": [
              {
                "identifier": "arn:aws:elasticloadbalancing:eu-central-1:253490779310:targetgroup/wordpress-tg-dev/2dfe67bf8a01e8d8",
                "type": "elbv2"
              }
            ],
            "vpc_zone_identifier": [
              "subnet-0ae0c781978dff294",
              "subnet-0e68e82b215a712ff"
            ],
            "wait_for_capacity_timeout": "10m",
            "wait_for_elb_capacity": null,
            "warm_pool": [],
            "warm_pool_size": 0
          },
          "sensitive_attributes": [],
          "identity_schema_version": 0,
          "private": "eyJlMmJmYjczMC1lY2FhLTExZTYtOGY4OC0zNDM2M2JjN2M0YzAiOnsiZGVsZXRlIjo2MDAwMDAwMDAwMDAsInVwZGF0ZSI6NjAwMDAwMDAwMDAwfSwic2NoZW1hX3ZlcnNpb24iOiIxIn0=",
          "dependencies": [
            "aws_db_instance.wordpress_db",
            "aws_db_subnet_group.wordpress_db_subnet_group",
            "aws_eip.elasticIP",
            "aws_internet_gateway.myIGW",
            "aws_key_pair.generated_key",
            "aws_launch_template.wordpress_template",
            "aws_lb_target_group.wordpress_tg",
            "aws_nat_gateway.myNATGateway",
            "aws_route_table.myPrivateRouteTable",
            "aws_route_table_association.private",
            "aws_security_group.alb_sg",
            "aws_security_group.bastion_sg",
            "aws_security_group.rds_sg",
            "aws_security_group.wordpress_sg",
            "aws_subnet.privateSubnet",
            "aws_subnet.privateSubnet2",
            "aws_subnet.publicSubnet",
            "aws_vpc.myVPC",
            "data.aws_availability_zones.available",
            "data.aws_ssm_parameter.al2023",
            "random_password.db_password",
            "time_sleep.wait_for_nat_gateway",
            "tls_private_key.ssh_key"
          ]
        }
      ]
    },
    {
      "mode": "managed",
      "type": "aws_autoscaling_policy",
      "name": "scale_down",
      "provider": "provider[\"registry.terraform.io/hashicorp/aws\"]",
      "instances": [
        {
          "schema_version": 0,
          "attributes": {
            "adjustment_type": "ChangeInCapacity",
            "arn": "arn:aws:autoscaling:eu-central-1:253490779310:scalingPolicy:0160f54d-6f08-430b-b0d6-3fdbc63ad7b2:autoScalingGroupName/wordpress-asg-dev:policyName/wordpress-scale-down-dev",
            "autoscaling_group_name": "wordpress-asg-dev",
            "cooldown": 300,
            "enabled": true,
            "estimated_instance_warmup": 0,
            "id": "wordpress-scale-down-dev",
            "metric_aggregation_type": "",
            "min_adjustment_magnitude": 0,
            "name": "wordpress-scale-down-dev",
            "policy_type": "SimpleScaling",
            "predictive_scaling_configuration": [],
            "region": "eu-central-1",
            "scaling_adjustment": -1,
            "step_adjustment": [],
            "target_tracking_configuration": []
          },
          "sensitive_attributes": [],
          "identity_schema_version": 0,
          "private": "bnVsbA==",
          "dependencies": [
            "aws_autoscaling_group.wordpress_asg",
            "aws_db_instance.wordpress_db",
            "aws_db_subnet_group.wordpress_db_subnet_group",
            "aws_eip.elasticIP",
            "aws_internet_gateway.myIGW",
            "aws_key_pair.generated_key",
            "aws_launch_template.wordpress_template",
            "aws_lb_target_group.wordpress_tg",
            "aws_nat_gateway.myNATGateway",
            "aws_route_table.myPrivateRouteTable",
            "aws_route_table_association.private",
            "aws_security_group.alb_sg",
            "aws_security_group.bastion_sg",
            "aws_security_group.rds_sg",
            "aws_security_group.wordpress_sg",
            "aws_subnet.privateSubnet",
            "aws_subnet.privateSubnet2",
            "aws_subnet.publicSubnet",
            "aws_vpc.myVPC",
            "data.aws_availability_zones.available",
            "data.aws_ssm_parameter.al2023",
            "random_password.db_password",
            "time_sleep.wait_for_nat_gateway",
            "tls_private_key.ssh_key"
          ]
        }
      ]
    },
    {
      "mode": "managed",
      "type": "aws_autoscaling_policy",
      "name": "scale_up",
      "provider": "provider[\"registry.terraform.io/hashicorp/aws\"]",
      "instances": [
        {
          "schema_version": 0,
          "attributes": {
            "adjustment_type": "ChangeInCapacity",
            "arn": "arn:aws:autoscaling:eu-central-1:253490779310:scalingPolicy:ceaac027-539d-4752-a8e0-7bff555e9f05:autoScalingGroupName/wordpress-asg-dev:policyName/wordpress-scale-up-dev",
            "autoscaling_group_name": "wordpress-asg-dev",
            "cooldown": 300,
            "enabled": true,
            "estimated_instance_warmup": 0,
            "id": "wordpress-scale-up-dev",
            "metric_aggregation_type": "",
            "min_adjustment_magnitude": 0,
            "name": "wordpress-scale-up-dev",
            "policy_type": "SimpleScaling",
            "predictive_scaling_configuration": [],
            "region": "eu-central-1",
            "scaling_adjustment": 1,
            "step_adjustment": [],
            "target_tracking_configuration": []
          },
          "sensitive_attributes": [],
          "identity_schema_version": 0,
          "private": "bnVsbA==",
          "dependencies": [
            "aws_autoscaling_group.wordpress_asg",
            "aws_db_instance.wordpress_db",
            "aws_db_subnet_group.wordpress_db_subnet_group",
            "aws_eip.elasticIP",
            "aws_internet_gateway.myIGW",
            "aws_key_pair.generated_key",
            "aws_launch_template.wordpress_template",
            "aws_lb_target_group.wordpress_tg",
            "aws_nat_gateway.myNATGateway",
            "aws_route_table.myPrivateRouteTable",
            "aws_route_table_association.private",
            "aws_security_group.alb_sg",
            "aws_security_group.bastion_sg",
            "aws_security_group.rds_sg",
            "aws_security_group.wordpress_sg",
            "aws_subnet.privateSubnet",
            "aws_subnet.privateSubnet2",
            "aws_subnet.publicSubnet",
            "aws_vpc.myVPC",
            "data.aws_availability_zones.available",
            "data.aws_ssm_parameter.al2023",
            "random_password.db_password",
            "time_sleep.wait_for_nat_gateway",
            "tls_private_key.ssh_key"
          ]
        }
      ]
    },
    {
      "mode": "managed",
      "type": "aws_cloudwatch_metric_alarm",
      "name": "cpu_high",
      "provider": "provider[\"registry.terraform.io/hashicorp/aws\"]",
      "instances": [
        {
          "schema_version": 1,
          "attributes": {
            "actions_enabled": true,
            "alarm_actions": [
              "arn:aws:autoscaling:eu-central-1:253490779310:scalingPolicy:ceaac027-539d-4752-a8e0-7bff555e9f05:autoScalingGroupName/wordpress-asg-dev:policyName/wordpress-scale-up-dev"
            ],
            "alarm_description": "This metric monitors ec2 cpu utilization",
            "alarm_name": "wordpress-cpu-high-dev",
            "arn": "arn:aws:cloudwatch:eu-central-1:253490779310:alarm:wordpress-cpu-high-dev",
            "comparison_operator": "GreaterThanThreshold",
            "datapoints_to_alarm": 0,
            "dimensions": {
              "AutoScalingGroupName": "wordpress-asg-dev"
            },
            "evaluate_low_sample_count_percentiles": "",
            "evaluation_periods": 2,
            "extended_statistic": "",
            "id": "wordpress-cpu-high-dev",
            "insufficient_data_actions": null,
            "metric_name": "CPUUtilization",
            "metric_query": [],
            "namespace": "AWS/EC2",
            "ok_actions": null,
            "period": 120,
            "region": "eu-central-1",
            "statistic": "Average",
            "tags": null,
            "tags_all": {},
            "threshold": 70,
            "threshold_metric_id": "",
            "treat_missing_data": "missing",
            "unit": ""
          },
          "sensitive_attributes": [],
          "identity_schema_version": 0,
          "private": "eyJzY2hlbWFfdmVyc2lvbiI6IjEifQ==",
          "dependencies": [
            "aws_autoscaling_group.wordpress_asg",
            "aws_autoscaling_policy.scale_up",
            "aws_db_instance.wordpress_db",
            "aws_db_subnet_group.wordpress_db_subnet_group",
            "aws_eip.elasticIP",
            "aws_internet_gateway.myIGW",
            "aws_key_pair.generated_key",
            "aws_launch_template.wordpress_template",
            "aws_lb_target_group.wordpress_tg",
            "aws_nat_gateway.myNATGateway",
            "aws_route_table.myPrivateRouteTable",
            "aws_route_table_association.private",
            "aws_security_group.alb_sg",
            "aws_security_group.bastion_sg",
            "aws_security_group.rds_sg",
            "aws_security_group.wordpress_sg",
            "aws_subnet.privateSubnet",
            "aws_subnet.privateSubnet2",
            "aws_subnet.publicSubnet",
            "aws_vpc.myVPC",
            "data.aws_availability_zones.available",
            "data.aws_ssm_parameter.al2023",
            "random_password.db_password",
            "time_sleep.wait_for_nat_gateway",
            "tls_private_key.ssh_key"
          ]
        }
      ]
    },
    {
      "mode": "managed",
      "type": "aws_cloudwatch_metric_alarm",
      "name": "cpu_low",
      "provider": "provider[\"registry.terraform.io/hashicorp/aws\"]",
      "instances": [
        {
          "schema_version": 1,
          "attributes": {
            "actions_enabled": true,
            "alarm_actions": [
              "arn:aws:autoscaling:eu-central-1:253490779310:scalingPolicy:0160f54d-6f08-430b-b0d6-3fdbc63ad7b2:autoScalingGroupName/wordpress-asg-dev:policyName/wordpress-scale-down-dev"
            ],
            "alarm_description": "This metric monitors ec2 cpu utilization",
            "alarm_name": "wordpress-cpu-low-dev",
            "arn": "arn:aws:cloudwatch:eu-central-1:253490779310:alarm:wordpress-cpu-low-dev",
            "comparison_operator": "LessThanThreshold",
            "datapoints_to_alarm": 0,
            "dimensions": {
              "AutoScalingGroupName": "wordpress-asg-dev"
            },
            "evaluate_low_sample_count_percentiles": "",
            "evaluation_periods": 2,
            "extended_statistic": "",
            "id": "wordpress-cpu-low-dev",
            "insufficient_data_actions": null,
            "metric_name": "CPUUtilization",
            "metric_query": [],
            "namespace": "AWS/EC2",
            "ok_actions": null,
            "period": 120,
            "region": "eu-central-1",
            "statistic": "Average",
            "tags": null,
            "tags_all": {},
            "threshold": 30,
            "threshold_metric_id": "",
            "treat_missing_data": "missing",
            "unit": ""
          },
          "sensitive_attributes": [],
          "identity_schema_version": 0,
          "private": "eyJzY2hlbWFfdmVyc2lvbiI6IjEifQ==",
          "dependencies": [
            "aws_autoscaling_group.wordpress_asg",
            "aws_autoscaling_policy.scale_down",
            "aws_db_instance.wordpress_db",
            "aws_db_subnet_group.wordpress_db_subnet_group",
            "aws_eip.elasticIP",
            "aws_internet_gateway.myIGW",
            "aws_key_pair.generated_key",
            "aws_launch_template.wordpress_template",
            "aws_lb_target_group.wordpress_tg",
            "aws_nat_gateway.myNATGateway",
            "aws_route_table.myPrivateRouteTable",
            "aws_route_table_association.private",
            "aws_security_group.alb_sg",
            "aws_security_group.bastion_sg",
            "aws_security_group.rds_sg",
            "aws_security_group.wordpress_sg",
            "aws_subnet.privateSubnet",
            "aws_subnet.privateSubnet2",
            "aws_subnet.publicSubnet",
            "aws_vpc.myVPC",
            "data.aws_availability_zones.available",
            "data.aws_ssm_parameter.al2023",
            "random_password.db_password",
            "time_sleep.wait_for_nat_gateway",
            "tls_private_key.ssh_key"
          ]
        }
      ]
    },
    {
      "mode": "managed",
      "type": "aws_db_instance",
      "name": "wordpress_db",
      "provider": "provider[\"registry.terraform.io/hashicorp/aws\"]",
      "instances": [
        {
          "schema_version": 2,
          "attributes": {
            "address": "wordpress-db-dev.cfis6qyi07hg.eu-central-1.rds.amazonaws.com",
            "allocated_storage": 20,
            "allow_major_version_upgrade": null,
            "apply_immediately": false,
            "arn": "arn:aws:rds:eu-central-1:253490779310:db:wordpress-db-dev",
            "auto_minor_version_upgrade": true,
            "availability_zone": "eu-central-1b",
            "backup_retention_period": 0,
            "backup_target": "region",
            "backup_window": "21:45-22:15",
            "blue_green_update": [],
            "ca_cert_identifier": "rds-ca-rsa2048-g1",
            "character_set_name": "",
            "copy_tags_to_snapshot": false,
            "custom_iam_instance_profile": "",
            "customer_owned_ip_enabled": false,
            "database_insights_mode": "standard",
            "db_name": "wordpress",
            "db_subnet_group_name": "wordpress-db-subnet-group",
            "dedicated_log_volume": false,
            "delete_automated_backups": true,
            "deletion_protection": false,
            "domain": "",
            "domain_auth_secret_arn": "",
            "domain_dns_ips": null,
            "domain_fqdn": "",
            "domain_iam_role_name": "",
            "domain_ou": "",
            "enabled_cloudwatch_logs_exports": null,
            "endpoint": "wordpress-db-dev.cfis6qyi07hg.eu-central-1.rds.amazonaws.com:3306",
            "engine": "mysql",
            "engine_lifecycle_support": "open-source-rds-extended-support",
            "engine_version": "8.0",
            "engine_version_actual": "8.0.41",
            "final_snapshot_identifier": null,
            "hosted_zone_id": "Z1RLNUO7B9Q6NB",
            "iam_database_authentication_enabled": false,
            "id": "db-ER5XMD5LQSSOCTUT3IAXMZCFSY",
            "identifier": "wordpress-db-dev",
            "identifier_prefix": "",
            "instance_class": "db.t3.micro",
            "iops": 0,
            "kms_key_id": "",
            "latest_restorable_time": "",
            "license_model": "general-public-license",
            "listener_endpoint": [],
            "maintenance_window": "fri:04:09-fri:04:39",
            "manage_master_user_password": null,
            "master_user_secret": [],
            "master_user_secret_kms_key_id": null,
            "max_allocated_storage": 0,
            "monitoring_interval": 0,
            "monitoring_role_arn": "",
            "multi_az": false,
            "nchar_character_set_name": "",
            "network_type": "IPV4",
            "option_group_name": "default:mysql-8-0",
            "parameter_group_name": "default.mysql8.0",
            "password": "GGj!gOX7YQE*gKaK",
            "password_wo": null,
            "password_wo_version": null,
            "performance_insights_enabled": false,
            "performance_insights_kms_key_id": "",
            "performance_insights_retention_period": 0,
            "port": 3306,
            "publicly_accessible": false,
            "region": "eu-central-1",
            "replica_mode": "",
            "replicas": [],
            "replicate_source_db": "",
            "resource_id": "db-ER5XMD5LQSSOCTUT3IAXMZCFSY",
            "restore_to_point_in_time": [],
            "s3_import": [],
            "skip_final_snapshot": true,
            "snapshot_identifier": null,
            "status": "available",
            "storage_encrypted": false,
            "storage_throughput": 0,
            "storage_type": "gp2",
            "tags": {
              "Environment": "dev",
              "Name": "WordPress-DB-dev",
              "Terraform": "true"
            },
            "tags_all": {
              "Environment": "dev",
              "Name": "WordPress-DB-dev",
              "Terraform": "true"
            },
            "timeouts": null,
            "timezone": "",
            "upgrade_storage_config": null,
            "username": "wpuser",
            "vpc_security_group_ids": [
              "sg-0a110e42870c9cb4b"
            ]
          },
          "sensitive_attributes": [
            [
              {
                "type": "get_attr",
                "value": "password"
              }
            ],
            [
              {
                "type": "get_attr",
                "value": "password_wo"
              }
            ]
          ],
          "identity_schema_version": 0,
          "private": "eyJlMmJmYjczMC1lY2FhLTExZTYtOGY4OC0zNDM2M2JjN2M0YzAiOnsiY3JlYXRlIjozMDAwMDAwMDAwMDAwLCJkZWxldGUiOjM2MDAwMDAwMDAwMDAsInVwZGF0ZSI6NDgwMDAwMDAwMDAwMH0sInNjaGVtYV92ZXJzaW9uIjoiMiJ9",
          "dependencies": [
            "aws_db_subnet_group.wordpress_db_subnet_group",
            "aws_security_group.alb_sg",
            "aws_security_group.bastion_sg",
            "aws_security_group.rds_sg",
            "aws_security_group.wordpress_sg",
            "aws_subnet.privateSubnet",
            "aws_subnet.privateSubnet2",
            "aws_vpc.myVPC",
            "data.aws_availability_zones.available",
            "random_password.db_password"
          ]
        }
      ]
    },
    {
      "mode": "managed",
      "type": "aws_db_subnet_group",
      "name": "wordpress_db_subnet_group",
      "provider": "provider[\"registry.terraform.io/hashicorp/aws\"]",
      "instances": [
        {
          "schema_version": 0,
          "attributes": {
            "arn": "arn:aws:rds:eu-central-1:253490779310:subgrp:wordpress-db-subnet-group",
            "description": "Managed by Terraform",
            "id": "wordpress-db-subnet-group",
            "name": "wordpress-db-subnet-group",
            "name_prefix": "",
            "region": "eu-central-1",
            "subnet_ids": [
              "subnet-0ae0c781978dff294",
              "subnet-0e68e82b215a712ff"
            ],
            "supported_network_types": [
              "IPV4"
            ],
            "tags": {
              "Environment": "dev",
              "Name": "WordPress DB subnet group",
              "Terraform": "true"
            },
            "tags_all": {
              "Environment": "dev",
              "Name": "WordPress DB subnet group",
              "Terraform": "true"
            },
            "vpc_id": "vpc-039164093801ca105"
          },
          "sensitive_attributes": [],
          "identity_schema_version": 0,
          "private": "bnVsbA==",
          "dependencies": [
            "aws_subnet.privateSubnet",
            "aws_subnet.privateSubnet2",
            "aws_vpc.myVPC",
            "data.aws_availability_zones.available"
          ]
        }
      ]
    },
    {
      "mode": "managed",
      "type": "aws_eip",
      "name": "elasticIP",
      "provider": "provider[\"registry.terraform.io/hashicorp/aws\"]",
      "instances": [
        {
          "schema_version": 0,
          "attributes": {
            "address": null,
            "allocation_id": "eipalloc-0798cf0fad73ace37",
            "arn": "arn:aws:ec2:eu-central-1:253490779310:elastic-ip/eipalloc-0798cf0fad73ace37",
            "associate_with_private_ip": null,
            "association_id": "",
            "carrier_ip": "",
            "customer_owned_ip": "",
            "customer_owned_ipv4_pool": "",
            "domain": "vpc",
            "id": "eipalloc-0798cf0fad73ace37",
            "instance": "",
            "ipam_pool_id": null,
            "network_border_group": "eu-central-1",
            "network_interface": "",
            "private_dns": null,
            "private_ip": "",
            "ptr_record": "",
            "public_dns": "ec2-3-74-241-45.eu-central-1.compute.amazonaws.com",
            "public_ip": "3.74.241.45",
            "public_ipv4_pool": "amazon",
            "region": "eu-central-1",
            "tags": {
              "Environment": "dev",
              "Name": "NAT-Gateway-EIP",
              "Terraform": "true"
            },
            "tags_all": {
              "Environment": "dev",
              "Name": "NAT-Gateway-EIP",
              "Terraform": "true"
            },
            "timeouts": null
          },
          "sensitive_attributes": [],
          "identity_schema_version": 0,
          "private": "eyJlMmJmYjczMC1lY2FhLTExZTYtOGY4OC0zNDM2M2JjN2M0YzAiOnsiZGVsZXRlIjoxODAwMDAwMDAwMDAsInJlYWQiOjkwMDAwMDAwMDAwMCwidXBkYXRlIjozMDAwMDAwMDAwMDB9fQ=="
        }
      ]
    },
    {
      "mode": "managed",
      "type": "aws_instance",
      "name": "bastion",
      "provider": "provider[\"registry.terraform.io/hashicorp/aws\"]",
      "instances": [
        {
          "schema_version": 2,
          "attributes": {
            "ami": "ami-0229b8f55e5178b65",
            "arn": "arn:aws:ec2:eu-central-1:253490779310:instance/i-0a26d292d89537271",
            "associate_public_ip_address": true,
            "availability_zone": "eu-central-1a",
            "capacity_reservation_specification": [
              {
                "capacity_reservation_preference": "open",
                "capacity_reservation_target": []
              }
            ],
            "cpu_options": [
              {
                "amd_sev_snp": "",
                "core_count": 1,
                "threads_per_core": 1
              }
            ],
            "credit_specification": [
              {
                "cpu_credits": "standard"
              }
            ],
            "disable_api_stop": false,
            "disable_api_termination": false,
            "ebs_block_device": [],
            "ebs_optimized": false,
            "enable_primary_ipv6": null,
            "enclave_options": [
              {
                "enabled": false
              }
            ],
            "ephemeral_block_device": [],
            "get_password_data": false,
            "hibernation": false,
            "host_id": "",
            "host_resource_group_arn": null,
            "iam_instance_profile": "",
            "id": "i-0a26d292d89537271",
            "instance_initiated_shutdown_behavior": "stop",
            "instance_lifecycle": "",
            "instance_market_options": [],
            "instance_state": "running",
            "instance_type": "t2.micro",
            "ipv6_address_count": 0,
            "ipv6_addresses": [],
            "key_name": "terraform-dev-key",
            "launch_template": [],
            "maintenance_options": [
              {
                "auto_recovery": "default"
              }
            ],
            "metadata_options": [
              {
                "http_endpoint": "enabled",
                "http_protocol_ipv6": "disabled",
                "http_put_response_hop_limit": 2,
                "http_tokens": "required",
                "instance_metadata_tags": "disabled"
              }
            ],
            "monitoring": false,
            "network_interface": [],
            "outpost_arn": "",
            "password_data": "",
            "placement_group": "",
            "placement_partition_number": 0,
            "primary_network_interface_id": "eni-0a6c27eb2407817e2",
            "private_dns": "ip-10-0-0-25.eu-central-1.compute.internal",
            "private_dns_name_options": [
              {
                "enable_resource_name_dns_a_record": false,
                "enable_resource_name_dns_aaaa_record": false,
                "hostname_type": "ip-name"
              }
            ],
            "private_ip": "10.0.0.25",
            "public_dns": "",
            "public_ip": "18.159.97.16",
            "region": "eu-central-1",
            "root_block_device": [
              {
                "delete_on_termination": true,
                "device_name": "/dev/xvda",
                "encrypted": false,
                "iops": 3000,
                "kms_key_id": "",
                "tags": {},
                "tags_all": {},
                "throughput": 125,
                "volume_id": "vol-06b37ee71fc59345c",
                "volume_size": 8,
                "volume_type": "gp3"
              }
            ],
            "secondary_private_ips": [],
            "security_groups": [],
            "source_dest_check": true,
            "spot_instance_request_id": "",
            "subnet_id": "subnet-0ccd453bf628d0915",
            "tags": {
              "Environment": "dev",
              "Name": "Bastion-dev",
              "OS": "Linux",
              "Terraform": "true"
            },
            "tags_all": {
              "Environment": "dev",
              "Name": "Bastion-dev",
              "OS": "Linux",
              "Terraform": "true"
            },
            "tenancy": "default",
            "timeouts": null,
            "user_data": "#!/bin/bash\n# Update system packages\ndnf update -y\n        \n# 1. Disabling root login via SSH by setting PermitRootLogin to 'no'\n# 2. Disabling password authentication by setting PasswordAuthentication to 'no' (forcing key-based auth only)\nsed -i 's/#PermitRootLogin yes/PermitRootLogin no/' /etc/ssh/sshd_config\nsed -i 's/#PasswordAuthentication yes/PasswordAuthentication no/' /etc/ssh/sshd_config\nsystemctl restart sshd # 3. Restarting the SSH daemon to apply these changes\n",
            "user_data_base64": null,
            "user_data_replace_on_change": false,
            "volume_tags": null,
            "vpc_security_group_ids": [
              "sg-00b27269208bb5857"
            ]
          },
          "sensitive_attributes": [
            [
              {
                "type": "get_attr",
                "value": "ami"
              }
            ]
          ],
          "identity_schema_version": 0,
          "private": "eyJlMmJmYjczMC1lY2FhLTExZTYtOGY4OC0zNDM2M2JjN2M0YzAiOnsiY3JlYXRlIjo2MDAwMDAwMDAwMDAsImRlbGV0ZSI6MTIwMDAwMDAwMDAwMCwicmVhZCI6OTAwMDAwMDAwMDAwLCJ1cGRhdGUiOjYwMDAwMDAwMDAwMH0sInNjaGVtYV92ZXJzaW9uIjoiMiJ9",
          "dependencies": [
            "aws_key_pair.generated_key",
            "aws_security_group.bastion_sg",
            "aws_subnet.publicSubnet",
            "aws_vpc.myVPC",
            "data.aws_availability_zones.available",
            "data.aws_ssm_parameter.al2023",
            "tls_private_key.ssh_key"
          ]
        }
      ]
    },
    {
      "mode": "managed",
      "type": "aws_internet_gateway",
      "name": "myIGW",
      "provider": "provider[\"registry.terraform.io/hashicorp/aws\"]",
      "instances": [
        {
          "schema_version": 0,
          "attributes": {
            "arn": "arn:aws:ec2:eu-central-1:253490779310:internet-gateway/igw-02f43158078a31619",
            "id": "igw-02f43158078a31619",
            "owner_id": "253490779310",
            "region": "eu-central-1",
            "tags": {
              "Environment": "dev",
              "Name": "myIGW",
              "Terraform": "true"
            },
            "tags_all": {
              "Environment": "dev",
              "Name": "myIGW",
              "Terraform": "true"
            },
            "timeouts": null,
            "vpc_id": "vpc-039164093801ca105"
          },
          "sensitive_attributes": [],
          "identity_schema_version": 0,
          "private": "eyJlMmJmYjczMC1lY2FhLTExZTYtOGY4OC0zNDM2M2JjN2M0YzAiOnsiY3JlYXRlIjoxMjAwMDAwMDAwMDAwLCJkZWxldGUiOjEyMDAwMDAwMDAwMDAsInVwZGF0ZSI6MTIwMDAwMDAwMDAwMH19",
          "dependencies": [
            "aws_vpc.myVPC"
          ]
        }
      ]
    },
    {
      "mode": "managed",
      "type": "aws_key_pair",
      "name": "generated_key",
      "provider": "provider[\"registry.terraform.io/hashicorp/aws\"]",
      "instances": [
        {
          "schema_version": 1,
          "attributes": {
            "arn": "arn:aws:ec2:eu-central-1:253490779310:key-pair/terraform-dev-key",
            "fingerprint": "6b:71:16:5a:38:ce:a7:50:88:f2:a1:57:f1:9d:c6:24",
            "id": "terraform-dev-key",
            "key_name": "terraform-dev-key",
            "key_name_prefix": "",
            "key_pair_id": "key-0e87ad37c68316de4",
            "key_type": "rsa",
            "public_key": "ssh-rsa AAAAB3NzaC1yc2EAAAADAQABAAACAQDPsEIlBFRgt6vD5t0KoTSU/TzXo4SemUCitRfsXu2B5or438j6Sr5GNd+gUQE4xNDHN0Ymtt8tubf/qGLlwvcnrcLmiBzctOzhdczpnhjsRXanYJxjHo6b93+TLAsuIu0qTE0BLahz35zAnvDflwKqjUwPDpgdTdkO6Yab/t5AlV0EbxqTMtwEpLQlrLl9aatYOKuPXN7UyNYXkXK0Ax5hg5AFAGgLyIqSVtixOBSOw90BGZGE/K4BD5jcNG56IDOP2emicSZGhPcxJTnEqHmL9IiAmGFrN56FY/Y6xJysUoQhkPk/oSQ0VAc44s0phxC7hDeRFOq/iObfZmgSTCC9CLeqRq0OkJ1vAsoB5be+6KNomfquL7cwTJgBrB2E0ZIWaRST2h6r8NOck2VMr+wWosT3b/+vef3ZqiNTRFypWSdRjmTlaCiNPvxm/waOblVXd+UgqPO2+Y3WfVgjcO2VKwcL/VJ+sqSpsabZwHNg6Oube6LVdCK2Z+tQuC6G86Sci3Dm/bxntptCUD/hNMh0TL+rW4+y5o7OTKVtyYGCsdByMUbxm7HeJox97fVcMfFsl1yo7gGwbtTFHgPGCCClghs7E3UEqv4/e0KPFuBZC+GgFKa/k6GZLkzO/7PbmN//xS9VpDBZ3aRhITWBl3BnESviHe2BhWSmHM6NXl+55Q==",
            "region": "eu-central-1",
            "tags": null,
            "tags_all": {}
          },
          "sensitive_attributes": [],
          "identity_schema_version": 0,
          "private": "eyJzY2hlbWFfdmVyc2lvbiI6IjEifQ==",
          "dependencies": [
            "tls_private_key.ssh_key"
          ]
        }
      ]
    },
    {
      "mode": "managed",
      "type": "aws_launch_template",
      "name": "wordpress_template",
      "provider": "provider[\"registry.terraform.io/hashicorp/aws\"]",
      "instances": [
        {
          "schema_version": 0,
          "attributes": {
            "arn": "arn:aws:ec2:eu-central-1:253490779310:launch-template/lt-08b91de12a6214d5f",
            "block_device_mappings": [],
            "capacity_reservation_specification": [],
            "cpu_options": [],
            "credit_specification": [],
            "default_version": 1,
            "description": "",
            "disable_api_stop": false,
            "disable_api_termination": false,
            "ebs_optimized": "",
            "enclave_options": [],
            "hibernation_options": [],
            "iam_instance_profile": [],
            "id": "lt-08b91de12a6214d5f",
            "image_id": "ami-0229b8f55e5178b65",
            "instance_initiated_shutdown_behavior": "",
            "instance_market_options": [],
            "instance_requirements": [],
            "instance_type": "t3.micro",
            "kernel_id": "",
            "key_name": "terraform-dev-key",
            "latest_version": 1,
            "license_specification": [],
            "maintenance_options": [],
            "metadata_options": [
              {
                "http_endpoint": "enabled",
                "http_protocol_ipv6": "",
                "http_put_response_hop_limit": 0,
                "http_tokens": "optional",
                "instance_metadata_tags": ""
              }
            ],
            "monitoring": [],
            "name": "wordpress-template-dev-20250711104651110000000005",
            "name_prefix": "wordpress-template-dev-",
            "network_interfaces": [],
            "placement": [],
            "private_dns_name_options": [],
            "ram_disk_id": "",
            "region": "eu-central-1",
            "security_group_names": null,
            "tag_specifications": [
              {
                "resource_type": "instance",
                "tags": {
                  "Environment": "dev",
                  "Name": "WordPress-ASG-dev",
                  "Terraform": "true"
                }
              }
            ],
            "tags": null,
            "tags_all": {},
            "update_default_version": null,
            "user_data": "IyEvYmluL2Jhc2gKCiMgQ29tcHJlaGVuc2l2ZSBsb2dnaW5nIHNldHVwCmV4ZWMgPiA+KHRlZSAvdmFyL2xvZy91c2VyLWRhdGEubG9nKSAyPiYxCnNldCAteCAgIyBFbmFibGUgZGVidWcgbW9kZQoKZWNobyAiPT09IFVTRVIgREFUQSBTQ1JJUFQgU1RBUlQgPT09IgplY2hvICJTY3JpcHQgc3RhcnRlZCBhdDogJChkYXRlKSIKZWNobyAiVXNlcjogJCh3aG9hbWkpIgplY2hvICJXb3JraW5nIGRpcmVjdG9yeTogJChwd2QpIgplY2hvICI9PT09PT09PT09PT09PT09PT09PT09PT09PT09PT09PSIKCiMgU3lzdGVtIGluZm8KZWNobyAiU3lzdGVtIGluZm9ybWF0aW9uOiIKdW5hbWUgLWEKY2F0IC9ldGMvb3MtcmVsZWFzZQoKIyBOZXR3b3JrIGRpYWdub3N0aWNzCmVjaG8gIk5ldHdvcmsgY29uZmlndXJhdGlvbjoiCmlwIGFkZHIgc2hvdwppcCByb3V0ZSBzaG93CmNhdCAvZXRjL3Jlc29sdi5jb25mCgojIFRlc3QgY29ubmVjdGl2aXR5IHN0ZXAgYnkgc3RlcAplY2hvICJUZXN0aW5nIGNvbm5lY3Rpdml0eToiCmVjaG8gIjEuIFRlc3RpbmcgRE5TIHJlc29sdXRpb246Igpuc2xvb2t1cCBhbWF6b24uY29tIHx8IGVjaG8gIkROUyByZXNvbHV0aW9uIGZhaWxlZCIKCmVjaG8gIjIuIFRlc3RpbmcgcGluZyB0byA4LjguOC44OiIKcGluZyAtYyAzIDguOC44LjggfHwgZWNobyAiUGluZyB0byA4LjguOC44IGZhaWxlZCIKCmVjaG8gIjMuIFRlc3RpbmcgSFRUUCBjb25uZWN0aXZpdHk6IgpjdXJsIC12IC0tY29ubmVjdC10aW1lb3V0IDEwIGh0dHA6Ly9hbWF6b24uY29tIHx8IGVjaG8gIkhUVFAgdGVzdCBmYWlsZWQiCgojIFBhY2thZ2UgbWFuYWdlciB0ZXN0CmVjaG8gIlRlc3RpbmcgcGFja2FnZSBtYW5hZ2VyOiIKZG5mIC0tdmVyc2lvbgpkbmYgcmVwb2xpc3QKCmVjaG8gIlN0YXJ0aW5nIHBhY2thZ2UgaW5zdGFsbGF0aW9uIGF0ICQoZGF0ZSkiCmRuZiB1cGRhdGUgLXkgMj4mMSB8IHRlZSAtYSAvdmFyL2xvZy9kbmYtdXBkYXRlLmxvZwpVUERBVEVfU1RBVFVTPSQ/CmVjaG8gIkRORiB1cGRhdGUgZXhpdCBzdGF0dXM6ICRVUERBVEVfU1RBVFVTIgoKZWNobyAiSW5zdGFsbGluZyBwYWNrYWdlcyBhdCAkKGRhdGUpIgpkbmYgaW5zdGFsbCAteSBodHRwZCBwaHAgcGhwLW15c3FsaSBwaHAtanNvbiBwaHAtZ2QgcGhwLW1ic3RyaW5nIDI+JjEgfCB0ZWUgLWEgL3Zhci9sb2cvZG5mLWluc3RhbGwubG9nCklOU1RBTExfU1RBVFVTPSQ/CmVjaG8gIlBhY2thZ2UgaW5zdGFsbGF0aW9uIGV4aXQgc3RhdHVzOiAkSU5TVEFMTF9TVEFUVVMiCgplY2hvICJDaGVja2luZyBpZiBodHRwZCB3YXMgaW5zdGFsbGVkOiIKd2hpY2ggaHR0cGQKcnBtIC1xYSB8IGdyZXAgaHR0cGQKCmVjaG8gIlN0YXJ0aW5nIEFwYWNoZSBhdCAkKGRhdGUpIgpzeXN0ZW1jdGwgc3RhcnQgaHR0cGQKSFRUUERfU1RBUlRfU1RBVFVTPSQ/CmVjaG8gIkFwYWNoZSBzdGFydCBzdGF0dXM6ICRIVFRQRF9TVEFSVF9TVEFUVVMiCgpzeXN0ZW1jdGwgZW5hYmxlIGh0dHBkCkhUVFBEX0VOQUJMRV9TVEFUVVM9JD8KZWNobyAiQXBhY2hlIGVuYWJsZSBzdGF0dXM6ICRIVFRQRF9FTkFCTEVfU1RBVFVTIgoKZWNobyAiQXBhY2hlIHNlcnZpY2Ugc3RhdHVzOiIKc3lzdGVtY3RsIHN0YXR1cyBodHRwZCAtLW5vLXBhZ2VyCgojIENyZWF0ZSBoZWFsdGggY2hlY2sgcGFnZQplY2hvICJDcmVhdGluZyBoZWFsdGggY2hlY2sgcGFnZSBhdCAkKGRhdGUpIgplY2hvICJPSyAtICQoZGF0ZSkiID4gL3Zhci93d3cvaHRtbC9oZWFsdGguaHRtbAplY2hvICJIZWFsdGggY2hlY2sgcGFnZSBjcmVhdGVkIgoKIyBDcmVhdGUgQUxCIHRlc3QgcGFnZQplY2hvICJDcmVhdGluZyBBTEIgdGVzdCBwYWdlIGF0ICQoZGF0ZSkiCmNhdCA+IC92YXIvd3d3L2h0bWwvaW5mby5waHAgPDwgJ1BIUEVORCcKPD9waHAKc2Vzc2lvbl9zdGFydCgpOwoKLy8gRnVuY3Rpb24gdG8gZ2V0IG1ldGFkYXRhIHdpdGggZXJyb3IgaGFuZGxpbmcKZnVuY3Rpb24gZ2V0TWV0YWRhdGEoJHBhdGgpIHsKICAgICRjb250ZXh0ID0gc3RyZWFtX2NvbnRleHRfY3JlYXRlKFsKICAgICAgICAnaHR0cCcgPT4gWwogICAgICAgICAgICAndGltZW91dCcgPT4gNSwKICAgICAgICAgICAgJ21ldGhvZCcgPT4gJ0dFVCcKICAgICAgICBdCiAgICBdKTsKICAgICRyZXN1bHQgPSBAZmlsZV9nZXRfY29udGVudHMoJ2h0dHA6Ly8xNjkuMjU0LjE2OS4yNTQvbGF0ZXN0L21ldGEtZGF0YS8nIC4gJHBhdGgsIGZhbHNlLCAkY29udGV4dCk7CiAgICByZXR1cm4gJHJlc3VsdCAhPT0gZmFsc2UgPyAkcmVzdWx0IDogJ1VuYWJsZSB0byBmZXRjaCc7Cn0KCmVjaG8gIjxoMT5BTEIgTG9hZCBCYWxhbmNlciBUZXN0PC9oMT4iOwplY2hvICI8cD48c3Ryb25nPlNlcnZlciBIb3N0bmFtZTo8L3N0cm9uZz4gIiAuIGdldGhvc3RuYW1lKCkgLiAiPC9wPiI7CmVjaG8gIjxwPjxzdHJvbmc+SW5zdGFuY2UgSUQ6PC9zdHJvbmc+ICIgLiBnZXRNZXRhZGF0YSgnaW5zdGFuY2UtaWQnKSAuICI8L3A+IjsKZWNobyAiPHA+PHN0cm9uZz5BdmFpbGFiaWxpdHkgWm9uZTo8L3N0cm9uZz4gIiAuIGdldE1ldGFkYXRhKCdwbGFjZW1lbnQvYXZhaWxhYmlsaXR5LXpvbmUnKSAuICI8L3A+IjsKZWNobyAiPHA+PHN0cm9uZz5Qcml2YXRlIElQOjwvc3Ryb25nPiAiIC4gZ2V0TWV0YWRhdGEoJ2xvY2FsLWlwdjQnKSAuICI8L3A+IjsKZWNobyAiPHA+PHN0cm9uZz5SZXF1ZXN0IFRpbWU6PC9zdHJvbmc+ICIgLiBkYXRlKCdZLW0tZCBIOmk6cycpIC4gIjwvcD4iOwoKLy8gU2Vzc2lvbiBjb3VudGVyCmlmICghaXNzZXQoJF9TRVNTSU9OWydjb3VudCddKSkgewogICAgJF9TRVNTSU9OWydjb3VudCddID0gMDsKfQokX1NFU1NJT05bJ2NvdW50J10rKzsKZWNobyAiPHA+PHN0cm9uZz5TZXNzaW9uIFJlcXVlc3QgQ291bnQ6PC9zdHJvbmc+ICIgLiAkX1NFU1NJT05bJ2NvdW50J10gLiAiPC9wPiI7CgovLyBQSFAgSW5mbwplY2hvICI8cD48c3Ryb25nPlBIUCBWZXJzaW9uOjwvc3Ryb25nPiAiIC4gcGhwdmVyc2lvbigpIC4gIjwvcD4iOwplY2hvICI8aHI+IjsKZWNobyAiPHA+PGVtPlJlZnJlc2ggdGhpcyBwYWdlIG11bHRpcGxlIHRpbWVzIHRvIHNlZSBsb2FkIGJhbGFuY2luZyBiZXR3ZWVuIGluc3RhbmNlczwvZW0+PC9wPiI7Cj8+ClBIUEVORAplY2hvICJBTEIgdGVzdCBwYWdlIGNyZWF0ZWQiCgojIFRlc3QgbG9jYWwgd2ViIHNlcnZlcgplY2hvICJUZXN0aW5nIGxvY2FsIHdlYiBzZXJ2ZXI6IgpjdXJsIC1JIGxvY2FsaG9zdDo4MCB8fCBlY2hvICJMb2NhbCB3ZWIgc2VydmVyIHRlc3QgZmFpbGVkIgoKIyBEb3dubG9hZCBhbmQgaW5zdGFsbCBXb3JkUHJlc3MKZWNobyAiRG93bmxvYWRpbmcgV29yZFByZXNzIGF0ICQoZGF0ZSkiCmNkIC90bXAKd2dldCBodHRwczovL3dvcmRwcmVzcy5vcmcvbGF0ZXN0LnRhci5neiAyPiYxIHwgdGVlIC1hIC92YXIvbG9nL3dvcmRwcmVzcy1kb3dubG9hZC5sb2cKV0dFVF9TVEFUVVM9JD8KZWNobyAiV29yZFByZXNzIGRvd25sb2FkIHN0YXR1czogJFdHRVRfU1RBVFVTIgoKaWYgWyAkV0dFVF9TVEFUVVMgLWVxIDAgXTsgdGhlbgogICAgZWNobyAiRXh0cmFjdGluZyBXb3JkUHJlc3MuLi4iCiAgICB0YXIgeHpmIGxhdGVzdC50YXIuZ3oKICAgIGNwIC1yIHdvcmRwcmVzcy8qIC92YXIvd3d3L2h0bWwvCiAgICBjaG93biAtUiBhcGFjaGU6YXBhY2hlIC92YXIvd3d3L2h0bWwvCiAgICBjaG1vZCAtUiA3NTUgL3Zhci93d3cvaHRtbC8KICAgIAogICAgIyBDcmVhdGUgV29yZFByZXNzIGNvbmZpZwogICAgY2F0ID4gL3Zhci93d3cvaHRtbC93cC1jb25maWcucGhwIDw8ICdXUEVORCcKPD9waHAKZGVmaW5lKCdEQl9OQU1FJywgJ3dvcmRwcmVzcycpOwpkZWZpbmUoJ0RCX1VTRVInLCAnd3B1c2VyJyk7CmRlZmluZSgnREJfUEFTU1dPUkQnLCAnR0dqIWdPWDdZUUUqZ0thSycpOwpkZWZpbmUoJ0RCX0hPU1QnLCAnd29yZHByZXNzLWRiLWRldi5jZmlzNnF5aTA3aGcuZXUtY2VudHJhbC0xLnJkcy5hbWF6b25hd3MuY29tOjMzMDYnKTsKZGVmaW5lKCdEQl9DSEFSU0VUJywgJ3V0ZjgnKTsKZGVmaW5lKCdEQl9DT0xMQVRFJywgJycpOwoKJHRhYmxlX3ByZWZpeCA9ICd3cF8nOwpkZWZpbmUoJ1dQX0RFQlVHJywgZmFsc2UpOwoKaWYgKCAhIGRlZmluZWQoICdBQlNQQVRIJyApICkgewogICAgZGVmaW5lKCAnQUJTUEFUSCcsIF9fRElSX18gLiAnLycgKTsKfQpyZXF1aXJlX29uY2UgQUJTUEFUSCAuICd3cC1zZXR0aW5ncy5waHAnOwo/PgpXUEVORAogICAgZWNobyAiV29yZFByZXNzIGNvbmZpZ3VyYXRpb24gY3JlYXRlZCIKZWxzZQogICAgZWNobyAiV29yZFByZXNzIGRvd25sb2FkIGZhaWxlZCwgY3JlYXRpbmcgZmFsbGJhY2sgcGFnZSIKICAgIGNhdCA+IC92YXIvd3d3L2h0bWwvaW5kZXguaHRtbCA8PCAnSFRNTEVORCcKPCFET0NUWVBFIGh0bWw+CjxodG1sPgo8aGVhZD48dGl0bGU+V29yZFByZXNzIFNldHVwIEZhaWxlZDwvdGl0bGU+PC9oZWFkPgo8Ym9keT4KPGgxPldvcmRQcmVzcyBTZXR1cCBpbiBQcm9ncmVzczwvaDE+CjxwPldvcmRQcmVzcyBkb3dubG9hZCBmYWlsZWQuIENoZWNrIGxvZ3MgYXQgL3Zhci9sb2cvdXNlci1kYXRhLmxvZzwvcD4KPHA+TWFudWFsIHNldHVwIG1heSBiZSByZXF1aXJlZC48L3A+CjwvYm9keT4KPC9odG1sPgpIVE1MRU5ECmZpCgpzeXN0ZW1jdGwgcmVzdGFydCBodHRwZAplY2hvICJBcGFjaGUgcmVzdGFydCBjb21wbGV0ZWQiCgojIEZpbmFsIHN0YXR1cyBjaGVjawplY2hvICJGaW5hbCBzeXN0ZW0gc3RhdHVzOiIKc3lzdGVtY3RsIGlzLWFjdGl2ZSBodHRwZApuZXRzdGF0IC10bG5wIHwgZ3JlcCA6ODAgfHwgc3MgLXRsbnAgfCBncmVwIDo4MApscyAtbGEgL3Zhci93d3cvaHRtbC8KCmVjaG8gIj09PSBVU0VSIERBVEEgU0NSSVBUIENPTVBMRVRFRCA9PT0iCmVjaG8gIlNjcmlwdCBjb21wbGV0ZWQgYXQ6ICQoZGF0ZSkiCmVjaG8gIkFsbCBleGl0IHN0YXR1c2VzIC0gVXBkYXRlOiAkVVBEQVRFX1NUQVRVUywgSW5zdGFsbDogJElOU1RBTExfU1RBVFVTLCBBcGFjaGUgU3RhcnQ6ICRIVFRQRF9TVEFSVF9TVEFUVVMi",
            "vpc_security_group_ids": [
              "sg-092ba48d5766996e3"
            ]
          },
          "sensitive_attributes": [
            [
              {
                "type": "get_attr",
                "value": "image_id"
              }
            ],
            [
              {
                "type": "get_attr",
                "value": "user_data"
              }
            ]
          ],
          "identity_schema_version": 0,
          "private": "bnVsbA==",
          "dependencies": [
            "aws_db_instance.wordpress_db",
            "aws_db_subnet_group.wordpress_db_subnet_group",
            "aws_key_pair.generated_key",
            "aws_security_group.alb_sg",
            "aws_security_group.bastion_sg",
            "aws_security_group.rds_sg",
            "aws_security_group.wordpress_sg",
            "aws_subnet.privateSubnet",
            "aws_subnet.privateSubnet2",
            "aws_vpc.myVPC",
            "data.aws_availability_zones.available",
            "data.aws_ssm_parameter.al2023",
            "random_password.db_password",
            "tls_private_key.ssh_key"
          ]
        }
      ]
    },
    {
      "mode": "managed",
      "type": "aws_lb",
      "name": "wordpress_alb",
      "provider": "provider[\"registry.terraform.io/hashicorp/aws\"]",
      "instances": [
        {
          "schema_version": 0,
          "attributes": {
            "access_logs": [
              {
                "bucket": "",
                "enabled": false,
                "prefix": ""
              }
            ],
            "arn": "arn:aws:elasticloadbalancing:eu-central-1:253490779310:loadbalancer/app/wordpress-alb-dev/d6740f32b93a0a5e",
            "arn_suffix": "app/wordpress-alb-dev/d6740f32b93a0a5e",
            "client_keep_alive": 3600,
            "connection_logs": [
              {
                "bucket": "",
                "enabled": false,
                "prefix": ""
              }
            ],
            "customer_owned_ipv4_pool": "",
            "desync_mitigation_mode": "defensive",
            "dns_name": "wordpress-alb-dev-1006287018.eu-central-1.elb.amazonaws.com",
            "dns_record_client_routing_policy": null,
            "drop_invalid_header_fields": false,
            "enable_cross_zone_load_balancing": true,
            "enable_deletion_protection": false,
            "enable_http2": true,
            "enable_tls_version_and_cipher_suite_headers": false,
            "enable_waf_fail_open": false,
            "enable_xff_client_port": false,
            "enable_zonal_shift": false,
            "enforce_security_group_inbound_rules_on_private_link_traffic": "",
            "id": "arn:aws:elasticloadbalancing:eu-central-1:253490779310:loadbalancer/app/wordpress-alb-dev/d6740f32b93a0a5e",
            "idle_timeout": 60,
            "internal": false,
            "ip_address_type": "ipv4",
            "ipam_pools": [],
            "load_balancer_type": "application",
            "minimum_load_balancer_capacity": [],
            "name": "wordpress-alb-dev",
            "name_prefix": "",
            "preserve_host_header": false,
            "region": "eu-central-1",
            "security_groups": [
              "sg-00e26b9d1eb632f73"
            ],
            "subnet_mapping": [
              {
                "allocation_id": "",
                "ipv6_address": "",
                "outpost_id": "",
                "private_ipv4_address": "",
                "subnet_id": "subnet-01647bca851bbbfa6"
              },
              {
                "allocation_id": "",
                "ipv6_address": "",
                "outpost_id": "",
                "private_ipv4_address": "",
                "subnet_id": "subnet-0ccd453bf628d0915"
              }
            ],
            "subnets": [
              "subnet-01647bca851bbbfa6",
              "subnet-0ccd453bf628d0915"
            ],
            "tags": {
              "Environment": "dev",
              "Name": "WordPress-ALB-dev",
              "Terraform": "true"
            },
            "tags_all": {
              "Environment": "dev",
              "Name": "WordPress-ALB-dev",
              "Terraform": "true"
            },
            "timeouts": null,
            "vpc_id": "vpc-039164093801ca105",
            "xff_header_processing_mode": "append",
            "zone_id": "Z215JYRZR1TBD5"
          },
          "sensitive_attributes": [],
          "identity_schema_version": 0,
          "identity": {
            "arn": "arn:aws:elasticloadbalancing:eu-central-1:253490779310:loadbalancer/app/wordpress-alb-dev/d6740f32b93a0a5e"
          },
          "private": "eyJlMmJmYjczMC1lY2FhLTExZTYtOGY4OC0zNDM2M2JjN2M0YzAiOnsiY3JlYXRlIjo2MDAwMDAwMDAwMDAsImRlbGV0ZSI6NjAwMDAwMDAwMDAwLCJ1cGRhdGUiOjYwMDAwMDAwMDAwMH19",
          "dependencies": [
            "aws_security_group.alb_sg",
            "aws_subnet.publicSubnet",
            "aws_subnet.publicSubnet2",
            "aws_vpc.myVPC",
            "data.aws_availability_zones.available"
          ]
        }
      ]
    },
    {
      "mode": "managed",
      "type": "aws_lb_listener",
      "name": "wordpress_listener",
      "provider": "provider[\"registry.terraform.io/hashicorp/aws\"]",
      "instances": [
        {
          "schema_version": 0,
          "attributes": {
            "alpn_policy": null,
            "arn": "arn:aws:elasticloadbalancing:eu-central-1:253490779310:listener/app/wordpress-alb-dev/d6740f32b93a0a5e/44b2aa7a48c005f8",
            "certificate_arn": null,
            "default_action": [
              {
                "authenticate_cognito": [],
                "authenticate_oidc": [],
                "fixed_response": [],
                "forward": [],
                "order": 1,
                "redirect": [],
                "target_group_arn": "arn:aws:elasticloadbalancing:eu-central-1:253490779310:targetgroup/wordpress-tg-dev/2dfe67bf8a01e8d8",
                "type": "forward"
              }
            ],
            "id": "arn:aws:elasticloadbalancing:eu-central-1:253490779310:listener/app/wordpress-alb-dev/d6740f32b93a0a5e/44b2aa7a48c005f8",
            "load_balancer_arn": "arn:aws:elasticloadbalancing:eu-central-1:253490779310:loadbalancer/app/wordpress-alb-dev/d6740f32b93a0a5e",
            "mutual_authentication": [],
            "port": 80,
            "protocol": "HTTP",
            "region": "eu-central-1",
            "routing_http_request_x_amzn_mtls_clientcert_header_name": null,
            "routing_http_request_x_amzn_mtls_clientcert_issuer_header_name": null,
            "routing_http_request_x_amzn_mtls_clientcert_leaf_header_name": null,
            "routing_http_request_x_amzn_mtls_clientcert_serial_number_header_name": null,
            "routing_http_request_x_amzn_mtls_clientcert_subject_header_name": null,
            "routing_http_request_x_amzn_mtls_clientcert_validity_header_name": null,
            "routing_http_request_x_amzn_tls_cipher_suite_header_name": null,
            "routing_http_request_x_amzn_tls_version_header_name": null,
            "routing_http_response_access_control_allow_credentials_header_value": "",
            "routing_http_response_access_control_allow_headers_header_value": "",
            "routing_http_response_access_control_allow_methods_header_value": "",
            "routing_http_response_access_control_allow_origin_header_value": "",
            "routing_http_response_access_control_expose_headers_header_value": "",
            "routing_http_response_access_control_max_age_header_value": "",
            "routing_http_response_content_security_policy_header_value": "",
            "routing_http_response_server_enabled": true,
            "routing_http_response_strict_transport_security_header_value": "",
            "routing_http_response_x_content_type_options_header_value": "",
            "routing_http_response_x_frame_options_header_value": "",
            "ssl_policy": "",
            "tags": null,
            "tags_all": {},
            "tcp_idle_timeout_seconds": null,
            "timeouts": null
          },
          "sensitive_attributes": [],
          "identity_schema_version": 0,
          "private": "eyJlMmJmYjczMC1lY2FhLTExZTYtOGY4OC0zNDM2M2JjN2M0YzAiOnsiY3JlYXRlIjozMDAwMDAwMDAwMDAsInVwZGF0ZSI6MzAwMDAwMDAwMDAwfX0=",
          "dependencies": [
            "aws_lb.wordpress_alb",
            "aws_lb_target_group.wordpress_tg",
            "aws_security_group.alb_sg",
            "aws_subnet.publicSubnet",
            "aws_subnet.publicSubnet2",
            "aws_vpc.myVPC",
            "data.aws_availability_zones.available"
          ]
        }
      ]
    },
    {
      "mode": "managed",
      "type": "aws_lb_target_group",
      "name": "wordpress_tg",
      "provider": "provider[\"registry.terraform.io/hashicorp/aws\"]",
      "instances": [
        {
          "schema_version": 0,
          "attributes": {
            "arn": "arn:aws:elasticloadbalancing:eu-central-1:253490779310:targetgroup/wordpress-tg-dev/2dfe67bf8a01e8d8",
            "arn_suffix": "targetgroup/wordpress-tg-dev/2dfe67bf8a01e8d8",
            "connection_termination": null,
            "deregistration_delay": "300",
            "health_check": [
              {
                "enabled": true,
                "healthy_threshold": 2,
                "interval": 30,
                "matcher": "200",
                "path": "/health.html",
                "port": "traffic-port",
                "protocol": "HTTP",
                "timeout": 10,
                "unhealthy_threshold": 3
              }
            ],
            "id": "arn:aws:elasticloadbalancing:eu-central-1:253490779310:targetgroup/wordpress-tg-dev/2dfe67bf8a01e8d8",
            "ip_address_type": "ipv4",
            "lambda_multi_value_headers_enabled": false,
            "load_balancer_arns": [],
            "load_balancing_algorithm_type": "round_robin",
            "load_balancing_anomaly_mitigation": "off",
            "load_balancing_cross_zone_enabled": "use_load_balancer_configuration",
            "name": "wordpress-tg-dev",
            "name_prefix": "",
            "port": 80,
            "preserve_client_ip": null,
            "protocol": "HTTP",
            "protocol_version": "HTTP1",
            "proxy_protocol_v2": false,
            "region": "eu-central-1",
            "slow_start": 0,
            "stickiness": [
              {
                "cookie_duration": 86400,
                "cookie_name": "",
                "enabled": false,
                "type": "lb_cookie"
              }
            ],
            "tags": {
              "Environment": "dev",
              "Name": "WordPress-TG-dev",
              "Terraform": "true"
            },
            "tags_all": {
              "Environment": "dev",
              "Name": "WordPress-TG-dev",
              "Terraform": "true"
            },
            "target_failover": [
              {
                "on_deregistration": null,
                "on_unhealthy": null
              }
            ],
            "target_group_health": [
              {
                "dns_failover": [
                  {
                    "minimum_healthy_targets_count": "1",
                    "minimum_healthy_targets_percentage": "off"
                  }
                ],
                "unhealthy_state_routing": [
                  {
                    "minimum_healthy_targets_count": 1,
                    "minimum_healthy_targets_percentage": "off"
                  }
                ]
              }
            ],
            "target_health_state": [
              {
                "enable_unhealthy_connection_termination": null,
                "unhealthy_draining_interval": null
              }
            ],
            "target_type": "instance",
            "vpc_id": "vpc-039164093801ca105"
          },
          "sensitive_attributes": [],
          "identity_schema_version": 0,
          "private": "bnVsbA==",
          "dependencies": [
            "aws_vpc.myVPC"
          ]
        }
      ]
    },
    {
      "mode": "managed",
      "type": "aws_nat_gateway",
      "name": "myNATGateway",
      "provider": "provider[\"registry.terraform.io/hashicorp/aws\"]",
      "instances": [
        {
          "schema_version": 0,
          "attributes": {
            "allocation_id": "eipalloc-0798cf0fad73ace37",
            "association_id": "eipassoc-004689063a44b8142",
            "connectivity_type": "public",
            "id": "nat-005edc94cedab8360",
            "network_interface_id": "eni-042a045f064f0b8cc",
            "private_ip": "10.0.0.28",
            "public_ip": "3.74.241.45",
            "region": "eu-central-1",
            "secondary_allocation_ids": null,
            "secondary_private_ip_address_count": 0,
            "secondary_private_ip_addresses": [],
            "subnet_id": "subnet-0ccd453bf628d0915",
            "tags": {
              "Environment": "dev",
              "Name": "myNATGateway",
              "Terraform": "true"
            },
            "tags_all": {
              "Environment": "dev",
              "Name": "myNATGateway",
              "Terraform": "true"
            },
            "timeouts": null
          },
          "sensitive_attributes": [],
          "identity_schema_version": 0,
          "private": "eyJlMmJmYjczMC1lY2FhLTExZTYtOGY4OC0zNDM2M2JjN2M0YzAiOnsiY3JlYXRlIjo2MDAwMDAwMDAwMDAsImRlbGV0ZSI6MTgwMDAwMDAwMDAwMCwidXBkYXRlIjo2MDAwMDAwMDAwMDB9fQ==",
          "dependencies": [
            "aws_eip.elasticIP",
            "aws_internet_gateway.myIGW",
            "aws_subnet.publicSubnet",
            "aws_vpc.myVPC",
            "data.aws_availability_zones.available"
          ]
        }
      ]
    },
    {
      "mode": "managed",
      "type": "aws_route_table",
      "name": "myPrivateRouteTable",
      "provider": "provider[\"registry.terraform.io/hashicorp/aws\"]",
      "instances": [
        {
          "schema_version": 0,
          "attributes": {
            "arn": "arn:aws:ec2:eu-central-1:253490779310:route-table/rtb-04ddcbc96e516708e",
            "id": "rtb-04ddcbc96e516708e",
            "owner_id": "253490779310",
            "propagating_vgws": [],
            "region": "eu-central-1",
            "route": [
              {
                "carrier_gateway_id": "",
                "cidr_block": "0.0.0.0/0",
                "core_network_arn": "",
                "destination_prefix_list_id": "",
                "egress_only_gateway_id": "",
                "gateway_id": "",
                "ipv6_cidr_block": "",
                "local_gateway_id": "",
                "nat_gateway_id": "nat-005edc94cedab8360",
                "network_interface_id": "",
                "transit_gateway_id": "",
                "vpc_endpoint_id": "",
                "vpc_peering_connection_id": ""
              }
            ],
            "tags": {
              "Environment": "dev",
              "Name": "myPrivateRouteTable",
              "Terraform": "true"
            },
            "tags_all": {
              "Environment": "dev",
              "Name": "myPrivateRouteTable",
              "Terraform": "true"
            },
            "timeouts": null,
            "vpc_id": "vpc-039164093801ca105"
          },
          "sensitive_attributes": [],
          "identity_schema_version": 0,
          "private": "eyJlMmJmYjczMC1lY2FhLTExZTYtOGY4OC0zNDM2M2JjN2M0YzAiOnsiY3JlYXRlIjozMDAwMDAwMDAwMDAsImRlbGV0ZSI6MzAwMDAwMDAwMDAwLCJ1cGRhdGUiOjEyMDAwMDAwMDAwMH19",
          "dependencies": [
            "aws_eip.elasticIP",
            "aws_internet_gateway.myIGW",
            "aws_nat_gateway.myNATGateway",
            "aws_subnet.publicSubnet",
            "aws_vpc.myVPC",
            "data.aws_availability_zones.available"
          ]
        }
      ]
    },
    {
      "mode": "managed",
      "type": "aws_route_table",
      "name": "myPublicRouteTable",
      "provider": "provider[\"registry.terraform.io/hashicorp/aws\"]",
      "instances": [
        {
          "schema_version": 0,
          "attributes": {
            "arn": "arn:aws:ec2:eu-central-1:253490779310:route-table/rtb-04af53f3a71a88179",
            "id": "rtb-04af53f3a71a88179",
            "owner_id": "253490779310",
            "propagating_vgws": [],
            "region": "eu-central-1",
            "route": [
              {
                "carrier_gateway_id": "",
                "cidr_block": "0.0.0.0/0",
                "core_network_arn": "",
                "destination_prefix_list_id": "",
                "egress_only_gateway_id": "",
                "gateway_id": "igw-02f43158078a31619",
                "ipv6_cidr_block": "",
                "local_gateway_id": "",
                "nat_gateway_id": "",
                "network_interface_id": "",
                "transit_gateway_id": "",
                "vpc_endpoint_id": "",
                "vpc_peering_connection_id": ""
              }
            ],
            "tags": {
              "Environment": "dev",
              "Name": "myPublicRouteTable",
              "Terraform": "true"
            },
            "tags_all": {
              "Environment": "dev",
              "Name": "myPublicRouteTable",
              "Terraform": "true"
            },
            "timeouts": null,
            "vpc_id": "vpc-039164093801ca105"
          },
          "sensitive_attributes": [],
          "identity_schema_version": 0,
          "private": "eyJlMmJmYjczMC1lY2FhLTExZTYtOGY4OC0zNDM2M2JjN2M0YzAiOnsiY3JlYXRlIjozMDAwMDAwMDAwMDAsImRlbGV0ZSI6MzAwMDAwMDAwMDAwLCJ1cGRhdGUiOjEyMDAwMDAwMDAwMH19",
          "dependencies": [
            "aws_internet_gateway.myIGW",
            "aws_vpc.myVPC"
          ]
        }
      ]
    },
    {
      "mode": "managed",
      "type": "aws_route_table_association",
      "name": "private",
      "provider": "provider[\"registry.terraform.io/hashicorp/aws\"]",
      "instances": [
        {
          "schema_version": 0,
          "attributes": {
            "gateway_id": "",
            "id": "rtbassoc-080bee302ece9db23",
            "region": "eu-central-1",
            "route_table_id": "rtb-04ddcbc96e516708e",
            "subnet_id": "subnet-0ae0c781978dff294",
            "timeouts": null
          },
          "sensitive_attributes": [],
          "identity_schema_version": 0,
          "private": "eyJlMmJmYjczMC1lY2FhLTExZTYtOGY4OC0zNDM2M2JjN2M0YzAiOnsiY3JlYXRlIjozMDAwMDAwMDAwMDAsImRlbGV0ZSI6MzAwMDAwMDAwMDAwLCJ1cGRhdGUiOjEyMDAwMDAwMDAwMH19",
          "dependencies": [
            "aws_eip.elasticIP",
            "aws_internet_gateway.myIGW",
            "aws_nat_gateway.myNATGateway",
            "aws_route_table.myPrivateRouteTable",
            "aws_subnet.privateSubnet",
            "aws_subnet.publicSubnet",
            "aws_vpc.myVPC",
            "data.aws_availability_zones.available"
          ]
        }
      ]
    },
    {
      "mode": "managed",
      "type": "aws_route_table_association",
      "name": "private2",
      "provider": "provider[\"registry.terraform.io/hashicorp/aws\"]",
      "instances": [
        {
          "schema_version": 0,
          "attributes": {
            "gateway_id": "",
            "id": "rtbassoc-0b95482ffb630cb48",
            "region": "eu-central-1",
            "route_table_id": "rtb-04ddcbc96e516708e",
            "subnet_id": "subnet-0e68e82b215a712ff",
            "timeouts": null
          },
          "sensitive_attributes": [],
          "identity_schema_version": 0,
          "private": "eyJlMmJmYjczMC1lY2FhLTExZTYtOGY4OC0zNDM2M2JjN2M0YzAiOnsiY3JlYXRlIjozMDAwMDAwMDAwMDAsImRlbGV0ZSI6MzAwMDAwMDAwMDAwLCJ1cGRhdGUiOjEyMDAwMDAwMDAwMH19",
          "dependencies": [
            "aws_eip.elasticIP",
            "aws_internet_gateway.myIGW",
            "aws_nat_gateway.myNATGateway",
            "aws_route_table.myPrivateRouteTable",
            "aws_subnet.privateSubnet2",
            "aws_subnet.publicSubnet",
            "aws_vpc.myVPC",
            "data.aws_availability_zones.available"
          ]
        }
      ]
    },
    {
      "mode": "managed",
      "type": "aws_route_table_association",
      "name": "public",
      "provider": "provider[\"registry.terraform.io/hashicorp/aws\"]",
      "instances": [
        {
          "schema_version": 0,
          "attributes": {
            "gateway_id": "",
            "id": "rtbassoc-0e54d83576c6bb109",
            "region": "eu-central-1",
            "route_table_id": "rtb-04af53f3a71a88179",
            "subnet_id": "subnet-0ccd453bf628d0915",
            "timeouts": null
          },
          "sensitive_attributes": [],
          "identity_schema_version": 0,
          "private": "eyJlMmJmYjczMC1lY2FhLTExZTYtOGY4OC0zNDM2M2JjN2M0YzAiOnsiY3JlYXRlIjozMDAwMDAwMDAwMDAsImRlbGV0ZSI6MzAwMDAwMDAwMDAwLCJ1cGRhdGUiOjEyMDAwMDAwMDAwMH19",
          "dependencies": [
            "aws_internet_gateway.myIGW",
            "aws_route_table.myPublicRouteTable",
            "aws_subnet.publicSubnet",
            "aws_vpc.myVPC",
            "data.aws_availability_zones.available"
          ]
        }
      ]
    },
    {
      "mode": "managed",
      "type": "aws_route_table_association",
      "name": "public2",
      "provider": "provider[\"registry.terraform.io/hashicorp/aws\"]",
      "instances": [
        {
          "schema_version": 0,
          "attributes": {
            "gateway_id": "",
            "id": "rtbassoc-0ba5137cd04826819",
            "region": "eu-central-1",
            "route_table_id": "rtb-04af53f3a71a88179",
            "subnet_id": "subnet-01647bca851bbbfa6",
            "timeouts": null
          },
          "sensitive_attributes": [],
          "identity_schema_version": 0,
          "private": "eyJlMmJmYjczMC1lY2FhLTExZTYtOGY4OC0zNDM2M2JjN2M0YzAiOnsiY3JlYXRlIjozMDAwMDAwMDAwMDAsImRlbGV0ZSI6MzAwMDAwMDAwMDAwLCJ1cGRhdGUiOjEyMDAwMDAwMDAwMH19",
          "dependencies": [
            "aws_internet_gateway.myIGW",
            "aws_route_table.myPublicRouteTable",
            "aws_subnet.publicSubnet2",
            "aws_vpc.myVPC",
            "data.aws_availability_zones.available"
          ]
        }
      ]
    },
    {
      "mode": "managed",
      "type": "aws_security_group",
      "name": "alb_sg",
      "provider": "provider[\"registry.terraform.io/hashicorp/aws\"]",
      "instances": [
        {
          "schema_version": 1,
          "attributes": {
            "arn": "arn:aws:ec2:eu-central-1:253490779310:security-group/sg-00e26b9d1eb632f73",
            "description": "Security group for Application Load Balancer",
            "egress": [
              {
                "cidr_blocks": [
                  "0.0.0.0/0"
                ],
                "description": "",
                "from_port": 0,
                "ipv6_cidr_blocks": [],
                "prefix_list_ids": [],
                "protocol": "-1",
                "security_groups": [],
                "self": false,
                "to_port": 0
              }
            ],
            "id": "sg-00e26b9d1eb632f73",
            "ingress": [
              {
                "cidr_blocks": [
                  "0.0.0.0/0"
                ],
                "description": "HTTP from anywhere",
                "from_port": 80,
                "ipv6_cidr_blocks": [],
                "prefix_list_ids": [],
                "protocol": "tcp",
                "security_groups": [],
                "self": false,
                "to_port": 80
              },
              {
                "cidr_blocks": [
                  "0.0.0.0/0"
                ],
                "description": "HTTPS from anywhere",
                "from_port": 443,
                "ipv6_cidr_blocks": [],
                "prefix_list_ids": [],
                "protocol": "tcp",
                "security_groups": [],
                "self": false,
                "to_port": 443
              }
            ],
            "name": "ALB-SecurityGroup",
            "name_prefix": "",
            "owner_id": "253490779310",
            "region": "eu-central-1",
            "revoke_rules_on_delete": false,
            "tags": {
              "Environment": "dev",
              "Name": "ALB-SecurityGroup",
              "Terraform": "true"
            },
            "tags_all": {
              "Environment": "dev",
              "Name": "ALB-SecurityGroup",
              "Terraform": "true"
            },
            "timeouts": null,
            "vpc_id": "vpc-039164093801ca105"
          },
          "sensitive_attributes": [],
          "identity_schema_version": 0,
          "private": "eyJlMmJmYjczMC1lY2FhLTExZTYtOGY4OC0zNDM2M2JjN2M0YzAiOnsiY3JlYXRlIjo2MDAwMDAwMDAwMDAsImRlbGV0ZSI6OTAwMDAwMDAwMDAwfSwic2NoZW1hX3ZlcnNpb24iOiIxIn0=",
          "dependencies": [
            "aws_vpc.myVPC"
          ]
        }
      ]
    },
    {
      "mode": "managed",
      "type": "aws_security_group",
      "name": "bastion_sg",
      "provider": "provider[\"registry.terraform.io/hashicorp/aws\"]",
      "instances": [
        {
          "schema_version": 1,
          "attributes": {
            "arn": "arn:aws:ec2:eu-central-1:253490779310:security-group/sg-00b27269208bb5857",
            "description": "Security group for Bastion host - Restrict SSH access to specified IP",
            "egress": [],
            "id": "sg-00b27269208bb5857",
            "ingress": [],
            "name": "BastionSecurityGroup",
            "name_prefix": "",
            "owner_id": "253490779310",
            "region": "eu-central-1",
            "revoke_rules_on_delete": false,
            "tags": {
              "Environment": "dev",
              "Name": "BastionSecurityGroup",
              "Terraform": "true"
            },
            "tags_all": {
              "Environment": "dev",
              "Name": "BastionSecurityGroup",
              "Terraform": "true"
            },
            "timeouts": null,
            "vpc_id": "vpc-039164093801ca105"
          },
          "sensitive_attributes": [],
          "identity_schema_version": 0,
          "private": "eyJlMmJmYjczMC1lY2FhLTExZTYtOGY4OC0zNDM2M2JjN2M0YzAiOnsiY3JlYXRlIjo2MDAwMDAwMDAwMDAsImRlbGV0ZSI6OTAwMDAwMDAwMDAwfSwic2NoZW1hX3ZlcnNpb24iOiIxIn0=",
          "dependencies": [
            "aws_vpc.myVPC"
          ]
        }
      ]
    },
    {
      "mode": "managed",
      "type": "aws_security_group",
      "name": "rds_sg",
      "provider": "provider[\"registry.terraform.io/hashicorp/aws\"]",
      "instances": [
        {
          "schema_version": 1,
          "attributes": {
            "arn": "arn:aws:ec2:eu-central-1:253490779310:security-group/sg-0a110e42870c9cb4b",
            "description": "Security group for RDS MySQL database",
            "egress": [],
            "id": "sg-0a110e42870c9cb4b",
            "ingress": [
              {
                "cidr_blocks": [],
                "description": "MySQL from WordPress",
                "from_port": 3306,
                "ipv6_cidr_blocks": [],
                "prefix_list_ids": [],
                "protocol": "tcp",
                "security_groups": [
                  "sg-092ba48d5766996e3"
                ],
                "self": false,
                "to_port": 3306
              }
            ],
            "name": "RDS-SecurityGroup",
            "name_prefix": "",
            "owner_id": "253490779310",
            "region": "eu-central-1",
            "revoke_rules_on_delete": false,
            "tags": {
              "Environment": "dev",
              "Name": "RDS-SecurityGroup",
              "Terraform": "true"
            },
            "tags_all": {
              "Environment": "dev",
              "Name": "RDS-SecurityGroup",
              "Terraform": "true"
            },
            "timeouts": null,
            "vpc_id": "vpc-039164093801ca105"
          },
          "sensitive_attributes": [],
          "identity_schema_version": 0,
          "private": "eyJlMmJmYjczMC1lY2FhLTExZTYtOGY4OC0zNDM2M2JjN2M0YzAiOnsiY3JlYXRlIjo2MDAwMDAwMDAwMDAsImRlbGV0ZSI6OTAwMDAwMDAwMDAwfSwic2NoZW1hX3ZlcnNpb24iOiIxIn0=",
          "dependencies": [
            "aws_security_group.alb_sg",
            "aws_security_group.bastion_sg",
            "aws_security_group.wordpress_sg",
            "aws_vpc.myVPC"
          ]
        }
      ]
    },
    {
      "mode": "managed",
      "type": "aws_security_group",
      "name": "wordpress_sg",
      "provider": "provider[\"registry.terraform.io/hashicorp/aws\"]",
      "instances": [
        {
          "schema_version": 1,
          "attributes": {
            "arn": "arn:aws:ec2:eu-central-1:253490779310:security-group/sg-092ba48d5766996e3",
            "description": "Security group for WordPress server in private subnet",
            "egress": [
              {
                "cidr_blocks": [
                  "0.0.0.0/0"
                ],
                "description": "",
                "from_port": 0,
                "ipv6_cidr_blocks": [],
                "prefix_list_ids": [],
                "protocol": "-1",
                "security_groups": [],
                "self": false,
                "to_port": 0
              }
            ],
            "id": "sg-092ba48d5766996e3",
            "ingress": [
              {
                "cidr_blocks": [],
                "description": "HTTP from ALB",
                "from_port": 80,
                "ipv6_cidr_blocks": [],
                "prefix_list_ids": [],
                "protocol": "tcp",
                "security_groups": [
                  "sg-00e26b9d1eb632f73"
                ],
                "self": false,
                "to_port": 80
              },
              {
                "cidr_blocks": [],
                "description": "SSH from Bastion",
                "from_port": 22,
                "ipv6_cidr_blocks": [],
                "prefix_list_ids": [],
                "protocol": "tcp",
                "security_groups": [
                  "sg-00b27269208bb5857"
                ],
                "self": false,
                "to_port": 22
              }
            ],
            "name": "WordPress-SecurityGroup",
            "name_prefix": "",
            "owner_id": "253490779310",
            "region": "eu-central-1",
            "revoke_rules_on_delete": false,
            "tags": {
              "Environment": "dev",
              "Name": "WordPress-SecurityGroup",
              "Terraform": "true"
            },
            "tags_all": {
              "Environment": "dev",
              "Name": "WordPress-SecurityGroup",
              "Terraform": "true"
            },
            "timeouts": null,
            "vpc_id": "vpc-039164093801ca105"
          },
          "sensitive_attributes": [],
          "identity_schema_version": 0,
          "private": "eyJlMmJmYjczMC1lY2FhLTExZTYtOGY4OC0zNDM2M2JjN2M0YzAiOnsiY3JlYXRlIjo2MDAwMDAwMDAwMDAsImRlbGV0ZSI6OTAwMDAwMDAwMDAwfSwic2NoZW1hX3ZlcnNpb24iOiIxIn0=",
          "dependencies": [
            "aws_security_group.alb_sg",
            "aws_security_group.bastion_sg",
            "aws_vpc.myVPC"
          ]
        }
      ]
    },
    {
      "mode": "managed",
      "type": "aws_subnet",
      "name": "privateSubnet",
      "provider": "provider[\"registry.terraform.io/hashicorp/aws\"]",
      "instances": [
        {
          "schema_version": 1,
          "attributes": {
            "arn": "arn:aws:ec2:eu-central-1:253490779310:subnet/subnet-0ae0c781978dff294",
            "assign_ipv6_address_on_creation": false,
            "availability_zone": "eu-central-1a",
            "availability_zone_id": "euc1-az2",
            "cidr_block": "10.0.0.128/26",
            "customer_owned_ipv4_pool": "",
            "enable_dns64": false,
            "enable_lni_at_device_index": 0,
            "enable_resource_name_dns_a_record_on_launch": false,
            "enable_resource_name_dns_aaaa_record_on_launch": false,
            "id": "subnet-0ae0c781978dff294",
            "ipv6_cidr_block": "",
            "ipv6_cidr_block_association_id": "",
            "ipv6_native": false,
            "map_customer_owned_ip_on_launch": false,
            "map_public_ip_on_launch": false,
            "outpost_arn": "",
            "owner_id": "253490779310",
            "private_dns_hostname_type_on_launch": "ip-name",
            "region": "eu-central-1",
            "tags": {
              "Environment": "dev",
              "Name": "privateSubnet",
              "Terraform": "true"
            },
            "tags_all": {
              "Environment": "dev",
              "Name": "privateSubnet",
              "Terraform": "true"
            },
            "timeouts": null,
            "vpc_id": "vpc-039164093801ca105"
          },
          "sensitive_attributes": [],
          "identity_schema_version": 0,
          "private": "eyJlMmJmYjczMC1lY2FhLTExZTYtOGY4OC0zNDM2M2JjN2M0YzAiOnsiY3JlYXRlIjo2MDAwMDAwMDAwMDAsImRlbGV0ZSI6MTIwMDAwMDAwMDAwMH0sInNjaGVtYV92ZXJzaW9uIjoiMSJ9",
          "dependencies": [
            "aws_vpc.myVPC",
            "data.aws_availability_zones.available"
          ]
        }
      ]
    },
    {
      "mode": "managed",
      "type": "aws_subnet",
      "name": "privateSubnet2",
      "provider": "provider[\"registry.terraform.io/hashicorp/aws\"]",
      "instances": [
        {
          "schema_version": 1,
          "attributes": {
            "arn": "arn:aws:ec2:eu-central-1:253490779310:subnet/subnet-0e68e82b215a712ff",
            "assign_ipv6_address_on_creation": false,
            "availability_zone": "eu-central-1b",
            "availability_zone_id": "euc1-az3",
            "cidr_block": "10.0.0.192/26",
            "customer_owned_ipv4_pool": "",
            "enable_dns64": false,
            "enable_lni_at_device_index": 0,
            "enable_resource_name_dns_a_record_on_launch": false,
            "enable_resource_name_dns_aaaa_record_on_launch": false,
            "id": "subnet-0e68e82b215a712ff",
            "ipv6_cidr_block": "",
            "ipv6_cidr_block_association_id": "",
            "ipv6_native": false,
            "map_customer_owned_ip_on_launch": false,
            "map_public_ip_on_launch": false,
            "outpost_arn": "",
            "owner_id": "253490779310",
            "private_dns_hostname_type_on_launch": "ip-name",
            "region": "eu-central-1",
            "tags": {
              "Environment": "dev",
              "Name": "privateSubnet2",
              "Terraform": "true"
            },
            "tags_all": {
              "Environment": "dev",
              "Name": "privateSubnet2",
              "Terraform": "true"
            },
            "timeouts": null,
            "vpc_id": "vpc-039164093801ca105"
          },
          "sensitive_attributes": [],
          "identity_schema_version": 0,
          "private": "eyJlMmJmYjczMC1lY2FhLTExZTYtOGY4OC0zNDM2M2JjN2M0YzAiOnsiY3JlYXRlIjo2MDAwMDAwMDAwMDAsImRlbGV0ZSI6MTIwMDAwMDAwMDAwMH0sInNjaGVtYV92ZXJzaW9uIjoiMSJ9",
          "dependencies": [
            "aws_vpc.myVPC",
            "data.aws_availability_zones.available"
          ]
        }
      ]
    },
    {
      "mode": "managed",
      "type": "aws_subnet",
      "name": "publicSubnet",
      "provider": "provider[\"registry.terraform.io/hashicorp/aws\"]",
      "instances": [
        {
          "schema_version": 1,
          "attributes": {
            "arn": "arn:aws:ec2:eu-central-1:253490779310:subnet/subnet-0ccd453bf628d0915",
            "assign_ipv6_address_on_creation": false,
            "availability_zone": "eu-central-1a",
            "availability_zone_id": "euc1-az2",
            "cidr_block": "10.0.0.0/26",
            "customer_owned_ipv4_pool": "",
            "enable_dns64": false,
            "enable_lni_at_device_index": 0,
            "enable_resource_name_dns_a_record_on_launch": false,
            "enable_resource_name_dns_aaaa_record_on_launch": false,
            "id": "subnet-0ccd453bf628d0915",
            "ipv6_cidr_block": "",
            "ipv6_cidr_block_association_id": "",
            "ipv6_native": false,
            "map_customer_owned_ip_on_launch": false,
            "map_public_ip_on_launch": true,
            "outpost_arn": "",
            "owner_id": "253490779310",
            "private_dns_hostname_type_on_launch": "ip-name",
            "region": "eu-central-1",
            "tags": {
              "Environment": "dev",
              "Name": "publicSubnet",
              "Terraform": "true"
            },
            "tags_all": {
              "Environment": "dev",
              "Name": "publicSubnet",
              "Terraform": "true"
            },
            "timeouts": null,
            "vpc_id": "vpc-039164093801ca105"
          },
          "sensitive_attributes": [],
          "identity_schema_version": 0,
          "private": "eyJlMmJmYjczMC1lY2FhLTExZTYtOGY4OC0zNDM2M2JjN2M0YzAiOnsiY3JlYXRlIjo2MDAwMDAwMDAwMDAsImRlbGV0ZSI6MTIwMDAwMDAwMDAwMH0sInNjaGVtYV92ZXJzaW9uIjoiMSJ9",
          "dependencies": [
            "aws_vpc.myVPC",
            "data.aws_availability_zones.available"
          ]
        }
      ]
    },
    {
      "mode": "managed",
      "type": "aws_subnet",
      "name": "publicSubnet2",
      "provider": "provider[\"registry.terraform.io/hashicorp/aws\"]",
      "instances": [
        {
          "schema_version": 1,
          "attributes": {
            "arn": "arn:aws:ec2:eu-central-1:253490779310:subnet/subnet-01647bca851bbbfa6",
            "assign_ipv6_address_on_creation": false,
            "availability_zone": "eu-central-1b",
            "availability_zone_id": "euc1-az3",
            "cidr_block": "10.0.0.64/26",
            "customer_owned_ipv4_pool": "",
            "enable_dns64": false,
            "enable_lni_at_device_index": 0,
            "enable_resource_name_dns_a_record_on_launch": false,
            "enable_resource_name_dns_aaaa_record_on_launch": false,
            "id": "subnet-01647bca851bbbfa6",
            "ipv6_cidr_block": "",
            "ipv6_cidr_block_association_id": "",
            "ipv6_native": false,
            "map_customer_owned_ip_on_launch": false,
            "map_public_ip_on_launch": true,
            "outpost_arn": "",
            "owner_id": "253490779310",
            "private_dns_hostname_type_on_launch": "ip-name",
            "region": "eu-central-1",
            "tags": {
              "Environment": "dev",
              "Name": "publicSubnet2",
              "Terraform": "true"
            },
            "tags_all": {
              "Environment": "dev",
              "Name": "publicSubnet2",
              "Terraform": "true"
            },
            "timeouts": null,
            "vpc_id": "vpc-039164093801ca105"
          },
          "sensitive_attributes": [],
          "identity_schema_version": 0,
          "private": "eyJlMmJmYjczMC1lY2FhLTExZTYtOGY4OC0zNDM2M2JjN2M0YzAiOnsiY3JlYXRlIjo2MDAwMDAwMDAwMDAsImRlbGV0ZSI6MTIwMDAwMDAwMDAwMH0sInNjaGVtYV92ZXJzaW9uIjoiMSJ9",
          "dependencies": [
            "aws_vpc.myVPC",
            "data.aws_availability_zones.available"
          ]
        }
      ]
    },
    {
      "mode": "managed",
      "type": "aws_vpc",
      "name": "myVPC",
      "provider": "provider[\"registry.terraform.io/hashicorp/aws\"]",
      "instances": [
        {
          "schema_version": 1,
          "attributes": {
            "arn": "arn:aws:ec2:eu-central-1:253490779310:vpc/vpc-039164093801ca105",
            "assign_generated_ipv6_cidr_block": false,
            "cidr_block": "10.0.0.0/24",
            "default_network_acl_id": "acl-068e056645d72e04d",
            "default_route_table_id": "rtb-02d6daffee45ac4e2",
            "default_security_group_id": "sg-0f2f6cd18a2144c29",
            "dhcp_options_id": "dopt-04a2a549330ec6141",
            "enable_dns_hostnames": false,
            "enable_dns_support": true,
            "enable_network_address_usage_metrics": false,
            "id": "vpc-039164093801ca105",
            "instance_tenancy": "default",
            "ipv4_ipam_pool_id": null,
            "ipv4_netmask_length": null,
            "ipv6_association_id": "",
            "ipv6_cidr_block": "",
            "ipv6_cidr_block_network_border_group": "",
            "ipv6_ipam_pool_id": "",
            "ipv6_netmask_length": 0,
            "main_route_table_id": "rtb-02d6daffee45ac4e2",
            "owner_id": "253490779310",
            "region": "eu-central-1",
            "tags": {
              "Environment": "dev",
              "Name": "myVPC",
              "Terraform": "true"
            },
            "tags_all": {
              "Environment": "dev",
              "Name": "myVPC",
              "Terraform": "true"
            }
          },
          "sensitive_attributes": [],
          "identity_schema_version": 0,
          "private": "eyJzY2hlbWFfdmVyc2lvbiI6IjEifQ=="
        }
      ]
    },
    {
      "mode": "managed",
      "type": "aws_vpc_security_group_egress_rule",
      "name": "allow_all_traffic_ipv4",
      "provider": "provider[\"registry.terraform.io/hashicorp/aws\"]",
      "instances": [
        {
          "schema_version": 0,
          "attributes": {
            "arn": "arn:aws:ec2:eu-central-1:253490779310:security-group-rule/sgr-006bcca1ffdc33142",
            "cidr_ipv4": "0.0.0.0/0",
            "cidr_ipv6": null,
            "description": null,
            "from_port": null,
            "id": "sgr-006bcca1ffdc33142",
            "ip_protocol": "-1",
            "prefix_list_id": null,
            "referenced_security_group_id": null,
            "region": "eu-central-1",
            "security_group_id": "sg-00b27269208bb5857",
            "security_group_rule_id": "sgr-006bcca1ffdc33142",
            "tags": null,
            "tags_all": {},
            "to_port": null
          },
          "sensitive_attributes": [],
          "identity_schema_version": 0,
          "dependencies": [
            "aws_security_group.bastion_sg",
            "aws_vpc.myVPC"
          ]
        }
      ]
    },
    {
      "mode": "managed",
      "type": "aws_vpc_security_group_ingress_rule",
      "name": "ssh_from_specified_ip",
      "provider": "provider[\"registry.terraform.io/hashicorp/aws\"]",
      "instances": [
        {
          "schema_version": 0,
          "attributes": {
            "arn": "arn:aws:ec2:eu-central-1:253490779310:security-group-rule/sgr-0b3710c0b69e3c5b0",
            "cidr_ipv4": "95.222.26.151/32",
            "cidr_ipv6": null,
            "description": "SSH access from specified IP",
            "from_port": 22,
            "id": "sgr-0b3710c0b69e3c5b0",
            "ip_protocol": "tcp",
            "prefix_list_id": null,
            "referenced_security_group_id": null,
            "region": "eu-central-1",
            "security_group_id": "sg-00b27269208bb5857",
            "security_group_rule_id": "sgr-0b3710c0b69e3c5b0",
            "tags": null,
            "tags_all": {},
            "to_port": 22
          },
          "sensitive_attributes": [],
          "identity_schema_version": 0,
          "dependencies": [
            "aws_security_group.bastion_sg",
            "aws_vpc.myVPC"
          ]
        }
      ]
    },
    {
      "mode": "managed",
      "type": "local_file",
      "name": "private_key",
      "provider": "provider[\"registry.terraform.io/hashicorp/local\"]",
      "instances": [
        {
          "schema_version": 0,
          "attributes": {
            "content": "-----BEGIN RSA PRIVATE KEY-----\nMIIJJwIBAAKCAgEAz7BCJQRUYLerw+bdCqE0lP0816OEnplAorUX7F7tgeaK+N/I\n+kq+RjXfoFEBOMTQxzdGJrbfLbm3/6hi5cL3J63C5ogc3LTs4XXM6Z4Y7EV2p2Cc\nYx6Om/d/kywLLiLtKkxNAS2oc9+cwJ7w35cCqo1MDw6YHU3ZDumGm/7eQJVdBG8a\nkzLcBKS0Jay5fWmrWDirj1ze1MjWF5FytAMeYYOQBQBoC8iKklbYsTgUjsPdARmR\nhPyuAQ+Y3DRueiAzj9nponEmRoT3MSU5xKh5i/SIgJhhazeehWP2OsScrFKEIZD5\nP6EkNFQHOOLNKYcQu4Q3kRTqv4jm32ZoEkwgvQi3qkatDpCdbwLKAeW3vuijaJn6\nri+3MEyYAawdhNGSFmkUk9oeq/DTnJNlTK/sFqLE92//r3n92aojU0RcqVknUY5k\n5WgojT78Zv8Gjm5VV3flIKjztvmN1n1YI3DtlSsHC/1SfrKkqbGm2cBzYOjrm3ui\n1XQitmfrULguhvOknItw5v28Z7abQlA/4TTIdEy/q1uPsuaOzkylbcmBgrHQcjFG\n8Zux3iaMfe31XDHxbJdcqO4BsG7UxR4DxgggpYIbOxN1BKr+P3tCjxbgWQvhoBSm\nv5OhmS5Mzv+z25jf/8UvVaQwWd2kYSE1gZdwZxEr4h3tgYVkphzOjV5fueUCAwEA\nAQKCAgAl+qz12PdXIm9SKTcVuQoFDtQf+OKJICxONMCVtHxJS2/xd/boMl/eNf7Z\ncca/61nkfEqjTMC+O16W7WN8ca1Bv8hK4OwqPhmtVx3sQMF8/2zlych/Zbidc+KL\n9rtqqe9l00MnqoJKAkPHg6k3sgVGTAVzIW+WuEQvsmuvvilFdSrn4ytgbKYIYVgi\nJZZcBUVUojRZSJnlHn7sG2h227UkDut4xqzALuGMRj5lFgTIYK/bAiJ2x8BIKGKD\nLkFfquDS9v3++yMNNUaA4bZRLJ/hhIurvHHgKfEeonuGHqsp5gMMola6GI0m1pDl\nibAL3oukRtbkfIc7FF1nz/HLGsnHg0xrwfHOIZL5mKxmtFkb32bPFd1d/5RZ04zx\n1t78LbpQXqHm1tzImZEWzbpDviIsFFSn4WXZWSII0yHlZCyltGloiaK6CbGyyKE0\na8i4njkWMbCqK4071KVX3sJ7QnQPLwoMKs9Q4mN5R3OTUCO8ryHFQkxUaFJibDIs\nf8hwVPoWJwjzCxuKyjqSCX0yCnQmK71Z+yaD0QQ/Crwts3UacCIAztc4RA7ej6F+\nku4QWWFLVLll0RmUteDWjz9b2+96W/fSkR3W6exVJkpiP5maKX3jV2w5XYbKZ4F3\nysUncNu32x7hWxRdSfIJdxJEaqkITh6+Lv3HSQW4Rm1MrBx+oQKCAQEA2td8EHCZ\n7b1SxjGNNmDQFAlZw37II0RXJpvy55w938jFzHIJsJQRBKk6TXLBCLgY6Oabrxwo\nQMYG67twzratZIeSpHA0V7sPik53MUxCY8beTJ7Pr0drzLEGV+ggwle2Uu+/5sqZ\n49AumFrZka/GQYp9+0cl6pUzpQMxLqUbDdwdnYFlHLdjpdKjDjC1Kn9KZMmpQ7K0\nSfD6HQUtUOfJwlBvWroyY7hVZkCqJfg9gMBO0CyW5ilgMZApxQJG/fgBtAXCThui\nylaq14M7qojjoaACj1Id80nC17Vgq473/StIZAWC9W2t3n9koj+BG+RVZ8TNqrws\nLb12uzSgOnMrEQKCAQEA8vP4X+DAZTREyYjzS+XVMnfvJSr/PrbPXf9yHEqdC7q5\nKf7nqgDe6CgGuWbbPEWpqPpN/vKzLIr4tZF+xEF5E29KIf2Vs9gq//zVDJ82pkM7\nMfE6Yaj5e6NPIn4u25YJ128/FQ6qmFSkj90hwehhdna8HY/dtKnfdJL8LNenRacb\nHjAO8f/sacl1zk9knITEyS3tJhb4BXGkfMxdD05UzRl625cjAs30kgb6BNUYH/dv\n9AJAGHSNISfuXXYabyKkTuLo4o/tQz2eQpYkJCJcSCyDqCMGbxIgmpYJQR+TjtJn\nR46oYNIFwmMVnTP7GehOYzhmV76mvhFin3t2qfMZlQKCAQAjiuPnd6JIbntHHT0m\nG8svteUST0EKGUteRe3JmCKkeeNGNS9FsoahDysc8QpQ9DV3fhzC7/vJqV/uYV8M\n87ZtoWc7tc2KgiMf/2Z0Z0JRGjd4kkKA4USs1gOFu3m2lrBSAAZW4Yjk6ybmL7su\nYjH86xVS/lc2Jk1g+4e9X6tpMNrOffmCFHbms7Mv1tFVuZ7Hh8kp6ZhGehDlLbYS\ncdLe8FlljuAoOgQEu3Pm/s5eXt1uCg/oCchJxHREPv5wuRrtthG8xdhGrJTKs9G4\n/MqbsXU4+clLfitbBWZR9sJoJ+N1+z8txUZ74IzjnRTHBuqoE9qjZDR4qVDjTsTH\nOXVBAoIBAGm79/pyLAlfiBhVu9zqN7DxNWjtn4xBr1nvVFAvwM1cBD3crCH2owxS\nbyq9Mui2QLJDzTIJmiTmjnsmyQ7Ml873fkHwxPgyOfSSqn4FxJjzZY3EuG3MRlei\nqUwPsoDqeXoC9mdJrMEDBWN/D7P+WHxgDFqpRAnebFulpI43hJrxsQGgVMDJarBX\ndyfEsbrUpXgQvsb29BYacUXHAzEoHAvu7OMokZok3C25T5JO02MGIvkFCbQa9Vja\nsgiG39ZCM1QJuOTxUocTCA9enHgFZDgc92dzZtdsAjiE1546CdP8iepAkdMhVFRX\nHw79kmiiC4tu/ktts8/AbTWPXAN2w0kCggEAW8alGAUc5KvLYhiuqoNIZToqTUMU\nBtqV8td/JoBeno6fNlzlJfRv00bLs/ehIeiFcc659SdkTx5czzB4drnzUWmMfA1X\ngQy+W0wIzt8MS3GSmMc475f7c9DfdKnH45QlKvHrmVi+F5HSz32X4Qgpe0oUNIGw\nl7xD5HYs316rLnWlzitSzOrHVT2KOlOF97OcyEMTrnfc/m4pLMdNUZgy392ij6nG\nagsuopcA1o76ivInBhX4m5nlpc2GqtkuquL8M7fJZc/N2+9QK1cBYn7S7XtFFq8z\nyBxXxvlJ2Rx7lKcCtMLbdbSSSb5xbZn7GlUj0HTZ4sbbhPXY3aYt2wSLzA==\n-----END RSA PRIVATE KEY-----\n",
            "content_base64": null,
            "content_base64sha256": "ECAvkG5SuQbRv/v08oa0YpUH8bOYRWy/yjCUEvWpguc=",
            "content_base64sha512": "+DGjHZEO1cYUyLtJPx33QdEkrLpn3XbH3ZAue08MAuEPzYaN2ztVa7XIoci5CveXLAN0WI8g+72Bn9OaQc0RAg==",
            "content_md5": "d9df22387cae59e3d4c7ab156380c29b",
            "content_sha1": "23f6482e3f79c86794e4563fb58f74b0b8d0f50d",
            "content_sha256": "10202f906e52b906d1bffbf4f286b4629507f1b398456cbfca309412f5a982e7",
            "content_sha512": "f831a31d910ed5c614c8bb493f1df741d124acba67dd76c7dd902e7b4f0c02e10fcd868ddb3b556bb5c8a1c8b90af7972c0374588f20fbbd819fd39a41cd1102",
            "directory_permission": "0777",
            "file_permission": "0600",
            "filename": "./ssh-key-dev.pem",
            "id": "23f6482e3f79c86794e4563fb58f74b0b8d0f50d",
            "sensitive_content": null,
            "source": null
          },
          "sensitive_attributes": [
            [
              {
                "type": "get_attr",
                "value": "content"
              }
            ],
            [
              {
                "type": "get_attr",
                "value": "sensitive_content"
              }
            ]
          ],
          "identity_schema_version": 0,
          "dependencies": [
            "tls_private_key.ssh_key"
          ]
        }
      ]
    },
    {
      "mode": "managed",
      "type": "random_password",
      "name": "db_password",
      "provider": "provider[\"registry.terraform.io/hashicorp/random\"]",
      "instances": [
        {
          "schema_version": 3,
          "attributes": {
            "bcrypt_hash": "$2a$10$lh6KJQoFbTsapgXDlSMS3uZCKKRbhiIQU7/JGkTJwRVGP60hClyWK",
            "id": "none",
            "keepers": null,
            "length": 16,
            "lower": true,
            "min_lower": 0,
            "min_numeric": 0,
            "min_special": 0,
            "min_upper": 0,
            "number": true,
            "numeric": true,
            "override_special": "!#$%\u0026*()-_=+[]{}\u003c\u003e:?",
            "result": "GGj!gOX7YQE*gKaK",
            "special": true,
            "upper": true
          },
          "sensitive_attributes": [
            [
              {
                "type": "get_attr",
                "value": "bcrypt_hash"
              }
            ],
            [
              {
                "type": "get_attr",
                "value": "result"
              }
            ]
          ],
          "identity_schema_version": 0
        }
      ]
    },
    {
      "mode": "managed",
      "type": "time_sleep",
      "name": "wait_for_nat_gateway",
      "provider": "provider[\"registry.terraform.io/hashicorp/time\"]",
      "instances": [
        {
          "schema_version": 0,
          "attributes": {
            "create_duration": "120s",
            "destroy_duration": null,
            "id": "2025-07-11T10:47:27Z",
            "triggers": null
          },
          "sensitive_attributes": [],
          "identity_schema_version": 0,
          "dependencies": [
            "aws_eip.elasticIP",
            "aws_internet_gateway.myIGW",
            "aws_nat_gateway.myNATGateway",
            "aws_route_table.myPrivateRouteTable",
            "aws_route_table_association.private",
            "aws_subnet.privateSubnet",
            "aws_subnet.publicSubnet",
            "aws_vpc.myVPC",
            "data.aws_availability_zones.available"
          ]
        }
      ]
    },
    {
      "mode": "managed",
      "type": "tls_private_key",
      "name": "ssh_key",
      "provider": "provider[\"registry.terraform.io/hashicorp/tls\"]",
      "instances": [
        {
          "schema_version": 1,
          "attributes": {
            "algorithm": "RSA",
            "ecdsa_curve": "P224",
            "id": "65f765e1cb3642788cdea404a6afc127822f2f6e",
            "private_key_openssh": "-----BEGIN OPENSSH PRIVATE KEY-----\nb3BlbnNzaC1rZXktdjEAAAAABG5vbmUAAAAEbm9uZQAAAAAAAAABAAACFwAAAAdz\nc2gtcnNhAAAAAwEAAQAAAgEAz7BCJQRUYLerw+bdCqE0lP0816OEnplAorUX7F7t\ngeaK+N/I+kq+RjXfoFEBOMTQxzdGJrbfLbm3/6hi5cL3J63C5ogc3LTs4XXM6Z4Y\n7EV2p2CcYx6Om/d/kywLLiLtKkxNAS2oc9+cwJ7w35cCqo1MDw6YHU3ZDumGm/7e\nQJVdBG8akzLcBKS0Jay5fWmrWDirj1ze1MjWF5FytAMeYYOQBQBoC8iKklbYsTgU\njsPdARmRhPyuAQ+Y3DRueiAzj9nponEmRoT3MSU5xKh5i/SIgJhhazeehWP2OsSc\nrFKEIZD5P6EkNFQHOOLNKYcQu4Q3kRTqv4jm32ZoEkwgvQi3qkatDpCdbwLKAeW3\nvuijaJn6ri+3MEyYAawdhNGSFmkUk9oeq/DTnJNlTK/sFqLE92//r3n92aojU0Rc\nqVknUY5k5WgojT78Zv8Gjm5VV3flIKjztvmN1n1YI3DtlSsHC/1SfrKkqbGm2cBz\nYOjrm3ui1XQitmfrULguhvOknItw5v28Z7abQlA/4TTIdEy/q1uPsuaOzkylbcmB\ngrHQcjFG8Zux3iaMfe31XDHxbJdcqO4BsG7UxR4DxgggpYIbOxN1BKr+P3tCjxbg\nWQvhoBSmv5OhmS5Mzv+z25jf/8UvVaQwWd2kYSE1gZdwZxEr4h3tgYVkphzOjV5f\nueUAAAc4xePJa8XjyWsAAAAHc3NoLXJzYQAAAgEAz7BCJQRUYLerw+bdCqE0lP08\n16OEnplAorUX7F7tgeaK+N/I+kq+RjXfoFEBOMTQxzdGJrbfLbm3/6hi5cL3J63C\n5ogc3LTs4XXM6Z4Y7EV2p2CcYx6Om/d/kywLLiLtKkxNAS2oc9+cwJ7w35cCqo1M\nDw6YHU3ZDumGm/7eQJVdBG8akzLcBKS0Jay5fWmrWDirj1ze1MjWF5FytAMeYYOQ\nBQBoC8iKklbYsTgUjsPdARmRhPyuAQ+Y3DRueiAzj9nponEmRoT3MSU5xKh5i/SI\ngJhhazeehWP2OsScrFKEIZD5P6EkNFQHOOLNKYcQu4Q3kRTqv4jm32ZoEkwgvQi3\nqkatDpCdbwLKAeW3vuijaJn6ri+3MEyYAawdhNGSFmkUk9oeq/DTnJNlTK/sFqLE\n92//r3n92aojU0RcqVknUY5k5WgojT78Zv8Gjm5VV3flIKjztvmN1n1YI3DtlSsH\nC/1SfrKkqbGm2cBzYOjrm3ui1XQitmfrULguhvOknItw5v28Z7abQlA/4TTIdEy/\nq1uPsuaOzkylbcmBgrHQcjFG8Zux3iaMfe31XDHxbJdcqO4BsG7UxR4DxgggpYIb\nOxN1BKr+P3tCjxbgWQvhoBSmv5OhmS5Mzv+z25jf/8UvVaQwWd2kYSE1gZdwZxEr\n4h3tgYVkphzOjV5fueUAAAADAQABAAACACX6rPXY91cib1IpNxW5CgUO1B/44okg\nLE40wJW0fElLb/F39ugyX941/tlxxr/rWeR8SqNMwL47XpbtY3xxrUG/yErg7Co+\nGa1XHexAwXz/bOXJyH9luJ1z4ov2u2qp72XTQyeqgkoCQ8eDqTeyBUZMBXMhb5a4\nRC+ya6++KUV1KufjK2BspghhWCIlllwFRVSiNFlImeUefuwbaHbbtSQO63jGrMAu\n4YxGPmUWBMhgr9sCInbHwEgoYoMuQV+q4NL2/f77Iw01RoDhtlEsn+GEi6u8ceAp\n8R6ie4YeqynmAwyiVroYjSbWkOWJsAvei6RG1uR8hzsUXWfP8csayceDTGvB8c4h\nkvmYrGa0WRvfZs8V3V3/lFnTjPHW3vwtulBeoebW3MiZkRbNukO+IiwUVKfhZdlZ\nIgjTIeVkLKW0aWiJoroJsbLIoTRryLieORYxsKorjTvUpVfewntCdA8vCgwqz1Di\nY3lHc5NQI7yvIcVCTFRoUmJsMix/yHBU+hYnCPMLG4rKOpIJfTIKdCYrvVn7JoPR\nBD8KvC2zdRpwIgDO1zhEDt6PoX6S7hBZYUtUuWXRGZS14NaPP1vb73pb99KRHdbp\n7FUmSmI/mZopfeNXbDldhspngXfKxSdw27fbHuFbFF1J8gl3EkRqqQhOHr4u/cdJ\nBbhGbUysHH6hAAABAFvGpRgFHOSry2IYrqqDSGU6Kk1DFAbalfLXfyaAXp6OnzZc\n5SX0b9NGy7P3oSHohXHOufUnZE8eXM8weHa581FpjHwNV4EMvltMCM7fDEtxkpjH\nOO+X+3PQ33Spx+OUJSrx65lYvheR0s99l+EIKXtKFDSBsJe8Q+R2LN9eqy51pc4r\nUszqx1U9ijpThfeznMhDE6533P5uKSzHTVGYMt/doo+pxmoLLqKXANaO+oryJwYV\n+JuZ5aXNhqrZLqri/DO3yWXPzdvvUCtXAWJ+0u17RRavM8gcV8b5Sdkce5SnArTC\n23W0kkm+cW2Z+xpVI9B02eLG24T12N2mLdsEi8wAAAEBANrXfBBwme29UsYxjTZg\n0BQJWcN+yCNEVyab8uecPd/IxcxyCbCUEQSpOk1ywQi4GOjmm68cKEDGBuu7cM62\nrWSHkqRwNFe7D4pOdzFMQmPG3kyez69Ha8yxBlfoIMJXtlLvv+bKmePQLpha2ZGv\nxkGKfftHJeqVM6UDMS6lGw3cHZ2BZRy3Y6XSow4wtSp/SmTJqUOytEnw+h0FLVDn\nycJQb1q6MmO4VWZAqiX4PYDATtAsluYpYDGQKcUCRv34AbQFwk4bospWqteDO6qI\n46GgAo9SHfNJwte1YKuO9/0rSGQFgvVtrd5/ZKI/gRvkVWfEzaq8LC29drs0oDpz\nKxEAAAEBAPLz+F/gwGU0RMmI80vl1TJ37yUq/z62z13/chxKnQu6uSn+56oA3ugo\nBrlm2zxFqaj6Tf7ysyyK+LWRfsRBeRNvSiH9lbPYKv/81QyfNqZDOzHxOmGo+Xuj\nTyJ+LtuWCddvPxUOqphUpI/dIcHoYXZ2vB2P3bSp33SS/CzXp0WnGx4wDvH/7GnJ\ndc5PZJyExMkt7SYW+AVxpHzMXQ9OVM0ZetuXIwLN9JIG+gTVGB/3b/QCQBh0jSEn\n7l12Gm8ipE7i6OKP7UM9nkKWJCQiXEgsg6gjBm8SIJqWCUEfk47SZ0eOqGDSBcJj\nFZ0z+xnoTmM4Zle+pr4RYp97dqnzGZUAAAAAAQID\n-----END OPENSSH PRIVATE KEY-----\n",
            "private_key_pem": "-----BEGIN RSA PRIVATE KEY-----\nMIIJJwIBAAKCAgEAz7BCJQRUYLerw+bdCqE0lP0816OEnplAorUX7F7tgeaK+N/I\n+kq+RjXfoFEBOMTQxzdGJrbfLbm3/6hi5cL3J63C5ogc3LTs4XXM6Z4Y7EV2p2Cc\nYx6Om/d/kywLLiLtKkxNAS2oc9+cwJ7w35cCqo1MDw6YHU3ZDumGm/7eQJVdBG8a\nkzLcBKS0Jay5fWmrWDirj1ze1MjWF5FytAMeYYOQBQBoC8iKklbYsTgUjsPdARmR\nhPyuAQ+Y3DRueiAzj9nponEmRoT3MSU5xKh5i/SIgJhhazeehWP2OsScrFKEIZD5\nP6EkNFQHOOLNKYcQu4Q3kRTqv4jm32ZoEkwgvQi3qkatDpCdbwLKAeW3vuijaJn6\nri+3MEyYAawdhNGSFmkUk9oeq/DTnJNlTK/sFqLE92//r3n92aojU0RcqVknUY5k\n5WgojT78Zv8Gjm5VV3flIKjztvmN1n1YI3DtlSsHC/1SfrKkqbGm2cBzYOjrm3ui\n1XQitmfrULguhvOknItw5v28Z7abQlA/4TTIdEy/q1uPsuaOzkylbcmBgrHQcjFG\n8Zux3iaMfe31XDHxbJdcqO4BsG7UxR4DxgggpYIbOxN1BKr+P3tCjxbgWQvhoBSm\nv5OhmS5Mzv+z25jf/8UvVaQwWd2kYSE1gZdwZxEr4h3tgYVkphzOjV5fueUCAwEA\nAQKCAgAl+qz12PdXIm9SKTcVuQoFDtQf+OKJICxONMCVtHxJS2/xd/boMl/eNf7Z\ncca/61nkfEqjTMC+O16W7WN8ca1Bv8hK4OwqPhmtVx3sQMF8/2zlych/Zbidc+KL\n9rtqqe9l00MnqoJKAkPHg6k3sgVGTAVzIW+WuEQvsmuvvilFdSrn4ytgbKYIYVgi\nJZZcBUVUojRZSJnlHn7sG2h227UkDut4xqzALuGMRj5lFgTIYK/bAiJ2x8BIKGKD\nLkFfquDS9v3++yMNNUaA4bZRLJ/hhIurvHHgKfEeonuGHqsp5gMMola6GI0m1pDl\nibAL3oukRtbkfIc7FF1nz/HLGsnHg0xrwfHOIZL5mKxmtFkb32bPFd1d/5RZ04zx\n1t78LbpQXqHm1tzImZEWzbpDviIsFFSn4WXZWSII0yHlZCyltGloiaK6CbGyyKE0\na8i4njkWMbCqK4071KVX3sJ7QnQPLwoMKs9Q4mN5R3OTUCO8ryHFQkxUaFJibDIs\nf8hwVPoWJwjzCxuKyjqSCX0yCnQmK71Z+yaD0QQ/Crwts3UacCIAztc4RA7ej6F+\nku4QWWFLVLll0RmUteDWjz9b2+96W/fSkR3W6exVJkpiP5maKX3jV2w5XYbKZ4F3\nysUncNu32x7hWxRdSfIJdxJEaqkITh6+Lv3HSQW4Rm1MrBx+oQKCAQEA2td8EHCZ\n7b1SxjGNNmDQFAlZw37II0RXJpvy55w938jFzHIJsJQRBKk6TXLBCLgY6Oabrxwo\nQMYG67twzratZIeSpHA0V7sPik53MUxCY8beTJ7Pr0drzLEGV+ggwle2Uu+/5sqZ\n49AumFrZka/GQYp9+0cl6pUzpQMxLqUbDdwdnYFlHLdjpdKjDjC1Kn9KZMmpQ7K0\nSfD6HQUtUOfJwlBvWroyY7hVZkCqJfg9gMBO0CyW5ilgMZApxQJG/fgBtAXCThui\nylaq14M7qojjoaACj1Id80nC17Vgq473/StIZAWC9W2t3n9koj+BG+RVZ8TNqrws\nLb12uzSgOnMrEQKCAQEA8vP4X+DAZTREyYjzS+XVMnfvJSr/PrbPXf9yHEqdC7q5\nKf7nqgDe6CgGuWbbPEWpqPpN/vKzLIr4tZF+xEF5E29KIf2Vs9gq//zVDJ82pkM7\nMfE6Yaj5e6NPIn4u25YJ128/FQ6qmFSkj90hwehhdna8HY/dtKnfdJL8LNenRacb\nHjAO8f/sacl1zk9knITEyS3tJhb4BXGkfMxdD05UzRl625cjAs30kgb6BNUYH/dv\n9AJAGHSNISfuXXYabyKkTuLo4o/tQz2eQpYkJCJcSCyDqCMGbxIgmpYJQR+TjtJn\nR46oYNIFwmMVnTP7GehOYzhmV76mvhFin3t2qfMZlQKCAQAjiuPnd6JIbntHHT0m\nG8svteUST0EKGUteRe3JmCKkeeNGNS9FsoahDysc8QpQ9DV3fhzC7/vJqV/uYV8M\n87ZtoWc7tc2KgiMf/2Z0Z0JRGjd4kkKA4USs1gOFu3m2lrBSAAZW4Yjk6ybmL7su\nYjH86xVS/lc2Jk1g+4e9X6tpMNrOffmCFHbms7Mv1tFVuZ7Hh8kp6ZhGehDlLbYS\ncdLe8FlljuAoOgQEu3Pm/s5eXt1uCg/oCchJxHREPv5wuRrtthG8xdhGrJTKs9G4\n/MqbsXU4+clLfitbBWZR9sJoJ+N1+z8txUZ74IzjnRTHBuqoE9qjZDR4qVDjTsTH\nOXVBAoIBAGm79/pyLAlfiBhVu9zqN7DxNWjtn4xBr1nvVFAvwM1cBD3crCH2owxS\nbyq9Mui2QLJDzTIJmiTmjnsmyQ7Ml873fkHwxPgyOfSSqn4FxJjzZY3EuG3MRlei\nqUwPsoDqeXoC9mdJrMEDBWN/D7P+WHxgDFqpRAnebFulpI43hJrxsQGgVMDJarBX\ndyfEsbrUpXgQvsb29BYacUXHAzEoHAvu7OMokZok3C25T5JO02MGIvkFCbQa9Vja\nsgiG39ZCM1QJuOTxUocTCA9enHgFZDgc92dzZtdsAjiE1546CdP8iepAkdMhVFRX\nHw79kmiiC4tu/ktts8/AbTWPXAN2w0kCggEAW8alGAUc5KvLYhiuqoNIZToqTUMU\nBtqV8td/JoBeno6fNlzlJfRv00bLs/ehIeiFcc659SdkTx5czzB4drnzUWmMfA1X\ngQy+W0wIzt8MS3GSmMc475f7c9DfdKnH45QlKvHrmVi+F5HSz32X4Qgpe0oUNIGw\nl7xD5HYs316rLnWlzitSzOrHVT2KOlOF97OcyEMTrnfc/m4pLMdNUZgy392ij6nG\nagsuopcA1o76ivInBhX4m5nlpc2GqtkuquL8M7fJZc/N2+9QK1cBYn7S7XtFFq8z\nyBxXxvlJ2Rx7lKcCtMLbdbSSSb5xbZn7GlUj0HTZ4sbbhPXY3aYt2wSLzA==\n-----END RSA PRIVATE KEY-----\n",
            "private_key_pem_pkcs8": "-----BEGIN PRIVATE KEY-----\nMIIJQQIBADANBgkqhkiG9w0BAQEFAASCCSswggknAgEAAoICAQDPsEIlBFRgt6vD\n5t0KoTSU/TzXo4SemUCitRfsXu2B5or438j6Sr5GNd+gUQE4xNDHN0Ymtt8tubf/\nqGLlwvcnrcLmiBzctOzhdczpnhjsRXanYJxjHo6b93+TLAsuIu0qTE0BLahz35zA\nnvDflwKqjUwPDpgdTdkO6Yab/t5AlV0EbxqTMtwEpLQlrLl9aatYOKuPXN7UyNYX\nkXK0Ax5hg5AFAGgLyIqSVtixOBSOw90BGZGE/K4BD5jcNG56IDOP2emicSZGhPcx\nJTnEqHmL9IiAmGFrN56FY/Y6xJysUoQhkPk/oSQ0VAc44s0phxC7hDeRFOq/iObf\nZmgSTCC9CLeqRq0OkJ1vAsoB5be+6KNomfquL7cwTJgBrB2E0ZIWaRST2h6r8NOc\nk2VMr+wWosT3b/+vef3ZqiNTRFypWSdRjmTlaCiNPvxm/waOblVXd+UgqPO2+Y3W\nfVgjcO2VKwcL/VJ+sqSpsabZwHNg6Oube6LVdCK2Z+tQuC6G86Sci3Dm/bxntptC\nUD/hNMh0TL+rW4+y5o7OTKVtyYGCsdByMUbxm7HeJox97fVcMfFsl1yo7gGwbtTF\nHgPGCCClghs7E3UEqv4/e0KPFuBZC+GgFKa/k6GZLkzO/7PbmN//xS9VpDBZ3aRh\nITWBl3BnESviHe2BhWSmHM6NXl+55QIDAQABAoICACX6rPXY91cib1IpNxW5CgUO\n1B/44okgLE40wJW0fElLb/F39ugyX941/tlxxr/rWeR8SqNMwL47XpbtY3xxrUG/\nyErg7Co+Ga1XHexAwXz/bOXJyH9luJ1z4ov2u2qp72XTQyeqgkoCQ8eDqTeyBUZM\nBXMhb5a4RC+ya6++KUV1KufjK2BspghhWCIlllwFRVSiNFlImeUefuwbaHbbtSQO\n63jGrMAu4YxGPmUWBMhgr9sCInbHwEgoYoMuQV+q4NL2/f77Iw01RoDhtlEsn+GE\ni6u8ceAp8R6ie4YeqynmAwyiVroYjSbWkOWJsAvei6RG1uR8hzsUXWfP8csayceD\nTGvB8c4hkvmYrGa0WRvfZs8V3V3/lFnTjPHW3vwtulBeoebW3MiZkRbNukO+IiwU\nVKfhZdlZIgjTIeVkLKW0aWiJoroJsbLIoTRryLieORYxsKorjTvUpVfewntCdA8v\nCgwqz1DiY3lHc5NQI7yvIcVCTFRoUmJsMix/yHBU+hYnCPMLG4rKOpIJfTIKdCYr\nvVn7JoPRBD8KvC2zdRpwIgDO1zhEDt6PoX6S7hBZYUtUuWXRGZS14NaPP1vb73pb\n99KRHdbp7FUmSmI/mZopfeNXbDldhspngXfKxSdw27fbHuFbFF1J8gl3EkRqqQhO\nHr4u/cdJBbhGbUysHH6hAoIBAQDa13wQcJntvVLGMY02YNAUCVnDfsgjRFcmm/Ln\nnD3fyMXMcgmwlBEEqTpNcsEIuBjo5puvHChAxgbru3DOtq1kh5KkcDRXuw+KTncx\nTEJjxt5Mns+vR2vMsQZX6CDCV7ZS77/mypnj0C6YWtmRr8ZBin37RyXqlTOlAzEu\npRsN3B2dgWUct2Ol0qMOMLUqf0pkyalDsrRJ8PodBS1Q58nCUG9aujJjuFVmQKol\n+D2AwE7QLJbmKWAxkCnFAkb9+AG0BcJOG6LKVqrXgzuqiOOhoAKPUh3zScLXtWCr\njvf9K0hkBYL1ba3ef2SiP4Eb5FVnxM2qvCwtvXa7NKA6cysRAoIBAQDy8/hf4MBl\nNETJiPNL5dUyd+8lKv8+ts9d/3IcSp0Lurkp/ueqAN7oKAa5Zts8Ramo+k3+8rMs\nivi1kX7EQXkTb0oh/ZWz2Cr//NUMnzamQzsx8TphqPl7o08ifi7blgnXbz8VDqqY\nVKSP3SHB6GF2drwdj920qd90kvws16dFpxseMA7x/+xpyXXOT2SchMTJLe0mFvgF\ncaR8zF0PTlTNGXrblyMCzfSSBvoE1Rgf92/0AkAYdI0hJ+5ddhpvIqRO4ujij+1D\nPZ5CliQkIlxILIOoIwZvEiCalglBH5OO0mdHjqhg0gXCYxWdM/sZ6E5jOGZXvqa+\nEWKfe3ap8xmVAoIBACOK4+d3okhue0cdPSYbyy+15RJPQQoZS15F7cmYIqR540Y1\nL0WyhqEPKxzxClD0NXd+HMLv+8mpX+5hXwzztm2hZzu1zYqCIx//ZnRnQlEaN3iS\nQoDhRKzWA4W7ebaWsFIABlbhiOTrJuYvuy5iMfzrFVL+VzYmTWD7h71fq2kw2s59\n+YIUduazsy/W0VW5nseHySnpmEZ6EOUtthJx0t7wWWWO4Cg6BAS7c+b+zl5e3W4K\nD+gJyEnEdEQ+/nC5Gu22EbzF2EaslMqz0bj8ypuxdTj5yUt+K1sFZlH2wmgn43X7\nPy3FRnvgjOOdFMcG6qgT2qNkNHipUONOxMc5dUECggEAabv3+nIsCV+IGFW73Oo3\nsPE1aO2fjEGvWe9UUC/AzVwEPdysIfajDFJvKr0y6LZAskPNMgmaJOaOeybJDsyX\nzvd+QfDE+DI59JKqfgXEmPNljcS4bcxGV6KpTA+ygOp5egL2Z0mswQMFY38Ps/5Y\nfGAMWqlECd5sW6WkjjeEmvGxAaBUwMlqsFd3J8SxutSleBC+xvb0FhpxRccDMSgc\nC+7s4yiRmiTcLblPkk7TYwYi+QUJtBr1WNqyCIbf1kIzVAm45PFShxMID16ceAVk\nOBz3Z3Nm12wCOITXnjoJ0/yJ6kCR0yFUVFcfDv2SaKILi27+S22zz8BtNY9cA3bD\nSQKCAQBbxqUYBRzkq8tiGK6qg0hlOipNQxQG2pXy138mgF6ejp82XOUl9G/TRsuz\n96Eh6IVxzrn1J2RPHlzPMHh2ufNRaYx8DVeBDL5bTAjO3wxLcZKYxzjvl/tz0N90\nqcfjlCUq8euZWL4XkdLPfZfhCCl7ShQ0gbCXvEPkdizfXqsudaXOK1LM6sdVPYo6\nU4X3s5zIQxOud9z+biksx01RmDLf3aKPqcZqCy6ilwDWjvqK8icGFfibmeWlzYaq\n2S6q4vwzt8llz83b71ArVwFiftLte0UWrzPIHFfG+UnZHHuUpwK0wtt1tJJJvnFt\nmfsaVSPQdNnixtuE9djdpi3bBIvM\n-----END PRIVATE KEY-----\n",
            "public_key_fingerprint_md5": "dc:f8:04:f4:35:a9:1c:85:a2:96:63:b7:f5:62:ec:bb",
            "public_key_fingerprint_sha256": "SHA256:BpwQFdc5Ui4YHIsIwSky+oMUdE199LjRLNWOfQvQRxs",
            "public_key_openssh": "ssh-rsa AAAAB3NzaC1yc2EAAAADAQABAAACAQDPsEIlBFRgt6vD5t0KoTSU/TzXo4SemUCitRfsXu2B5or438j6Sr5GNd+gUQE4xNDHN0Ymtt8tubf/qGLlwvcnrcLmiBzctOzhdczpnhjsRXanYJxjHo6b93+TLAsuIu0qTE0BLahz35zAnvDflwKqjUwPDpgdTdkO6Yab/t5AlV0EbxqTMtwEpLQlrLl9aatYOKuPXN7UyNYXkXK0Ax5hg5AFAGgLyIqSVtixOBSOw90BGZGE/K4BD5jcNG56IDOP2emicSZGhPcxJTnEqHmL9IiAmGFrN56FY/Y6xJysUoQhkPk/oSQ0VAc44s0phxC7hDeRFOq/iObfZmgSTCC9CLeqRq0OkJ1vAsoB5be+6KNomfquL7cwTJgBrB2E0ZIWaRST2h6r8NOck2VMr+wWosT3b/+vef3ZqiNTRFypWSdRjmTlaCiNPvxm/waOblVXd+UgqPO2+Y3WfVgjcO2VKwcL/VJ+sqSpsabZwHNg6Oube6LVdCK2Z+tQuC6G86Sci3Dm/bxntptCUD/hNMh0TL+rW4+y5o7OTKVtyYGCsdByMUbxm7HeJox97fVcMfFsl1yo7gGwbtTFHgPGCCClghs7E3UEqv4/e0KPFuBZC+GgFKa/k6GZLkzO/7PbmN//xS9VpDBZ3aRhITWBl3BnESviHe2BhWSmHM6NXl+55Q==\n",
            "public_key_pem": "-----BEGIN PUBLIC KEY-----\nMIICIjANBgkqhkiG9w0BAQEFAAOCAg8AMIICCgKCAgEAz7BCJQRUYLerw+bdCqE0\nlP0816OEnplAorUX7F7tgeaK+N/I+kq+RjXfoFEBOMTQxzdGJrbfLbm3/6hi5cL3\nJ63C5ogc3LTs4XXM6Z4Y7EV2p2CcYx6Om/d/kywLLiLtKkxNAS2oc9+cwJ7w35cC\nqo1MDw6YHU3ZDumGm/7eQJVdBG8akzLcBKS0Jay5fWmrWDirj1ze1MjWF5FytAMe\nYYOQBQBoC8iKklbYsTgUjsPdARmRhPyuAQ+Y3DRueiAzj9nponEmRoT3MSU5xKh5\ni/SIgJhhazeehWP2OsScrFKEIZD5P6EkNFQHOOLNKYcQu4Q3kRTqv4jm32ZoEkwg\nvQi3qkatDpCdbwLKAeW3vuijaJn6ri+3MEyYAawdhNGSFmkUk9oeq/DTnJNlTK/s\nFqLE92//r3n92aojU0RcqVknUY5k5WgojT78Zv8Gjm5VV3flIKjztvmN1n1YI3Dt\nlSsHC/1SfrKkqbGm2cBzYOjrm3ui1XQitmfrULguhvOknItw5v28Z7abQlA/4TTI\ndEy/q1uPsuaOzkylbcmBgrHQcjFG8Zux3iaMfe31XDHxbJdcqO4BsG7UxR4Dxggg\npYIbOxN1BKr+P3tCjxbgWQvhoBSmv5OhmS5Mzv+z25jf/8UvVaQwWd2kYSE1gZdw\nZxEr4h3tgYVkphzOjV5fueUCAwEAAQ==\n-----END PUBLIC KEY-----\n",
            "rsa_bits": 4096
          },
          "sensitive_attributes": [
            [
              {
                "type": "get_attr",
                "value": "private_key_openssh"
              }
            ],
            [
              {
                "type": "get_attr",
                "value": "private_key_pem"
              }
            ],
            [
              {
                "type": "get_attr",
                "value": "private_key_pem_pkcs8"
              }
            ]
          ],
          "identity_schema_version": 0
        }
      ]
    }
  ],
  "check_results": null
}
