{
  "version": 4,
  "terraform_version": "1.12.2",
  "serial": 60,
  "lineage": "1925b700-2f66-0cd5-71f9-b7ae09686276",
  "outputs": {
    "bastion_public_ip": {
      "value": "54.212.36.190",
      "type": "string"
    },
    "connection_instructions": {
      "value": "    \n=== CONNECTION INSTRUCTIONS ===\n    \n1. SSH to Bastion host:\n   ssh -i ./ssh-key-dev.pem ec2-user@54.212.36.190\n    \n2. From Bastion, SSH to WebServer:\n   First, copy your SSH key to the Bastion:\n   scp -i ./ssh-key-dev.pem ./ssh-key-dev.pem ec2-user@54.212.36.190:~/\n       \n   Then SSH to the WebServer:\n   ssh -i ~/ssh-key-dev.pem ec2-user@10.0.0.54\n    \n3. To access the web server from your local machine:\n   Set up SSH port forwarding:\n   ssh -i ./ssh-key-dev.pem -L 8080:10.0.0.54:80 ec2-user@54.212.36.190\n       \n   Then open http://localhost:8080 in your browser\n",
      "type": "string"
    },
    "ssh_key_path": {
      "value": "./ssh-key-dev.pem",
      "type": "string"
    },
    "webserver_private_ip": {
      "value": "10.0.0.54",
      "type": "string"
    }
  },
  "resources": [
    {
      "mode": "data",
      "type": "aws_ssm_parameter",
      "name": "al2023",
      "provider": "provider[\"registry.terraform.io/hashicorp/aws\"]",
      "instances": [
        {
          "schema_version": 0,
          "attributes": {
            "arn": "arn:aws:ssm:us-west-2::parameter/aws/service/ami-amazon-linux-latest/al2023-ami-kernel-6.1-x86_64",
            "id": "/aws/service/ami-amazon-linux-latest/al2023-ami-kernel-6.1-x86_64",
            "insecure_value": "ami-05ee755be0cd7555c",
            "name": "/aws/service/ami-amazon-linux-latest/al2023-ami-kernel-6.1-x86_64",
            "region": "us-west-2",
            "type": "String",
            "value": "ami-05ee755be0cd7555c",
            "version": 121,
            "with_decryption": true
          },
          "sensitive_attributes": [
            [
              {
                "type": "get_attr",
                "value": "value"
              }
            ]
          ],
          "identity_schema_version": 0
        }
      ]
    },
    {
      "mode": "managed",
      "type": "aws_eip",
      "name": "elasticIP",
      "provider": "provider[\"registry.terraform.io/hashicorp/aws\"]",
      "instances": [
        {
          "schema_version": 0,
          "attributes": {
            "address": null,
            "allocation_id": "eipalloc-0aa18abade652ef75",
            "arn": "arn:aws:ec2:us-west-2:599994645102:elastic-ip/eipalloc-0aa18abade652ef75",
            "associate_with_private_ip": null,
            "association_id": "eipassoc-0759c081eda12d259",
            "carrier_ip": "",
            "customer_owned_ip": "",
            "customer_owned_ipv4_pool": "",
            "domain": "vpc",
            "id": "eipalloc-0aa18abade652ef75",
            "instance": "",
            "ipam_pool_id": null,
            "network_border_group": "us-west-2",
            "network_interface": "eni-0f5f2dc71452d2bd6",
            "private_dns": "ip-10-0-0-78.us-west-2.compute.internal",
            "private_ip": "10.0.0.78",
            "ptr_record": "",
            "public_dns": "ec2-44-229-130-74.us-west-2.compute.amazonaws.com",
            "public_ip": "44.229.130.74",
            "public_ipv4_pool": "amazon",
            "region": "us-west-2",
            "tags": {
              "Environment": "dev",
              "Name": "NAT-Gateway-EIP",
              "Terraform": "true"
            },
            "tags_all": {
              "Environment": "dev",
              "Name": "NAT-Gateway-EIP",
              "Terraform": "true"
            },
            "timeouts": null
          },
          "sensitive_attributes": [],
          "identity_schema_version": 0,
          "private": "eyJlMmJmYjczMC1lY2FhLTExZTYtOGY4OC0zNDM2M2JjN2M0YzAiOnsiZGVsZXRlIjoxODAwMDAwMDAwMDAsInJlYWQiOjkwMDAwMDAwMDAwMCwidXBkYXRlIjozMDAwMDAwMDAwMDB9fQ=="
        }
      ]
    },
    {
      "mode": "managed",
      "type": "aws_instance",
      "name": "bastion",
      "provider": "provider[\"registry.terraform.io/hashicorp/aws\"]",
      "instances": [
        {
          "schema_version": 2,
          "attributes": {
            "ami": "ami-05ee755be0cd7555c",
            "arn": "arn:aws:ec2:us-west-2:599994645102:instance/i-0b4615a09c649d7fa",
            "associate_public_ip_address": true,
            "availability_zone": "us-west-2a",
            "capacity_reservation_specification": [
              {
                "capacity_reservation_preference": "open",
                "capacity_reservation_target": []
              }
            ],
            "cpu_options": [
              {
                "amd_sev_snp": "",
                "core_count": 1,
                "threads_per_core": 1
              }
            ],
            "credit_specification": [
              {
                "cpu_credits": "standard"
              }
            ],
            "disable_api_stop": false,
            "disable_api_termination": false,
            "ebs_block_device": [],
            "ebs_optimized": false,
            "enable_primary_ipv6": null,
            "enclave_options": [
              {
                "enabled": false
              }
            ],
            "ephemeral_block_device": [],
            "get_password_data": false,
            "hibernation": false,
            "host_id": "",
            "host_resource_group_arn": null,
            "iam_instance_profile": "",
            "id": "i-0b4615a09c649d7fa",
            "instance_initiated_shutdown_behavior": "stop",
            "instance_lifecycle": "",
            "instance_market_options": [],
            "instance_state": "running",
            "instance_type": "t2.micro",
            "ipv6_address_count": 0,
            "ipv6_addresses": [],
            "key_name": "terraform-dev-key",
            "launch_template": [],
            "maintenance_options": [
              {
                "auto_recovery": "default"
              }
            ],
            "metadata_options": [
              {
                "http_endpoint": "enabled",
                "http_protocol_ipv6": "disabled",
                "http_put_response_hop_limit": 2,
                "http_tokens": "required",
                "instance_metadata_tags": "disabled"
              }
            ],
            "monitoring": false,
            "network_interface": [],
            "outpost_arn": "",
            "password_data": "",
            "placement_group": "",
            "placement_partition_number": 0,
            "primary_network_interface_id": "eni-0089b9f2bb4472540",
            "private_dns": "ip-10-0-0-74.us-west-2.compute.internal",
            "private_dns_name_options": [
              {
                "enable_resource_name_dns_a_record": false,
                "enable_resource_name_dns_aaaa_record": false,
                "hostname_type": "ip-name"
              }
            ],
            "private_ip": "10.0.0.74",
            "public_dns": "ec2-54-212-36-190.us-west-2.compute.amazonaws.com",
            "public_ip": "54.212.36.190",
            "region": "us-west-2",
            "root_block_device": [
              {
                "delete_on_termination": true,
                "device_name": "/dev/xvda",
                "encrypted": false,
                "iops": 3000,
                "kms_key_id": "",
                "tags": {},
                "tags_all": {},
                "throughput": 125,
                "volume_id": "vol-0b17762f78368baf9",
                "volume_size": 8,
                "volume_type": "gp3"
              }
            ],
            "secondary_private_ips": [],
            "security_groups": [],
            "source_dest_check": true,
            "spot_instance_request_id": "",
            "subnet_id": "subnet-06211c5bd579e7786",
            "tags": {
              "Environment": "dev",
              "Name": "Bastion-dev",
              "Terraform": "true"
            },
            "tags_all": {
              "Environment": "dev",
              "Name": "Bastion-dev",
              "Terraform": "true"
            },
            "tenancy": "default",
            "timeouts": null,
            "user_data": "#!/bin/bash\n# Update system packages\ndnf update -y\n    \n# Install useful tools\ndnf install -y htop tmux vim\n    \n# Configure SSH hardening\nsed -i 's/#PermitRootLogin yes/PermitRootLogin no/' /etc/ssh/sshd_config\nsed -i 's/#PasswordAuthentication yes/PasswordAuthentication no/' /etc/ssh/sshd_config\nsystemctl restart sshd\n",
            "user_data_base64": null,
            "user_data_replace_on_change": false,
            "volume_tags": null,
            "vpc_security_group_ids": [
              "sg-0ffa588fd45bf8a33"
            ]
          },
          "sensitive_attributes": [
            [
              {
                "type": "get_attr",
                "value": "ami"
              }
            ]
          ],
          "identity_schema_version": 0,
          "private": "eyJlMmJmYjczMC1lY2FhLTExZTYtOGY4OC0zNDM2M2JjN2M0YzAiOnsiY3JlYXRlIjo2MDAwMDAwMDAwMDAsImRlbGV0ZSI6MTIwMDAwMDAwMDAwMCwicmVhZCI6OTAwMDAwMDAwMDAwLCJ1cGRhdGUiOjYwMDAwMDAwMDAwMH0sInNjaGVtYV92ZXJzaW9uIjoiMiJ9",
          "dependencies": [
            "aws_key_pair.generated_key",
            "aws_security_group.bastion_sg",
            "aws_subnet.publicSubnet",
            "aws_vpc.myVPC",
            "data.aws_ssm_parameter.al2023",
            "tls_private_key.ssh_key"
          ]
        }
      ]
    },
    {
      "mode": "managed",
      "type": "aws_instance",
      "name": "webserver",
      "provider": "provider[\"registry.terraform.io/hashicorp/aws\"]",
      "instances": [
        {
          "schema_version": 2,
          "attributes": {
            "ami": "ami-05ee755be0cd7555c",
            "arn": "arn:aws:ec2:us-west-2:599994645102:instance/i-0f2bca6ec99065394",
            "associate_public_ip_address": false,
            "availability_zone": "us-west-2a",
            "capacity_reservation_specification": [
              {
                "capacity_reservation_preference": "open",
                "capacity_reservation_target": []
              }
            ],
            "cpu_options": [
              {
                "amd_sev_snp": "",
                "core_count": 1,
                "threads_per_core": 1
              }
            ],
            "credit_specification": [
              {
                "cpu_credits": "standard"
              }
            ],
            "disable_api_stop": false,
            "disable_api_termination": false,
            "ebs_block_device": [],
            "ebs_optimized": false,
            "enable_primary_ipv6": null,
            "enclave_options": [
              {
                "enabled": false
              }
            ],
            "ephemeral_block_device": [],
            "get_password_data": false,
            "hibernation": false,
            "host_id": "",
            "host_resource_group_arn": null,
            "iam_instance_profile": "",
            "id": "i-0f2bca6ec99065394",
            "instance_initiated_shutdown_behavior": "stop",
            "instance_lifecycle": "",
            "instance_market_options": [],
            "instance_state": "running",
            "instance_type": "t2.micro",
            "ipv6_address_count": 0,
            "ipv6_addresses": [],
            "key_name": "terraform-dev-key",
            "launch_template": [],
            "maintenance_options": [
              {
                "auto_recovery": "default"
              }
            ],
            "metadata_options": [
              {
                "http_endpoint": "enabled",
                "http_protocol_ipv6": "disabled",
                "http_put_response_hop_limit": 2,
                "http_tokens": "required",
                "instance_metadata_tags": "disabled"
              }
            ],
            "monitoring": false,
            "network_interface": [],
            "outpost_arn": "",
            "password_data": "",
            "placement_group": "",
            "placement_partition_number": 0,
            "primary_network_interface_id": "eni-05c9bbc2eec2aff1d",
            "private_dns": "ip-10-0-0-54.us-west-2.compute.internal",
            "private_dns_name_options": [
              {
                "enable_resource_name_dns_a_record": false,
                "enable_resource_name_dns_aaaa_record": false,
                "hostname_type": "ip-name"
              }
            ],
            "private_ip": "10.0.0.54",
            "public_dns": "",
            "public_ip": "",
            "region": "us-west-2",
            "root_block_device": [
              {
                "delete_on_termination": true,
                "device_name": "/dev/xvda",
                "encrypted": false,
                "iops": 3000,
                "kms_key_id": "",
                "tags": {},
                "tags_all": {},
                "throughput": 125,
                "volume_id": "vol-0b8abf3762690f77b",
                "volume_size": 8,
                "volume_type": "gp3"
              }
            ],
            "secondary_private_ips": [],
            "security_groups": [],
            "source_dest_check": true,
            "spot_instance_request_id": "",
            "subnet_id": "subnet-0b37e787abeda4cff",
            "tags": {
              "Environment": "dev",
              "Name": "WebServer-dev",
              "Terraform": "true"
            },
            "tags_all": {
              "Environment": "dev",
              "Name": "WebServer-dev",
              "Terraform": "true"
            },
            "tenancy": "default",
            "timeouts": null,
            "user_data": "#!/bin/bash\n# Update system packages\ndnf update -y\n    \n# Install Apache web server\ndnf install -y httpd\n    \n# Start and enable Apache\nsystemctl start httpd\nsystemctl enable httpd\n    \n# Create a simple index page\ncat \u003e /var/www/html/index.html \u003c\u003c 'HTMLEND'\n\u003c!DOCTYPE html\u003e\n\u003chtml lang=\"en\"\u003e\n\u003chead\u003e\n    \u003cmeta charset=\"UTF-8\"\u003e\n    \u003cmeta name=\"viewport\" content=\"width=device-width, initial-scale=1.0\"\u003e\n    \u003ctitle\u003eTerraVPS Web Server\u003c/title\u003e\n    \u003cstyle\u003e\n        body {\n            font-family: Arial, sans-serif;\n            max-width: 800px;\n            margin: 0 auto;\n            padding: 20px;\n            line-height: 1.6;\n        }\n        h1 {\n            color: #0066cc;\n        }\n        .container {\n            border: 1px solid #ddd;\n            padding: 20px;\n            border-radius: 5px;\n        }\n    \u003c/style\u003e\n\u003c/head\u003e\n\u003cbody\u003e\n    \u003cdiv class=\"container\"\u003e\n        \u003ch1\u003eHello from TerraVPS WebServer!\u003c/h1\u003e\n        \u003cp\u003eThis server is running in a private subnet and was deployed using Terraform.\u003c/p\u003e\n        \u003cp\u003eEnvironment: dev\u003c/p\u003e\n        \u003cp\u003eServer Time: \u003cspan id=\"server-time\"\u003e\u003c/span\u003e\u003c/p\u003e\n    \u003c/div\u003e\n    \u003cscript\u003e\n        document.getElementById('server-time').textContent = new Date().toLocaleString();\n    \u003c/script\u003e\n\u003c/body\u003e\n\u003c/html\u003e\nHTMLEND\n    \n# Set proper permissions\nchmod 644 /var/www/html/index.html\n",
            "user_data_base64": null,
            "user_data_replace_on_change": false,
            "volume_tags": null,
            "vpc_security_group_ids": [
              "sg-0636ad6e79491067c"
            ]
          },
          "sensitive_attributes": [
            [
              {
                "type": "get_attr",
                "value": "ami"
              }
            ]
          ],
          "identity_schema_version": 0,
          "private": "eyJlMmJmYjczMC1lY2FhLTExZTYtOGY4OC0zNDM2M2JjN2M0YzAiOnsiY3JlYXRlIjo2MDAwMDAwMDAwMDAsImRlbGV0ZSI6MTIwMDAwMDAwMDAwMCwicmVhZCI6OTAwMDAwMDAwMDAwLCJ1cGRhdGUiOjYwMDAwMDAwMDAwMH0sInNjaGVtYV92ZXJzaW9uIjoiMiJ9",
          "dependencies": [
            "aws_key_pair.generated_key",
            "aws_security_group.bastion_sg",
            "aws_security_group.webserver_sg",
            "aws_subnet.privateSubnet",
            "aws_vpc.myVPC",
            "data.aws_ssm_parameter.al2023",
            "tls_private_key.ssh_key"
          ]
        }
      ]
    },
    {
      "mode": "managed",
      "type": "aws_internet_gateway",
      "name": "myIGW",
      "provider": "provider[\"registry.terraform.io/hashicorp/aws\"]",
      "instances": [
        {
          "schema_version": 0,
          "attributes": {
            "arn": "arn:aws:ec2:us-west-2:599994645102:internet-gateway/igw-05fc524a900d627c3",
            "id": "igw-05fc524a900d627c3",
            "owner_id": "599994645102",
            "region": "us-west-2",
            "tags": {
              "Environment": "dev",
              "Name": "myIGW",
              "Terraform": "true"
            },
            "tags_all": {
              "Environment": "dev",
              "Name": "myIGW",
              "Terraform": "true"
            },
            "timeouts": null,
            "vpc_id": "vpc-03916c2e1c9c72246"
          },
          "sensitive_attributes": [],
          "identity_schema_version": 0,
          "private": "eyJlMmJmYjczMC1lY2FhLTExZTYtOGY4OC0zNDM2M2JjN2M0YzAiOnsiY3JlYXRlIjoxMjAwMDAwMDAwMDAwLCJkZWxldGUiOjEyMDAwMDAwMDAwMDAsInVwZGF0ZSI6MTIwMDAwMDAwMDAwMH19",
          "dependencies": [
            "aws_vpc.myVPC"
          ]
        }
      ]
    },
    {
      "mode": "managed",
      "type": "aws_key_pair",
      "name": "generated_key",
      "provider": "provider[\"registry.terraform.io/hashicorp/aws\"]",
      "instances": [
        {
          "schema_version": 1,
          "attributes": {
            "arn": "arn:aws:ec2:us-west-2:599994645102:key-pair/terraform-dev-key",
            "fingerprint": "8f:5c:08:01:3f:a9:b1:b6:73:13:c5:1e:40:ed:12:90",
            "id": "terraform-dev-key",
            "key_name": "terraform-dev-key",
            "key_name_prefix": "",
            "key_pair_id": "key-0d7f66804087e4477",
            "key_type": "rsa",
            "public_key": "ssh-rsa AAAAB3NzaC1yc2EAAAADAQABAAACAQCkshCq7w4ggLaAhbmDmj1fBKKXuUvNlFSAw5K6IGQ31GXrwXjRzvgVc1yZOyZkDuh8pWgPL7dKeBRg1gosAMvW4Qg2iAc6PpeN4tAYSjxQ/G1tsAip8g9ETgU/AMBZU8aL3IT52T4RhNRDF8bchXSdskDLRA2eYkvoUVJU63ZtzfIxnAgIHEE1+M0fj0mxojNz2QseRhzjIz4tlo1pmfY+xfDqtpjwrP/JA6SmjLpDBt5DtTlK2mdebhh/CvKKgbqJjRnRU4uL27j2IpKNanVcOoCS642G107w8z+WPNKRTi09jB1fiFArmNONMDQFcgvr63Qni511YSg/fz4rLFj5esBU6dW0uKc1y26NaCKd/1/Hu2zroK54W6sOiOomXJNUV0+tkhIRNNxCUX1XYCNSj55Oq0QQPUE1cL1+mtBCT2vVkYZcYPSvsvEQvnYplGMpE40DppOvjBELHXHLjd/f7Ib94H4QQ4EQ3aKUIjB/I9OoyNe4ta5RisXXyjH9pohe6sFpld3m/ctc1hhGXcAKLVmhZhhW2LJoYKmPmaArOYytDX+KjwoiZHaTK2S4Y7HlsEZEUmCl/GGvwVNiIcar9TUfdoU7diRG+OKqEGAD3ypo0dle7y66CeScRWuc7uQaI9u9Rv5yuJWtoHcOl9SSW77izbpZWH780Qs1xdrifQ==",
            "region": "us-west-2",
            "tags": null,
            "tags_all": {}
          },
          "sensitive_attributes": [],
          "identity_schema_version": 0,
          "private": "eyJzY2hlbWFfdmVyc2lvbiI6IjEifQ==",
          "dependencies": [
            "tls_private_key.ssh_key"
          ]
        }
      ]
    },
    {
      "mode": "managed",
      "type": "aws_nat_gateway",
      "name": "myNATGateway",
      "provider": "provider[\"registry.terraform.io/hashicorp/aws\"]",
      "instances": [
        {
          "schema_version": 0,
          "attributes": {
            "allocation_id": "eipalloc-0aa18abade652ef75",
            "association_id": "eipassoc-0759c081eda12d259",
            "connectivity_type": "public",
            "id": "nat-07c86d0b3c2d6e5d6",
            "network_interface_id": "eni-0f5f2dc71452d2bd6",
            "private_ip": "10.0.0.78",
            "public_ip": "44.229.130.74",
            "region": "us-west-2",
            "secondary_allocation_ids": [],
            "secondary_private_ip_address_count": 0,
            "secondary_private_ip_addresses": [],
            "subnet_id": "subnet-06211c5bd579e7786",
            "tags": {
              "Environment": "dev",
              "Name": "myNATGateway",
              "Terraform": "true"
            },
            "tags_all": {
              "Environment": "dev",
              "Name": "myNATGateway",
              "Terraform": "true"
            },
            "timeouts": null
          },
          "sensitive_attributes": [],
          "identity_schema_version": 0,
          "private": "eyJlMmJmYjczMC1lY2FhLTExZTYtOGY4OC0zNDM2M2JjN2M0YzAiOnsiY3JlYXRlIjo2MDAwMDAwMDAwMDAsImRlbGV0ZSI6MTgwMDAwMDAwMDAwMCwidXBkYXRlIjo2MDAwMDAwMDAwMDB9fQ==",
          "dependencies": [
            "aws_eip.elasticIP",
            "aws_internet_gateway.myIGW",
            "aws_subnet.publicSubnet",
            "aws_vpc.myVPC"
          ]
        }
      ]
    },
    {
      "mode": "managed",
      "type": "aws_route_table",
      "name": "myPrivateRouteTable",
      "provider": "provider[\"registry.terraform.io/hashicorp/aws\"]",
      "instances": [
        {
          "schema_version": 0,
          "attributes": {
            "arn": "arn:aws:ec2:us-west-2:599994645102:route-table/rtb-0a589fb8a5e5c0bf2",
            "id": "rtb-0a589fb8a5e5c0bf2",
            "owner_id": "599994645102",
            "propagating_vgws": [],
            "region": "us-west-2",
            "route": [
              {
                "carrier_gateway_id": "",
                "cidr_block": "0.0.0.0/0",
                "core_network_arn": "",
                "destination_prefix_list_id": "",
                "egress_only_gateway_id": "",
                "gateway_id": "",
                "ipv6_cidr_block": "",
                "local_gateway_id": "",
                "nat_gateway_id": "nat-07c86d0b3c2d6e5d6",
                "network_interface_id": "",
                "transit_gateway_id": "",
                "vpc_endpoint_id": "",
                "vpc_peering_connection_id": ""
              }
            ],
            "tags": {
              "Environment": "dev",
              "Name": "myPrivateRouteTable",
              "Terraform": "true"
            },
            "tags_all": {
              "Environment": "dev",
              "Name": "myPrivateRouteTable",
              "Terraform": "true"
            },
            "timeouts": null,
            "vpc_id": "vpc-03916c2e1c9c72246"
          },
          "sensitive_attributes": [],
          "identity_schema_version": 0,
          "private": "eyJlMmJmYjczMC1lY2FhLTExZTYtOGY4OC0zNDM2M2JjN2M0YzAiOnsiY3JlYXRlIjozMDAwMDAwMDAwMDAsImRlbGV0ZSI6MzAwMDAwMDAwMDAwLCJ1cGRhdGUiOjEyMDAwMDAwMDAwMH19",
          "dependencies": [
            "aws_eip.elasticIP",
            "aws_internet_gateway.myIGW",
            "aws_nat_gateway.myNATGateway",
            "aws_subnet.publicSubnet",
            "aws_vpc.myVPC"
          ]
        }
      ]
    },
    {
      "mode": "managed",
      "type": "aws_route_table",
      "name": "myPublicRouteTable",
      "provider": "provider[\"registry.terraform.io/hashicorp/aws\"]",
      "instances": [
        {
          "schema_version": 0,
          "attributes": {
            "arn": "arn:aws:ec2:us-west-2:599994645102:route-table/rtb-078a5a6faab4a6026",
            "id": "rtb-078a5a6faab4a6026",
            "owner_id": "599994645102",
            "propagating_vgws": [],
            "region": "us-west-2",
            "route": [
              {
                "carrier_gateway_id": "",
                "cidr_block": "0.0.0.0/0",
                "core_network_arn": "",
                "destination_prefix_list_id": "",
                "egress_only_gateway_id": "",
                "gateway_id": "igw-05fc524a900d627c3",
                "ipv6_cidr_block": "",
                "local_gateway_id": "",
                "nat_gateway_id": "",
                "network_interface_id": "",
                "transit_gateway_id": "",
                "vpc_endpoint_id": "",
                "vpc_peering_connection_id": ""
              }
            ],
            "tags": {
              "Environment": "dev",
              "Name": "myPublicRouteTable",
              "Terraform": "true"
            },
            "tags_all": {
              "Environment": "dev",
              "Name": "myPublicRouteTable",
              "Terraform": "true"
            },
            "timeouts": null,
            "vpc_id": "vpc-03916c2e1c9c72246"
          },
          "sensitive_attributes": [],
          "identity_schema_version": 0,
          "private": "eyJlMmJmYjczMC1lY2FhLTExZTYtOGY4OC0zNDM2M2JjN2M0YzAiOnsiY3JlYXRlIjozMDAwMDAwMDAwMDAsImRlbGV0ZSI6MzAwMDAwMDAwMDAwLCJ1cGRhdGUiOjEyMDAwMDAwMDAwMH19",
          "dependencies": [
            "aws_internet_gateway.myIGW",
            "aws_vpc.myVPC"
          ]
        }
      ]
    },
    {
      "mode": "managed",
      "type": "aws_route_table_association",
      "name": "private",
      "provider": "provider[\"registry.terraform.io/hashicorp/aws\"]",
      "instances": [
        {
          "schema_version": 0,
          "attributes": {
            "gateway_id": "",
            "id": "rtbassoc-042bc90e19fa06e6d",
            "region": "us-west-2",
            "route_table_id": "rtb-0a589fb8a5e5c0bf2",
            "subnet_id": "subnet-0b37e787abeda4cff",
            "timeouts": null
          },
          "sensitive_attributes": [],
          "identity_schema_version": 0,
          "private": "eyJlMmJmYjczMC1lY2FhLTExZTYtOGY4OC0zNDM2M2JjN2M0YzAiOnsiY3JlYXRlIjozMDAwMDAwMDAwMDAsImRlbGV0ZSI6MzAwMDAwMDAwMDAwLCJ1cGRhdGUiOjEyMDAwMDAwMDAwMH19",
          "dependencies": [
            "aws_eip.elasticIP",
            "aws_internet_gateway.myIGW",
            "aws_nat_gateway.myNATGateway",
            "aws_route_table.myPrivateRouteTable",
            "aws_subnet.privateSubnet",
            "aws_subnet.publicSubnet",
            "aws_vpc.myVPC"
          ]
        }
      ]
    },
    {
      "mode": "managed",
      "type": "aws_route_table_association",
      "name": "public",
      "provider": "provider[\"registry.terraform.io/hashicorp/aws\"]",
      "instances": [
        {
          "schema_version": 0,
          "attributes": {
            "gateway_id": "",
            "id": "rtbassoc-0af548e2029f75fa7",
            "region": "us-west-2",
            "route_table_id": "rtb-078a5a6faab4a6026",
            "subnet_id": "subnet-06211c5bd579e7786",
            "timeouts": null
          },
          "sensitive_attributes": [],
          "identity_schema_version": 0,
          "private": "eyJlMmJmYjczMC1lY2FhLTExZTYtOGY4OC0zNDM2M2JjN2M0YzAiOnsiY3JlYXRlIjozMDAwMDAwMDAwMDAsImRlbGV0ZSI6MzAwMDAwMDAwMDAwLCJ1cGRhdGUiOjEyMDAwMDAwMDAwMH19",
          "dependencies": [
            "aws_internet_gateway.myIGW",
            "aws_route_table.myPublicRouteTable",
            "aws_subnet.publicSubnet",
            "aws_vpc.myVPC"
          ]
        }
      ]
    },
    {
      "mode": "managed",
      "type": "aws_security_group",
      "name": "bastion_sg",
      "provider": "provider[\"registry.terraform.io/hashicorp/aws\"]",
      "instances": [
        {
          "schema_version": 1,
          "attributes": {
            "arn": "arn:aws:ec2:us-west-2:599994645102:security-group/sg-0ffa588fd45bf8a33",
            "description": "Security group for Bastion host - Restrict SSH access to specified IP",
            "egress": [
              {
                "cidr_blocks": [
                  "0.0.0.0/0"
                ],
                "description": "",
                "from_port": 0,
                "ipv6_cidr_blocks": [],
                "prefix_list_ids": [],
                "protocol": "-1",
                "security_groups": [],
                "self": false,
                "to_port": 0
              }
            ],
            "id": "sg-0ffa588fd45bf8a33",
            "ingress": [
              {
                "cidr_blocks": [
                  "95.222.26.151/32"
                ],
                "description": "SSH access from specified IP",
                "from_port": 22,
                "ipv6_cidr_blocks": [],
                "prefix_list_ids": [],
                "protocol": "tcp",
                "security_groups": [],
                "self": false,
                "to_port": 22
              }
            ],
            "name": "BastionSecurityGroup",
            "name_prefix": "",
            "owner_id": "599994645102",
            "region": "us-west-2",
            "revoke_rules_on_delete": false,
            "tags": {
              "Environment": "dev",
              "Name": "BastionSecurityGroup",
              "Terraform": "true"
            },
            "tags_all": {
              "Environment": "dev",
              "Name": "BastionSecurityGroup",
              "Terraform": "true"
            },
            "timeouts": null,
            "vpc_id": "vpc-03916c2e1c9c72246"
          },
          "sensitive_attributes": [],
          "identity_schema_version": 0,
          "private": "eyJlMmJmYjczMC1lY2FhLTExZTYtOGY4OC0zNDM2M2JjN2M0YzAiOnsiY3JlYXRlIjo2MDAwMDAwMDAwMDAsImRlbGV0ZSI6OTAwMDAwMDAwMDAwfSwic2NoZW1hX3ZlcnNpb24iOiIxIn0=",
          "dependencies": [
            "aws_vpc.myVPC"
          ]
        }
      ]
    },
    {
      "mode": "managed",
      "type": "aws_security_group",
      "name": "webserver_sg",
      "provider": "provider[\"registry.terraform.io/hashicorp/aws\"]",
      "instances": [
        {
          "schema_version": 1,
          "attributes": {
            "arn": "arn:aws:ec2:us-west-2:599994645102:security-group/sg-0636ad6e79491067c",
            "description": "Security group for web servers in private subnet",
            "egress": [
              {
                "cidr_blocks": [
                  "0.0.0.0/0"
                ],
                "description": "",
                "from_port": 0,
                "ipv6_cidr_blocks": [],
                "prefix_list_ids": [],
                "protocol": "-1",
                "security_groups": [],
                "self": false,
                "to_port": 0
              }
            ],
            "id": "sg-0636ad6e79491067c",
            "ingress": [
              {
                "cidr_blocks": [
                  "0.0.0.0/0"
                ],
                "description": "HTTP from anywhere",
                "from_port": 80,
                "ipv6_cidr_blocks": [],
                "prefix_list_ids": [],
                "protocol": "tcp",
                "security_groups": [],
                "self": false,
                "to_port": 80
              },
              {
                "cidr_blocks": [
                  "0.0.0.0/0"
                ],
                "description": "HTTPS from anywhere",
                "from_port": 443,
                "ipv6_cidr_blocks": [],
                "prefix_list_ids": [],
                "protocol": "tcp",
                "security_groups": [],
                "self": false,
                "to_port": 443
              },
              {
                "cidr_blocks": [],
                "description": "SSH from Bastion",
                "from_port": 22,
                "ipv6_cidr_blocks": [],
                "prefix_list_ids": [],
                "protocol": "tcp",
                "security_groups": [
                  "sg-0ffa588fd45bf8a33"
                ],
                "self": false,
                "to_port": 22
              }
            ],
            "name": "WebServerSecurityGroup",
            "name_prefix": "",
            "owner_id": "599994645102",
            "region": "us-west-2",
            "revoke_rules_on_delete": false,
            "tags": {
              "Environment": "dev",
              "Name": "WebServerSecurityGroup",
              "Terraform": "true"
            },
            "tags_all": {
              "Environment": "dev",
              "Name": "WebServerSecurityGroup",
              "Terraform": "true"
            },
            "timeouts": null,
            "vpc_id": "vpc-03916c2e1c9c72246"
          },
          "sensitive_attributes": [],
          "identity_schema_version": 0,
          "private": "eyJlMmJmYjczMC1lY2FhLTExZTYtOGY4OC0zNDM2M2JjN2M0YzAiOnsiY3JlYXRlIjo2MDAwMDAwMDAwMDAsImRlbGV0ZSI6OTAwMDAwMDAwMDAwfSwic2NoZW1hX3ZlcnNpb24iOiIxIn0=",
          "dependencies": [
            "aws_security_group.bastion_sg",
            "aws_vpc.myVPC"
          ]
        }
      ]
    },
    {
      "mode": "managed",
      "type": "aws_subnet",
      "name": "privateSubnet",
      "provider": "provider[\"registry.terraform.io/hashicorp/aws\"]",
      "instances": [
        {
          "schema_version": 1,
          "attributes": {
            "arn": "arn:aws:ec2:us-west-2:599994645102:subnet/subnet-0b37e787abeda4cff",
            "assign_ipv6_address_on_creation": false,
            "availability_zone": "us-west-2a",
            "availability_zone_id": "usw2-az1",
            "cidr_block": "10.0.0.0/26",
            "customer_owned_ipv4_pool": "",
            "enable_dns64": false,
            "enable_lni_at_device_index": 0,
            "enable_resource_name_dns_a_record_on_launch": false,
            "enable_resource_name_dns_aaaa_record_on_launch": false,
            "id": "subnet-0b37e787abeda4cff",
            "ipv6_cidr_block": "",
            "ipv6_cidr_block_association_id": "",
            "ipv6_native": false,
            "map_customer_owned_ip_on_launch": false,
            "map_public_ip_on_launch": false,
            "outpost_arn": "",
            "owner_id": "599994645102",
            "private_dns_hostname_type_on_launch": "ip-name",
            "region": "us-west-2",
            "tags": {
              "Environment": "dev",
              "Name": "privateSubnet",
              "Terraform": "true"
            },
            "tags_all": {
              "Environment": "dev",
              "Name": "privateSubnet",
              "Terraform": "true"
            },
            "timeouts": null,
            "vpc_id": "vpc-03916c2e1c9c72246"
          },
          "sensitive_attributes": [],
          "identity_schema_version": 0,
          "private": "eyJlMmJmYjczMC1lY2FhLTExZTYtOGY4OC0zNDM2M2JjN2M0YzAiOnsiY3JlYXRlIjo2MDAwMDAwMDAwMDAsImRlbGV0ZSI6MTIwMDAwMDAwMDAwMH0sInNjaGVtYV92ZXJzaW9uIjoiMSJ9",
          "dependencies": [
            "aws_vpc.myVPC"
          ]
        }
      ]
    },
    {
      "mode": "managed",
      "type": "aws_subnet",
      "name": "publicSubnet",
      "provider": "provider[\"registry.terraform.io/hashicorp/aws\"]",
      "instances": [
        {
          "schema_version": 1,
          "attributes": {
            "arn": "arn:aws:ec2:us-west-2:599994645102:subnet/subnet-06211c5bd579e7786",
            "assign_ipv6_address_on_creation": false,
            "availability_zone": "us-west-2a",
            "availability_zone_id": "usw2-az1",
            "cidr_block": "10.0.0.64/28",
            "customer_owned_ipv4_pool": "",
            "enable_dns64": false,
            "enable_lni_at_device_index": 0,
            "enable_resource_name_dns_a_record_on_launch": false,
            "enable_resource_name_dns_aaaa_record_on_launch": false,
            "id": "subnet-06211c5bd579e7786",
            "ipv6_cidr_block": "",
            "ipv6_cidr_block_association_id": "",
            "ipv6_native": false,
            "map_customer_owned_ip_on_launch": false,
            "map_public_ip_on_launch": true,
            "outpost_arn": "",
            "owner_id": "599994645102",
            "private_dns_hostname_type_on_launch": "ip-name",
            "region": "us-west-2",
            "tags": {
              "Environment": "dev",
              "Name": "publicSubnet",
              "Terraform": "true"
            },
            "tags_all": {
              "Environment": "dev",
              "Name": "publicSubnet",
              "Terraform": "true"
            },
            "timeouts": null,
            "vpc_id": "vpc-03916c2e1c9c72246"
          },
          "sensitive_attributes": [],
          "identity_schema_version": 0,
          "private": "eyJlMmJmYjczMC1lY2FhLTExZTYtOGY4OC0zNDM2M2JjN2M0YzAiOnsiY3JlYXRlIjo2MDAwMDAwMDAwMDAsImRlbGV0ZSI6MTIwMDAwMDAwMDAwMH0sInNjaGVtYV92ZXJzaW9uIjoiMSJ9",
          "dependencies": [
            "aws_vpc.myVPC"
          ]
        }
      ]
    },
    {
      "mode": "managed",
      "type": "aws_vpc",
      "name": "myVPC",
      "provider": "provider[\"registry.terraform.io/hashicorp/aws\"]",
      "instances": [
        {
          "schema_version": 1,
          "attributes": {
            "arn": "arn:aws:ec2:us-west-2:599994645102:vpc/vpc-03916c2e1c9c72246",
            "assign_generated_ipv6_cidr_block": false,
            "cidr_block": "10.0.0.0/25",
            "default_network_acl_id": "acl-080eb143fab7d3350",
            "default_route_table_id": "rtb-001617577e2484259",
            "default_security_group_id": "sg-052844518dc5d3357",
            "dhcp_options_id": "dopt-0d7ca485564609534",
            "enable_dns_hostnames": true,
            "enable_dns_support": true,
            "enable_network_address_usage_metrics": false,
            "id": "vpc-03916c2e1c9c72246",
            "instance_tenancy": "default",
            "ipv4_ipam_pool_id": null,
            "ipv4_netmask_length": null,
            "ipv6_association_id": "",
            "ipv6_cidr_block": "",
            "ipv6_cidr_block_network_border_group": "",
            "ipv6_ipam_pool_id": "",
            "ipv6_netmask_length": 0,
            "main_route_table_id": "rtb-001617577e2484259",
            "owner_id": "599994645102",
            "region": "us-west-2",
            "tags": {
              "Environment": "dev",
              "Name": "myVPC",
              "Terraform": "true"
            },
            "tags_all": {
              "Environment": "dev",
              "Name": "myVPC",
              "Terraform": "true"
            }
          },
          "sensitive_attributes": [],
          "identity_schema_version": 0,
          "private": "eyJzY2hlbWFfdmVyc2lvbiI6IjEifQ=="
        }
      ]
    },
    {
      "mode": "managed",
      "type": "local_file",
      "name": "private_key",
      "provider": "provider[\"registry.terraform.io/hashicorp/local\"]",
      "instances": [
        {
          "schema_version": 0,
          "attributes": {
            "content": "-----BEGIN RSA PRIVATE KEY-----\nMIIJKAIBAAKCAgEApLIQqu8OIIC2gIW5g5o9XwSil7lLzZRUgMOSuiBkN9Rl68F4\n0c74FXNcmTsmZA7ofKVoDy+3SngUYNYKLADL1uEINogHOj6XjeLQGEo8UPxtbbAI\nqfIPRE4FPwDAWVPGi9yE+dk+EYTUQxfG3IV0nbJAy0QNnmJL6FFSVOt2bc3yMZwI\nCBxBNfjNH49JsaIzc9kLHkYc4yM+LZaNaZn2PsXw6raY8Kz/yQOkpoy6QwbeQ7U5\nStpnXm4YfwryioG6iY0Z0VOLi9u49iKSjWp1XDqAkuuNhtdO8PM/ljzSkU4tPYwd\nX4hQK5jTjTA0BXIL6+t0J4uddWEoP38+KyxY+XrAVOnVtLinNctujWginf9fx7ts\n66CueFurDojqJlyTVFdPrZISETTcQlF9V2AjUo+eTqtEED1BNXC9fprQQk9r1ZGG\nXGD0r7LxEL52KZRjKRONA6aTr4wRCx1xy43f3+yG/eB+EEOBEN2ilCIwfyPTqMjX\nuLWuUYrF18ox/aaIXurBaZXd5v3LXNYYRl3ACi1ZoWYYVtiyaGCpj5mgKzmMrQ1/\nio8KImR2kytkuGOx5bBGRFJgpfxhr8FTYiHGq/U1H3aFO3YkRvjiqhBgA98qaNHZ\nXu8uugnknEVrnO7kGiPbvUb+criVraB3DpfUklu+4s26WVh+/NELNcXa4n0CAwEA\nAQKCAgADSi+tPzkAt85HDL5f0H9qu/l33v9fVZfghvrFCNIBQxb45oFaBr1yFD7x\nX24zY0OlzCbWRgVuKxR6uk8ATp3DwFswV6qpSuHIURNuDZTDdPj5aKHe3yzXfovg\nev/cnCDkEoOxFMCGi6j/x0q1Ufcgq631DkcLw5PkY2d2tpaQt/BSdfbutPD6hoQQ\nBGxo7EAFD7Agqsh3iXDIniOOzFppkGOkR84QFKyUhwpnB0c0zb831zfHQbIwTGVL\neFw2HXd5hh3raAG3SZLNKKcIkYVTOJnwrvYOdcbBmmJKFBOMTBiSpg9aJRHQ5R/o\nri6D1ogPCA6znlIG+INcAIstEP9pjoii/fb0T7XAKBlNiIN6Yr66Kkuo3WLbyeGV\nQ7d8ayW1EuXKbAo6mCnVv6SDKZj5KGfZxyNZjN9d+WOWhJB/YWyGEbkfDZ9GRuds\nsOLaQhWi1551WlR9hVcHK4mQC7jGns8mvqxxfQS4XEP1gcnAaCmYGY5F/mMbnK2U\nFn1fXSkPAcXJDVnNDB0sFidcmlWc2Op0TwdrQVw/SIT5HhN6rX0OHhNSHZYKm1Dd\nLcB2SHywwceRVZia8ueJExJ+4qBYein8eOQHDFAxtlM8RcNqygzLvO6k83HLMKEi\nepihhf9omiT3ZD3e30vIcMSRJUsy3Uoxd7+sr/5ETNVeKEpGsQKCAQEA1gARoCwR\n+BXSegYAxIUXVwfcl7lNA5r8pa/IzKZEIWum16yktX0q1nA0+WvBlf5XMG4oaGhJ\nqHDH3g/qU8DD4s8q3uLZtUCZlbBkoE++VbKLPoyQ1WWeHQwd68uA818BjpvOQmHq\nL3tmPcgaIl4RZb67k5XCi/77aFiuI8MqsSC3+6osgOprtFdTEnzwWyMYKZ6pIKUa\nWLQEtHzJmLsl82FF7AyOMFmxu5wARtRoZ+AuMiMvxjQTMpnnaKJpNoMjdRQl3SN5\nw2bOPxkCwoBjckDlQU122mPEN+A1RqY2vHmCGXgprecLSCIDSYq9Wq+aSYwyk8MU\nYuBXCs+iukMEyQKCAQEAxQTMrxFmyGDCmhWRx2tJy+6ISEjz2MEy7/gJbTFWmU8s\n8LaWELnaWACNus/HtnH19YdKp+9fXQnpbQ+R8LNmCNHg4HB5tLGLWmvzEA/I3nV0\nxkG/4ySX5AyDF896em2jLPAaeSwOA1H00gxjKz49Gv1Fm7u5N1+W8aMzdB/jTO44\nJXnVCjlug6p69yA5ObKYxxGxe+MTrBw47lHh5kLCPpNbuU8feHO90GaNdA2s5sNf\nwN/2nYMT6SZ+XeYc24kDToEaM9mksIWnyragZsADyv8G+LjAHLQ657gJap4Hwhp0\nsY4LPIsDUnFozKUxDu0gfpAX5qvMRQsQaPWqYhSOFQKCAQBauwi+CjFMJ6RnS+hD\nadIteg3S3iOC5dE8Rj0yV0QHj2bbhj0HHZxt8oDjRwZ6m61HwUysh5rDKZ3zzneh\nLtdecEtS2IdJS6xSRMlFFsox91MGH/7AGydgVWTSNiPkC2HTnsdiabUqkH0WsKIz\n9AIYSzeoKRSk2mSpJwAd9X9CPgcDUnEv7zPe8C8uZX5ahZSXAMfgKV/0P87G3ylx\n8dbzS0ij/ebDJSQv0MJlRWVGtUugwj5dIHMLPylXuZQ2In+EAhjTm1jiudGz+tyq\nrlh7dnw8paVAjpAAyLSN0abfXf0E42d4bb7gxFr0cTg7HLyjdidzcoBQM6Fz2fi6\nU/PRAoIBAQC3An9Te/ma1m7ODI0uzdVuDrQfWUzRop07VY8EFBmaLXbUXvbEsK9G\nobUFu+6K5g8QNM0/c9aEqSlgul7ZVPvJ45NdSH11QJrusmnFGLSBGGARrY+eYiaJ\nmqnHW14tDVzO6HXe6vJVWTLuTr1rtNO0F2IqiFVDP5MKAIxSKTDODFaxURt49OJY\ngerZVeByXRkXibLxHnzumgS0M/GAH7EpyV4ho4LbM8A1Lp3lGLLsZL20fxYpOFIt\neClX9eIGd55PtRLu6RPXOUAkyEH1UBX14bHLJmql/zDcgBKXLBaO0l5ldEmxwnui\ngGBWAHiyochWaGkbR6hm1iE3LkRH+UoFAoIBAGsdiGdTBeaaSflZYunjF6olNQB0\n+n6cp0wtqkxfNRwyPgYCru2jHQsv4O47TIZS2vVWlWLjRTyfLtxDxdnOiO9aCfTu\nhSxGUGh1PTZGtb2jjPVh7hs2iWOytbcb33EkufL/+VRVnMFvCQc3cs8UORIEFYVd\nuLvF0JvfadfNFvdrSuB5arjQzSSYG51abmb/cOthjsKIfZp7il8Dnzrt/Vw9hFAt\nwPdGgcd7Eg1dytqK8iLGRPkjAPSDg6vCtH18EAXmdDBfFRf2fhZ5XvwfIP5gGedZ\n5ll41rZFGbGCtzeUZqetpfu1kysAFjU4lvhoJlt8OBllEmN5XuRVxY8Zw8w=\n-----END RSA PRIVATE KEY-----\n",
            "content_base64": null,
            "content_base64sha256": "QNPHIbBWd9lvZwQ612wLXuC88JGoagWZrcFJaXsgKJs=",
            "content_base64sha512": "ie4CleB5JvNY87ueYHL0PspnbFpI3ItNbM0TbQ0CGTrQRsGDHObVsG4K7W/m4C3WuXM8oMLg0H7lbWua3VU0aA==",
            "content_md5": "fe6052097157fa80adebcd188f666026",
            "content_sha1": "1b14787ae20c9dc44118e583efa25530690aa940",
            "content_sha256": "40d3c721b05677d96f67043ad76c0b5ee0bcf091a86a0599adc149697b20289b",
            "content_sha512": "89ee0295e07926f358f3bb9e6072f43eca676c5a48dc8b4d6ccd136d0d02193ad046c1831ce6d5b06e0aed6fe6e02dd6b9733ca0c2e0d07ee56d6b9add553468",
            "directory_permission": "0777",
            "file_permission": "0600",
            "filename": "./ssh-key-dev.pem",
            "id": "1b14787ae20c9dc44118e583efa25530690aa940",
            "sensitive_content": null,
            "source": null
          },
          "sensitive_attributes": [
            [
              {
                "type": "get_attr",
                "value": "content"
              }
            ],
            [
              {
                "type": "get_attr",
                "value": "sensitive_content"
              }
            ]
          ],
          "identity_schema_version": 0,
          "dependencies": [
            "tls_private_key.ssh_key"
          ]
        }
      ]
    },
    {
      "mode": "managed",
      "type": "tls_private_key",
      "name": "ssh_key",
      "provider": "provider[\"registry.terraform.io/hashicorp/tls\"]",
      "instances": [
        {
          "schema_version": 1,
          "attributes": {
            "algorithm": "RSA",
            "ecdsa_curve": "P224",
            "id": "56e171be1f01fc7bf43b4262d971c741f7bc7ee2",
            "private_key_openssh": "-----BEGIN OPENSSH PRIVATE KEY-----\nb3BlbnNzaC1rZXktdjEAAAAABG5vbmUAAAAEbm9uZQAAAAAAAAABAAACFwAAAAdz\nc2gtcnNhAAAAAwEAAQAAAgEApLIQqu8OIIC2gIW5g5o9XwSil7lLzZRUgMOSuiBk\nN9Rl68F40c74FXNcmTsmZA7ofKVoDy+3SngUYNYKLADL1uEINogHOj6XjeLQGEo8\nUPxtbbAIqfIPRE4FPwDAWVPGi9yE+dk+EYTUQxfG3IV0nbJAy0QNnmJL6FFSVOt2\nbc3yMZwICBxBNfjNH49JsaIzc9kLHkYc4yM+LZaNaZn2PsXw6raY8Kz/yQOkpoy6\nQwbeQ7U5StpnXm4YfwryioG6iY0Z0VOLi9u49iKSjWp1XDqAkuuNhtdO8PM/ljzS\nkU4tPYwdX4hQK5jTjTA0BXIL6+t0J4uddWEoP38+KyxY+XrAVOnVtLinNctujWgi\nnf9fx7ts66CueFurDojqJlyTVFdPrZISETTcQlF9V2AjUo+eTqtEED1BNXC9fprQ\nQk9r1ZGGXGD0r7LxEL52KZRjKRONA6aTr4wRCx1xy43f3+yG/eB+EEOBEN2ilCIw\nfyPTqMjXuLWuUYrF18ox/aaIXurBaZXd5v3LXNYYRl3ACi1ZoWYYVtiyaGCpj5mg\nKzmMrQ1/io8KImR2kytkuGOx5bBGRFJgpfxhr8FTYiHGq/U1H3aFO3YkRvjiqhBg\nA98qaNHZXu8uugnknEVrnO7kGiPbvUb+criVraB3DpfUklu+4s26WVh+/NELNcXa\n4n0AAAc4iT96D4k/eg8AAAAHc3NoLXJzYQAAAgEApLIQqu8OIIC2gIW5g5o9XwSi\nl7lLzZRUgMOSuiBkN9Rl68F40c74FXNcmTsmZA7ofKVoDy+3SngUYNYKLADL1uEI\nNogHOj6XjeLQGEo8UPxtbbAIqfIPRE4FPwDAWVPGi9yE+dk+EYTUQxfG3IV0nbJA\ny0QNnmJL6FFSVOt2bc3yMZwICBxBNfjNH49JsaIzc9kLHkYc4yM+LZaNaZn2PsXw\n6raY8Kz/yQOkpoy6QwbeQ7U5StpnXm4YfwryioG6iY0Z0VOLi9u49iKSjWp1XDqA\nkuuNhtdO8PM/ljzSkU4tPYwdX4hQK5jTjTA0BXIL6+t0J4uddWEoP38+KyxY+XrA\nVOnVtLinNctujWginf9fx7ts66CueFurDojqJlyTVFdPrZISETTcQlF9V2AjUo+e\nTqtEED1BNXC9fprQQk9r1ZGGXGD0r7LxEL52KZRjKRONA6aTr4wRCx1xy43f3+yG\n/eB+EEOBEN2ilCIwfyPTqMjXuLWuUYrF18ox/aaIXurBaZXd5v3LXNYYRl3ACi1Z\noWYYVtiyaGCpj5mgKzmMrQ1/io8KImR2kytkuGOx5bBGRFJgpfxhr8FTYiHGq/U1\nH3aFO3YkRvjiqhBgA98qaNHZXu8uugnknEVrnO7kGiPbvUb+criVraB3DpfUklu+\n4s26WVh+/NELNcXa4n0AAAADAQABAAACAANKL60/OQC3zkcMvl/Qf2q7+Xfe/19V\nl+CG+sUI0gFDFvjmgVoGvXIUPvFfbjNjQ6XMJtZGBW4rFHq6TwBOncPAWzBXqqlK\n4chRE24NlMN0+Plood7fLNd+i+B6/9ycIOQSg7EUwIaLqP/HSrVR9yCrrfUORwvD\nk+RjZ3a2lpC38FJ19u608PqGhBAEbGjsQAUPsCCqyHeJcMieI47MWmmQY6RHzhAU\nrJSHCmcHRzTNvzfXN8dBsjBMZUt4XDYdd3mGHetoAbdJks0opwiRhVM4mfCu9g51\nxsGaYkoUE4xMGJKmD1olEdDlH+iuLoPWiA8IDrOeUgb4g1wAiy0Q/2mOiKL99vRP\ntcAoGU2Ig3pivroqS6jdYtvJ4ZVDt3xrJbUS5cpsCjqYKdW/pIMpmPkoZ9nHI1mM\n3135Y5aEkH9hbIYRuR8Nn0ZG52yw4tpCFaLXnnVaVH2FVwcriZALuMaezya+rHF9\nBLhcQ/WBycBoKZgZjkX+YxucrZQWfV9dKQ8BxckNWc0MHSwWJ1yaVZzY6nRPB2tB\nXD9IhPkeE3qtfQ4eE1IdlgqbUN0twHZIfLDBx5FVmJry54kTEn7ioFh6Kfx45AcM\nUDG2UzxFw2rKDMu87qTzccswoSJ6mKGF/2iaJPdkPd7fS8hwxJElSzLdSjF3v6yv\n/kRM1V4oSkaxAAABAGsdiGdTBeaaSflZYunjF6olNQB0+n6cp0wtqkxfNRwyPgYC\nru2jHQsv4O47TIZS2vVWlWLjRTyfLtxDxdnOiO9aCfTuhSxGUGh1PTZGtb2jjPVh\n7hs2iWOytbcb33EkufL/+VRVnMFvCQc3cs8UORIEFYVduLvF0JvfadfNFvdrSuB5\narjQzSSYG51abmb/cOthjsKIfZp7il8Dnzrt/Vw9hFAtwPdGgcd7Eg1dytqK8iLG\nRPkjAPSDg6vCtH18EAXmdDBfFRf2fhZ5XvwfIP5gGedZ5ll41rZFGbGCtzeUZqet\npfu1kysAFjU4lvhoJlt8OBllEmN5XuRVxY8Zw8wAAAEBANYAEaAsEfgV0noGAMSF\nF1cH3Je5TQOa/KWvyMymRCFrptespLV9KtZwNPlrwZX+VzBuKGhoSahwx94P6lPA\nw+LPKt7i2bVAmZWwZKBPvlWyiz6MkNVlnh0MHevLgPNfAY6bzkJh6i97Zj3IGiJe\nEWW+u5OVwov++2hYriPDKrEgt/uqLIDqa7RXUxJ88FsjGCmeqSClGli0BLR8yZi7\nJfNhRewMjjBZsbucAEbUaGfgLjIjL8Y0EzKZ52iiaTaDI3UUJd0jecNmzj8ZAsKA\nY3JA5UFNdtpjxDfgNUamNrx5ghl4Ka3nC0giA0mKvVqvmkmMMpPDFGLgVwrPorpD\nBMkAAAEBAMUEzK8RZshgwpoVkcdrScvuiEhI89jBMu/4CW0xVplPLPC2lhC52lgA\njbrPx7Zx9fWHSqfvX10J6W0PkfCzZgjR4OBwebSxi1pr8xAPyN51dMZBv+Mkl+QM\ngxfPenptoyzwGnksDgNR9NIMYys+PRr9RZu7uTdflvGjM3Qf40zuOCV51Qo5boOq\nevcgOTmymMcRsXvjE6wcOO5R4eZCwj6TW7lPH3hzvdBmjXQNrObDX8Df9p2DE+km\nfl3mHNuJA06BGjPZpLCFp8q2oGbAA8r/Bvi4wBy0Oue4CWqeB8IadLGOCzyLA1Jx\naMylMQ7tIH6QF+arzEULEGj1qmIUjhUAAAAAAQID\n-----END OPENSSH PRIVATE KEY-----\n",
            "private_key_pem": "-----BEGIN RSA PRIVATE KEY-----\nMIIJKAIBAAKCAgEApLIQqu8OIIC2gIW5g5o9XwSil7lLzZRUgMOSuiBkN9Rl68F4\n0c74FXNcmTsmZA7ofKVoDy+3SngUYNYKLADL1uEINogHOj6XjeLQGEo8UPxtbbAI\nqfIPRE4FPwDAWVPGi9yE+dk+EYTUQxfG3IV0nbJAy0QNnmJL6FFSVOt2bc3yMZwI\nCBxBNfjNH49JsaIzc9kLHkYc4yM+LZaNaZn2PsXw6raY8Kz/yQOkpoy6QwbeQ7U5\nStpnXm4YfwryioG6iY0Z0VOLi9u49iKSjWp1XDqAkuuNhtdO8PM/ljzSkU4tPYwd\nX4hQK5jTjTA0BXIL6+t0J4uddWEoP38+KyxY+XrAVOnVtLinNctujWginf9fx7ts\n66CueFurDojqJlyTVFdPrZISETTcQlF9V2AjUo+eTqtEED1BNXC9fprQQk9r1ZGG\nXGD0r7LxEL52KZRjKRONA6aTr4wRCx1xy43f3+yG/eB+EEOBEN2ilCIwfyPTqMjX\nuLWuUYrF18ox/aaIXurBaZXd5v3LXNYYRl3ACi1ZoWYYVtiyaGCpj5mgKzmMrQ1/\nio8KImR2kytkuGOx5bBGRFJgpfxhr8FTYiHGq/U1H3aFO3YkRvjiqhBgA98qaNHZ\nXu8uugnknEVrnO7kGiPbvUb+criVraB3DpfUklu+4s26WVh+/NELNcXa4n0CAwEA\nAQKCAgADSi+tPzkAt85HDL5f0H9qu/l33v9fVZfghvrFCNIBQxb45oFaBr1yFD7x\nX24zY0OlzCbWRgVuKxR6uk8ATp3DwFswV6qpSuHIURNuDZTDdPj5aKHe3yzXfovg\nev/cnCDkEoOxFMCGi6j/x0q1Ufcgq631DkcLw5PkY2d2tpaQt/BSdfbutPD6hoQQ\nBGxo7EAFD7Agqsh3iXDIniOOzFppkGOkR84QFKyUhwpnB0c0zb831zfHQbIwTGVL\neFw2HXd5hh3raAG3SZLNKKcIkYVTOJnwrvYOdcbBmmJKFBOMTBiSpg9aJRHQ5R/o\nri6D1ogPCA6znlIG+INcAIstEP9pjoii/fb0T7XAKBlNiIN6Yr66Kkuo3WLbyeGV\nQ7d8ayW1EuXKbAo6mCnVv6SDKZj5KGfZxyNZjN9d+WOWhJB/YWyGEbkfDZ9GRuds\nsOLaQhWi1551WlR9hVcHK4mQC7jGns8mvqxxfQS4XEP1gcnAaCmYGY5F/mMbnK2U\nFn1fXSkPAcXJDVnNDB0sFidcmlWc2Op0TwdrQVw/SIT5HhN6rX0OHhNSHZYKm1Dd\nLcB2SHywwceRVZia8ueJExJ+4qBYein8eOQHDFAxtlM8RcNqygzLvO6k83HLMKEi\nepihhf9omiT3ZD3e30vIcMSRJUsy3Uoxd7+sr/5ETNVeKEpGsQKCAQEA1gARoCwR\n+BXSegYAxIUXVwfcl7lNA5r8pa/IzKZEIWum16yktX0q1nA0+WvBlf5XMG4oaGhJ\nqHDH3g/qU8DD4s8q3uLZtUCZlbBkoE++VbKLPoyQ1WWeHQwd68uA818BjpvOQmHq\nL3tmPcgaIl4RZb67k5XCi/77aFiuI8MqsSC3+6osgOprtFdTEnzwWyMYKZ6pIKUa\nWLQEtHzJmLsl82FF7AyOMFmxu5wARtRoZ+AuMiMvxjQTMpnnaKJpNoMjdRQl3SN5\nw2bOPxkCwoBjckDlQU122mPEN+A1RqY2vHmCGXgprecLSCIDSYq9Wq+aSYwyk8MU\nYuBXCs+iukMEyQKCAQEAxQTMrxFmyGDCmhWRx2tJy+6ISEjz2MEy7/gJbTFWmU8s\n8LaWELnaWACNus/HtnH19YdKp+9fXQnpbQ+R8LNmCNHg4HB5tLGLWmvzEA/I3nV0\nxkG/4ySX5AyDF896em2jLPAaeSwOA1H00gxjKz49Gv1Fm7u5N1+W8aMzdB/jTO44\nJXnVCjlug6p69yA5ObKYxxGxe+MTrBw47lHh5kLCPpNbuU8feHO90GaNdA2s5sNf\nwN/2nYMT6SZ+XeYc24kDToEaM9mksIWnyragZsADyv8G+LjAHLQ657gJap4Hwhp0\nsY4LPIsDUnFozKUxDu0gfpAX5qvMRQsQaPWqYhSOFQKCAQBauwi+CjFMJ6RnS+hD\nadIteg3S3iOC5dE8Rj0yV0QHj2bbhj0HHZxt8oDjRwZ6m61HwUysh5rDKZ3zzneh\nLtdecEtS2IdJS6xSRMlFFsox91MGH/7AGydgVWTSNiPkC2HTnsdiabUqkH0WsKIz\n9AIYSzeoKRSk2mSpJwAd9X9CPgcDUnEv7zPe8C8uZX5ahZSXAMfgKV/0P87G3ylx\n8dbzS0ij/ebDJSQv0MJlRWVGtUugwj5dIHMLPylXuZQ2In+EAhjTm1jiudGz+tyq\nrlh7dnw8paVAjpAAyLSN0abfXf0E42d4bb7gxFr0cTg7HLyjdidzcoBQM6Fz2fi6\nU/PRAoIBAQC3An9Te/ma1m7ODI0uzdVuDrQfWUzRop07VY8EFBmaLXbUXvbEsK9G\nobUFu+6K5g8QNM0/c9aEqSlgul7ZVPvJ45NdSH11QJrusmnFGLSBGGARrY+eYiaJ\nmqnHW14tDVzO6HXe6vJVWTLuTr1rtNO0F2IqiFVDP5MKAIxSKTDODFaxURt49OJY\ngerZVeByXRkXibLxHnzumgS0M/GAH7EpyV4ho4LbM8A1Lp3lGLLsZL20fxYpOFIt\neClX9eIGd55PtRLu6RPXOUAkyEH1UBX14bHLJmql/zDcgBKXLBaO0l5ldEmxwnui\ngGBWAHiyochWaGkbR6hm1iE3LkRH+UoFAoIBAGsdiGdTBeaaSflZYunjF6olNQB0\n+n6cp0wtqkxfNRwyPgYCru2jHQsv4O47TIZS2vVWlWLjRTyfLtxDxdnOiO9aCfTu\nhSxGUGh1PTZGtb2jjPVh7hs2iWOytbcb33EkufL/+VRVnMFvCQc3cs8UORIEFYVd\nuLvF0JvfadfNFvdrSuB5arjQzSSYG51abmb/cOthjsKIfZp7il8Dnzrt/Vw9hFAt\nwPdGgcd7Eg1dytqK8iLGRPkjAPSDg6vCtH18EAXmdDBfFRf2fhZ5XvwfIP5gGedZ\n5ll41rZFGbGCtzeUZqetpfu1kysAFjU4lvhoJlt8OBllEmN5XuRVxY8Zw8w=\n-----END RSA PRIVATE KEY-----\n",
            "private_key_pem_pkcs8": "-----BEGIN PRIVATE KEY-----\nMIIJQgIBADANBgkqhkiG9w0BAQEFAASCCSwwggkoAgEAAoICAQCkshCq7w4ggLaA\nhbmDmj1fBKKXuUvNlFSAw5K6IGQ31GXrwXjRzvgVc1yZOyZkDuh8pWgPL7dKeBRg\n1gosAMvW4Qg2iAc6PpeN4tAYSjxQ/G1tsAip8g9ETgU/AMBZU8aL3IT52T4RhNRD\nF8bchXSdskDLRA2eYkvoUVJU63ZtzfIxnAgIHEE1+M0fj0mxojNz2QseRhzjIz4t\nlo1pmfY+xfDqtpjwrP/JA6SmjLpDBt5DtTlK2mdebhh/CvKKgbqJjRnRU4uL27j2\nIpKNanVcOoCS642G107w8z+WPNKRTi09jB1fiFArmNONMDQFcgvr63Qni511YSg/\nfz4rLFj5esBU6dW0uKc1y26NaCKd/1/Hu2zroK54W6sOiOomXJNUV0+tkhIRNNxC\nUX1XYCNSj55Oq0QQPUE1cL1+mtBCT2vVkYZcYPSvsvEQvnYplGMpE40DppOvjBEL\nHXHLjd/f7Ib94H4QQ4EQ3aKUIjB/I9OoyNe4ta5RisXXyjH9pohe6sFpld3m/ctc\n1hhGXcAKLVmhZhhW2LJoYKmPmaArOYytDX+KjwoiZHaTK2S4Y7HlsEZEUmCl/GGv\nwVNiIcar9TUfdoU7diRG+OKqEGAD3ypo0dle7y66CeScRWuc7uQaI9u9Rv5yuJWt\noHcOl9SSW77izbpZWH780Qs1xdrifQIDAQABAoICAANKL60/OQC3zkcMvl/Qf2q7\n+Xfe/19Vl+CG+sUI0gFDFvjmgVoGvXIUPvFfbjNjQ6XMJtZGBW4rFHq6TwBOncPA\nWzBXqqlK4chRE24NlMN0+Plood7fLNd+i+B6/9ycIOQSg7EUwIaLqP/HSrVR9yCr\nrfUORwvDk+RjZ3a2lpC38FJ19u608PqGhBAEbGjsQAUPsCCqyHeJcMieI47MWmmQ\nY6RHzhAUrJSHCmcHRzTNvzfXN8dBsjBMZUt4XDYdd3mGHetoAbdJks0opwiRhVM4\nmfCu9g51xsGaYkoUE4xMGJKmD1olEdDlH+iuLoPWiA8IDrOeUgb4g1wAiy0Q/2mO\niKL99vRPtcAoGU2Ig3pivroqS6jdYtvJ4ZVDt3xrJbUS5cpsCjqYKdW/pIMpmPko\nZ9nHI1mM3135Y5aEkH9hbIYRuR8Nn0ZG52yw4tpCFaLXnnVaVH2FVwcriZALuMae\nzya+rHF9BLhcQ/WBycBoKZgZjkX+YxucrZQWfV9dKQ8BxckNWc0MHSwWJ1yaVZzY\n6nRPB2tBXD9IhPkeE3qtfQ4eE1IdlgqbUN0twHZIfLDBx5FVmJry54kTEn7ioFh6\nKfx45AcMUDG2UzxFw2rKDMu87qTzccswoSJ6mKGF/2iaJPdkPd7fS8hwxJElSzLd\nSjF3v6yv/kRM1V4oSkaxAoIBAQDWABGgLBH4FdJ6BgDEhRdXB9yXuU0Dmvylr8jM\npkQha6bXrKS1fSrWcDT5a8GV/lcwbihoaEmocMfeD+pTwMPizyre4tm1QJmVsGSg\nT75Vsos+jJDVZZ4dDB3ry4DzXwGOm85CYeove2Y9yBoiXhFlvruTlcKL/vtoWK4j\nwyqxILf7qiyA6mu0V1MSfPBbIxgpnqkgpRpYtAS0fMmYuyXzYUXsDI4wWbG7nABG\n1Ghn4C4yIy/GNBMymedoomk2gyN1FCXdI3nDZs4/GQLCgGNyQOVBTXbaY8Q34DVG\npja8eYIZeCmt5wtIIgNJir1ar5pJjDKTwxRi4FcKz6K6QwTJAoIBAQDFBMyvEWbI\nYMKaFZHHa0nL7ohISPPYwTLv+AltMVaZTyzwtpYQudpYAI26z8e2cfX1h0qn719d\nCeltD5Hws2YI0eDgcHm0sYtaa/MQD8jedXTGQb/jJJfkDIMXz3p6baMs8Bp5LA4D\nUfTSDGMrPj0a/UWbu7k3X5bxozN0H+NM7jgledUKOW6Dqnr3IDk5spjHEbF74xOs\nHDjuUeHmQsI+k1u5Tx94c73QZo10Dazmw1/A3/adgxPpJn5d5hzbiQNOgRoz2aSw\nhafKtqBmwAPK/wb4uMActDrnuAlqngfCGnSxjgs8iwNScWjMpTEO7SB+kBfmq8xF\nCxBo9apiFI4VAoIBAFq7CL4KMUwnpGdL6ENp0i16DdLeI4Ll0TxGPTJXRAePZtuG\nPQcdnG3ygONHBnqbrUfBTKyHmsMpnfPOd6Eu115wS1LYh0lLrFJEyUUWyjH3UwYf\n/sAbJ2BVZNI2I+QLYdOex2JptSqQfRawojP0AhhLN6gpFKTaZKknAB31f0I+BwNS\ncS/vM97wLy5lflqFlJcAx+ApX/Q/zsbfKXHx1vNLSKP95sMlJC/QwmVFZUa1S6DC\nPl0gcws/KVe5lDYif4QCGNObWOK50bP63KquWHt2fDylpUCOkADItI3Rpt9d/QTj\nZ3htvuDEWvRxODscvKN2J3NygFAzoXPZ+LpT89ECggEBALcCf1N7+ZrWbs4MjS7N\n1W4OtB9ZTNGinTtVjwQUGZotdtRe9sSwr0ahtQW77ormDxA0zT9z1oSpKWC6XtlU\n+8njk11IfXVAmu6yacUYtIEYYBGtj55iJomaqcdbXi0NXM7odd7q8lVZMu5OvWu0\n07QXYiqIVUM/kwoAjFIpMM4MVrFRG3j04liB6tlV4HJdGReJsvEefO6aBLQz8YAf\nsSnJXiGjgtszwDUuneUYsuxkvbR/Fik4Ui14KVf14gZ3nk+1Eu7pE9c5QCTIQfVQ\nFfXhscsmaqX/MNyAEpcsFo7SXmV0SbHCe6KAYFYAeLKhyFZoaRtHqGbWITcuREf5\nSgUCggEAax2IZ1MF5ppJ+Vli6eMXqiU1AHT6fpynTC2qTF81HDI+BgKu7aMdCy/g\n7jtMhlLa9VaVYuNFPJ8u3EPF2c6I71oJ9O6FLEZQaHU9Nka1vaOM9WHuGzaJY7K1\ntxvfcSS58v/5VFWcwW8JBzdyzxQ5EgQVhV24u8XQm99p180W92tK4HlquNDNJJgb\nnVpuZv9w62GOwoh9mnuKXwOfOu39XD2EUC3A90aBx3sSDV3K2oryIsZE+SMA9IOD\nq8K0fXwQBeZ0MF8VF/Z+Fnle/B8g/mAZ51nmWXjWtkUZsYK3N5Rmp62l+7WTKwAW\nNTiW+GgmW3w4GWUSY3le5FXFjxnDzA==\n-----END PRIVATE KEY-----\n",
            "public_key_fingerprint_md5": "08:64:8f:86:31:11:9d:01:a7:2b:43:c8:07:31:88:fd",
            "public_key_fingerprint_sha256": "SHA256:dXoRfJMob93bYH817tiWf6PnV3cfDlnzNxHusrGx3z8",
            "public_key_openssh": "ssh-rsa AAAAB3NzaC1yc2EAAAADAQABAAACAQCkshCq7w4ggLaAhbmDmj1fBKKXuUvNlFSAw5K6IGQ31GXrwXjRzvgVc1yZOyZkDuh8pWgPL7dKeBRg1gosAMvW4Qg2iAc6PpeN4tAYSjxQ/G1tsAip8g9ETgU/AMBZU8aL3IT52T4RhNRDF8bchXSdskDLRA2eYkvoUVJU63ZtzfIxnAgIHEE1+M0fj0mxojNz2QseRhzjIz4tlo1pmfY+xfDqtpjwrP/JA6SmjLpDBt5DtTlK2mdebhh/CvKKgbqJjRnRU4uL27j2IpKNanVcOoCS642G107w8z+WPNKRTi09jB1fiFArmNONMDQFcgvr63Qni511YSg/fz4rLFj5esBU6dW0uKc1y26NaCKd/1/Hu2zroK54W6sOiOomXJNUV0+tkhIRNNxCUX1XYCNSj55Oq0QQPUE1cL1+mtBCT2vVkYZcYPSvsvEQvnYplGMpE40DppOvjBELHXHLjd/f7Ib94H4QQ4EQ3aKUIjB/I9OoyNe4ta5RisXXyjH9pohe6sFpld3m/ctc1hhGXcAKLVmhZhhW2LJoYKmPmaArOYytDX+KjwoiZHaTK2S4Y7HlsEZEUmCl/GGvwVNiIcar9TUfdoU7diRG+OKqEGAD3ypo0dle7y66CeScRWuc7uQaI9u9Rv5yuJWtoHcOl9SSW77izbpZWH780Qs1xdrifQ==\n",
            "public_key_pem": "-----BEGIN PUBLIC KEY-----\nMIICIjANBgkqhkiG9w0BAQEFAAOCAg8AMIICCgKCAgEApLIQqu8OIIC2gIW5g5o9\nXwSil7lLzZRUgMOSuiBkN9Rl68F40c74FXNcmTsmZA7ofKVoDy+3SngUYNYKLADL\n1uEINogHOj6XjeLQGEo8UPxtbbAIqfIPRE4FPwDAWVPGi9yE+dk+EYTUQxfG3IV0\nnbJAy0QNnmJL6FFSVOt2bc3yMZwICBxBNfjNH49JsaIzc9kLHkYc4yM+LZaNaZn2\nPsXw6raY8Kz/yQOkpoy6QwbeQ7U5StpnXm4YfwryioG6iY0Z0VOLi9u49iKSjWp1\nXDqAkuuNhtdO8PM/ljzSkU4tPYwdX4hQK5jTjTA0BXIL6+t0J4uddWEoP38+KyxY\n+XrAVOnVtLinNctujWginf9fx7ts66CueFurDojqJlyTVFdPrZISETTcQlF9V2Aj\nUo+eTqtEED1BNXC9fprQQk9r1ZGGXGD0r7LxEL52KZRjKRONA6aTr4wRCx1xy43f\n3+yG/eB+EEOBEN2ilCIwfyPTqMjXuLWuUYrF18ox/aaIXurBaZXd5v3LXNYYRl3A\nCi1ZoWYYVtiyaGCpj5mgKzmMrQ1/io8KImR2kytkuGOx5bBGRFJgpfxhr8FTYiHG\nq/U1H3aFO3YkRvjiqhBgA98qaNHZXu8uugnknEVrnO7kGiPbvUb+criVraB3DpfU\nklu+4s26WVh+/NELNcXa4n0CAwEAAQ==\n-----END PUBLIC KEY-----\n",
            "rsa_bits": 4096
          },
          "sensitive_attributes": [
            [
              {
                "type": "get_attr",
                "value": "private_key_openssh"
              }
            ],
            [
              {
                "type": "get_attr",
                "value": "private_key_pem"
              }
            ],
            [
              {
                "type": "get_attr",
                "value": "private_key_pem_pkcs8"
              }
            ]
          ],
          "identity_schema_version": 0
        }
      ]
    }
  ],
  "check_results": null
}
