{
  "version": 4,
  "terraform_version": "1.12.2",
  "serial": 784,
  "lineage": "1925b700-2f66-0cd5-71f9-b7ae09686276",
  "outputs": {
    "bastion_public_ip": {
      "value": "54.184.82.124",
      "type": "string"
    },
    "connection_instructions": {
      "value": "    \n=== CONNECTION INSTRUCTIONS ===\n    \n1. SSH to Bastion host:\n   ssh -i ./ssh-key-dev.pem ec2-user@54.184.82.124\n    \n2. From Bastion, SSH to WordPress:\n   First, copy your SSH key to the Bastion:\n   scp -i ./ssh-key-dev.pem ./ssh-key-dev.pem ec2-user@54.184.82.124:~/\n       \n   Then SSH to the WordPress server:\n   ssh -i ~/ssh-key-dev.pem ec2-user@10.0.0.139\n    \n🌐 WORDPRESS ACCESS (Secure):\n   URL: http://wordpress-alb-dev-1093487595.us-west-2.elb.amazonaws.com\n       \n🔒 ARCHITECTURE:\n   Internet → Load Balancer (Public) → WordPress (Private) → Database (Private)\n",
      "type": "string"
    },
    "database_endpoint": {
      "value": "wordpress-db-dev.cyuicznmrsyz.us-west-2.rds.amazonaws.com:3306",
      "type": "string",
      "sensitive": true
    },
    "load_balancer_dns": {
      "value": "wordpress-alb-dev-1093487595.us-west-2.elb.amazonaws.com",
      "type": "string"
    },
    "random_password": {
      "value": "2cP{uSR2PmGJRDlN",
      "type": "string",
      "sensitive": true
    },
    "ssh_key_path": {
      "value": "./ssh-key-dev.pem",
      "type": "string"
    },
    "wordpress_private_ip": {
      "value": "10.0.0.139",
      "type": "string"
    },
    "wordpress_url": {
      "value": "http://wordpress-alb-dev-1093487595.us-west-2.elb.amazonaws.com",
      "type": "string"
    }
  },
  "resources": [
    {
      "mode": "data",
      "type": "aws_availability_zones",
      "name": "available",
      "provider": "provider[\"registry.terraform.io/hashicorp/aws\"]",
      "instances": [
        {
          "schema_version": 0,
          "attributes": {
            "all_availability_zones": null,
            "exclude_names": null,
            "exclude_zone_ids": null,
            "filter": null,
            "group_names": [
              "us-west-2-zg-1"
            ],
            "id": "us-west-2",
            "names": [
              "us-west-2a",
              "us-west-2b",
              "us-west-2c",
              "us-west-2d"
            ],
            "region": "us-west-2",
            "state": "available",
            "timeouts": null,
            "zone_ids": [
              "usw2-az1",
              "usw2-az2",
              "usw2-az3",
              "usw2-az4"
            ]
          },
          "sensitive_attributes": [],
          "identity_schema_version": 0
        }
      ]
    },
    {
      "mode": "data",
      "type": "aws_region",
      "name": "current",
      "provider": "provider[\"registry.terraform.io/hashicorp/aws\"]",
      "instances": [
        {
          "schema_version": 0,
          "attributes": {
            "description": "US West (Oregon)",
            "endpoint": "ec2.us-west-2.amazonaws.com",
            "id": "us-west-2",
            "name": "us-west-2",
            "region": "us-west-2"
          },
          "sensitive_attributes": [],
          "identity_schema_version": 0
        }
      ]
    },
    {
      "mode": "data",
      "type": "aws_ssm_parameter",
      "name": "al2023",
      "provider": "provider[\"registry.terraform.io/hashicorp/aws\"]",
      "instances": [
        {
          "schema_version": 0,
          "attributes": {
            "arn": "arn:aws:ssm:us-west-2::parameter/aws/service/ami-amazon-linux-latest/al2023-ami-kernel-6.1-x86_64",
            "id": "/aws/service/ami-amazon-linux-latest/al2023-ami-kernel-6.1-x86_64",
            "insecure_value": "ami-05ee755be0cd7555c",
            "name": "/aws/service/ami-amazon-linux-latest/al2023-ami-kernel-6.1-x86_64",
            "region": "us-west-2",
            "type": "String",
            "value": "ami-05ee755be0cd7555c",
            "version": 121,
            "with_decryption": true
          },
          "sensitive_attributes": [
            [
              {
                "type": "get_attr",
                "value": "value"
              }
            ]
          ],
          "identity_schema_version": 0
        }
      ]
    },
    {
      "mode": "managed",
      "type": "aws_db_instance",
      "name": "wordpress_db",
      "provider": "provider[\"registry.terraform.io/hashicorp/aws\"]",
      "instances": [
        {
          "schema_version": 2,
          "attributes": {
            "address": "wordpress-db-dev.cyuicznmrsyz.us-west-2.rds.amazonaws.com",
            "allocated_storage": 20,
            "allow_major_version_upgrade": null,
            "apply_immediately": false,
            "arn": "arn:aws:rds:us-west-2:599994645102:db:wordpress-db-dev",
            "auto_minor_version_upgrade": true,
            "availability_zone": "us-west-2b",
            "backup_retention_period": 0,
            "backup_target": "region",
            "backup_window": "12:36-13:06",
            "blue_green_update": [],
            "ca_cert_identifier": "rds-ca-rsa2048-g1",
            "character_set_name": "",
            "copy_tags_to_snapshot": false,
            "custom_iam_instance_profile": "",
            "customer_owned_ip_enabled": false,
            "database_insights_mode": "standard",
            "db_name": "wordpress",
            "db_subnet_group_name": "wordpress-db-subnet-group",
            "dedicated_log_volume": false,
            "delete_automated_backups": true,
            "deletion_protection": false,
            "domain": "",
            "domain_auth_secret_arn": "",
            "domain_dns_ips": null,
            "domain_fqdn": "",
            "domain_iam_role_name": "",
            "domain_ou": "",
            "enabled_cloudwatch_logs_exports": null,
            "endpoint": "wordpress-db-dev.cyuicznmrsyz.us-west-2.rds.amazonaws.com:3306",
            "engine": "mysql",
            "engine_lifecycle_support": "open-source-rds-extended-support",
            "engine_version": "8.0",
            "engine_version_actual": "8.0.41",
            "final_snapshot_identifier": null,
            "hosted_zone_id": "Z1PVIF0B656C1W",
            "iam_database_authentication_enabled": false,
            "id": "db-23TIX2QWH3CUFNUC52UGPYEFVU",
            "identifier": "wordpress-db-dev",
            "identifier_prefix": "",
            "instance_class": "db.t3.micro",
            "iops": 0,
            "kms_key_id": "",
            "latest_restorable_time": "",
            "license_model": "general-public-license",
            "listener_endpoint": [],
            "maintenance_window": "thu:09:22-thu:09:52",
            "manage_master_user_password": null,
            "master_user_secret": [],
            "master_user_secret_kms_key_id": null,
            "max_allocated_storage": 0,
            "monitoring_interval": 0,
            "monitoring_role_arn": "",
            "multi_az": false,
            "nchar_character_set_name": "",
            "network_type": "IPV4",
            "option_group_name": "default:mysql-8-0",
            "parameter_group_name": "default.mysql8.0",
            "password": "2cP{uSR2PmGJRDlN",
            "password_wo": null,
            "password_wo_version": null,
            "performance_insights_enabled": false,
            "performance_insights_kms_key_id": "",
            "performance_insights_retention_period": 0,
            "port": 3306,
            "publicly_accessible": false,
            "region": "us-west-2",
            "replica_mode": "",
            "replicas": [],
            "replicate_source_db": "",
            "resource_id": "db-23TIX2QWH3CUFNUC52UGPYEFVU",
            "restore_to_point_in_time": [],
            "s3_import": [],
            "skip_final_snapshot": true,
            "snapshot_identifier": null,
            "status": "available",
            "storage_encrypted": false,
            "storage_throughput": 0,
            "storage_type": "gp2",
            "tags": {
              "Environment": "dev",
              "Name": "WordPress-DB-dev",
              "Terraform": "true"
            },
            "tags_all": {
              "Environment": "dev",
              "Name": "WordPress-DB-dev",
              "Terraform": "true"
            },
            "timeouts": null,
            "timezone": "",
            "upgrade_storage_config": null,
            "username": "wpuser",
            "vpc_security_group_ids": [
              "sg-09ac33cbafa89d471"
            ]
          },
          "sensitive_attributes": [
            [
              {
                "type": "get_attr",
                "value": "password"
              }
            ],
            [
              {
                "type": "get_attr",
                "value": "password_wo"
              }
            ]
          ],
          "identity_schema_version": 0,
          "private": "eyJlMmJmYjczMC1lY2FhLTExZTYtOGY4OC0zNDM2M2JjN2M0YzAiOnsiY3JlYXRlIjozMDAwMDAwMDAwMDAwLCJkZWxldGUiOjM2MDAwMDAwMDAwMDAsInVwZGF0ZSI6NDgwMDAwMDAwMDAwMH0sInNjaGVtYV92ZXJzaW9uIjoiMiJ9",
          "dependencies": [
            "aws_db_subnet_group.wordpress_db_subnet_group",
            "aws_security_group.alb_sg",
            "aws_security_group.bastion_sg",
            "aws_security_group.rds_sg",
            "aws_security_group.wordpress_sg",
            "aws_subnet.privateSubnet",
            "aws_subnet.privateSubnet2",
            "aws_vpc.myVPC",
            "data.aws_availability_zones.available",
            "random_password.db_password"
          ]
        }
      ]
    },
    {
      "mode": "managed",
      "type": "aws_db_subnet_group",
      "name": "wordpress_db_subnet_group",
      "provider": "provider[\"registry.terraform.io/hashicorp/aws\"]",
      "instances": [
        {
          "schema_version": 0,
          "attributes": {
            "arn": "arn:aws:rds:us-west-2:599994645102:subgrp:wordpress-db-subnet-group",
            "description": "Managed by Terraform",
            "id": "wordpress-db-subnet-group",
            "name": "wordpress-db-subnet-group",
            "name_prefix": "",
            "region": "us-west-2",
            "subnet_ids": [
              "subnet-009d64e09918ceba2",
              "subnet-02439e633d81cb762"
            ],
            "supported_network_types": [
              "IPV4"
            ],
            "tags": {
              "Environment": "dev",
              "Name": "WordPress DB subnet group",
              "Terraform": "true"
            },
            "tags_all": {
              "Environment": "dev",
              "Name": "WordPress DB subnet group",
              "Terraform": "true"
            },
            "vpc_id": "vpc-03a9e53a11a2eb51e"
          },
          "sensitive_attributes": [],
          "identity_schema_version": 0,
          "private": "bnVsbA==",
          "dependencies": [
            "aws_subnet.privateSubnet",
            "aws_subnet.privateSubnet2",
            "aws_vpc.myVPC",
            "data.aws_availability_zones.available"
          ]
        }
      ]
    },
    {
      "mode": "managed",
      "type": "aws_eip",
      "name": "elasticIP",
      "provider": "provider[\"registry.terraform.io/hashicorp/aws\"]",
      "instances": [
        {
          "schema_version": 0,
          "attributes": {
            "address": null,
            "allocation_id": "eipalloc-08257289e6c8d7d6c",
            "arn": "arn:aws:ec2:us-west-2:599994645102:elastic-ip/eipalloc-08257289e6c8d7d6c",
            "associate_with_private_ip": null,
            "association_id": "",
            "carrier_ip": "",
            "customer_owned_ip": "",
            "customer_owned_ipv4_pool": "",
            "domain": "vpc",
            "id": "eipalloc-08257289e6c8d7d6c",
            "instance": "",
            "ipam_pool_id": null,
            "network_border_group": "us-west-2",
            "network_interface": "",
            "private_dns": null,
            "private_ip": "",
            "ptr_record": "",
            "public_dns": "ec2-54-187-112-51.us-west-2.compute.amazonaws.com",
            "public_ip": "54.187.112.51",
            "public_ipv4_pool": "amazon",
            "region": "us-west-2",
            "tags": {
              "Environment": "dev",
              "Name": "NAT-Gateway-EIP",
              "Terraform": "true"
            },
            "tags_all": {
              "Environment": "dev",
              "Name": "NAT-Gateway-EIP",
              "Terraform": "true"
            },
            "timeouts": null
          },
          "sensitive_attributes": [],
          "identity_schema_version": 0,
          "private": "eyJlMmJmYjczMC1lY2FhLTExZTYtOGY4OC0zNDM2M2JjN2M0YzAiOnsiZGVsZXRlIjoxODAwMDAwMDAwMDAsInJlYWQiOjkwMDAwMDAwMDAwMCwidXBkYXRlIjozMDAwMDAwMDAwMDB9fQ=="
        }
      ]
    },
    {
      "mode": "managed",
      "type": "aws_instance",
      "name": "bastion",
      "provider": "provider[\"registry.terraform.io/hashicorp/aws\"]",
      "instances": [
        {
          "schema_version": 2,
          "attributes": {
            "ami": "ami-05ee755be0cd7555c",
            "arn": "arn:aws:ec2:us-west-2:599994645102:instance/i-0af0af45b4bfe35f4",
            "associate_public_ip_address": true,
            "availability_zone": "us-west-2a",
            "capacity_reservation_specification": [
              {
                "capacity_reservation_preference": "open",
                "capacity_reservation_target": []
              }
            ],
            "cpu_options": [
              {
                "amd_sev_snp": "",
                "core_count": 1,
                "threads_per_core": 1
              }
            ],
            "credit_specification": [
              {
                "cpu_credits": "standard"
              }
            ],
            "disable_api_stop": false,
            "disable_api_termination": false,
            "ebs_block_device": [],
            "ebs_optimized": false,
            "enable_primary_ipv6": null,
            "enclave_options": [
              {
                "enabled": false
              }
            ],
            "ephemeral_block_device": [],
            "get_password_data": false,
            "hibernation": false,
            "host_id": "",
            "host_resource_group_arn": null,
            "iam_instance_profile": "",
            "id": "i-0af0af45b4bfe35f4",
            "instance_initiated_shutdown_behavior": "stop",
            "instance_lifecycle": "",
            "instance_market_options": [],
            "instance_state": "running",
            "instance_type": "t2.micro",
            "ipv6_address_count": 0,
            "ipv6_addresses": [],
            "key_name": "terraform-dev-key",
            "launch_template": [],
            "maintenance_options": [
              {
                "auto_recovery": "default"
              }
            ],
            "metadata_options": [
              {
                "http_endpoint": "enabled",
                "http_protocol_ipv6": "disabled",
                "http_put_response_hop_limit": 2,
                "http_tokens": "required",
                "instance_metadata_tags": "disabled"
              }
            ],
            "monitoring": false,
            "network_interface": [],
            "outpost_arn": "",
            "password_data": "",
            "placement_group": "",
            "placement_partition_number": 0,
            "primary_network_interface_id": "eni-03bdd07c423d52f38",
            "private_dns": "ip-10-0-0-43.us-west-2.compute.internal",
            "private_dns_name_options": [
              {
                "enable_resource_name_dns_a_record": false,
                "enable_resource_name_dns_aaaa_record": false,
                "hostname_type": "ip-name"
              }
            ],
            "private_ip": "10.0.0.43",
            "public_dns": "",
            "public_ip": "54.184.82.124",
            "region": "us-west-2",
            "root_block_device": [
              {
                "delete_on_termination": true,
                "device_name": "/dev/xvda",
                "encrypted": false,
                "iops": 3000,
                "kms_key_id": "",
                "tags": {},
                "tags_all": {},
                "throughput": 125,
                "volume_id": "vol-08d9a8885c1385582",
                "volume_size": 8,
                "volume_type": "gp3"
              }
            ],
            "secondary_private_ips": [],
            "security_groups": [],
            "source_dest_check": true,
            "spot_instance_request_id": "",
            "subnet_id": "subnet-0441f9f0b969b31fa",
            "tags": {
              "Environment": "dev",
              "Name": "Bastion-dev",
              "OS": "Linux",
              "Terraform": "true"
            },
            "tags_all": {
              "Environment": "dev",
              "Name": "Bastion-dev",
              "OS": "Linux",
              "Terraform": "true"
            },
            "tenancy": "default",
            "timeouts": null,
            "user_data": "#!/bin/bash\n# Update system packages\ndnf update -y\n        \n# 1. Disabling root login via SSH by setting PermitRootLogin to 'no'\n# 2. Disabling password authentication by setting PasswordAuthentication to 'no' (forcing key-based auth only)\nsed -i 's/#PermitRootLogin yes/PermitRootLogin no/' /etc/ssh/sshd_config\nsed -i 's/#PasswordAuthentication yes/PasswordAuthentication no/' /etc/ssh/sshd_config\nsystemctl restart sshd # 3. Restarting the SSH daemon to apply these changes\n",
            "user_data_base64": null,
            "user_data_replace_on_change": false,
            "volume_tags": null,
            "vpc_security_group_ids": [
              "sg-09bee9cd26ec2a002"
            ]
          },
          "sensitive_attributes": [
            [
              {
                "type": "get_attr",
                "value": "ami"
              }
            ]
          ],
          "identity_schema_version": 0,
          "private": "eyJlMmJmYjczMC1lY2FhLTExZTYtOGY4OC0zNDM2M2JjN2M0YzAiOnsiY3JlYXRlIjo2MDAwMDAwMDAwMDAsImRlbGV0ZSI6MTIwMDAwMDAwMDAwMCwicmVhZCI6OTAwMDAwMDAwMDAwLCJ1cGRhdGUiOjYwMDAwMDAwMDAwMH0sInNjaGVtYV92ZXJzaW9uIjoiMiJ9",
          "dependencies": [
            "aws_key_pair.generated_key",
            "aws_security_group.bastion_sg",
            "aws_subnet.publicSubnet",
            "aws_vpc.myVPC",
            "data.aws_availability_zones.available",
            "data.aws_ssm_parameter.al2023",
            "tls_private_key.ssh_key"
          ]
        }
      ]
    },
    {
      "mode": "managed",
      "type": "aws_instance",
      "name": "wordpress",
      "provider": "provider[\"registry.terraform.io/hashicorp/aws\"]",
      "instances": [
        {
          "schema_version": 2,
          "attributes": {
            "ami": "ami-05ee755be0cd7555c",
            "arn": "arn:aws:ec2:us-west-2:599994645102:instance/i-0aa77d3d22ad22c69",
            "associate_public_ip_address": false,
            "availability_zone": "us-west-2a",
            "capacity_reservation_specification": [
              {
                "capacity_reservation_preference": "open",
                "capacity_reservation_target": []
              }
            ],
            "cpu_options": [
              {
                "amd_sev_snp": "",
                "core_count": 1,
                "threads_per_core": 2
              }
            ],
            "credit_specification": [
              {
                "cpu_credits": "unlimited"
              }
            ],
            "disable_api_stop": false,
            "disable_api_termination": false,
            "ebs_block_device": [],
            "ebs_optimized": false,
            "enable_primary_ipv6": null,
            "enclave_options": [
              {
                "enabled": false
              }
            ],
            "ephemeral_block_device": [],
            "get_password_data": false,
            "hibernation": false,
            "host_id": "",
            "host_resource_group_arn": null,
            "iam_instance_profile": "",
            "id": "i-0aa77d3d22ad22c69",
            "instance_initiated_shutdown_behavior": "stop",
            "instance_lifecycle": "",
            "instance_market_options": [],
            "instance_state": "running",
            "instance_type": "t3.micro",
            "ipv6_address_count": 0,
            "ipv6_addresses": [],
            "key_name": "terraform-dev-key",
            "launch_template": [],
            "maintenance_options": [
              {
                "auto_recovery": "default"
              }
            ],
            "metadata_options": [
              {
                "http_endpoint": "enabled",
                "http_protocol_ipv6": "disabled",
                "http_put_response_hop_limit": 2,
                "http_tokens": "required",
                "instance_metadata_tags": "disabled"
              }
            ],
            "monitoring": false,
            "network_interface": [],
            "outpost_arn": "",
            "password_data": "",
            "placement_group": "",
            "placement_partition_number": 0,
            "primary_network_interface_id": "eni-04c25052adc2c14e3",
            "private_dns": "ip-10-0-0-139.us-west-2.compute.internal",
            "private_dns_name_options": [
              {
                "enable_resource_name_dns_a_record": false,
                "enable_resource_name_dns_aaaa_record": false,
                "hostname_type": "ip-name"
              }
            ],
            "private_ip": "10.0.0.139",
            "public_dns": "",
            "public_ip": "",
            "region": "us-west-2",
            "root_block_device": [
              {
                "delete_on_termination": true,
                "device_name": "/dev/xvda",
                "encrypted": false,
                "iops": 3000,
                "kms_key_id": "",
                "tags": {},
                "tags_all": {},
                "throughput": 125,
                "volume_id": "vol-02499fb554676503c",
                "volume_size": 8,
                "volume_type": "gp3"
              }
            ],
            "secondary_private_ips": [],
            "security_groups": [],
            "source_dest_check": true,
            "spot_instance_request_id": "",
            "subnet_id": "subnet-009d64e09918ceba2",
            "tags": {
              "Environment": "dev",
              "Name": "WordPress-dev",
              "OS": "Linux",
              "Terraform": "true"
            },
            "tags_all": {
              "Environment": "dev",
              "Name": "WordPress-dev",
              "OS": "Linux",
              "Terraform": "true"
            },
            "tenancy": "default",
            "timeouts": null,
            "user_data": "#!/bin/bash\n\n# Comprehensive logging setup\nexec \u003e \u003e(tee /var/log/user-data.log) 2\u003e\u00261\nset -x  # Enable debug mode\n\necho \"=== USER DATA SCRIPT START ===\"\necho \"Script started at: $(date)\"\necho \"User: $(whoami)\"\necho \"Working directory: $(pwd)\"\necho \"================================\"\n\n# System info\necho \"System information:\"\nuname -a\ncat /etc/os-release\n\n# Network diagnostics\necho \"Network configuration:\"\nip addr show\nip route show\ncat /etc/resolv.conf\n\n# Test connectivity step by step\necho \"Testing connectivity:\"\necho \"1. Testing DNS resolution:\"\nnslookup amazon.com || echo \"DNS resolution failed\"\n\necho \"2. Testing ping to 8.8.8.8:\"\nping -c 3 8.8.8.8 || echo \"Ping to 8.8.8.8 failed\"\n\necho \"3. Testing HTTP connectivity:\"\ncurl -v --connect-timeout 10 http://amazon.com || echo \"HTTP test failed\"\n\n# Package manager test\necho \"Testing package manager:\"\ndnf --version\ndnf repolist\n\necho \"Starting package installation at $(date)\"\ndnf update -y 2\u003e\u00261 | tee -a /var/log/dnf-update.log\nUPDATE_STATUS=$?\necho \"DNF update exit status: $UPDATE_STATUS\"\n\necho \"Installing packages at $(date)\"\ndnf install -y httpd php php-mysqli php-json php-gd php-mbstring 2\u003e\u00261 | tee -a /var/log/dnf-install.log\nINSTALL_STATUS=$?\necho \"Package installation exit status: $INSTALL_STATUS\"\n\necho \"Checking if httpd was installed:\"\nwhich httpd\nrpm -qa | grep httpd\n\necho \"Starting Apache at $(date)\"\nsystemctl start httpd\nHTTPD_START_STATUS=$?\necho \"Apache start status: $HTTPD_START_STATUS\"\n\nsystemctl enable httpd\nHTTPD_ENABLE_STATUS=$?\necho \"Apache enable status: $HTTPD_ENABLE_STATUS\"\n\necho \"Apache service status:\"\nsystemctl status httpd --no-pager\n\n# Create health check page\necho \"Creating health check page at $(date)\"\necho \"OK - $(date)\" \u003e /var/www/html/health.html\necho \"Health check page created\"\n\n# Test local web server\necho \"Testing local web server:\"\ncurl -I localhost:80 || echo \"Local web server test failed\"\n\n# Download and install WordPress\necho \"Downloading WordPress at $(date)\"\ncd /tmp\nwget https://wordpress.org/latest.tar.gz 2\u003e\u00261 | tee -a /var/log/wordpress-download.log\nWGET_STATUS=$?\necho \"WordPress download status: $WGET_STATUS\"\n\nif [ $WGET_STATUS -eq 0 ]; then\n    echo \"Extracting WordPress...\"\n    tar xzf latest.tar.gz\n    cp -r wordpress/* /var/www/html/\n    chown -R apache:apache /var/www/html/\n    chmod -R 755 /var/www/html/\n    \n    # Create WordPress config\n    cat \u003e /var/www/html/wp-config.php \u003c\u003c 'WPEND'\n\u003c?php\ndefine('DB_NAME', 'wordpress');\ndefine('DB_USER', 'wpuser');\ndefine('DB_PASSWORD', '2cP{uSR2PmGJRDlN');\ndefine('DB_HOST', 'wordpress-db-dev.cyuicznmrsyz.us-west-2.rds.amazonaws.com:3306');\ndefine('DB_CHARSET', 'utf8');\ndefine('DB_COLLATE', '');\n\n$table_prefix = 'wp_';\ndefine('WP_DEBUG', false);\n\nif ( ! defined( 'ABSPATH' ) ) {\n    define( 'ABSPATH', __DIR__ . '/' );\n}\nrequire_once ABSPATH . 'wp-settings.php';\n?\u003e\nWPEND\n    echo \"WordPress configuration created\"\nelse\n    echo \"WordPress download failed, creating fallback page\"\n    cat \u003e /var/www/html/index.html \u003c\u003c 'HTMLEND'\n\u003c!DOCTYPE html\u003e\n\u003chtml\u003e\n\u003chead\u003e\u003ctitle\u003eWordPress Setup Failed\u003c/title\u003e\u003c/head\u003e\n\u003cbody\u003e\n\u003ch1\u003eWordPress Setup in Progress\u003c/h1\u003e\n\u003cp\u003eWordPress download failed. Check logs at /var/log/user-data.log\u003c/p\u003e\n\u003cp\u003eManual setup may be required.\u003c/p\u003e\n\u003c/body\u003e\n\u003c/html\u003e\nHTMLEND\nfi\n\nsystemctl restart httpd\necho \"Apache restart completed\"\n\n# Final status check\necho \"Final system status:\"\nsystemctl is-active httpd\nnetstat -tlnp | grep :80 || ss -tlnp | grep :80\nls -la /var/www/html/\n\necho \"=== USER DATA SCRIPT COMPLETED ===\"\necho \"Script completed at: $(date)\"\necho \"All exit statuses - Update: $UPDATE_STATUS, Install: $INSTALL_STATUS, Apache Start: $HTTPD_START_STATUS\"",
            "user_data_base64": null,
            "user_data_replace_on_change": false,
            "volume_tags": null,
            "vpc_security_group_ids": [
              "sg-0386537291f81e570"
            ]
          },
          "sensitive_attributes": [
            [
              {
                "type": "get_attr",
                "value": "ami"
              }
            ],
            [
              {
                "type": "get_attr",
                "value": "user_data"
              }
            ]
          ],
          "identity_schema_version": 0,
          "private": "eyJlMmJmYjczMC1lY2FhLTExZTYtOGY4OC0zNDM2M2JjN2M0YzAiOnsiY3JlYXRlIjo2MDAwMDAwMDAwMDAsImRlbGV0ZSI6MTIwMDAwMDAwMDAwMCwicmVhZCI6OTAwMDAwMDAwMDAwLCJ1cGRhdGUiOjYwMDAwMDAwMDAwMH0sInNjaGVtYV92ZXJzaW9uIjoiMiJ9",
          "dependencies": [
            "aws_db_instance.wordpress_db",
            "aws_db_subnet_group.wordpress_db_subnet_group",
            "aws_eip.elasticIP",
            "aws_internet_gateway.myIGW",
            "aws_key_pair.generated_key",
            "aws_nat_gateway.myNATGateway",
            "aws_route_table.myPrivateRouteTable",
            "aws_route_table_association.private",
            "aws_security_group.alb_sg",
            "aws_security_group.bastion_sg",
            "aws_security_group.rds_sg",
            "aws_security_group.wordpress_sg",
            "aws_subnet.privateSubnet",
            "aws_subnet.privateSubnet2",
            "aws_subnet.publicSubnet",
            "aws_vpc.myVPC",
            "data.aws_availability_zones.available",
            "data.aws_ssm_parameter.al2023",
            "random_password.db_password",
            "time_sleep.wait_for_nat_gateway",
            "tls_private_key.ssh_key"
          ]
        }
      ]
    },
    {
      "mode": "managed",
      "type": "aws_internet_gateway",
      "name": "myIGW",
      "provider": "provider[\"registry.terraform.io/hashicorp/aws\"]",
      "instances": [
        {
          "schema_version": 0,
          "attributes": {
            "arn": "arn:aws:ec2:us-west-2:599994645102:internet-gateway/igw-02b4c835e394f1a90",
            "id": "igw-02b4c835e394f1a90",
            "owner_id": "599994645102",
            "region": "us-west-2",
            "tags": {
              "Environment": "dev",
              "Name": "myIGW",
              "Terraform": "true"
            },
            "tags_all": {
              "Environment": "dev",
              "Name": "myIGW",
              "Terraform": "true"
            },
            "timeouts": null,
            "vpc_id": "vpc-03a9e53a11a2eb51e"
          },
          "sensitive_attributes": [],
          "identity_schema_version": 0,
          "private": "eyJlMmJmYjczMC1lY2FhLTExZTYtOGY4OC0zNDM2M2JjN2M0YzAiOnsiY3JlYXRlIjoxMjAwMDAwMDAwMDAwLCJkZWxldGUiOjEyMDAwMDAwMDAwMDAsInVwZGF0ZSI6MTIwMDAwMDAwMDAwMH19",
          "dependencies": [
            "aws_vpc.myVPC"
          ]
        }
      ]
    },
    {
      "mode": "managed",
      "type": "aws_key_pair",
      "name": "generated_key",
      "provider": "provider[\"registry.terraform.io/hashicorp/aws\"]",
      "instances": [
        {
          "schema_version": 1,
          "attributes": {
            "arn": "arn:aws:ec2:us-west-2:599994645102:key-pair/terraform-dev-key",
            "fingerprint": "d3:80:1b:2f:2a:57:f1:7b:05:f4:0a:14:df:01:77:6d",
            "id": "terraform-dev-key",
            "key_name": "terraform-dev-key",
            "key_name_prefix": "",
            "key_pair_id": "key-09485634a9b431cee",
            "key_type": "rsa",
            "public_key": "ssh-rsa AAAAB3NzaC1yc2EAAAADAQABAAACAQDDXfQerm/ykGsPA+Vv9KM86AxCnEj/19wR0KsOul8D2staNsJol4ULpfJS1//uq1+cYyGnk6NxUL0ZNir1sga99saeBrNGlMPFBrVDKSUSk+dIO9AZ0HjFPGemeslflZdE5gNJ+uEUfSPlNPv0UCCuu5Xp8QL5O8VLKP8AwnHs51INnZ+pMtXFxZgTp81/eFLEObGkVrPObAvZl9V9qC8S5KjZ2Aqyh4zQ+fQJS/8oXNiSFORMpB95yDcybgosfAGRFQcAuHkn1Se6jPdhzO45t2hz8vnwHjFf08VINKixAM50MRgV5+6LoYDgtaTJdJvInaFNJi/bhhJ/TT/PYI+/ddqSVHV4uDe1byW+qxhp2t59E05PJ1SqTv6uicFQo6Wij/tC7IzgMLTtDsiiF+8z21OimsKKI1UY7pUCRRAfgGMkhSBZM59o/gDEgnvic2YzbIZi7rAnzxgUP5PHMvhI8dKhOXCi9TdhOnA+bnQydukjfXzlnmzvk0+6JBTSZScK8Mxv9kvvCBLeoW3HBeKUuNij6mG4L1esy67CKyunvNT6S5SgoOrhQtvJLOj+bxBe0o4PkU/I1+fGiPYTo0+rI8YC36A1WwSw70JJ8nuOtId9szxwaAZIWFo0N+1G3raKQKZBfDOVt8ZSolqWT9Cp7y6GgG7QtbD59y+WIr5q8w==",
            "region": "us-west-2",
            "tags": null,
            "tags_all": {}
          },
          "sensitive_attributes": [],
          "identity_schema_version": 0,
          "private": "eyJzY2hlbWFfdmVyc2lvbiI6IjEifQ==",
          "dependencies": [
            "tls_private_key.ssh_key"
          ]
        }
      ]
    },
    {
      "mode": "managed",
      "type": "aws_lb",
      "name": "wordpress_alb",
      "provider": "provider[\"registry.terraform.io/hashicorp/aws\"]",
      "instances": [
        {
          "schema_version": 0,
          "attributes": {
            "access_logs": [
              {
                "bucket": "",
                "enabled": false,
                "prefix": ""
              }
            ],
            "arn": "arn:aws:elasticloadbalancing:us-west-2:599994645102:loadbalancer/app/wordpress-alb-dev/50f253884e7510d8",
            "arn_suffix": "app/wordpress-alb-dev/50f253884e7510d8",
            "client_keep_alive": 3600,
            "connection_logs": [
              {
                "bucket": "",
                "enabled": false,
                "prefix": ""
              }
            ],
            "customer_owned_ipv4_pool": "",
            "desync_mitigation_mode": "defensive",
            "dns_name": "wordpress-alb-dev-1093487595.us-west-2.elb.amazonaws.com",
            "dns_record_client_routing_policy": null,
            "drop_invalid_header_fields": false,
            "enable_cross_zone_load_balancing": true,
            "enable_deletion_protection": false,
            "enable_http2": true,
            "enable_tls_version_and_cipher_suite_headers": false,
            "enable_waf_fail_open": false,
            "enable_xff_client_port": false,
            "enable_zonal_shift": false,
            "enforce_security_group_inbound_rules_on_private_link_traffic": "",
            "id": "arn:aws:elasticloadbalancing:us-west-2:599994645102:loadbalancer/app/wordpress-alb-dev/50f253884e7510d8",
            "idle_timeout": 60,
            "internal": false,
            "ip_address_type": "ipv4",
            "ipam_pools": [],
            "load_balancer_type": "application",
            "minimum_load_balancer_capacity": [],
            "name": "wordpress-alb-dev",
            "name_prefix": "",
            "preserve_host_header": false,
            "region": "us-west-2",
            "security_groups": [
              "sg-0239d649076f5865b"
            ],
            "subnet_mapping": [
              {
                "allocation_id": "",
                "ipv6_address": "",
                "outpost_id": "",
                "private_ipv4_address": "",
                "subnet_id": "subnet-0441f9f0b969b31fa"
              },
              {
                "allocation_id": "",
                "ipv6_address": "",
                "outpost_id": "",
                "private_ipv4_address": "",
                "subnet_id": "subnet-0e8c251a5914a9c25"
              }
            ],
            "subnets": [
              "subnet-0441f9f0b969b31fa",
              "subnet-0e8c251a5914a9c25"
            ],
            "tags": {
              "Environment": "dev",
              "Name": "WordPress-ALB-dev",
              "Terraform": "true"
            },
            "tags_all": {
              "Environment": "dev",
              "Name": "WordPress-ALB-dev",
              "Terraform": "true"
            },
            "timeouts": null,
            "vpc_id": "vpc-03a9e53a11a2eb51e",
            "xff_header_processing_mode": "append",
            "zone_id": "Z1H1FL5HABSF5"
          },
          "sensitive_attributes": [],
          "identity_schema_version": 0,
          "identity": {
            "arn": "arn:aws:elasticloadbalancing:us-west-2:599994645102:loadbalancer/app/wordpress-alb-dev/50f253884e7510d8"
          },
          "private": "eyJlMmJmYjczMC1lY2FhLTExZTYtOGY4OC0zNDM2M2JjN2M0YzAiOnsiY3JlYXRlIjo2MDAwMDAwMDAwMDAsImRlbGV0ZSI6NjAwMDAwMDAwMDAwLCJ1cGRhdGUiOjYwMDAwMDAwMDAwMH19",
          "dependencies": [
            "aws_security_group.alb_sg",
            "aws_subnet.publicSubnet",
            "aws_subnet.publicSubnet2",
            "aws_vpc.myVPC",
            "data.aws_availability_zones.available"
          ]
        }
      ]
    },
    {
      "mode": "managed",
      "type": "aws_lb_listener",
      "name": "wordpress_listener",
      "provider": "provider[\"registry.terraform.io/hashicorp/aws\"]",
      "instances": [
        {
          "schema_version": 0,
          "attributes": {
            "alpn_policy": null,
            "arn": "arn:aws:elasticloadbalancing:us-west-2:599994645102:listener/app/wordpress-alb-dev/50f253884e7510d8/1b5b984532faabd8",
            "certificate_arn": null,
            "default_action": [
              {
                "authenticate_cognito": [],
                "authenticate_oidc": [],
                "fixed_response": [],
                "forward": [],
                "order": 1,
                "redirect": [],
                "target_group_arn": "arn:aws:elasticloadbalancing:us-west-2:599994645102:targetgroup/wordpress-tg-dev/cfc92538be6e614c",
                "type": "forward"
              }
            ],
            "id": "arn:aws:elasticloadbalancing:us-west-2:599994645102:listener/app/wordpress-alb-dev/50f253884e7510d8/1b5b984532faabd8",
            "load_balancer_arn": "arn:aws:elasticloadbalancing:us-west-2:599994645102:loadbalancer/app/wordpress-alb-dev/50f253884e7510d8",
            "mutual_authentication": [],
            "port": 80,
            "protocol": "HTTP",
            "region": "us-west-2",
            "routing_http_request_x_amzn_mtls_clientcert_header_name": null,
            "routing_http_request_x_amzn_mtls_clientcert_issuer_header_name": null,
            "routing_http_request_x_amzn_mtls_clientcert_leaf_header_name": null,
            "routing_http_request_x_amzn_mtls_clientcert_serial_number_header_name": null,
            "routing_http_request_x_amzn_mtls_clientcert_subject_header_name": null,
            "routing_http_request_x_amzn_mtls_clientcert_validity_header_name": null,
            "routing_http_request_x_amzn_tls_cipher_suite_header_name": null,
            "routing_http_request_x_amzn_tls_version_header_name": null,
            "routing_http_response_access_control_allow_credentials_header_value": "",
            "routing_http_response_access_control_allow_headers_header_value": "",
            "routing_http_response_access_control_allow_methods_header_value": "",
            "routing_http_response_access_control_allow_origin_header_value": "",
            "routing_http_response_access_control_expose_headers_header_value": "",
            "routing_http_response_access_control_max_age_header_value": "",
            "routing_http_response_content_security_policy_header_value": "",
            "routing_http_response_server_enabled": true,
            "routing_http_response_strict_transport_security_header_value": "",
            "routing_http_response_x_content_type_options_header_value": "",
            "routing_http_response_x_frame_options_header_value": "",
            "ssl_policy": "",
            "tags": null,
            "tags_all": {},
            "tcp_idle_timeout_seconds": null,
            "timeouts": null
          },
          "sensitive_attributes": [],
          "identity_schema_version": 0,
          "private": "eyJlMmJmYjczMC1lY2FhLTExZTYtOGY4OC0zNDM2M2JjN2M0YzAiOnsiY3JlYXRlIjozMDAwMDAwMDAwMDAsInVwZGF0ZSI6MzAwMDAwMDAwMDAwfX0=",
          "dependencies": [
            "aws_lb.wordpress_alb",
            "aws_lb_target_group.wordpress_tg",
            "aws_security_group.alb_sg",
            "aws_subnet.publicSubnet",
            "aws_subnet.publicSubnet2",
            "aws_vpc.myVPC",
            "data.aws_availability_zones.available"
          ]
        }
      ]
    },
    {
      "mode": "managed",
      "type": "aws_lb_target_group",
      "name": "wordpress_tg",
      "provider": "provider[\"registry.terraform.io/hashicorp/aws\"]",
      "instances": [
        {
          "schema_version": 0,
          "attributes": {
            "arn": "arn:aws:elasticloadbalancing:us-west-2:599994645102:targetgroup/wordpress-tg-dev/cfc92538be6e614c",
            "arn_suffix": "targetgroup/wordpress-tg-dev/cfc92538be6e614c",
            "connection_termination": null,
            "deregistration_delay": "300",
            "health_check": [
              {
                "enabled": true,
                "healthy_threshold": 2,
                "interval": 30,
                "matcher": "200",
                "path": "/health.html",
                "port": "traffic-port",
                "protocol": "HTTP",
                "timeout": 10,
                "unhealthy_threshold": 3
              }
            ],
            "id": "arn:aws:elasticloadbalancing:us-west-2:599994645102:targetgroup/wordpress-tg-dev/cfc92538be6e614c",
            "ip_address_type": "ipv4",
            "lambda_multi_value_headers_enabled": false,
            "load_balancer_arns": [],
            "load_balancing_algorithm_type": "round_robin",
            "load_balancing_anomaly_mitigation": "off",
            "load_balancing_cross_zone_enabled": "use_load_balancer_configuration",
            "name": "wordpress-tg-dev",
            "name_prefix": "",
            "port": 80,
            "preserve_client_ip": null,
            "protocol": "HTTP",
            "protocol_version": "HTTP1",
            "proxy_protocol_v2": false,
            "region": "us-west-2",
            "slow_start": 0,
            "stickiness": [
              {
                "cookie_duration": 86400,
                "cookie_name": "",
                "enabled": false,
                "type": "lb_cookie"
              }
            ],
            "tags": {
              "Environment": "dev",
              "Name": "WordPress-TG-dev",
              "Terraform": "true"
            },
            "tags_all": {
              "Environment": "dev",
              "Name": "WordPress-TG-dev",
              "Terraform": "true"
            },
            "target_failover": [
              {
                "on_deregistration": null,
                "on_unhealthy": null
              }
            ],
            "target_group_health": [
              {
                "dns_failover": [
                  {
                    "minimum_healthy_targets_count": "1",
                    "minimum_healthy_targets_percentage": "off"
                  }
                ],
                "unhealthy_state_routing": [
                  {
                    "minimum_healthy_targets_count": 1,
                    "minimum_healthy_targets_percentage": "off"
                  }
                ]
              }
            ],
            "target_health_state": [
              {
                "enable_unhealthy_connection_termination": null,
                "unhealthy_draining_interval": null
              }
            ],
            "target_type": "instance",
            "vpc_id": "vpc-03a9e53a11a2eb51e"
          },
          "sensitive_attributes": [],
          "identity_schema_version": 0,
          "private": "bnVsbA==",
          "dependencies": [
            "aws_vpc.myVPC"
          ]
        }
      ]
    },
    {
      "mode": "managed",
      "type": "aws_lb_target_group_attachment",
      "name": "wordpress_tg_attachment",
      "provider": "provider[\"registry.terraform.io/hashicorp/aws\"]",
      "instances": [
        {
          "schema_version": 0,
          "attributes": {
            "availability_zone": null,
            "id": "arn:aws:elasticloadbalancing:us-west-2:599994645102:targetgroup/wordpress-tg-dev/cfc92538be6e614c-20250710131652700300000006",
            "port": 80,
            "region": "us-west-2",
            "target_group_arn": "arn:aws:elasticloadbalancing:us-west-2:599994645102:targetgroup/wordpress-tg-dev/cfc92538be6e614c",
            "target_id": "i-0aa77d3d22ad22c69"
          },
          "sensitive_attributes": [],
          "identity_schema_version": 0,
          "private": "bnVsbA==",
          "dependencies": [
            "aws_db_instance.wordpress_db",
            "aws_db_subnet_group.wordpress_db_subnet_group",
            "aws_eip.elasticIP",
            "aws_instance.wordpress",
            "aws_internet_gateway.myIGW",
            "aws_key_pair.generated_key",
            "aws_lb_target_group.wordpress_tg",
            "aws_nat_gateway.myNATGateway",
            "aws_route_table.myPrivateRouteTable",
            "aws_route_table_association.private",
            "aws_security_group.alb_sg",
            "aws_security_group.bastion_sg",
            "aws_security_group.rds_sg",
            "aws_security_group.wordpress_sg",
            "aws_subnet.privateSubnet",
            "aws_subnet.privateSubnet2",
            "aws_subnet.publicSubnet",
            "aws_vpc.myVPC",
            "data.aws_availability_zones.available",
            "data.aws_ssm_parameter.al2023",
            "random_password.db_password",
            "time_sleep.wait_for_nat_gateway",
            "tls_private_key.ssh_key"
          ]
        }
      ]
    },
    {
      "mode": "managed",
      "type": "aws_nat_gateway",
      "name": "myNATGateway",
      "provider": "provider[\"registry.terraform.io/hashicorp/aws\"]",
      "instances": [
        {
          "schema_version": 0,
          "attributes": {
            "allocation_id": "eipalloc-08257289e6c8d7d6c",
            "association_id": "eipassoc-0cf396a2fe655a1b1",
            "connectivity_type": "public",
            "id": "nat-00eb6f4dbc0c1e988",
            "network_interface_id": "eni-056bf00b3e3aa163e",
            "private_ip": "10.0.0.8",
            "public_ip": "54.187.112.51",
            "region": "us-west-2",
            "secondary_allocation_ids": null,
            "secondary_private_ip_address_count": 0,
            "secondary_private_ip_addresses": [],
            "subnet_id": "subnet-0441f9f0b969b31fa",
            "tags": {
              "Environment": "dev",
              "Name": "myNATGateway",
              "Terraform": "true"
            },
            "tags_all": {
              "Environment": "dev",
              "Name": "myNATGateway",
              "Terraform": "true"
            },
            "timeouts": null
          },
          "sensitive_attributes": [],
          "identity_schema_version": 0,
          "private": "eyJlMmJmYjczMC1lY2FhLTExZTYtOGY4OC0zNDM2M2JjN2M0YzAiOnsiY3JlYXRlIjo2MDAwMDAwMDAwMDAsImRlbGV0ZSI6MTgwMDAwMDAwMDAwMCwidXBkYXRlIjo2MDAwMDAwMDAwMDB9fQ==",
          "dependencies": [
            "aws_eip.elasticIP",
            "aws_internet_gateway.myIGW",
            "aws_subnet.publicSubnet",
            "aws_vpc.myVPC",
            "data.aws_availability_zones.available"
          ]
        }
      ]
    },
    {
      "mode": "managed",
      "type": "aws_route_table",
      "name": "myPrivateRouteTable",
      "provider": "provider[\"registry.terraform.io/hashicorp/aws\"]",
      "instances": [
        {
          "schema_version": 0,
          "attributes": {
            "arn": "arn:aws:ec2:us-west-2:599994645102:route-table/rtb-06c2627dd8d1fb884",
            "id": "rtb-06c2627dd8d1fb884",
            "owner_id": "599994645102",
            "propagating_vgws": [],
            "region": "us-west-2",
            "route": [
              {
                "carrier_gateway_id": "",
                "cidr_block": "0.0.0.0/0",
                "core_network_arn": "",
                "destination_prefix_list_id": "",
                "egress_only_gateway_id": "",
                "gateway_id": "",
                "ipv6_cidr_block": "",
                "local_gateway_id": "",
                "nat_gateway_id": "nat-00eb6f4dbc0c1e988",
                "network_interface_id": "",
                "transit_gateway_id": "",
                "vpc_endpoint_id": "",
                "vpc_peering_connection_id": ""
              }
            ],
            "tags": {
              "Environment": "dev",
              "Name": "myPrivateRouteTable",
              "Terraform": "true"
            },
            "tags_all": {
              "Environment": "dev",
              "Name": "myPrivateRouteTable",
              "Terraform": "true"
            },
            "timeouts": null,
            "vpc_id": "vpc-03a9e53a11a2eb51e"
          },
          "sensitive_attributes": [],
          "identity_schema_version": 0,
          "private": "eyJlMmJmYjczMC1lY2FhLTExZTYtOGY4OC0zNDM2M2JjN2M0YzAiOnsiY3JlYXRlIjozMDAwMDAwMDAwMDAsImRlbGV0ZSI6MzAwMDAwMDAwMDAwLCJ1cGRhdGUiOjEyMDAwMDAwMDAwMH19",
          "dependencies": [
            "aws_eip.elasticIP",
            "aws_internet_gateway.myIGW",
            "aws_nat_gateway.myNATGateway",
            "aws_subnet.publicSubnet",
            "aws_vpc.myVPC",
            "data.aws_availability_zones.available"
          ]
        }
      ]
    },
    {
      "mode": "managed",
      "type": "aws_route_table",
      "name": "myPublicRouteTable",
      "provider": "provider[\"registry.terraform.io/hashicorp/aws\"]",
      "instances": [
        {
          "schema_version": 0,
          "attributes": {
            "arn": "arn:aws:ec2:us-west-2:599994645102:route-table/rtb-0951a687c5fdbaa25",
            "id": "rtb-0951a687c5fdbaa25",
            "owner_id": "599994645102",
            "propagating_vgws": [],
            "region": "us-west-2",
            "route": [
              {
                "carrier_gateway_id": "",
                "cidr_block": "0.0.0.0/0",
                "core_network_arn": "",
                "destination_prefix_list_id": "",
                "egress_only_gateway_id": "",
                "gateway_id": "igw-02b4c835e394f1a90",
                "ipv6_cidr_block": "",
                "local_gateway_id": "",
                "nat_gateway_id": "",
                "network_interface_id": "",
                "transit_gateway_id": "",
                "vpc_endpoint_id": "",
                "vpc_peering_connection_id": ""
              }
            ],
            "tags": {
              "Environment": "dev",
              "Name": "myPublicRouteTable",
              "Terraform": "true"
            },
            "tags_all": {
              "Environment": "dev",
              "Name": "myPublicRouteTable",
              "Terraform": "true"
            },
            "timeouts": null,
            "vpc_id": "vpc-03a9e53a11a2eb51e"
          },
          "sensitive_attributes": [],
          "identity_schema_version": 0,
          "private": "eyJlMmJmYjczMC1lY2FhLTExZTYtOGY4OC0zNDM2M2JjN2M0YzAiOnsiY3JlYXRlIjozMDAwMDAwMDAwMDAsImRlbGV0ZSI6MzAwMDAwMDAwMDAwLCJ1cGRhdGUiOjEyMDAwMDAwMDAwMH19",
          "dependencies": [
            "aws_internet_gateway.myIGW",
            "aws_vpc.myVPC"
          ]
        }
      ]
    },
    {
      "mode": "managed",
      "type": "aws_route_table_association",
      "name": "private",
      "provider": "provider[\"registry.terraform.io/hashicorp/aws\"]",
      "instances": [
        {
          "schema_version": 0,
          "attributes": {
            "gateway_id": "",
            "id": "rtbassoc-00e0d2a00d21a2815",
            "region": "us-west-2",
            "route_table_id": "rtb-06c2627dd8d1fb884",
            "subnet_id": "subnet-009d64e09918ceba2",
            "timeouts": null
          },
          "sensitive_attributes": [],
          "identity_schema_version": 0,
          "private": "eyJlMmJmYjczMC1lY2FhLTExZTYtOGY4OC0zNDM2M2JjN2M0YzAiOnsiY3JlYXRlIjozMDAwMDAwMDAwMDAsImRlbGV0ZSI6MzAwMDAwMDAwMDAwLCJ1cGRhdGUiOjEyMDAwMDAwMDAwMH19",
          "dependencies": [
            "aws_eip.elasticIP",
            "aws_internet_gateway.myIGW",
            "aws_nat_gateway.myNATGateway",
            "aws_route_table.myPrivateRouteTable",
            "aws_subnet.privateSubnet",
            "aws_subnet.publicSubnet",
            "aws_vpc.myVPC",
            "data.aws_availability_zones.available"
          ]
        }
      ]
    },
    {
      "mode": "managed",
      "type": "aws_route_table_association",
      "name": "private2",
      "provider": "provider[\"registry.terraform.io/hashicorp/aws\"]",
      "instances": [
        {
          "schema_version": 0,
          "attributes": {
            "gateway_id": "",
            "id": "rtbassoc-0a71de3d827e42240",
            "region": "us-west-2",
            "route_table_id": "rtb-06c2627dd8d1fb884",
            "subnet_id": "subnet-02439e633d81cb762",
            "timeouts": null
          },
          "sensitive_attributes": [],
          "identity_schema_version": 0,
          "private": "eyJlMmJmYjczMC1lY2FhLTExZTYtOGY4OC0zNDM2M2JjN2M0YzAiOnsiY3JlYXRlIjozMDAwMDAwMDAwMDAsImRlbGV0ZSI6MzAwMDAwMDAwMDAwLCJ1cGRhdGUiOjEyMDAwMDAwMDAwMH19",
          "dependencies": [
            "aws_eip.elasticIP",
            "aws_internet_gateway.myIGW",
            "aws_nat_gateway.myNATGateway",
            "aws_route_table.myPrivateRouteTable",
            "aws_subnet.privateSubnet2",
            "aws_subnet.publicSubnet",
            "aws_vpc.myVPC",
            "data.aws_availability_zones.available"
          ]
        }
      ]
    },
    {
      "mode": "managed",
      "type": "aws_route_table_association",
      "name": "public",
      "provider": "provider[\"registry.terraform.io/hashicorp/aws\"]",
      "instances": [
        {
          "schema_version": 0,
          "attributes": {
            "gateway_id": "",
            "id": "rtbassoc-0290ee4e61673699a",
            "region": "us-west-2",
            "route_table_id": "rtb-0951a687c5fdbaa25",
            "subnet_id": "subnet-0441f9f0b969b31fa",
            "timeouts": null
          },
          "sensitive_attributes": [],
          "identity_schema_version": 0,
          "private": "eyJlMmJmYjczMC1lY2FhLTExZTYtOGY4OC0zNDM2M2JjN2M0YzAiOnsiY3JlYXRlIjozMDAwMDAwMDAwMDAsImRlbGV0ZSI6MzAwMDAwMDAwMDAwLCJ1cGRhdGUiOjEyMDAwMDAwMDAwMH19",
          "dependencies": [
            "aws_internet_gateway.myIGW",
            "aws_route_table.myPublicRouteTable",
            "aws_subnet.publicSubnet",
            "aws_vpc.myVPC",
            "data.aws_availability_zones.available"
          ]
        }
      ]
    },
    {
      "mode": "managed",
      "type": "aws_route_table_association",
      "name": "public2",
      "provider": "provider[\"registry.terraform.io/hashicorp/aws\"]",
      "instances": [
        {
          "schema_version": 0,
          "attributes": {
            "gateway_id": "",
            "id": "rtbassoc-0d3342ae471ae4c7a",
            "region": "us-west-2",
            "route_table_id": "rtb-0951a687c5fdbaa25",
            "subnet_id": "subnet-0e8c251a5914a9c25",
            "timeouts": null
          },
          "sensitive_attributes": [],
          "identity_schema_version": 0,
          "private": "eyJlMmJmYjczMC1lY2FhLTExZTYtOGY4OC0zNDM2M2JjN2M0YzAiOnsiY3JlYXRlIjozMDAwMDAwMDAwMDAsImRlbGV0ZSI6MzAwMDAwMDAwMDAwLCJ1cGRhdGUiOjEyMDAwMDAwMDAwMH19",
          "dependencies": [
            "aws_internet_gateway.myIGW",
            "aws_route_table.myPublicRouteTable",
            "aws_subnet.publicSubnet2",
            "aws_vpc.myVPC",
            "data.aws_availability_zones.available"
          ]
        }
      ]
    },
    {
      "mode": "managed",
      "type": "aws_security_group",
      "name": "alb_sg",
      "provider": "provider[\"registry.terraform.io/hashicorp/aws\"]",
      "instances": [
        {
          "schema_version": 1,
          "attributes": {
            "arn": "arn:aws:ec2:us-west-2:599994645102:security-group/sg-0239d649076f5865b",
            "description": "Security group for Application Load Balancer",
            "egress": [
              {
                "cidr_blocks": [
                  "0.0.0.0/0"
                ],
                "description": "",
                "from_port": 0,
                "ipv6_cidr_blocks": [],
                "prefix_list_ids": [],
                "protocol": "-1",
                "security_groups": [],
                "self": false,
                "to_port": 0
              }
            ],
            "id": "sg-0239d649076f5865b",
            "ingress": [
              {
                "cidr_blocks": [
                  "0.0.0.0/0"
                ],
                "description": "HTTP from anywhere",
                "from_port": 80,
                "ipv6_cidr_blocks": [],
                "prefix_list_ids": [],
                "protocol": "tcp",
                "security_groups": [],
                "self": false,
                "to_port": 80
              },
              {
                "cidr_blocks": [
                  "0.0.0.0/0"
                ],
                "description": "HTTPS from anywhere",
                "from_port": 443,
                "ipv6_cidr_blocks": [],
                "prefix_list_ids": [],
                "protocol": "tcp",
                "security_groups": [],
                "self": false,
                "to_port": 443
              }
            ],
            "name": "ALB-SecurityGroup",
            "name_prefix": "",
            "owner_id": "599994645102",
            "region": "us-west-2",
            "revoke_rules_on_delete": false,
            "tags": {
              "Environment": "dev",
              "Name": "ALB-SecurityGroup",
              "Terraform": "true"
            },
            "tags_all": {
              "Environment": "dev",
              "Name": "ALB-SecurityGroup",
              "Terraform": "true"
            },
            "timeouts": null,
            "vpc_id": "vpc-03a9e53a11a2eb51e"
          },
          "sensitive_attributes": [],
          "identity_schema_version": 0,
          "private": "eyJlMmJmYjczMC1lY2FhLTExZTYtOGY4OC0zNDM2M2JjN2M0YzAiOnsiY3JlYXRlIjo2MDAwMDAwMDAwMDAsImRlbGV0ZSI6OTAwMDAwMDAwMDAwfSwic2NoZW1hX3ZlcnNpb24iOiIxIn0=",
          "dependencies": [
            "aws_vpc.myVPC"
          ]
        }
      ]
    },
    {
      "mode": "managed",
      "type": "aws_security_group",
      "name": "bastion_sg",
      "provider": "provider[\"registry.terraform.io/hashicorp/aws\"]",
      "instances": [
        {
          "schema_version": 1,
          "attributes": {
            "arn": "arn:aws:ec2:us-west-2:599994645102:security-group/sg-09bee9cd26ec2a002",
            "description": "Security group for Bastion host - Restrict SSH access to specified IP",
            "egress": [],
            "id": "sg-09bee9cd26ec2a002",
            "ingress": [],
            "name": "BastionSecurityGroup",
            "name_prefix": "",
            "owner_id": "599994645102",
            "region": "us-west-2",
            "revoke_rules_on_delete": false,
            "tags": {
              "Environment": "dev",
              "Name": "BastionSecurityGroup",
              "Terraform": "true"
            },
            "tags_all": {
              "Environment": "dev",
              "Name": "BastionSecurityGroup",
              "Terraform": "true"
            },
            "timeouts": null,
            "vpc_id": "vpc-03a9e53a11a2eb51e"
          },
          "sensitive_attributes": [],
          "identity_schema_version": 0,
          "private": "eyJlMmJmYjczMC1lY2FhLTExZTYtOGY4OC0zNDM2M2JjN2M0YzAiOnsiY3JlYXRlIjo2MDAwMDAwMDAwMDAsImRlbGV0ZSI6OTAwMDAwMDAwMDAwfSwic2NoZW1hX3ZlcnNpb24iOiIxIn0=",
          "dependencies": [
            "aws_vpc.myVPC"
          ]
        }
      ]
    },
    {
      "mode": "managed",
      "type": "aws_security_group",
      "name": "rds_sg",
      "provider": "provider[\"registry.terraform.io/hashicorp/aws\"]",
      "instances": [
        {
          "schema_version": 1,
          "attributes": {
            "arn": "arn:aws:ec2:us-west-2:599994645102:security-group/sg-09ac33cbafa89d471",
            "description": "Security group for RDS MySQL database",
            "egress": [],
            "id": "sg-09ac33cbafa89d471",
            "ingress": [
              {
                "cidr_blocks": [],
                "description": "MySQL from WordPress",
                "from_port": 3306,
                "ipv6_cidr_blocks": [],
                "prefix_list_ids": [],
                "protocol": "tcp",
                "security_groups": [
                  "sg-0386537291f81e570"
                ],
                "self": false,
                "to_port": 3306
              }
            ],
            "name": "RDS-SecurityGroup",
            "name_prefix": "",
            "owner_id": "599994645102",
            "region": "us-west-2",
            "revoke_rules_on_delete": false,
            "tags": {
              "Environment": "dev",
              "Name": "RDS-SecurityGroup",
              "Terraform": "true"
            },
            "tags_all": {
              "Environment": "dev",
              "Name": "RDS-SecurityGroup",
              "Terraform": "true"
            },
            "timeouts": null,
            "vpc_id": "vpc-03a9e53a11a2eb51e"
          },
          "sensitive_attributes": [],
          "identity_schema_version": 0,
          "private": "eyJlMmJmYjczMC1lY2FhLTExZTYtOGY4OC0zNDM2M2JjN2M0YzAiOnsiY3JlYXRlIjo2MDAwMDAwMDAwMDAsImRlbGV0ZSI6OTAwMDAwMDAwMDAwfSwic2NoZW1hX3ZlcnNpb24iOiIxIn0=",
          "dependencies": [
            "aws_security_group.alb_sg",
            "aws_security_group.bastion_sg",
            "aws_security_group.wordpress_sg",
            "aws_vpc.myVPC"
          ]
        }
      ]
    },
    {
      "mode": "managed",
      "type": "aws_security_group",
      "name": "wordpress_sg",
      "provider": "provider[\"registry.terraform.io/hashicorp/aws\"]",
      "instances": [
        {
          "schema_version": 1,
          "attributes": {
            "arn": "arn:aws:ec2:us-west-2:599994645102:security-group/sg-0386537291f81e570",
            "description": "Security group for WordPress server in private subnet",
            "egress": [
              {
                "cidr_blocks": [
                  "0.0.0.0/0"
                ],
                "description": "",
                "from_port": 0,
                "ipv6_cidr_blocks": [],
                "prefix_list_ids": [],
                "protocol": "-1",
                "security_groups": [],
                "self": false,
                "to_port": 0
              }
            ],
            "id": "sg-0386537291f81e570",
            "ingress": [
              {
                "cidr_blocks": [],
                "description": "HTTP from ALB",
                "from_port": 80,
                "ipv6_cidr_blocks": [],
                "prefix_list_ids": [],
                "protocol": "tcp",
                "security_groups": [
                  "sg-0239d649076f5865b"
                ],
                "self": false,
                "to_port": 80
              },
              {
                "cidr_blocks": [],
                "description": "SSH from Bastion",
                "from_port": 22,
                "ipv6_cidr_blocks": [],
                "prefix_list_ids": [],
                "protocol": "tcp",
                "security_groups": [
                  "sg-09bee9cd26ec2a002"
                ],
                "self": false,
                "to_port": 22
              }
            ],
            "name": "WordPress-SecurityGroup",
            "name_prefix": "",
            "owner_id": "599994645102",
            "region": "us-west-2",
            "revoke_rules_on_delete": false,
            "tags": {
              "Environment": "dev",
              "Name": "WordPress-SecurityGroup",
              "Terraform": "true"
            },
            "tags_all": {
              "Environment": "dev",
              "Name": "WordPress-SecurityGroup",
              "Terraform": "true"
            },
            "timeouts": null,
            "vpc_id": "vpc-03a9e53a11a2eb51e"
          },
          "sensitive_attributes": [],
          "identity_schema_version": 0,
          "private": "eyJlMmJmYjczMC1lY2FhLTExZTYtOGY4OC0zNDM2M2JjN2M0YzAiOnsiY3JlYXRlIjo2MDAwMDAwMDAwMDAsImRlbGV0ZSI6OTAwMDAwMDAwMDAwfSwic2NoZW1hX3ZlcnNpb24iOiIxIn0=",
          "dependencies": [
            "aws_security_group.alb_sg",
            "aws_security_group.bastion_sg",
            "aws_vpc.myVPC"
          ]
        }
      ]
    },
    {
      "mode": "managed",
      "type": "aws_subnet",
      "name": "privateSubnet",
      "provider": "provider[\"registry.terraform.io/hashicorp/aws\"]",
      "instances": [
        {
          "schema_version": 1,
          "attributes": {
            "arn": "arn:aws:ec2:us-west-2:599994645102:subnet/subnet-009d64e09918ceba2",
            "assign_ipv6_address_on_creation": false,
            "availability_zone": "us-west-2a",
            "availability_zone_id": "usw2-az1",
            "cidr_block": "10.0.0.128/26",
            "customer_owned_ipv4_pool": "",
            "enable_dns64": false,
            "enable_lni_at_device_index": 0,
            "enable_resource_name_dns_a_record_on_launch": false,
            "enable_resource_name_dns_aaaa_record_on_launch": false,
            "id": "subnet-009d64e09918ceba2",
            "ipv6_cidr_block": "",
            "ipv6_cidr_block_association_id": "",
            "ipv6_native": false,
            "map_customer_owned_ip_on_launch": false,
            "map_public_ip_on_launch": false,
            "outpost_arn": "",
            "owner_id": "599994645102",
            "private_dns_hostname_type_on_launch": "ip-name",
            "region": "us-west-2",
            "tags": {
              "Environment": "dev",
              "Name": "privateSubnet",
              "Terraform": "true"
            },
            "tags_all": {
              "Environment": "dev",
              "Name": "privateSubnet",
              "Terraform": "true"
            },
            "timeouts": null,
            "vpc_id": "vpc-03a9e53a11a2eb51e"
          },
          "sensitive_attributes": [],
          "identity_schema_version": 0,
          "private": "eyJlMmJmYjczMC1lY2FhLTExZTYtOGY4OC0zNDM2M2JjN2M0YzAiOnsiY3JlYXRlIjo2MDAwMDAwMDAwMDAsImRlbGV0ZSI6MTIwMDAwMDAwMDAwMH0sInNjaGVtYV92ZXJzaW9uIjoiMSJ9",
          "dependencies": [
            "aws_vpc.myVPC",
            "data.aws_availability_zones.available"
          ]
        }
      ]
    },
    {
      "mode": "managed",
      "type": "aws_subnet",
      "name": "privateSubnet2",
      "provider": "provider[\"registry.terraform.io/hashicorp/aws\"]",
      "instances": [
        {
          "schema_version": 1,
          "attributes": {
            "arn": "arn:aws:ec2:us-west-2:599994645102:subnet/subnet-02439e633d81cb762",
            "assign_ipv6_address_on_creation": false,
            "availability_zone": "us-west-2b",
            "availability_zone_id": "usw2-az2",
            "cidr_block": "10.0.0.192/26",
            "customer_owned_ipv4_pool": "",
            "enable_dns64": false,
            "enable_lni_at_device_index": 0,
            "enable_resource_name_dns_a_record_on_launch": false,
            "enable_resource_name_dns_aaaa_record_on_launch": false,
            "id": "subnet-02439e633d81cb762",
            "ipv6_cidr_block": "",
            "ipv6_cidr_block_association_id": "",
            "ipv6_native": false,
            "map_customer_owned_ip_on_launch": false,
            "map_public_ip_on_launch": false,
            "outpost_arn": "",
            "owner_id": "599994645102",
            "private_dns_hostname_type_on_launch": "ip-name",
            "region": "us-west-2",
            "tags": {
              "Environment": "dev",
              "Name": "privateSubnet2",
              "Terraform": "true"
            },
            "tags_all": {
              "Environment": "dev",
              "Name": "privateSubnet2",
              "Terraform": "true"
            },
            "timeouts": null,
            "vpc_id": "vpc-03a9e53a11a2eb51e"
          },
          "sensitive_attributes": [],
          "identity_schema_version": 0,
          "private": "eyJlMmJmYjczMC1lY2FhLTExZTYtOGY4OC0zNDM2M2JjN2M0YzAiOnsiY3JlYXRlIjo2MDAwMDAwMDAwMDAsImRlbGV0ZSI6MTIwMDAwMDAwMDAwMH0sInNjaGVtYV92ZXJzaW9uIjoiMSJ9",
          "dependencies": [
            "aws_vpc.myVPC",
            "data.aws_availability_zones.available"
          ]
        }
      ]
    },
    {
      "mode": "managed",
      "type": "aws_subnet",
      "name": "publicSubnet",
      "provider": "provider[\"registry.terraform.io/hashicorp/aws\"]",
      "instances": [
        {
          "schema_version": 1,
          "attributes": {
            "arn": "arn:aws:ec2:us-west-2:599994645102:subnet/subnet-0441f9f0b969b31fa",
            "assign_ipv6_address_on_creation": false,
            "availability_zone": "us-west-2a",
            "availability_zone_id": "usw2-az1",
            "cidr_block": "10.0.0.0/26",
            "customer_owned_ipv4_pool": "",
            "enable_dns64": false,
            "enable_lni_at_device_index": 0,
            "enable_resource_name_dns_a_record_on_launch": false,
            "enable_resource_name_dns_aaaa_record_on_launch": false,
            "id": "subnet-0441f9f0b969b31fa",
            "ipv6_cidr_block": "",
            "ipv6_cidr_block_association_id": "",
            "ipv6_native": false,
            "map_customer_owned_ip_on_launch": false,
            "map_public_ip_on_launch": true,
            "outpost_arn": "",
            "owner_id": "599994645102",
            "private_dns_hostname_type_on_launch": "ip-name",
            "region": "us-west-2",
            "tags": {
              "Environment": "dev",
              "Name": "publicSubnet",
              "Terraform": "true"
            },
            "tags_all": {
              "Environment": "dev",
              "Name": "publicSubnet",
              "Terraform": "true"
            },
            "timeouts": null,
            "vpc_id": "vpc-03a9e53a11a2eb51e"
          },
          "sensitive_attributes": [],
          "identity_schema_version": 0,
          "private": "eyJlMmJmYjczMC1lY2FhLTExZTYtOGY4OC0zNDM2M2JjN2M0YzAiOnsiY3JlYXRlIjo2MDAwMDAwMDAwMDAsImRlbGV0ZSI6MTIwMDAwMDAwMDAwMH0sInNjaGVtYV92ZXJzaW9uIjoiMSJ9",
          "dependencies": [
            "aws_vpc.myVPC",
            "data.aws_availability_zones.available"
          ]
        }
      ]
    },
    {
      "mode": "managed",
      "type": "aws_subnet",
      "name": "publicSubnet2",
      "provider": "provider[\"registry.terraform.io/hashicorp/aws\"]",
      "instances": [
        {
          "schema_version": 1,
          "attributes": {
            "arn": "arn:aws:ec2:us-west-2:599994645102:subnet/subnet-0e8c251a5914a9c25",
            "assign_ipv6_address_on_creation": false,
            "availability_zone": "us-west-2b",
            "availability_zone_id": "usw2-az2",
            "cidr_block": "10.0.0.64/26",
            "customer_owned_ipv4_pool": "",
            "enable_dns64": false,
            "enable_lni_at_device_index": 0,
            "enable_resource_name_dns_a_record_on_launch": false,
            "enable_resource_name_dns_aaaa_record_on_launch": false,
            "id": "subnet-0e8c251a5914a9c25",
            "ipv6_cidr_block": "",
            "ipv6_cidr_block_association_id": "",
            "ipv6_native": false,
            "map_customer_owned_ip_on_launch": false,
            "map_public_ip_on_launch": true,
            "outpost_arn": "",
            "owner_id": "599994645102",
            "private_dns_hostname_type_on_launch": "ip-name",
            "region": "us-west-2",
            "tags": {
              "Environment": "dev",
              "Name": "publicSubnet2",
              "Terraform": "true"
            },
            "tags_all": {
              "Environment": "dev",
              "Name": "publicSubnet2",
              "Terraform": "true"
            },
            "timeouts": null,
            "vpc_id": "vpc-03a9e53a11a2eb51e"
          },
          "sensitive_attributes": [],
          "identity_schema_version": 0,
          "private": "eyJlMmJmYjczMC1lY2FhLTExZTYtOGY4OC0zNDM2M2JjN2M0YzAiOnsiY3JlYXRlIjo2MDAwMDAwMDAwMDAsImRlbGV0ZSI6MTIwMDAwMDAwMDAwMH0sInNjaGVtYV92ZXJzaW9uIjoiMSJ9",
          "dependencies": [
            "aws_vpc.myVPC",
            "data.aws_availability_zones.available"
          ]
        }
      ]
    },
    {
      "mode": "managed",
      "type": "aws_vpc",
      "name": "myVPC",
      "provider": "provider[\"registry.terraform.io/hashicorp/aws\"]",
      "instances": [
        {
          "schema_version": 1,
          "attributes": {
            "arn": "arn:aws:ec2:us-west-2:599994645102:vpc/vpc-03a9e53a11a2eb51e",
            "assign_generated_ipv6_cidr_block": false,
            "cidr_block": "10.0.0.0/24",
            "default_network_acl_id": "acl-0542cbcf741c0308f",
            "default_route_table_id": "rtb-063ff116cd19fbf90",
            "default_security_group_id": "sg-084607620a26ae913",
            "dhcp_options_id": "dopt-093696586999cb34f",
            "enable_dns_hostnames": false,
            "enable_dns_support": true,
            "enable_network_address_usage_metrics": false,
            "id": "vpc-03a9e53a11a2eb51e",
            "instance_tenancy": "default",
            "ipv4_ipam_pool_id": null,
            "ipv4_netmask_length": null,
            "ipv6_association_id": "",
            "ipv6_cidr_block": "",
            "ipv6_cidr_block_network_border_group": "",
            "ipv6_ipam_pool_id": "",
            "ipv6_netmask_length": 0,
            "main_route_table_id": "rtb-063ff116cd19fbf90",
            "owner_id": "599994645102",
            "region": "us-west-2",
            "tags": {
              "Environment": "dev",
              "Name": "myVPC",
              "Terraform": "true"
            },
            "tags_all": {
              "Environment": "dev",
              "Name": "myVPC",
              "Terraform": "true"
            }
          },
          "sensitive_attributes": [],
          "identity_schema_version": 0,
          "private": "eyJzY2hlbWFfdmVyc2lvbiI6IjEifQ=="
        }
      ]
    },
    {
      "mode": "managed",
      "type": "aws_vpc_security_group_egress_rule",
      "name": "allow_all_traffic_ipv4",
      "provider": "provider[\"registry.terraform.io/hashicorp/aws\"]",
      "instances": [
        {
          "schema_version": 0,
          "attributes": {
            "arn": "arn:aws:ec2:us-west-2:599994645102:security-group-rule/sgr-0d37e924fd4048509",
            "cidr_ipv4": "0.0.0.0/0",
            "cidr_ipv6": null,
            "description": null,
            "from_port": null,
            "id": "sgr-0d37e924fd4048509",
            "ip_protocol": "-1",
            "prefix_list_id": null,
            "referenced_security_group_id": null,
            "region": "us-west-2",
            "security_group_id": "sg-09bee9cd26ec2a002",
            "security_group_rule_id": "sgr-0d37e924fd4048509",
            "tags": null,
            "tags_all": {},
            "to_port": null
          },
          "sensitive_attributes": [],
          "identity_schema_version": 0,
          "dependencies": [
            "aws_security_group.bastion_sg",
            "aws_vpc.myVPC"
          ]
        }
      ]
    },
    {
      "mode": "managed",
      "type": "aws_vpc_security_group_ingress_rule",
      "name": "ssh_from_specified_ip",
      "provider": "provider[\"registry.terraform.io/hashicorp/aws\"]",
      "instances": [
        {
          "schema_version": 0,
          "attributes": {
            "arn": "arn:aws:ec2:us-west-2:599994645102:security-group-rule/sgr-0a6b380619377047d",
            "cidr_ipv4": "95.222.26.151/32",
            "cidr_ipv6": null,
            "description": "SSH access from specified IP",
            "from_port": 22,
            "id": "sgr-0a6b380619377047d",
            "ip_protocol": "tcp",
            "prefix_list_id": null,
            "referenced_security_group_id": null,
            "region": "us-west-2",
            "security_group_id": "sg-09bee9cd26ec2a002",
            "security_group_rule_id": "sgr-0a6b380619377047d",
            "tags": null,
            "tags_all": {},
            "to_port": 22
          },
          "sensitive_attributes": [],
          "identity_schema_version": 0,
          "dependencies": [
            "aws_security_group.bastion_sg",
            "aws_vpc.myVPC"
          ]
        }
      ]
    },
    {
      "mode": "managed",
      "type": "local_file",
      "name": "private_key",
      "provider": "provider[\"registry.terraform.io/hashicorp/local\"]",
      "instances": [
        {
          "schema_version": 0,
          "attributes": {
            "content": "-----BEGIN RSA PRIVATE KEY-----\nMIIJKQIBAAKCAgEAw130Hq5v8pBrDwPlb/SjPOgMQpxI/9fcEdCrDrpfA9rLWjbC\naJeFC6XyUtf/7qtfnGMhp5OjcVC9GTYq9bIGvfbGngazRpTDxQa1QyklEpPnSDvQ\nGdB4xTxnpnrJX5WXROYDSfrhFH0j5TT79FAgrruV6fEC+TvFSyj/AMJx7OdSDZ2f\nqTLVxcWYE6fNf3hSxDmxpFazzmwL2ZfVfagvEuSo2dgKsoeM0Pn0CUv/KFzYkhTk\nTKQfecg3Mm4KLHwBkRUHALh5J9Unuoz3YczuObdoc/L58B4xX9PFSDSosQDOdDEY\nFefui6GA4LWkyXSbyJ2hTSYv24YSf00/z2CPv3XaklR1eLg3tW8lvqsYadrefRNO\nTydUqk7+ronBUKOloo/7QuyM4DC07Q7IohfvM9tToprCiiNVGO6VAkUQH4BjJIUg\nWTOfaP4AxIJ74nNmM2yGYu6wJ88YFD+TxzL4SPHSoTlwovU3YTpwPm50MnbpI318\n5Z5s75NPuiQU0mUnCvDMb/ZL7wgS3qFtxwXilLjYo+phuC9XrMuuwisrp7zU+kuU\noKDq4ULbySzo/m8QXtKOD5FPyNfnxoj2E6NPqyPGAt+gNVsEsO9CSfJ7jrSHfbM8\ncGgGSFhaNDftRt62ikCmQXwzlbfGUqJalk/Qqe8uhoBu0LWw+fcvliK+avMCAwEA\nAQKCAgAWdwdLP+O/kLu+zkPjy825gzVls3LxeHDl24jP+L5UQyR/CyzvufyiikKD\nJDNZznsAEKYeDuwMa6xS6demyQHddjMAmOSkiRa54TuWrXSF3lwKAla7oS1CAOAq\nVJQzWZA7a/eU2jRnlrw57w3J2izn6soiTIR7BFR7gAtSmwlepHra9fUWD7JlO4Nx\nPypyLfPWfIvgydeDNQlny/3QpTZEheakpiMUxGF85kEZkJOWoJaGtcBKz9SOvGcc\ndWrWEqxbcn+LparI2cnnua34oQgDuwNX0ejLo60px8A3vVZohB85XSvX2QOlKr0X\nGcwJHk+LkhSqOmnmZFRcLxXXUtM0jQWRZQyIUIyd375Y1q6onu+mNDiL8Lzybeio\ncvgVTaROzMpx4fyzkG/1AwMBuCUdu+6/pBeeAZxgc367wQpf/gqgyFHu3maO+xha\nclVLcKOoRXRCWPpxsduJN56KI3m4vM2nlljn5dJ1b6FqtXHomkr6WZvGCxrAT1lM\nnZ2hWKKI/0AE2/abMPYFT07y6a034cFB9o9tkhxipi0zxMgSHluPEYLAG7LT3xVY\n3GTk+wD/osCwS/GQHGa0xURlScs1+75fRyp+OIsV7SaNCaPSu01O6BI+LIFB1wVM\nBRVrDirZrEOPyredh67C7a/rlEroX7JtZdfOR8/q+ERCaUZNAQKCAQEA/29CA/bp\nY6xRXqw82hD3RDeHKYq7jWrsNUVezlHrVQdAb7aE9AYkkIFxJ/w0uTFvzXbZRUoi\nZ1ZyEYekTAKCUmTZlsrBZG1jhjy+FH4pJqlFx57bmQhKSQ8JNPUSVhY4lGzISyg5\nZENddKRLYKcdv7Cjjgf+5ptj7LFVzt5Bf5Rg2LbtKsYKSNWj7FrrQxawCCcSBgjL\nb96pmhkwYOH29rSIYXJI9QfNldMwmxh6nC15N+aXjb961MmV3K1+3FdRfwjqJ0/k\ncUHD3i1pTQL8G5BuatReMndnFH4Au32i0sV1WG7MzqCCF0W0ilHTbEoaSjYcp3pC\nNVa8ZYPMPeLA+QKCAQEAw8yojFo7ugQbWxDb3ufyZf9hZkYEVsH1K9O6aVhJZJOi\nOYAIAua/hxRRZ+KNDyeNqoRXpAjpUr3nAPPY0Srt4P7gTNC6lWW+wORyxYHgO2A5\n+LmbifFsDXeLv+TC7Q7C9nRflsI4sTZ8XTUKvGMo9IRveU3HgOVEpkrThT0foYAh\nELZBKkAUUfMY0+jufcOwANMkYMRm/RilntZ0X1rZUeQzgkJa/DqZUWiHqUMm4nIG\nobV/MbM5bWrJikYMagKvSLwturMN9Nv66yeOBjBoO3o+7iR2Qp897TKEqX/xGvW1\nAVAMYTq+3GqEIBcfJRJcMWBTSDN3JI7eLJoIe6lySwKCAQEA0c1LVsBGQGT3zKAB\nt0b6IaDONrPJisVI0BRzY1lrxsIXDerHVzt4auy2yZXgpD/TydoVaVET4vbg6D8W\nFox1CEHnanCM2fTzKv3XTjO1jxi3xNdZHV/uzAU6lbG5ZtYHkPmspfaa9RxTtYuA\nkhmRWLI4FF/C4Ry+vVmG1kw9VhHEXhwZvuk850f6xRaEZ+1JltioeCZfGjqz6WtJ\nDjprQ4VTA18AR6oqFSaKpMk9Y+wBxYVz86xTslUE72XdbhOWT5Y95R48zz2qKGH6\nPJP4CJff6YUW/bKPCwjXhygRRbeDw6f2Nr0lPQI24OmGk0pmP5AkhvbnTLI6OdNA\nPZBy2QKCAQAKK3slrxojE0uIc1u4PDvu6FDayxA2oWRmnly0VA2b1785VVkVLX8N\nORTxXGcPPnKxRKZ4sq3LymlRN1kvpBcu9I4Z702BrQM3aaY8c/59lwXr0Vgu1gdS\nu77afLtTLM0bl/fPEM95BOd4v+SK3GuoJ6jSmCOgokfqi0BpTz9xWAJfp9fCpglo\nKERF3XdluOBPaqgdDpZ61ujjUyhAO6vGASBbx66KI1ELVW6WcBJ4+Is3owG0RybY\ndA97yx+h8fnAwWVuqRY0faiOxkMuNx1y2WqjW+l4lGTXCSSy2R5g1BpOsyWxdyeq\nsy2hrRHFDysStXod6e5qS7Fmh6mhIq/5AoIBAQDeJ0xtiH0IGNPcxr3yv2+vSlul\nZMGsrL8hOsoUre4c6JRuYgqCN8E+3RD98NBl3lMKVFk1K6a853bliiN2VZgVnr/f\n2Rkms9vohSrnY1ioBBqA29xSRs2HHz25asyRvr7XS7t9054C3hh4GIedfR3q7F5w\nvXRSdZJjETQE1qNGM9qeY1Z3a5owfq94iIB1Py1IPnkzlMoQNvWTb+x681eEzsuT\nBHyf5Igku2Y0sTdDZeWgUbBeKdJ+9D03FQoyjltOFONeAPhB6iaSPl3GN8YvmUUR\nU/UBcrcyL3IccGar91H4rQO8So6xsFYwkTSpPUN1q8zPNU+IpK2DU9h8pL7Y\n-----END RSA PRIVATE KEY-----\n",
            "content_base64": null,
            "content_base64sha256": "5WHEftWHQpAvL2LhxR72Y9QDw4Ued0XE+QE8UYzEoF8=",
            "content_base64sha512": "wTA9kX02dSzd3bLRXeRgtqq6BjPwb4h7LPLD6WoUjMqwMoVyKxS0g1dnjqzzkW12AJODTm9653CJUP6sSx498g==",
            "content_md5": "51454c1d33fe3ea6ce1eb3c829adbe26",
            "content_sha1": "777fe2cbde76e66e6a0c33b4ce5a8140986fcc36",
            "content_sha256": "e561c47ed58742902f2f62e1c51ef663d403c3851e7745c4f9013c518cc4a05f",
            "content_sha512": "c1303d917d36752cddddb2d15de460b6aaba0633f06f887b2cf2c3e96a148ccab03285722b14b48357678eacf3916d760093834e6f7ae7708950feac4b1e3df2",
            "directory_permission": "0777",
            "file_permission": "0600",
            "filename": "./ssh-key-dev.pem",
            "id": "777fe2cbde76e66e6a0c33b4ce5a8140986fcc36",
            "sensitive_content": null,
            "source": null
          },
          "sensitive_attributes": [
            [
              {
                "type": "get_attr",
                "value": "content"
              }
            ],
            [
              {
                "type": "get_attr",
                "value": "sensitive_content"
              }
            ]
          ],
          "identity_schema_version": 0,
          "dependencies": [
            "tls_private_key.ssh_key"
          ]
        }
      ]
    },
    {
      "mode": "managed",
      "type": "random_password",
      "name": "db_password",
      "provider": "provider[\"registry.terraform.io/hashicorp/random\"]",
      "instances": [
        {
          "schema_version": 3,
          "attributes": {
            "bcrypt_hash": "$2a$10$itSw6JbIMvGZDfuEWXxTTurUk/WZjb/v.b7I7JIdF6U4cqVKHfcWK",
            "id": "none",
            "keepers": null,
            "length": 16,
            "lower": true,
            "min_lower": 0,
            "min_numeric": 0,
            "min_special": 0,
            "min_upper": 0,
            "number": true,
            "numeric": true,
            "override_special": "!#$%\u0026*()-_=+[]{}\u003c\u003e:?",
            "result": "2cP{uSR2PmGJRDlN",
            "special": true,
            "upper": true
          },
          "sensitive_attributes": [
            [
              {
                "type": "get_attr",
                "value": "bcrypt_hash"
              }
            ],
            [
              {
                "type": "get_attr",
                "value": "result"
              }
            ]
          ],
          "identity_schema_version": 0
        }
      ]
    },
    {
      "mode": "managed",
      "type": "time_sleep",
      "name": "wait_for_nat_gateway",
      "provider": "provider[\"registry.terraform.io/hashicorp/time\"]",
      "instances": [
        {
          "schema_version": 0,
          "attributes": {
            "create_duration": "120s",
            "destroy_duration": null,
            "id": "2025-07-10T13:16:36Z",
            "triggers": null
          },
          "sensitive_attributes": [],
          "identity_schema_version": 0,
          "dependencies": [
            "aws_eip.elasticIP",
            "aws_internet_gateway.myIGW",
            "aws_nat_gateway.myNATGateway",
            "aws_route_table.myPrivateRouteTable",
            "aws_route_table_association.private",
            "aws_subnet.privateSubnet",
            "aws_subnet.publicSubnet",
            "aws_vpc.myVPC",
            "data.aws_availability_zones.available"
          ]
        }
      ]
    },
    {
      "mode": "managed",
      "type": "tls_private_key",
      "name": "ssh_key",
      "provider": "provider[\"registry.terraform.io/hashicorp/tls\"]",
      "instances": [
        {
          "schema_version": 1,
          "attributes": {
            "algorithm": "RSA",
            "ecdsa_curve": "P224",
            "id": "d46626abb2f8f8c62d2d282ce46430175e774dec",
            "private_key_openssh": "-----BEGIN OPENSSH PRIVATE KEY-----\nb3BlbnNzaC1rZXktdjEAAAAABG5vbmUAAAAEbm9uZQAAAAAAAAABAAACFwAAAAdz\nc2gtcnNhAAAAAwEAAQAAAgEAw130Hq5v8pBrDwPlb/SjPOgMQpxI/9fcEdCrDrpf\nA9rLWjbCaJeFC6XyUtf/7qtfnGMhp5OjcVC9GTYq9bIGvfbGngazRpTDxQa1Qykl\nEpPnSDvQGdB4xTxnpnrJX5WXROYDSfrhFH0j5TT79FAgrruV6fEC+TvFSyj/AMJx\n7OdSDZ2fqTLVxcWYE6fNf3hSxDmxpFazzmwL2ZfVfagvEuSo2dgKsoeM0Pn0CUv/\nKFzYkhTkTKQfecg3Mm4KLHwBkRUHALh5J9Unuoz3YczuObdoc/L58B4xX9PFSDSo\nsQDOdDEYFefui6GA4LWkyXSbyJ2hTSYv24YSf00/z2CPv3XaklR1eLg3tW8lvqsY\nadrefRNOTydUqk7+ronBUKOloo/7QuyM4DC07Q7IohfvM9tToprCiiNVGO6VAkUQ\nH4BjJIUgWTOfaP4AxIJ74nNmM2yGYu6wJ88YFD+TxzL4SPHSoTlwovU3YTpwPm50\nMnbpI3185Z5s75NPuiQU0mUnCvDMb/ZL7wgS3qFtxwXilLjYo+phuC9XrMuuwisr\np7zU+kuUoKDq4ULbySzo/m8QXtKOD5FPyNfnxoj2E6NPqyPGAt+gNVsEsO9CSfJ7\njrSHfbM8cGgGSFhaNDftRt62ikCmQXwzlbfGUqJalk/Qqe8uhoBu0LWw+fcvliK+\navMAAAc4+2vj+/tr4/sAAAAHc3NoLXJzYQAAAgEAw130Hq5v8pBrDwPlb/SjPOgM\nQpxI/9fcEdCrDrpfA9rLWjbCaJeFC6XyUtf/7qtfnGMhp5OjcVC9GTYq9bIGvfbG\nngazRpTDxQa1QyklEpPnSDvQGdB4xTxnpnrJX5WXROYDSfrhFH0j5TT79FAgrruV\n6fEC+TvFSyj/AMJx7OdSDZ2fqTLVxcWYE6fNf3hSxDmxpFazzmwL2ZfVfagvEuSo\n2dgKsoeM0Pn0CUv/KFzYkhTkTKQfecg3Mm4KLHwBkRUHALh5J9Unuoz3YczuObdo\nc/L58B4xX9PFSDSosQDOdDEYFefui6GA4LWkyXSbyJ2hTSYv24YSf00/z2CPv3Xa\nklR1eLg3tW8lvqsYadrefRNOTydUqk7+ronBUKOloo/7QuyM4DC07Q7IohfvM9tT\noprCiiNVGO6VAkUQH4BjJIUgWTOfaP4AxIJ74nNmM2yGYu6wJ88YFD+TxzL4SPHS\noTlwovU3YTpwPm50MnbpI3185Z5s75NPuiQU0mUnCvDMb/ZL7wgS3qFtxwXilLjY\no+phuC9XrMuuwisrp7zU+kuUoKDq4ULbySzo/m8QXtKOD5FPyNfnxoj2E6NPqyPG\nAt+gNVsEsO9CSfJ7jrSHfbM8cGgGSFhaNDftRt62ikCmQXwzlbfGUqJalk/Qqe8u\nhoBu0LWw+fcvliK+avMAAAADAQABAAACABZ3B0s/47+Qu77OQ+PLzbmDNWWzcvF4\ncOXbiM/4vlRDJH8LLO+5/KKKQoMkM1nOewAQph4O7AxrrFLp16bJAd12MwCY5KSJ\nFrnhO5atdIXeXAoCVruhLUIA4CpUlDNZkDtr95TaNGeWvDnvDcnaLOfqyiJMhHsE\nVHuAC1KbCV6ketr19RYPsmU7g3E/KnIt89Z8i+DJ14M1CWfL/dClNkSF5qSmIxTE\nYXzmQRmQk5agloa1wErP1I68Zxx1atYSrFtyf4ulqsjZyee5rfihCAO7A1fR6Muj\nrSnHwDe9VmiEHzldK9fZA6UqvRcZzAkeT4uSFKo6aeZkVFwvFddS0zSNBZFlDIhQ\njJ3fvljWrqie76Y0OIvwvPJt6Khy+BVNpE7MynHh/LOQb/UDAwG4JR277r+kF54B\nnGBzfrvBCl/+CqDIUe7eZo77GFpyVUtwo6hFdEJY+nGx24k3noojebi8zaeWWOfl\n0nVvoWq1ceiaSvpZm8YLGsBPWUydnaFYooj/QATb9psw9gVPTvLprTfhwUH2j22S\nHGKmLTPEyBIeW48RgsAbstPfFVjcZOT7AP+iwLBL8ZAcZrTFRGVJyzX7vl9HKn44\nixXtJo0Jo9K7TU7oEj4sgUHXBUwFFWsOKtmsQ4/Kt52HrsLtr+uUSuhfsm1l185H\nz+r4REJpRk0BAAABAQDeJ0xtiH0IGNPcxr3yv2+vSlulZMGsrL8hOsoUre4c6JRu\nYgqCN8E+3RD98NBl3lMKVFk1K6a853bliiN2VZgVnr/f2Rkms9vohSrnY1ioBBqA\n29xSRs2HHz25asyRvr7XS7t9054C3hh4GIedfR3q7F5wvXRSdZJjETQE1qNGM9qe\nY1Z3a5owfq94iIB1Py1IPnkzlMoQNvWTb+x681eEzsuTBHyf5Igku2Y0sTdDZeWg\nUbBeKdJ+9D03FQoyjltOFONeAPhB6iaSPl3GN8YvmUURU/UBcrcyL3IccGar91H4\nrQO8So6xsFYwkTSpPUN1q8zPNU+IpK2DU9h8pL7YAAABAQD/b0ID9uljrFFerDza\nEPdEN4cpiruNauw1RV7OUetVB0BvtoT0BiSQgXEn/DS5MW/NdtlFSiJnVnIRh6RM\nAoJSZNmWysFkbWOGPL4UfikmqUXHntuZCEpJDwk09RJWFjiUbMhLKDlkQ110pEtg\npx2/sKOOB/7mm2PssVXO3kF/lGDYtu0qxgpI1aPsWutDFrAIJxIGCMtv3qmaGTBg\n4fb2tIhhckj1B82V0zCbGHqcLXk35peNv3rUyZXcrX7cV1F/COonT+RxQcPeLWlN\nAvwbkG5q1F4yd2cUfgC7faLSxXVYbszOoIIXRbSKUdNsShpKNhynekI1Vrxlg8w9\n4sD5AAABAQDDzKiMWju6BBtbENve5/Jl/2FmRgRWwfUr07ppWElkk6I5gAgC5r+H\nFFFn4o0PJ42qhFekCOlSvecA89jRKu3g/uBM0LqVZb7A5HLFgeA7YDn4uZuJ8WwN\nd4u/5MLtDsL2dF+WwjixNnxdNQq8Yyj0hG95TceA5USmStOFPR+hgCEQtkEqQBRR\n8xjT6O59w7AA0yRgxGb9GKWe1nRfWtlR5DOCQlr8OplRaIepQybicgahtX8xszlt\nasmKRgxqAq9IvC26sw302/rrJ44GMGg7ej7uJHZCnz3tMoSpf/Ea9bUBUAxhOr7c\naoQgFx8lElwxYFNIM3ckjt4smgh7qXJLAAAAAAEC\n-----END OPENSSH PRIVATE KEY-----\n",
            "private_key_pem": "-----BEGIN RSA PRIVATE KEY-----\nMIIJKQIBAAKCAgEAw130Hq5v8pBrDwPlb/SjPOgMQpxI/9fcEdCrDrpfA9rLWjbC\naJeFC6XyUtf/7qtfnGMhp5OjcVC9GTYq9bIGvfbGngazRpTDxQa1QyklEpPnSDvQ\nGdB4xTxnpnrJX5WXROYDSfrhFH0j5TT79FAgrruV6fEC+TvFSyj/AMJx7OdSDZ2f\nqTLVxcWYE6fNf3hSxDmxpFazzmwL2ZfVfagvEuSo2dgKsoeM0Pn0CUv/KFzYkhTk\nTKQfecg3Mm4KLHwBkRUHALh5J9Unuoz3YczuObdoc/L58B4xX9PFSDSosQDOdDEY\nFefui6GA4LWkyXSbyJ2hTSYv24YSf00/z2CPv3XaklR1eLg3tW8lvqsYadrefRNO\nTydUqk7+ronBUKOloo/7QuyM4DC07Q7IohfvM9tToprCiiNVGO6VAkUQH4BjJIUg\nWTOfaP4AxIJ74nNmM2yGYu6wJ88YFD+TxzL4SPHSoTlwovU3YTpwPm50MnbpI318\n5Z5s75NPuiQU0mUnCvDMb/ZL7wgS3qFtxwXilLjYo+phuC9XrMuuwisrp7zU+kuU\noKDq4ULbySzo/m8QXtKOD5FPyNfnxoj2E6NPqyPGAt+gNVsEsO9CSfJ7jrSHfbM8\ncGgGSFhaNDftRt62ikCmQXwzlbfGUqJalk/Qqe8uhoBu0LWw+fcvliK+avMCAwEA\nAQKCAgAWdwdLP+O/kLu+zkPjy825gzVls3LxeHDl24jP+L5UQyR/CyzvufyiikKD\nJDNZznsAEKYeDuwMa6xS6demyQHddjMAmOSkiRa54TuWrXSF3lwKAla7oS1CAOAq\nVJQzWZA7a/eU2jRnlrw57w3J2izn6soiTIR7BFR7gAtSmwlepHra9fUWD7JlO4Nx\nPypyLfPWfIvgydeDNQlny/3QpTZEheakpiMUxGF85kEZkJOWoJaGtcBKz9SOvGcc\ndWrWEqxbcn+LparI2cnnua34oQgDuwNX0ejLo60px8A3vVZohB85XSvX2QOlKr0X\nGcwJHk+LkhSqOmnmZFRcLxXXUtM0jQWRZQyIUIyd375Y1q6onu+mNDiL8Lzybeio\ncvgVTaROzMpx4fyzkG/1AwMBuCUdu+6/pBeeAZxgc367wQpf/gqgyFHu3maO+xha\nclVLcKOoRXRCWPpxsduJN56KI3m4vM2nlljn5dJ1b6FqtXHomkr6WZvGCxrAT1lM\nnZ2hWKKI/0AE2/abMPYFT07y6a034cFB9o9tkhxipi0zxMgSHluPEYLAG7LT3xVY\n3GTk+wD/osCwS/GQHGa0xURlScs1+75fRyp+OIsV7SaNCaPSu01O6BI+LIFB1wVM\nBRVrDirZrEOPyredh67C7a/rlEroX7JtZdfOR8/q+ERCaUZNAQKCAQEA/29CA/bp\nY6xRXqw82hD3RDeHKYq7jWrsNUVezlHrVQdAb7aE9AYkkIFxJ/w0uTFvzXbZRUoi\nZ1ZyEYekTAKCUmTZlsrBZG1jhjy+FH4pJqlFx57bmQhKSQ8JNPUSVhY4lGzISyg5\nZENddKRLYKcdv7Cjjgf+5ptj7LFVzt5Bf5Rg2LbtKsYKSNWj7FrrQxawCCcSBgjL\nb96pmhkwYOH29rSIYXJI9QfNldMwmxh6nC15N+aXjb961MmV3K1+3FdRfwjqJ0/k\ncUHD3i1pTQL8G5BuatReMndnFH4Au32i0sV1WG7MzqCCF0W0ilHTbEoaSjYcp3pC\nNVa8ZYPMPeLA+QKCAQEAw8yojFo7ugQbWxDb3ufyZf9hZkYEVsH1K9O6aVhJZJOi\nOYAIAua/hxRRZ+KNDyeNqoRXpAjpUr3nAPPY0Srt4P7gTNC6lWW+wORyxYHgO2A5\n+LmbifFsDXeLv+TC7Q7C9nRflsI4sTZ8XTUKvGMo9IRveU3HgOVEpkrThT0foYAh\nELZBKkAUUfMY0+jufcOwANMkYMRm/RilntZ0X1rZUeQzgkJa/DqZUWiHqUMm4nIG\nobV/MbM5bWrJikYMagKvSLwturMN9Nv66yeOBjBoO3o+7iR2Qp897TKEqX/xGvW1\nAVAMYTq+3GqEIBcfJRJcMWBTSDN3JI7eLJoIe6lySwKCAQEA0c1LVsBGQGT3zKAB\nt0b6IaDONrPJisVI0BRzY1lrxsIXDerHVzt4auy2yZXgpD/TydoVaVET4vbg6D8W\nFox1CEHnanCM2fTzKv3XTjO1jxi3xNdZHV/uzAU6lbG5ZtYHkPmspfaa9RxTtYuA\nkhmRWLI4FF/C4Ry+vVmG1kw9VhHEXhwZvuk850f6xRaEZ+1JltioeCZfGjqz6WtJ\nDjprQ4VTA18AR6oqFSaKpMk9Y+wBxYVz86xTslUE72XdbhOWT5Y95R48zz2qKGH6\nPJP4CJff6YUW/bKPCwjXhygRRbeDw6f2Nr0lPQI24OmGk0pmP5AkhvbnTLI6OdNA\nPZBy2QKCAQAKK3slrxojE0uIc1u4PDvu6FDayxA2oWRmnly0VA2b1785VVkVLX8N\nORTxXGcPPnKxRKZ4sq3LymlRN1kvpBcu9I4Z702BrQM3aaY8c/59lwXr0Vgu1gdS\nu77afLtTLM0bl/fPEM95BOd4v+SK3GuoJ6jSmCOgokfqi0BpTz9xWAJfp9fCpglo\nKERF3XdluOBPaqgdDpZ61ujjUyhAO6vGASBbx66KI1ELVW6WcBJ4+Is3owG0RybY\ndA97yx+h8fnAwWVuqRY0faiOxkMuNx1y2WqjW+l4lGTXCSSy2R5g1BpOsyWxdyeq\nsy2hrRHFDysStXod6e5qS7Fmh6mhIq/5AoIBAQDeJ0xtiH0IGNPcxr3yv2+vSlul\nZMGsrL8hOsoUre4c6JRuYgqCN8E+3RD98NBl3lMKVFk1K6a853bliiN2VZgVnr/f\n2Rkms9vohSrnY1ioBBqA29xSRs2HHz25asyRvr7XS7t9054C3hh4GIedfR3q7F5w\nvXRSdZJjETQE1qNGM9qeY1Z3a5owfq94iIB1Py1IPnkzlMoQNvWTb+x681eEzsuT\nBHyf5Igku2Y0sTdDZeWgUbBeKdJ+9D03FQoyjltOFONeAPhB6iaSPl3GN8YvmUUR\nU/UBcrcyL3IccGar91H4rQO8So6xsFYwkTSpPUN1q8zPNU+IpK2DU9h8pL7Y\n-----END RSA PRIVATE KEY-----\n",
            "private_key_pem_pkcs8": "-----BEGIN PRIVATE KEY-----\nMIIJQwIBADANBgkqhkiG9w0BAQEFAASCCS0wggkpAgEAAoICAQDDXfQerm/ykGsP\nA+Vv9KM86AxCnEj/19wR0KsOul8D2staNsJol4ULpfJS1//uq1+cYyGnk6NxUL0Z\nNir1sga99saeBrNGlMPFBrVDKSUSk+dIO9AZ0HjFPGemeslflZdE5gNJ+uEUfSPl\nNPv0UCCuu5Xp8QL5O8VLKP8AwnHs51INnZ+pMtXFxZgTp81/eFLEObGkVrPObAvZ\nl9V9qC8S5KjZ2Aqyh4zQ+fQJS/8oXNiSFORMpB95yDcybgosfAGRFQcAuHkn1Se6\njPdhzO45t2hz8vnwHjFf08VINKixAM50MRgV5+6LoYDgtaTJdJvInaFNJi/bhhJ/\nTT/PYI+/ddqSVHV4uDe1byW+qxhp2t59E05PJ1SqTv6uicFQo6Wij/tC7IzgMLTt\nDsiiF+8z21OimsKKI1UY7pUCRRAfgGMkhSBZM59o/gDEgnvic2YzbIZi7rAnzxgU\nP5PHMvhI8dKhOXCi9TdhOnA+bnQydukjfXzlnmzvk0+6JBTSZScK8Mxv9kvvCBLe\noW3HBeKUuNij6mG4L1esy67CKyunvNT6S5SgoOrhQtvJLOj+bxBe0o4PkU/I1+fG\niPYTo0+rI8YC36A1WwSw70JJ8nuOtId9szxwaAZIWFo0N+1G3raKQKZBfDOVt8ZS\nolqWT9Cp7y6GgG7QtbD59y+WIr5q8wIDAQABAoICABZ3B0s/47+Qu77OQ+PLzbmD\nNWWzcvF4cOXbiM/4vlRDJH8LLO+5/KKKQoMkM1nOewAQph4O7AxrrFLp16bJAd12\nMwCY5KSJFrnhO5atdIXeXAoCVruhLUIA4CpUlDNZkDtr95TaNGeWvDnvDcnaLOfq\nyiJMhHsEVHuAC1KbCV6ketr19RYPsmU7g3E/KnIt89Z8i+DJ14M1CWfL/dClNkSF\n5qSmIxTEYXzmQRmQk5agloa1wErP1I68Zxx1atYSrFtyf4ulqsjZyee5rfihCAO7\nA1fR6MujrSnHwDe9VmiEHzldK9fZA6UqvRcZzAkeT4uSFKo6aeZkVFwvFddS0zSN\nBZFlDIhQjJ3fvljWrqie76Y0OIvwvPJt6Khy+BVNpE7MynHh/LOQb/UDAwG4JR27\n7r+kF54BnGBzfrvBCl/+CqDIUe7eZo77GFpyVUtwo6hFdEJY+nGx24k3noojebi8\nzaeWWOfl0nVvoWq1ceiaSvpZm8YLGsBPWUydnaFYooj/QATb9psw9gVPTvLprTfh\nwUH2j22SHGKmLTPEyBIeW48RgsAbstPfFVjcZOT7AP+iwLBL8ZAcZrTFRGVJyzX7\nvl9HKn44ixXtJo0Jo9K7TU7oEj4sgUHXBUwFFWsOKtmsQ4/Kt52HrsLtr+uUSuhf\nsm1l185Hz+r4REJpRk0BAoIBAQD/b0ID9uljrFFerDzaEPdEN4cpiruNauw1RV7O\nUetVB0BvtoT0BiSQgXEn/DS5MW/NdtlFSiJnVnIRh6RMAoJSZNmWysFkbWOGPL4U\nfikmqUXHntuZCEpJDwk09RJWFjiUbMhLKDlkQ110pEtgpx2/sKOOB/7mm2PssVXO\n3kF/lGDYtu0qxgpI1aPsWutDFrAIJxIGCMtv3qmaGTBg4fb2tIhhckj1B82V0zCb\nGHqcLXk35peNv3rUyZXcrX7cV1F/COonT+RxQcPeLWlNAvwbkG5q1F4yd2cUfgC7\nfaLSxXVYbszOoIIXRbSKUdNsShpKNhynekI1Vrxlg8w94sD5AoIBAQDDzKiMWju6\nBBtbENve5/Jl/2FmRgRWwfUr07ppWElkk6I5gAgC5r+HFFFn4o0PJ42qhFekCOlS\nvecA89jRKu3g/uBM0LqVZb7A5HLFgeA7YDn4uZuJ8WwNd4u/5MLtDsL2dF+Wwjix\nNnxdNQq8Yyj0hG95TceA5USmStOFPR+hgCEQtkEqQBRR8xjT6O59w7AA0yRgxGb9\nGKWe1nRfWtlR5DOCQlr8OplRaIepQybicgahtX8xszltasmKRgxqAq9IvC26sw30\n2/rrJ44GMGg7ej7uJHZCnz3tMoSpf/Ea9bUBUAxhOr7caoQgFx8lElwxYFNIM3ck\njt4smgh7qXJLAoIBAQDRzUtWwEZAZPfMoAG3RvohoM42s8mKxUjQFHNjWWvGwhcN\n6sdXO3hq7LbJleCkP9PJ2hVpURPi9uDoPxYWjHUIQedqcIzZ9PMq/ddOM7WPGLfE\n11kdX+7MBTqVsblm1geQ+ayl9pr1HFO1i4CSGZFYsjgUX8LhHL69WYbWTD1WEcRe\nHBm+6TznR/rFFoRn7UmW2Kh4Jl8aOrPpa0kOOmtDhVMDXwBHqioVJoqkyT1j7AHF\nhXPzrFOyVQTvZd1uE5ZPlj3lHjzPPaooYfo8k/gIl9/phRb9so8LCNeHKBFFt4PD\np/Y2vSU9Ajbg6YaTSmY/kCSG9udMsjo500A9kHLZAoIBAAoreyWvGiMTS4hzW7g8\nO+7oUNrLEDahZGaeXLRUDZvXvzlVWRUtfw05FPFcZw8+crFEpniyrcvKaVE3WS+k\nFy70jhnvTYGtAzdppjxz/n2XBevRWC7WB1K7vtp8u1MszRuX988Qz3kE53i/5Irc\na6gnqNKYI6CiR+qLQGlPP3FYAl+n18KmCWgoREXdd2W44E9qqB0OlnrW6ONTKEA7\nq8YBIFvHroojUQtVbpZwEnj4izejAbRHJth0D3vLH6Hx+cDBZW6pFjR9qI7GQy43\nHXLZaqNb6XiUZNcJJLLZHmDUGk6zJbF3J6qzLaGtEcUPKxK1eh3p7mpLsWaHqaEi\nr/kCggEBAN4nTG2IfQgY09zGvfK/b69KW6VkwaysvyE6yhSt7hzolG5iCoI3wT7d\nEP3w0GXeUwpUWTUrprznduWKI3ZVmBWev9/ZGSaz2+iFKudjWKgEGoDb3FJGzYcf\nPblqzJG+vtdLu33TngLeGHgYh519HersXnC9dFJ1kmMRNATWo0Yz2p5jVndrmjB+\nr3iIgHU/LUg+eTOUyhA29ZNv7HrzV4TOy5MEfJ/kiCS7ZjSxN0Nl5aBRsF4p0n70\nPTcVCjKOW04U414A+EHqJpI+XcY3xi+ZRRFT9QFytzIvchxwZqv3UfitA7xKjrGw\nVjCRNKk9Q3WrzM81T4ikrYNT2Hykvtg=\n-----END PRIVATE KEY-----\n",
            "public_key_fingerprint_md5": "d9:9e:d0:d8:d4:c9:58:fa:79:d7:5d:f5:93:35:d5:9a",
            "public_key_fingerprint_sha256": "SHA256:cBoRqjzLhEW4nuIEYT50UfAgRbJmLlaS8vOPzXqNSng",
            "public_key_openssh": "ssh-rsa AAAAB3NzaC1yc2EAAAADAQABAAACAQDDXfQerm/ykGsPA+Vv9KM86AxCnEj/19wR0KsOul8D2staNsJol4ULpfJS1//uq1+cYyGnk6NxUL0ZNir1sga99saeBrNGlMPFBrVDKSUSk+dIO9AZ0HjFPGemeslflZdE5gNJ+uEUfSPlNPv0UCCuu5Xp8QL5O8VLKP8AwnHs51INnZ+pMtXFxZgTp81/eFLEObGkVrPObAvZl9V9qC8S5KjZ2Aqyh4zQ+fQJS/8oXNiSFORMpB95yDcybgosfAGRFQcAuHkn1Se6jPdhzO45t2hz8vnwHjFf08VINKixAM50MRgV5+6LoYDgtaTJdJvInaFNJi/bhhJ/TT/PYI+/ddqSVHV4uDe1byW+qxhp2t59E05PJ1SqTv6uicFQo6Wij/tC7IzgMLTtDsiiF+8z21OimsKKI1UY7pUCRRAfgGMkhSBZM59o/gDEgnvic2YzbIZi7rAnzxgUP5PHMvhI8dKhOXCi9TdhOnA+bnQydukjfXzlnmzvk0+6JBTSZScK8Mxv9kvvCBLeoW3HBeKUuNij6mG4L1esy67CKyunvNT6S5SgoOrhQtvJLOj+bxBe0o4PkU/I1+fGiPYTo0+rI8YC36A1WwSw70JJ8nuOtId9szxwaAZIWFo0N+1G3raKQKZBfDOVt8ZSolqWT9Cp7y6GgG7QtbD59y+WIr5q8w==\n",
            "public_key_pem": "-----BEGIN PUBLIC KEY-----\nMIICIjANBgkqhkiG9w0BAQEFAAOCAg8AMIICCgKCAgEAw130Hq5v8pBrDwPlb/Sj\nPOgMQpxI/9fcEdCrDrpfA9rLWjbCaJeFC6XyUtf/7qtfnGMhp5OjcVC9GTYq9bIG\nvfbGngazRpTDxQa1QyklEpPnSDvQGdB4xTxnpnrJX5WXROYDSfrhFH0j5TT79FAg\nrruV6fEC+TvFSyj/AMJx7OdSDZ2fqTLVxcWYE6fNf3hSxDmxpFazzmwL2ZfVfagv\nEuSo2dgKsoeM0Pn0CUv/KFzYkhTkTKQfecg3Mm4KLHwBkRUHALh5J9Unuoz3Yczu\nObdoc/L58B4xX9PFSDSosQDOdDEYFefui6GA4LWkyXSbyJ2hTSYv24YSf00/z2CP\nv3XaklR1eLg3tW8lvqsYadrefRNOTydUqk7+ronBUKOloo/7QuyM4DC07Q7Iohfv\nM9tToprCiiNVGO6VAkUQH4BjJIUgWTOfaP4AxIJ74nNmM2yGYu6wJ88YFD+TxzL4\nSPHSoTlwovU3YTpwPm50MnbpI3185Z5s75NPuiQU0mUnCvDMb/ZL7wgS3qFtxwXi\nlLjYo+phuC9XrMuuwisrp7zU+kuUoKDq4ULbySzo/m8QXtKOD5FPyNfnxoj2E6NP\nqyPGAt+gNVsEsO9CSfJ7jrSHfbM8cGgGSFhaNDftRt62ikCmQXwzlbfGUqJalk/Q\nqe8uhoBu0LWw+fcvliK+avMCAwEAAQ==\n-----END PUBLIC KEY-----\n",
            "rsa_bits": 4096
          },
          "sensitive_attributes": [
            [
              {
                "type": "get_attr",
                "value": "private_key_openssh"
              }
            ],
            [
              {
                "type": "get_attr",
                "value": "private_key_pem"
              }
            ],
            [
              {
                "type": "get_attr",
                "value": "private_key_pem_pkcs8"
              }
            ]
          ],
          "identity_schema_version": 0
        }
      ]
    }
  ],
  "check_results": null
}
