{
  "version": 4,
  "terraform_version": "1.12.2",
  "serial": 1286,
  "lineage": "1925b700-2f66-0cd5-71f9-b7ae09686276",
  "outputs": {
    "bastion_public_ip": {
      "value": "3.71.20.175",
      "type": "string"
    },
    "connection_instructions": {
      "value": "    \n=== CONNECTION INSTRUCTIONS ===\n    \n  # From your local machine with agent forwarding enabled\n  ssh -A -i ~/.ssh/bastion_key ec2-user@3.71.20.175\n\n  # Then from the bastion host\n  ssh ec2-user@\u003cweb-app-private-ip\u003e\n    \n🌐 WEB APP ACCESS (Secure):\n   URL: http://web-app-alb-dev-1059020002.eu-central-1.elb.amazonaws.com\n       \n🔒 ARCHITECTURE:\n   Internet → Load Balancer (Public) → Web App (Private) → DynamoDB \u0026 S3\n       \n📷 IMAGE PROCESSING:\n   S3 Bucket: dev-x97o2b9d-images\n   Image uploads → S3 → SNS → Lambda → Rekognition → DynamoDB\n",
      "type": "string"
    },
    "dynamodb_table": {
      "value": "dev-image-analysis",
      "type": "string"
    },
    "image_processing_lambda": {
      "value": "dev-image-processing",
      "type": "string"
    },
    "image_storage_bucket": {
      "value": "dev-x97o2b9d-images",
      "type": "string"
    },
    "load_balancer_dns": {
      "value": "web-app-alb-dev-1059020002.eu-central-1.elb.amazonaws.com",
      "type": "string"
    },
    "web_app_asg_name": {
      "value": "web-app-asg-dev",
      "type": "string"
    },
    "web_app_url": {
      "value": "http://web-app-alb-dev-1059020002.eu-central-1.elb.amazonaws.com",
      "type": "string"
    }
  },
  "resources": [
    {
      "mode": "data",
      "type": "aws_availability_zones",
      "name": "available",
      "provider": "provider[\"registry.terraform.io/hashicorp/aws\"]",
      "instances": [
        {
          "schema_version": 0,
          "attributes": {
            "all_availability_zones": null,
            "exclude_names": null,
            "exclude_zone_ids": null,
            "filter": null,
            "group_names": [
              "eu-central-1-zg-1"
            ],
            "id": "eu-central-1",
            "names": [
              "eu-central-1a",
              "eu-central-1b",
              "eu-central-1c"
            ],
            "region": "eu-central-1",
            "state": "available",
            "timeouts": null,
            "zone_ids": [
              "euc1-az2",
              "euc1-az3",
              "euc1-az1"
            ]
          },
          "sensitive_attributes": [],
          "identity_schema_version": 0
        }
      ]
    },
    {
      "mode": "data",
      "type": "aws_region",
      "name": "current",
      "provider": "provider[\"registry.terraform.io/hashicorp/aws\"]",
      "instances": [
        {
          "schema_version": 0,
          "attributes": {
            "description": "Europe (Frankfurt)",
            "endpoint": "ec2.eu-central-1.amazonaws.com",
            "id": "eu-central-1",
            "name": "eu-central-1",
            "region": "eu-central-1"
          },
          "sensitive_attributes": [],
          "identity_schema_version": 0
        }
      ]
    },
    {
      "mode": "data",
      "type": "aws_ssm_parameter",
      "name": "al2023",
      "provider": "provider[\"registry.terraform.io/hashicorp/aws\"]",
      "instances": [
        {
          "schema_version": 0,
          "attributes": {
            "arn": "arn:aws:ssm:eu-central-1::parameter/aws/service/ami-amazon-linux-latest/al2023-ami-kernel-6.1-x86_64",
            "id": "/aws/service/ami-amazon-linux-latest/al2023-ami-kernel-6.1-x86_64",
            "insecure_value": "ami-09191d47657c9691a",
            "name": "/aws/service/ami-amazon-linux-latest/al2023-ami-kernel-6.1-x86_64",
            "region": "eu-central-1",
            "type": "String",
            "value": "ami-09191d47657c9691a",
            "version": 124,
            "with_decryption": true
          },
          "sensitive_attributes": [
            [
              {
                "type": "get_attr",
                "value": "value"
              }
            ]
          ],
          "identity_schema_version": 0
        }
      ]
    },
    {
      "mode": "managed",
      "type": "aws_autoscaling_group",
      "name": "web_app_asg",
      "provider": "provider[\"registry.terraform.io/hashicorp/aws\"]",
      "instances": [
        {
          "schema_version": 1,
          "attributes": {
            "arn": "arn:aws:autoscaling:eu-central-1:253490779310:autoScalingGroup:a1c6b423-11c3-4ba4-ac9f-d7e2209eab70:autoScalingGroupName/web-app-asg-dev",
            "availability_zone_distribution": [
              {
                "capacity_distribution_strategy": "balanced-best-effort"
              }
            ],
            "availability_zones": [
              "eu-central-1a",
              "eu-central-1b"
            ],
            "capacity_rebalance": false,
            "capacity_reservation_specification": [
              {
                "capacity_reservation_preference": "default",
                "capacity_reservation_target": []
              }
            ],
            "context": "",
            "default_cooldown": 300,
            "default_instance_warmup": 0,
            "desired_capacity": 2,
            "desired_capacity_type": "",
            "enabled_metrics": [],
            "force_delete": false,
            "force_delete_warm_pool": false,
            "health_check_grace_period": 300,
            "health_check_type": "ELB",
            "id": "web-app-asg-dev",
            "ignore_failed_scaling_activities": false,
            "initial_lifecycle_hook": [],
            "instance_maintenance_policy": [],
            "instance_refresh": [],
            "launch_configuration": "",
            "launch_template": [
              {
                "id": "lt-075dccd07c674a1ad",
                "name": "web-app-template-dev-20250723155436868500000005",
                "version": "$Latest"
              }
            ],
            "load_balancers": [],
            "max_instance_lifetime": 0,
            "max_size": 4,
            "metrics_granularity": "1Minute",
            "min_elb_capacity": null,
            "min_size": 2,
            "mixed_instances_policy": [],
            "name": "web-app-asg-dev",
            "name_prefix": "",
            "placement_group": "",
            "predicted_capacity": 0,
            "protect_from_scale_in": false,
            "region": "eu-central-1",
            "service_linked_role_arn": "arn:aws:iam::253490779310:role/aws-service-role/autoscaling.amazonaws.com/AWSServiceRoleForAutoScaling",
            "suspended_processes": [],
            "tag": [
              {
                "key": "Environment",
                "propagate_at_launch": true,
                "value": "dev"
              },
              {
                "key": "Name",
                "propagate_at_launch": true,
                "value": "WebApp-ASG-dev"
              }
            ],
            "target_group_arns": [
              "arn:aws:elasticloadbalancing:eu-central-1:253490779310:targetgroup/web-app-tg-dev/d53de1f0d613d0f6"
            ],
            "termination_policies": [],
            "timeouts": null,
            "traffic_source": [
              {
                "identifier": "arn:aws:elasticloadbalancing:eu-central-1:253490779310:targetgroup/web-app-tg-dev/d53de1f0d613d0f6",
                "type": "elbv2"
              }
            ],
            "vpc_zone_identifier": [
              "subnet-04484cd10843c42b3",
              "subnet-05956fc2668efee40"
            ],
            "wait_for_capacity_timeout": "10m",
            "wait_for_elb_capacity": null,
            "warm_pool": [],
            "warm_pool_size": 0
          },
          "sensitive_attributes": [],
          "identity_schema_version": 0,
          "private": "eyJlMmJmYjczMC1lY2FhLTExZTYtOGY4OC0zNDM2M2JjN2M0YzAiOnsiZGVsZXRlIjo2MDAwMDAwMDAwMDAsInVwZGF0ZSI6NjAwMDAwMDAwMDAwfSwic2NoZW1hX3ZlcnNpb24iOiIxIn0=",
          "dependencies": [
            "aws_dynamodb_table.image_analysis",
            "aws_eip.elasticIP",
            "aws_iam_instance_profile.web_app_profile",
            "aws_iam_role.web_app_role",
            "aws_internet_gateway.myIGW",
            "aws_key_pair.bastion_key",
            "aws_launch_template.web_app_template",
            "aws_lb_target_group.web_app_tg",
            "aws_nat_gateway.myNATGateway",
            "aws_route_table.myPrivateRouteTable",
            "aws_route_table_association.private",
            "aws_s3_bucket.image_storage",
            "aws_security_group.alb_sg",
            "aws_security_group.bastion_sg",
            "aws_security_group.web_app_sg",
            "aws_subnet.privateSubnet",
            "aws_subnet.privateSubnet2",
            "aws_subnet.publicSubnet",
            "aws_vpc.myVPC",
            "data.aws_availability_zones.available",
            "data.aws_ssm_parameter.al2023",
            "random_string.suffix",
            "time_sleep.wait_for_nat_gateway"
          ]
        }
      ]
    },
    {
      "mode": "managed",
      "type": "aws_autoscaling_policy",
      "name": "scale_down",
      "provider": "provider[\"registry.terraform.io/hashicorp/aws\"]",
      "instances": [
        {
          "schema_version": 0,
          "attributes": {
            "adjustment_type": "ChangeInCapacity",
            "arn": "arn:aws:autoscaling:eu-central-1:253490779310:scalingPolicy:c9ecc657-dba9-4687-a24d-af554be7fb4e:autoScalingGroupName/web-app-asg-dev:policyName/web-app-scale-down-dev",
            "autoscaling_group_name": "web-app-asg-dev",
            "cooldown": 300,
            "enabled": true,
            "estimated_instance_warmup": 0,
            "id": "web-app-scale-down-dev",
            "metric_aggregation_type": "",
            "min_adjustment_magnitude": 0,
            "name": "web-app-scale-down-dev",
            "policy_type": "SimpleScaling",
            "predictive_scaling_configuration": [],
            "region": "eu-central-1",
            "scaling_adjustment": -1,
            "step_adjustment": [],
            "target_tracking_configuration": []
          },
          "sensitive_attributes": [],
          "identity_schema_version": 0,
          "private": "bnVsbA==",
          "dependencies": [
            "aws_autoscaling_group.web_app_asg",
            "aws_dynamodb_table.image_analysis",
            "aws_eip.elasticIP",
            "aws_iam_instance_profile.web_app_profile",
            "aws_iam_role.web_app_role",
            "aws_internet_gateway.myIGW",
            "aws_key_pair.bastion_key",
            "aws_launch_template.web_app_template",
            "aws_lb_target_group.web_app_tg",
            "aws_nat_gateway.myNATGateway",
            "aws_route_table.myPrivateRouteTable",
            "aws_route_table_association.private",
            "aws_s3_bucket.image_storage",
            "aws_security_group.alb_sg",
            "aws_security_group.bastion_sg",
            "aws_security_group.web_app_sg",
            "aws_subnet.privateSubnet",
            "aws_subnet.privateSubnet2",
            "aws_subnet.publicSubnet",
            "aws_vpc.myVPC",
            "data.aws_availability_zones.available",
            "data.aws_ssm_parameter.al2023",
            "random_string.suffix",
            "time_sleep.wait_for_nat_gateway"
          ]
        }
      ]
    },
    {
      "mode": "managed",
      "type": "aws_autoscaling_policy",
      "name": "scale_up",
      "provider": "provider[\"registry.terraform.io/hashicorp/aws\"]",
      "instances": [
        {
          "schema_version": 0,
          "attributes": {
            "adjustment_type": "ChangeInCapacity",
            "arn": "arn:aws:autoscaling:eu-central-1:253490779310:scalingPolicy:8f986bf0-fa72-4ee3-86b3-b3c366874c61:autoScalingGroupName/web-app-asg-dev:policyName/web-app-scale-up-dev",
            "autoscaling_group_name": "web-app-asg-dev",
            "cooldown": 300,
            "enabled": true,
            "estimated_instance_warmup": 0,
            "id": "web-app-scale-up-dev",
            "metric_aggregation_type": "",
            "min_adjustment_magnitude": 0,
            "name": "web-app-scale-up-dev",
            "policy_type": "SimpleScaling",
            "predictive_scaling_configuration": [],
            "region": "eu-central-1",
            "scaling_adjustment": 1,
            "step_adjustment": [],
            "target_tracking_configuration": []
          },
          "sensitive_attributes": [],
          "identity_schema_version": 0,
          "private": "bnVsbA==",
          "dependencies": [
            "aws_autoscaling_group.web_app_asg",
            "aws_dynamodb_table.image_analysis",
            "aws_eip.elasticIP",
            "aws_iam_instance_profile.web_app_profile",
            "aws_iam_role.web_app_role",
            "aws_internet_gateway.myIGW",
            "aws_key_pair.bastion_key",
            "aws_launch_template.web_app_template",
            "aws_lb_target_group.web_app_tg",
            "aws_nat_gateway.myNATGateway",
            "aws_route_table.myPrivateRouteTable",
            "aws_route_table_association.private",
            "aws_s3_bucket.image_storage",
            "aws_security_group.alb_sg",
            "aws_security_group.bastion_sg",
            "aws_security_group.web_app_sg",
            "aws_subnet.privateSubnet",
            "aws_subnet.privateSubnet2",
            "aws_subnet.publicSubnet",
            "aws_vpc.myVPC",
            "data.aws_availability_zones.available",
            "data.aws_ssm_parameter.al2023",
            "random_string.suffix",
            "time_sleep.wait_for_nat_gateway"
          ]
        }
      ]
    },
    {
      "mode": "managed",
      "type": "aws_cloudwatch_metric_alarm",
      "name": "cpu_high",
      "provider": "provider[\"registry.terraform.io/hashicorp/aws\"]",
      "instances": [
        {
          "schema_version": 1,
          "attributes": {
            "actions_enabled": true,
            "alarm_actions": [
              "arn:aws:autoscaling:eu-central-1:253490779310:scalingPolicy:8f986bf0-fa72-4ee3-86b3-b3c366874c61:autoScalingGroupName/web-app-asg-dev:policyName/web-app-scale-up-dev"
            ],
            "alarm_description": "This metric monitors ec2 cpu utilization",
            "alarm_name": "web-app-cpu-high-dev",
            "arn": "arn:aws:cloudwatch:eu-central-1:253490779310:alarm:web-app-cpu-high-dev",
            "comparison_operator": "GreaterThanThreshold",
            "datapoints_to_alarm": 0,
            "dimensions": {
              "AutoScalingGroupName": "web-app-asg-dev"
            },
            "evaluate_low_sample_count_percentiles": "",
            "evaluation_periods": 2,
            "extended_statistic": "",
            "id": "web-app-cpu-high-dev",
            "insufficient_data_actions": [],
            "metric_name": "CPUUtilization",
            "metric_query": [],
            "namespace": "AWS/EC2",
            "ok_actions": [],
            "period": 120,
            "region": "eu-central-1",
            "statistic": "Average",
            "tags": {},
            "tags_all": {},
            "threshold": 70,
            "threshold_metric_id": "",
            "treat_missing_data": "missing",
            "unit": ""
          },
          "sensitive_attributes": [],
          "identity_schema_version": 0,
          "private": "eyJzY2hlbWFfdmVyc2lvbiI6IjEifQ==",
          "dependencies": [
            "aws_autoscaling_group.web_app_asg",
            "aws_autoscaling_policy.scale_up",
            "aws_dynamodb_table.image_analysis",
            "aws_eip.elasticIP",
            "aws_iam_instance_profile.web_app_profile",
            "aws_iam_role.web_app_role",
            "aws_internet_gateway.myIGW",
            "aws_key_pair.bastion_key",
            "aws_launch_template.web_app_template",
            "aws_lb_target_group.web_app_tg",
            "aws_nat_gateway.myNATGateway",
            "aws_route_table.myPrivateRouteTable",
            "aws_route_table_association.private",
            "aws_s3_bucket.image_storage",
            "aws_security_group.alb_sg",
            "aws_security_group.bastion_sg",
            "aws_security_group.web_app_sg",
            "aws_subnet.privateSubnet",
            "aws_subnet.privateSubnet2",
            "aws_subnet.publicSubnet",
            "aws_vpc.myVPC",
            "data.aws_availability_zones.available",
            "data.aws_ssm_parameter.al2023",
            "random_string.suffix",
            "time_sleep.wait_for_nat_gateway"
          ]
        }
      ]
    },
    {
      "mode": "managed",
      "type": "aws_cloudwatch_metric_alarm",
      "name": "cpu_low",
      "provider": "provider[\"registry.terraform.io/hashicorp/aws\"]",
      "instances": [
        {
          "schema_version": 1,
          "attributes": {
            "actions_enabled": true,
            "alarm_actions": [
              "arn:aws:autoscaling:eu-central-1:253490779310:scalingPolicy:c9ecc657-dba9-4687-a24d-af554be7fb4e:autoScalingGroupName/web-app-asg-dev:policyName/web-app-scale-down-dev"
            ],
            "alarm_description": "This metric monitors ec2 cpu utilization",
            "alarm_name": "web-app-cpu-low-dev",
            "arn": "arn:aws:cloudwatch:eu-central-1:253490779310:alarm:web-app-cpu-low-dev",
            "comparison_operator": "LessThanThreshold",
            "datapoints_to_alarm": 0,
            "dimensions": {
              "AutoScalingGroupName": "web-app-asg-dev"
            },
            "evaluate_low_sample_count_percentiles": "",
            "evaluation_periods": 2,
            "extended_statistic": "",
            "id": "web-app-cpu-low-dev",
            "insufficient_data_actions": [],
            "metric_name": "CPUUtilization",
            "metric_query": [],
            "namespace": "AWS/EC2",
            "ok_actions": [],
            "period": 120,
            "region": "eu-central-1",
            "statistic": "Average",
            "tags": {},
            "tags_all": {},
            "threshold": 30,
            "threshold_metric_id": "",
            "treat_missing_data": "missing",
            "unit": ""
          },
          "sensitive_attributes": [],
          "identity_schema_version": 0,
          "private": "eyJzY2hlbWFfdmVyc2lvbiI6IjEifQ==",
          "dependencies": [
            "aws_autoscaling_group.web_app_asg",
            "aws_autoscaling_policy.scale_down",
            "aws_dynamodb_table.image_analysis",
            "aws_eip.elasticIP",
            "aws_iam_instance_profile.web_app_profile",
            "aws_iam_role.web_app_role",
            "aws_internet_gateway.myIGW",
            "aws_key_pair.bastion_key",
            "aws_launch_template.web_app_template",
            "aws_lb_target_group.web_app_tg",
            "aws_nat_gateway.myNATGateway",
            "aws_route_table.myPrivateRouteTable",
            "aws_route_table_association.private",
            "aws_s3_bucket.image_storage",
            "aws_security_group.alb_sg",
            "aws_security_group.bastion_sg",
            "aws_security_group.web_app_sg",
            "aws_subnet.privateSubnet",
            "aws_subnet.privateSubnet2",
            "aws_subnet.publicSubnet",
            "aws_vpc.myVPC",
            "data.aws_availability_zones.available",
            "data.aws_ssm_parameter.al2023",
            "random_string.suffix",
            "time_sleep.wait_for_nat_gateway"
          ]
        }
      ]
    },
    {
      "mode": "managed",
      "type": "aws_dynamodb_table",
      "name": "image_analysis",
      "provider": "provider[\"registry.terraform.io/hashicorp/aws\"]",
      "instances": [
        {
          "schema_version": 1,
          "attributes": {
            "arn": "arn:aws:dynamodb:eu-central-1:253490779310:table/dev-image-analysis",
            "attribute": [
              {
                "name": "image_id",
                "type": "S"
              }
            ],
            "billing_mode": "PAY_PER_REQUEST",
            "deletion_protection_enabled": false,
            "global_secondary_index": [],
            "hash_key": "image_id",
            "id": "dev-image-analysis",
            "import_table": [],
            "local_secondary_index": [],
            "name": "dev-image-analysis",
            "on_demand_throughput": [],
            "point_in_time_recovery": [
              {
                "enabled": false,
                "recovery_period_in_days": 0
              }
            ],
            "range_key": null,
            "read_capacity": 0,
            "region": "eu-central-1",
            "replica": [],
            "restore_date_time": null,
            "restore_source_name": null,
            "restore_source_table_arn": null,
            "restore_to_latest_time": null,
            "server_side_encryption": [],
            "stream_arn": "",
            "stream_enabled": false,
            "stream_label": "",
            "stream_view_type": "",
            "table_class": "STANDARD",
            "tags": {
              "Environment": "dev",
              "Name": "dev-image-analysis"
            },
            "tags_all": {
              "Environment": "dev",
              "Name": "dev-image-analysis"
            },
            "timeouts": null,
            "ttl": [
              {
                "attribute_name": "",
                "enabled": false
              }
            ],
            "write_capacity": 0
          },
          "sensitive_attributes": [],
          "identity_schema_version": 0,
          "private": "eyJlMmJmYjczMC1lY2FhLTExZTYtOGY4OC0zNDM2M2JjN2M0YzAiOnsiY3JlYXRlIjoxODAwMDAwMDAwMDAwLCJkZWxldGUiOjYwMDAwMDAwMDAwMCwidXBkYXRlIjozNjAwMDAwMDAwMDAwfSwic2NoZW1hX3ZlcnNpb24iOiIxIn0="
        }
      ]
    },
    {
      "mode": "managed",
      "type": "aws_eip",
      "name": "elasticIP",
      "provider": "provider[\"registry.terraform.io/hashicorp/aws\"]",
      "instances": [
        {
          "schema_version": 0,
          "attributes": {
            "address": null,
            "allocation_id": "eipalloc-0b0ed2f99002c0108",
            "arn": "arn:aws:ec2:eu-central-1:253490779310:elastic-ip/eipalloc-0b0ed2f99002c0108",
            "associate_with_private_ip": null,
            "association_id": "eipassoc-0b2e99b966946e861",
            "carrier_ip": "",
            "customer_owned_ip": "",
            "customer_owned_ipv4_pool": "",
            "domain": "vpc",
            "id": "eipalloc-0b0ed2f99002c0108",
            "instance": "",
            "ipam_pool_id": null,
            "network_border_group": "eu-central-1",
            "network_interface": "eni-03448a456f50a0d03",
            "private_dns": "ip-10-0-0-55.eu-central-1.compute.internal",
            "private_ip": "10.0.0.55",
            "ptr_record": "",
            "public_dns": "ec2-18-194-40-223.eu-central-1.compute.amazonaws.com",
            "public_ip": "18.194.40.223",
            "public_ipv4_pool": "amazon",
            "region": "eu-central-1",
            "tags": {
              "Environment": "dev",
              "Name": "NAT-Gateway-EIP",
              "Terraform": "true"
            },
            "tags_all": {
              "Environment": "dev",
              "Name": "NAT-Gateway-EIP",
              "Terraform": "true"
            },
            "timeouts": null
          },
          "sensitive_attributes": [],
          "identity_schema_version": 0,
          "private": "eyJlMmJmYjczMC1lY2FhLTExZTYtOGY4OC0zNDM2M2JjN2M0YzAiOnsiZGVsZXRlIjoxODAwMDAwMDAwMDAsInJlYWQiOjkwMDAwMDAwMDAwMCwidXBkYXRlIjozMDAwMDAwMDAwMDB9fQ=="
        }
      ]
    },
    {
      "mode": "managed",
      "type": "aws_iam_instance_profile",
      "name": "web_app_profile",
      "provider": "provider[\"registry.terraform.io/hashicorp/aws\"]",
      "instances": [
        {
          "schema_version": 0,
          "attributes": {
            "arn": "arn:aws:iam::253490779310:instance-profile/dev-web-app-profile",
            "create_date": "2025-07-23T15:54:30Z",
            "id": "dev-web-app-profile",
            "name": "dev-web-app-profile",
            "name_prefix": "",
            "path": "/",
            "role": "dev-web-app-role",
            "tags": {},
            "tags_all": {},
            "unique_id": "AIPATWBJ2KSXH4RGC76RT"
          },
          "sensitive_attributes": [],
          "identity_schema_version": 0,
          "private": "bnVsbA==",
          "dependencies": [
            "aws_iam_role.web_app_role"
          ]
        }
      ]
    },
    {
      "mode": "managed",
      "type": "aws_iam_policy",
      "name": "lambda_image_processing",
      "provider": "provider[\"registry.terraform.io/hashicorp/aws\"]",
      "instances": [
        {
          "schema_version": 0,
          "attributes": {
            "arn": "arn:aws:iam::253490779310:policy/dev-lambda-image-processing",
            "attachment_count": 1,
            "description": "IAM policy for image processing Lambda function",
            "id": "arn:aws:iam::253490779310:policy/dev-lambda-image-processing",
            "name": "dev-lambda-image-processing",
            "name_prefix": "",
            "path": "/",
            "policy": "{\"Statement\":[{\"Action\":[\"logs:CreateLogGroup\",\"logs:CreateLogStream\",\"logs:PutLogEvents\"],\"Effect\":\"Allow\",\"Resource\":\"arn:aws:logs:*:*:*\"},{\"Action\":[\"s3:GetObject\",\"s3:PutObject\",\"s3:PutObjectAcl\",\"s3:GetObjectAttributes\",\"s3:GetObjectTagging\",\"s3:PutObjectTagging\"],\"Effect\":\"Allow\",\"Resource\":\"arn:aws:s3:::dev-x97o2b9d-images/*\"},{\"Action\":[\"sns:Publish\",\"sns:Subscribe\"],\"Effect\":\"Allow\",\"Resource\":\"arn:aws:sns:eu-central-1:253490779310:dev-image-processing\"},{\"Action\":[\"rekognition:DetectLabels\",\"rekognition:DetectModerationLabels\",\"rekognition:DetectFaces\"],\"Effect\":\"Allow\",\"Resource\":\"*\"},{\"Action\":[\"dynamodb:PutItem\",\"dynamodb:GetItem\",\"dynamodb:UpdateItem\",\"dynamodb:Query\"],\"Effect\":\"Allow\",\"Resource\":\"arn:aws:dynamodb:eu-central-1:253490779310:table/dev-image-analysis\"}],\"Version\":\"2012-10-17\"}",
            "policy_id": "ANPATWBJ2KSXBRUXCQ6BP",
            "tags": {},
            "tags_all": {}
          },
          "sensitive_attributes": [],
          "identity_schema_version": 0,
          "private": "bnVsbA==",
          "dependencies": [
            "aws_dynamodb_table.image_analysis",
            "aws_s3_bucket.image_storage",
            "aws_sns_topic.image_processing",
            "random_string.suffix"
          ]
        }
      ]
    },
    {
      "mode": "managed",
      "type": "aws_iam_policy",
      "name": "web_app_dynamodb_access",
      "provider": "provider[\"registry.terraform.io/hashicorp/aws\"]",
      "instances": [
        {
          "schema_version": 0,
          "attributes": {
            "arn": "arn:aws:iam::253490779310:policy/dev-web-app-dynamodb-access",
            "attachment_count": 1,
            "description": "Allow Web App instances to access DynamoDB table",
            "id": "arn:aws:iam::253490779310:policy/dev-web-app-dynamodb-access",
            "name": "dev-web-app-dynamodb-access",
            "name_prefix": "",
            "path": "/",
            "policy": "{\"Statement\":[{\"Action\":[\"dynamodb:GetItem\",\"dynamodb:Query\",\"dynamodb:Scan\"],\"Effect\":\"Allow\",\"Resource\":\"arn:aws:dynamodb:eu-central-1:253490779310:table/dev-image-analysis\"}],\"Version\":\"2012-10-17\"}",
            "policy_id": "ANPATWBJ2KSXAPXMJNABJ",
            "tags": {},
            "tags_all": {}
          },
          "sensitive_attributes": [],
          "identity_schema_version": 0,
          "private": "bnVsbA==",
          "dependencies": [
            "aws_dynamodb_table.image_analysis"
          ]
        }
      ]
    },
    {
      "mode": "managed",
      "type": "aws_iam_policy",
      "name": "web_app_s3_access",
      "provider": "provider[\"registry.terraform.io/hashicorp/aws\"]",
      "instances": [
        {
          "schema_version": 0,
          "attributes": {
            "arn": "arn:aws:iam::253490779310:policy/dev-web-app-s3-access",
            "attachment_count": 1,
            "description": "Allow Web App instances to access S3 image bucket",
            "id": "arn:aws:iam::253490779310:policy/dev-web-app-s3-access",
            "name": "dev-web-app-s3-access",
            "name_prefix": "",
            "path": "/",
            "policy": "{\"Statement\":[{\"Action\":[\"s3:GetObject\",\"s3:PutObject\",\"s3:DeleteObject\",\"s3:ListBucket\",\"s3:GetObjectMetadata\",\"s3:PutObjectAcl\"],\"Effect\":\"Allow\",\"Resource\":[\"arn:aws:s3:::dev-x97o2b9d-images\",\"arn:aws:s3:::dev-x97o2b9d-images/*\"]}],\"Version\":\"2012-10-17\"}",
            "policy_id": "ANPATWBJ2KSXLKWQFXTH7",
            "tags": {},
            "tags_all": {}
          },
          "sensitive_attributes": [],
          "identity_schema_version": 0,
          "private": "bnVsbA==",
          "dependencies": [
            "aws_s3_bucket.image_storage",
            "random_string.suffix"
          ]
        }
      ]
    },
    {
      "mode": "managed",
      "type": "aws_iam_role",
      "name": "lambda_image_processing",
      "provider": "provider[\"registry.terraform.io/hashicorp/aws\"]",
      "instances": [
        {
          "schema_version": 0,
          "attributes": {
            "arn": "arn:aws:iam::253490779310:role/dev-lambda-image-processing",
            "assume_role_policy": "{\"Statement\":[{\"Action\":\"sts:AssumeRole\",\"Effect\":\"Allow\",\"Principal\":{\"Service\":\"lambda.amazonaws.com\"}}],\"Version\":\"2012-10-17\"}",
            "create_date": "2025-07-23T15:54:29Z",
            "description": "",
            "force_detach_policies": false,
            "id": "dev-lambda-image-processing",
            "inline_policy": [],
            "managed_policy_arns": [
              "arn:aws:iam::253490779310:policy/dev-lambda-image-processing"
            ],
            "max_session_duration": 3600,
            "name": "dev-lambda-image-processing",
            "name_prefix": "",
            "path": "/",
            "permissions_boundary": "",
            "tags": {},
            "tags_all": {},
            "unique_id": "AROATWBJ2KSXHCZUPGUC3"
          },
          "sensitive_attributes": [],
          "identity_schema_version": 0,
          "identity": {
            "account_id": "253490779310",
            "name": "dev-lambda-image-processing"
          },
          "private": "bnVsbA=="
        }
      ]
    },
    {
      "mode": "managed",
      "type": "aws_iam_role",
      "name": "web_app_role",
      "provider": "provider[\"registry.terraform.io/hashicorp/aws\"]",
      "instances": [
        {
          "schema_version": 0,
          "attributes": {
            "arn": "arn:aws:iam::253490779310:role/dev-web-app-role",
            "assume_role_policy": "{\"Statement\":[{\"Action\":\"sts:AssumeRole\",\"Effect\":\"Allow\",\"Principal\":{\"Service\":\"ec2.amazonaws.com\"}}],\"Version\":\"2012-10-17\"}",
            "create_date": "2025-07-23T15:54:29Z",
            "description": "",
            "force_detach_policies": false,
            "id": "dev-web-app-role",
            "inline_policy": [],
            "managed_policy_arns": [
              "arn:aws:iam::253490779310:policy/dev-web-app-dynamodb-access",
              "arn:aws:iam::253490779310:policy/dev-web-app-s3-access"
            ],
            "max_session_duration": 3600,
            "name": "dev-web-app-role",
            "name_prefix": "",
            "path": "/",
            "permissions_boundary": "",
            "tags": {
              "Environment": "dev",
              "Name": "dev-web-app-role"
            },
            "tags_all": {
              "Environment": "dev",
              "Name": "dev-web-app-role"
            },
            "unique_id": "AROATWBJ2KSXGOP6JF3TB"
          },
          "sensitive_attributes": [],
          "identity_schema_version": 0,
          "identity": {
            "account_id": "253490779310",
            "name": "dev-web-app-role"
          },
          "private": "bnVsbA=="
        }
      ]
    },
    {
      "mode": "managed",
      "type": "aws_iam_role_policy_attachment",
      "name": "lambda_image_processing",
      "provider": "provider[\"registry.terraform.io/hashicorp/aws\"]",
      "instances": [
        {
          "schema_version": 0,
          "attributes": {
            "id": "dev-lambda-image-processing/arn:aws:iam::253490779310:policy/dev-lambda-image-processing",
            "policy_arn": "arn:aws:iam::253490779310:policy/dev-lambda-image-processing",
            "role": "dev-lambda-image-processing"
          },
          "sensitive_attributes": [],
          "identity_schema_version": 0,
          "identity": {
            "account_id": "253490779310",
            "policy_arn": "arn:aws:iam::253490779310:policy/dev-lambda-image-processing",
            "role": "dev-lambda-image-processing"
          },
          "private": "bnVsbA==",
          "dependencies": [
            "aws_dynamodb_table.image_analysis",
            "aws_iam_policy.lambda_image_processing",
            "aws_iam_role.lambda_image_processing",
            "aws_s3_bucket.image_storage",
            "aws_sns_topic.image_processing",
            "random_string.suffix"
          ]
        }
      ]
    },
    {
      "mode": "managed",
      "type": "aws_iam_role_policy_attachment",
      "name": "web_app_dynamodb_access",
      "provider": "provider[\"registry.terraform.io/hashicorp/aws\"]",
      "instances": [
        {
          "schema_version": 0,
          "attributes": {
            "id": "dev-web-app-role/arn:aws:iam::253490779310:policy/dev-web-app-dynamodb-access",
            "policy_arn": "arn:aws:iam::253490779310:policy/dev-web-app-dynamodb-access",
            "role": "dev-web-app-role"
          },
          "sensitive_attributes": [],
          "identity_schema_version": 0,
          "identity": {
            "account_id": "253490779310",
            "policy_arn": "arn:aws:iam::253490779310:policy/dev-web-app-dynamodb-access",
            "role": "dev-web-app-role"
          },
          "private": "bnVsbA==",
          "dependencies": [
            "aws_dynamodb_table.image_analysis",
            "aws_iam_policy.web_app_dynamodb_access",
            "aws_iam_role.web_app_role"
          ]
        }
      ]
    },
    {
      "mode": "managed",
      "type": "aws_iam_role_policy_attachment",
      "name": "web_app_s3_access",
      "provider": "provider[\"registry.terraform.io/hashicorp/aws\"]",
      "instances": [
        {
          "schema_version": 0,
          "attributes": {
            "id": "dev-web-app-role/arn:aws:iam::253490779310:policy/dev-web-app-s3-access",
            "policy_arn": "arn:aws:iam::253490779310:policy/dev-web-app-s3-access",
            "role": "dev-web-app-role"
          },
          "sensitive_attributes": [],
          "identity_schema_version": 0,
          "identity": {
            "account_id": "253490779310",
            "policy_arn": "arn:aws:iam::253490779310:policy/dev-web-app-s3-access",
            "role": "dev-web-app-role"
          },
          "private": "bnVsbA==",
          "dependencies": [
            "aws_iam_policy.web_app_s3_access",
            "aws_iam_role.web_app_role",
            "aws_s3_bucket.image_storage",
            "random_string.suffix"
          ]
        }
      ]
    },
    {
      "mode": "managed",
      "type": "aws_instance",
      "name": "bastion",
      "provider": "provider[\"registry.terraform.io/hashicorp/aws\"]",
      "instances": [
        {
          "schema_version": 2,
          "attributes": {
            "ami": "ami-09191d47657c9691a",
            "arn": "arn:aws:ec2:eu-central-1:253490779310:instance/i-09bf5a4ad40f7f1a0",
            "associate_public_ip_address": true,
            "availability_zone": "eu-central-1a",
            "capacity_reservation_specification": [
              {
                "capacity_reservation_preference": "open",
                "capacity_reservation_target": []
              }
            ],
            "cpu_options": [
              {
                "amd_sev_snp": "",
                "core_count": 1,
                "threads_per_core": 1
              }
            ],
            "credit_specification": [
              {
                "cpu_credits": "standard"
              }
            ],
            "disable_api_stop": false,
            "disable_api_termination": false,
            "ebs_block_device": [],
            "ebs_optimized": false,
            "enable_primary_ipv6": null,
            "enclave_options": [
              {
                "enabled": false
              }
            ],
            "ephemeral_block_device": [],
            "get_password_data": false,
            "hibernation": false,
            "host_id": "",
            "host_resource_group_arn": null,
            "iam_instance_profile": "",
            "id": "i-09bf5a4ad40f7f1a0",
            "instance_initiated_shutdown_behavior": "stop",
            "instance_lifecycle": "",
            "instance_market_options": [],
            "instance_state": "running",
            "instance_type": "t2.micro",
            "ipv6_address_count": 0,
            "ipv6_addresses": [],
            "key_name": "bastion-key",
            "launch_template": [],
            "maintenance_options": [
              {
                "auto_recovery": "default"
              }
            ],
            "metadata_options": [
              {
                "http_endpoint": "enabled",
                "http_protocol_ipv6": "disabled",
                "http_put_response_hop_limit": 2,
                "http_tokens": "required",
                "instance_metadata_tags": "disabled"
              }
            ],
            "monitoring": false,
            "network_interface": [],
            "outpost_arn": "",
            "password_data": "",
            "placement_group": "",
            "placement_partition_number": 0,
            "primary_network_interface_id": "eni-024589bdf73b709f1",
            "private_dns": "ip-10-0-0-4.eu-central-1.compute.internal",
            "private_dns_name_options": [
              {
                "enable_resource_name_dns_a_record": false,
                "enable_resource_name_dns_aaaa_record": false,
                "hostname_type": "ip-name"
              }
            ],
            "private_ip": "10.0.0.4",
            "public_dns": "",
            "public_ip": "3.71.20.175",
            "region": "eu-central-1",
            "root_block_device": [
              {
                "delete_on_termination": true,
                "device_name": "/dev/xvda",
                "encrypted": false,
                "iops": 3000,
                "kms_key_id": "",
                "tags": {},
                "tags_all": {},
                "throughput": 125,
                "volume_id": "vol-06332ff2b8de7f3f9",
                "volume_size": 8,
                "volume_type": "gp3"
              }
            ],
            "secondary_private_ips": [],
            "security_groups": [],
            "source_dest_check": true,
            "spot_instance_request_id": "",
            "subnet_id": "subnet-042a72e6f6945e8c6",
            "tags": {
              "Environment": "dev",
              "Name": "Bastion-dev",
              "OS": "Linux",
              "Terraform": "true"
            },
            "tags_all": {
              "Environment": "dev",
              "Name": "Bastion-dev",
              "OS": "Linux",
              "Terraform": "true"
            },
            "tenancy": "default",
            "timeouts": null,
            "user_data": "#!/bin/bash\n# Update system packages\ndnf update -y\n        \n# 1. Disabling root login via SSH by setting PermitRootLogin to 'no'\n# 2. Disabling password authentication by setting PasswordAuthentication to 'no' (forcing key-based auth only)\nsed -i 's/#PermitRootLogin yes/PermitRootLogin no/' /etc/ssh/sshd_config\nsed -i 's/#PasswordAuthentication yes/PasswordAuthentication no/' /etc/ssh/sshd_config\nsystemctl restart sshd # 3. Restarting the SSH daemon to apply these changes\n",
            "user_data_base64": null,
            "user_data_replace_on_change": false,
            "volume_tags": null,
            "vpc_security_group_ids": [
              "sg-05105ffbf1c3dcbcf"
            ]
          },
          "sensitive_attributes": [
            [
              {
                "type": "get_attr",
                "value": "ami"
              }
            ]
          ],
          "identity_schema_version": 0,
          "private": "eyJlMmJmYjczMC1lY2FhLTExZTYtOGY4OC0zNDM2M2JjN2M0YzAiOnsiY3JlYXRlIjo2MDAwMDAwMDAwMDAsImRlbGV0ZSI6MTIwMDAwMDAwMDAwMCwicmVhZCI6OTAwMDAwMDAwMDAwLCJ1cGRhdGUiOjYwMDAwMDAwMDAwMH0sInNjaGVtYV92ZXJzaW9uIjoiMiJ9",
          "dependencies": [
            "aws_key_pair.bastion_key",
            "aws_security_group.bastion_sg",
            "aws_subnet.publicSubnet",
            "aws_vpc.myVPC",
            "data.aws_availability_zones.available",
            "data.aws_ssm_parameter.al2023"
          ]
        }
      ]
    },
    {
      "mode": "managed",
      "type": "aws_internet_gateway",
      "name": "myIGW",
      "provider": "provider[\"registry.terraform.io/hashicorp/aws\"]",
      "instances": [
        {
          "schema_version": 0,
          "attributes": {
            "arn": "arn:aws:ec2:eu-central-1:253490779310:internet-gateway/igw-09d837565efb252be",
            "id": "igw-09d837565efb252be",
            "owner_id": "253490779310",
            "region": "eu-central-1",
            "tags": {
              "Environment": "dev",
              "Name": "myIGW",
              "Terraform": "true"
            },
            "tags_all": {
              "Environment": "dev",
              "Name": "myIGW",
              "Terraform": "true"
            },
            "timeouts": null,
            "vpc_id": "vpc-01eb7aa93407ac6ff"
          },
          "sensitive_attributes": [],
          "identity_schema_version": 0,
          "private": "eyJlMmJmYjczMC1lY2FhLTExZTYtOGY4OC0zNDM2M2JjN2M0YzAiOnsiY3JlYXRlIjoxMjAwMDAwMDAwMDAwLCJkZWxldGUiOjEyMDAwMDAwMDAwMDAsInVwZGF0ZSI6MTIwMDAwMDAwMDAwMH19",
          "dependencies": [
            "aws_vpc.myVPC"
          ]
        }
      ]
    },
    {
      "mode": "managed",
      "type": "aws_key_pair",
      "name": "bastion_key",
      "provider": "provider[\"registry.terraform.io/hashicorp/aws\"]",
      "instances": [
        {
          "schema_version": 1,
          "attributes": {
            "arn": "arn:aws:ec2:eu-central-1:253490779310:key-pair/bastion-key",
            "fingerprint": "99:a7:03:68:8f:a6:cb:3e:89:f1:cf:a0:91:36:d1:b4",
            "id": "bastion-key",
            "key_name": "bastion-key",
            "key_name_prefix": "",
            "key_pair_id": "key-06dcb1d7293389151",
            "key_type": "rsa",
            "public_key": "ssh-rsa AAAAB3NzaC1yc2EAAAADAQABAAABAQDOIAZx232LkRkGmpOcb2MeQ+9yEeycD0KUEdBsrK0fUi4fbYZDW2Q4Mh0Zyys61WzkSqF1cpEtJMQRMrQPDKfGKnP8ZtwkQftcYKGU8EmP3+LXONG2uhak4NcEvPoU0iLyPr23fcEcv8d88Jp+eI2LdeJPhkC2Dx7eW36KHfMYcVGRjfiu+r7eg1fH3oknxjumLYLkBuLeZ4SvjY5vPeqG5tHlgGeaP2IDiJgZI6tej26tl0fi5uA2CLoitKgpDD3zvaBKHT8ikeqZ+usH1QOt7sOFK1uVdHbt+UYgS8K2wFJIfLkgeodIMby9D1uYD31MV4mXYIpXSnWE8tsBbjxf inky@inky-ThinkPad-P52",
            "region": "eu-central-1",
            "tags": {},
            "tags_all": {}
          },
          "sensitive_attributes": [],
          "identity_schema_version": 0,
          "private": "eyJzY2hlbWFfdmVyc2lvbiI6IjEifQ=="
        }
      ]
    },
    {
      "mode": "managed",
      "type": "aws_lambda_function",
      "name": "image_processing",
      "provider": "provider[\"registry.terraform.io/hashicorp/aws\"]",
      "instances": [
        {
          "schema_version": 0,
          "attributes": {
            "architectures": [
              "x86_64"
            ],
            "arn": "arn:aws:lambda:eu-central-1:253490779310:function:dev-image-processing",
            "code_sha256": "5zJ9CqYg2B0OKaf8sr3EPX+qdN1R0GrLY4+VuVNHwCU=",
            "code_signing_config_arn": "",
            "dead_letter_config": [],
            "description": "",
            "environment": [
              {
                "variables": {
                  "DYNAMODB_TABLE": "dev-image-analysis",
                  "S3_BUCKET": "dev-x97o2b9d-images",
                  "SNS_TOPIC_ARN": "arn:aws:sns:eu-central-1:253490779310:dev-image-processing"
                }
              }
            ],
            "ephemeral_storage": [
              {
                "size": 512
              }
            ],
            "file_system_config": [],
            "filename": "./lambda/media_processing.zip",
            "function_name": "dev-image-processing",
            "handler": "index.handler",
            "id": "dev-image-processing",
            "image_config": [],
            "image_uri": "",
            "invoke_arn": "arn:aws:apigateway:eu-central-1:lambda:path/2015-03-31/functions/arn:aws:lambda:eu-central-1:253490779310:function:dev-image-processing/invocations",
            "kms_key_arn": "",
            "last_modified": "2025-07-23T15:54:43.713+0000",
            "layers": [],
            "logging_config": [
              {
                "application_log_level": "",
                "log_format": "Text",
                "log_group": "/aws/lambda/dev-image-processing",
                "system_log_level": ""
              }
            ],
            "memory_size": 256,
            "package_type": "Zip",
            "publish": false,
            "qualified_arn": "arn:aws:lambda:eu-central-1:253490779310:function:dev-image-processing:$LATEST",
            "qualified_invoke_arn": "arn:aws:apigateway:eu-central-1:lambda:path/2015-03-31/functions/arn:aws:lambda:eu-central-1:253490779310:function:dev-image-processing:$LATEST/invocations",
            "region": "eu-central-1",
            "replace_security_groups_on_destroy": null,
            "replacement_security_group_ids": null,
            "reserved_concurrent_executions": -1,
            "role": "arn:aws:iam::253490779310:role/dev-lambda-image-processing",
            "runtime": "nodejs16.x",
            "s3_bucket": null,
            "s3_key": null,
            "s3_object_version": null,
            "signing_job_arn": "",
            "signing_profile_version_arn": "",
            "skip_destroy": false,
            "snap_start": [],
            "source_code_hash": "5zJ9CqYg2B0OKaf8sr3EPX+qdN1R0GrLY4+VuVNHwCU=",
            "source_code_size": 14396472,
            "tags": {
              "Environment": "dev",
              "Name": "dev-image-processing"
            },
            "tags_all": {
              "Environment": "dev",
              "Name": "dev-image-processing"
            },
            "timeout": 30,
            "timeouts": null,
            "tracing_config": [
              {
                "mode": "PassThrough"
              }
            ],
            "version": "$LATEST",
            "vpc_config": []
          },
          "sensitive_attributes": [],
          "identity_schema_version": 0,
          "private": "eyJlMmJmYjczMC1lY2FhLTExZTYtOGY4OC0zNDM2M2JjN2M0YzAiOnsiY3JlYXRlIjo2MDAwMDAwMDAwMDAsImRlbGV0ZSI6NjAwMDAwMDAwMDAwLCJ1cGRhdGUiOjYwMDAwMDAwMDAwMH19",
          "dependencies": [
            "aws_dynamodb_table.image_analysis",
            "aws_iam_policy.lambda_image_processing",
            "aws_iam_role.lambda_image_processing",
            "aws_iam_role_policy_attachment.lambda_image_processing",
            "aws_s3_bucket.image_storage",
            "aws_sns_topic.image_processing",
            "random_string.suffix"
          ]
        }
      ]
    },
    {
      "mode": "managed",
      "type": "aws_lambda_permission",
      "name": "sns_trigger",
      "provider": "provider[\"registry.terraform.io/hashicorp/aws\"]",
      "instances": [
        {
          "schema_version": 0,
          "attributes": {
            "action": "lambda:InvokeFunction",
            "event_source_token": null,
            "function_name": "dev-image-processing",
            "function_url_auth_type": null,
            "id": "AllowExecutionFromSNS",
            "principal": "sns.amazonaws.com",
            "principal_org_id": null,
            "qualifier": "",
            "region": "eu-central-1",
            "source_account": null,
            "source_arn": "arn:aws:sns:eu-central-1:253490779310:dev-image-processing",
            "statement_id": "AllowExecutionFromSNS",
            "statement_id_prefix": ""
          },
          "sensitive_attributes": [],
          "identity_schema_version": 0,
          "private": "bnVsbA==",
          "dependencies": [
            "aws_dynamodb_table.image_analysis",
            "aws_iam_policy.lambda_image_processing",
            "aws_iam_role.lambda_image_processing",
            "aws_iam_role_policy_attachment.lambda_image_processing",
            "aws_lambda_function.image_processing",
            "aws_s3_bucket.image_storage",
            "aws_sns_topic.image_processing",
            "random_string.suffix"
          ]
        }
      ]
    },
    {
      "mode": "managed",
      "type": "aws_launch_template",
      "name": "web_app_template",
      "provider": "provider[\"registry.terraform.io/hashicorp/aws\"]",
      "instances": [
        {
          "schema_version": 0,
          "attributes": {
            "arn": "arn:aws:ec2:eu-central-1:253490779310:launch-template/lt-075dccd07c674a1ad",
            "block_device_mappings": [],
            "capacity_reservation_specification": [],
            "cpu_options": [],
            "credit_specification": [],
            "default_version": 1,
            "description": "",
            "disable_api_stop": false,
            "disable_api_termination": false,
            "ebs_optimized": "",
            "enclave_options": [],
            "hibernation_options": [],
            "iam_instance_profile": [
              {
                "arn": "",
                "name": "dev-web-app-profile"
              }
            ],
            "id": "lt-075dccd07c674a1ad",
            "image_id": "ami-09191d47657c9691a",
            "instance_initiated_shutdown_behavior": "",
            "instance_market_options": [],
            "instance_requirements": [],
            "instance_type": "t3.micro",
            "kernel_id": "",
            "key_name": "bastion-key",
            "latest_version": 1,
            "license_specification": [],
            "maintenance_options": [],
            "metadata_options": [
              {
                "http_endpoint": "enabled",
                "http_protocol_ipv6": "",
                "http_put_response_hop_limit": 0,
                "http_tokens": "optional",
                "instance_metadata_tags": ""
              }
            ],
            "monitoring": [
              {
                "enabled": true
              }
            ],
            "name": "web-app-template-dev-20250723155436868500000005",
            "name_prefix": "web-app-template-dev-",
            "network_interfaces": [],
            "placement": [],
            "private_dns_name_options": [],
            "ram_disk_id": "",
            "region": "eu-central-1",
            "security_group_names": [],
            "tag_specifications": [
              {
                "resource_type": "instance",
                "tags": {
                  "Environment": "dev",
                  "Name": "WebApp-ASG-dev",
                  "Terraform": "true"
                }
              }
            ],
            "tags": {},
            "tags_all": {},
            "update_default_version": null,
            "user_data": "IyEvYmluL2Jhc2gKZXhlYyA+ID4odGVlIC92YXIvbG9nL3VzZXItZGF0YS5sb2cpIDI+JjEKc2V0IC14CgplY2hvICI9PT0gV0VCIEFQUCBVU0VSIERBVEEgU0NSSVBUIFNUQVJUID09PSIKZWNobyAiU2NyaXB0IHN0YXJ0ZWQgYXQ6ICQoZGF0ZSkiCgojIFVwZGF0ZSBhbmQgaW5zdGFsbCBwYWNrYWdlcwpkbmYgdXBkYXRlIC15CmRuZiBpbnN0YWxsIC15IGh0dHBkIHBocCBwaHAtanNvbiBwaHAtZ2QgcGhwLW1ic3RyaW5nIHBocC14bWwgcGhwLWN1cmwgYXdzY2xpCgojIENyZWF0ZSBkaXJlY3RvcmllcyBhbmQgc2V0IHBlcm1pc3Npb25zCm1rZGlyIC1wIC92YXIvd3d3L2h0bWwvdXBsb2FkcwpjaG1vZCA3NzcgL3Zhci93d3cvaHRtbC91cGxvYWRzCgojIFN0YXJ0IGFuZCBlbmFibGUgQXBhY2hlCnN5c3RlbWN0bCBzdGFydCBodHRwZApzeXN0ZW1jdGwgZW5hYmxlIGh0dHBkCgojIENyZWF0ZSBoZWFsdGggY2hlY2sgcGFnZQplY2hvICJPSyAtICQoZGF0ZSkiID4gL3Zhci93d3cvaHRtbC9oZWFsdGguaHRtbAoKIyBDcmVhdGUgYSBzaW1wbGUgaW5kZXgucGhwCmNhdCA+IC92YXIvd3d3L2h0bWwvaW5kZXgucGhwIDw8ICdFT0YnCjwhRE9DVFlQRSBodG1sPgo8aHRtbCBsYW5nPSJlbiI+CjxoZWFkPgogICAgPG1ldGEgY2hhcnNldD0iVVRGLTgiPgogICAgPG1ldGEgbmFtZT0idmlld3BvcnQiIGNvbnRlbnQ9IndpZHRoPWRldmljZS13aWR0aCwgaW5pdGlhbC1zY2FsZT0xLjAiPgogICAgPHRpdGxlPkltYWdlIEFuYWx5c2lzIEFwcDwvdGl0bGU+CiAgICA8c3R5bGU+CiAgICAgICAgYm9keSB7IGZvbnQtZmFtaWx5OiBBcmlhbCwgc2Fucy1zZXJpZjsgbWFyZ2luOiAyMHB4OyB9CiAgICAgICAgZm9ybSB7IG1hcmdpbi1ib3R0b206IDIwcHg7IH0KICAgICAgICAuaW1hZ2VzIHsgZGlzcGxheTogZmxleDsgZmxleC13cmFwOiB3cmFwOyB9CiAgICAgICAgLmltYWdlLWNhcmQgeyBtYXJnaW46IDEwcHg7IHBhZGRpbmc6IDEwcHg7IGJvcmRlcjogMXB4IHNvbGlkICNjY2M7IHdpZHRoOiAzMDBweDsgfQogICAgICAgIGltZyB7IG1heC13aWR0aDogMTAwJTsgbWF4LWhlaWdodDogMjAwcHg7IH0KICAgIDwvc3R5bGU+CjwvaGVhZD4KPGJvZHk+CiAgICA8aDE+SW1hZ2UgQW5hbHlzaXMgQXBwbGljYXRpb248L2gxPgogICAgCiAgICA8Zm9ybSBhY3Rpb249InVwbG9hZC5waHAiIG1ldGhvZD0icG9zdCIgZW5jdHlwZT0ibXVsdGlwYXJ0L2Zvcm0tZGF0YSI+CiAgICAgICAgPGgyPlVwbG9hZCBhbiBJbWFnZSBmb3IgQW5hbHlzaXM8L2gyPgogICAgICAgIDxpbnB1dCB0eXBlPSJmaWxlIiBuYW1lPSJpbWFnZUZpbGUiIGFjY2VwdD0iaW1hZ2UvanBlZyxpbWFnZS9wbmcsaW1hZ2UvanBnIiByZXF1aXJlZD4KICAgICAgICA8YnV0dG9uIHR5cGU9InN1Ym1pdCI+VXBsb2FkICYgQW5hbHl6ZTwvYnV0dG9uPgogICAgPC9mb3JtPgoKICAgIDxoMj5SZWNlbnQgQW5hbHlzZXM8L2gyPgogICAgPGRpdiBjbGFzcz0iaW1hZ2VzIj4KICAgICAgICA8P3BocAogICAgICAgIC8vIFRoaXMgd2lsbCBiZSBpbXBsZW1lbnRlZCBpbiB0aGUgZGVwbG95bWVudCBzdGVwCiAgICAgICAgZWNobyAiPHA+Tm8gaW1hZ2VzIGFuYWx5emVkIHlldC48L3A+IjsKICAgICAgICA/PgogICAgPC9kaXY+CjwvYm9keT4KPC9odG1sPgpFT0YKCiMgQ3JlYXRlIGEgc2ltcGxlIHVwbG9hZC5waHAKY2F0ID4gL3Zhci93d3cvaHRtbC91cGxvYWQucGhwIDw8ICdFT0YnCjw/cGhwCi8vIFRoaXMgd2lsbCBiZSBpbXBsZW1lbnRlZCBpbiB0aGUgZGVwbG95bWVudCBzdGVwCmVjaG8gIjxoMT5VcGxvYWQgZnVuY3Rpb25hbGl0eSB3aWxsIGJlIGltcGxlbWVudGVkIHNvb248L2gxPiI7CmVjaG8gIjxwPjxhIGhyZWY9J2luZGV4LnBocCc+QmFjayB0byBob21lPC9hPjwvcD4iOwo/PgpFT0YKCiMgU2V0IHByb3BlciBwZXJtaXNzaW9ucwpjaG93biAtUiBhcGFjaGU6YXBhY2hlIC92YXIvd3d3L2h0bWwvCmNobW9kIC1SIDc1NSAvdmFyL3d3dy9odG1sLwoKZWNobyAiPT09IFdFQiBBUFAgVVNFUiBEQVRBIFNDUklQVCBDT01QTEVURUQgPT09Igo=",
            "vpc_security_group_ids": [
              "sg-0a82cfc9877bb8fd1"
            ]
          },
          "sensitive_attributes": [
            [
              {
                "type": "get_attr",
                "value": "image_id"
              }
            ]
          ],
          "identity_schema_version": 0,
          "private": "bnVsbA==",
          "dependencies": [
            "aws_dynamodb_table.image_analysis",
            "aws_iam_instance_profile.web_app_profile",
            "aws_iam_role.web_app_role",
            "aws_key_pair.bastion_key",
            "aws_s3_bucket.image_storage",
            "aws_security_group.alb_sg",
            "aws_security_group.bastion_sg",
            "aws_security_group.web_app_sg",
            "aws_vpc.myVPC",
            "data.aws_ssm_parameter.al2023",
            "random_string.suffix"
          ]
        }
      ]
    },
    {
      "mode": "managed",
      "type": "aws_lb",
      "name": "web_app_alb",
      "provider": "provider[\"registry.terraform.io/hashicorp/aws\"]",
      "instances": [
        {
          "schema_version": 0,
          "attributes": {
            "access_logs": [
              {
                "bucket": "",
                "enabled": false,
                "prefix": ""
              }
            ],
            "arn": "arn:aws:elasticloadbalancing:eu-central-1:253490779310:loadbalancer/app/web-app-alb-dev/0bea993990d940a7",
            "arn_suffix": "app/web-app-alb-dev/0bea993990d940a7",
            "client_keep_alive": 3600,
            "connection_logs": [
              {
                "bucket": "",
                "enabled": false,
                "prefix": ""
              }
            ],
            "customer_owned_ipv4_pool": "",
            "desync_mitigation_mode": "defensive",
            "dns_name": "web-app-alb-dev-1059020002.eu-central-1.elb.amazonaws.com",
            "dns_record_client_routing_policy": null,
            "drop_invalid_header_fields": false,
            "enable_cross_zone_load_balancing": true,
            "enable_deletion_protection": false,
            "enable_http2": true,
            "enable_tls_version_and_cipher_suite_headers": false,
            "enable_waf_fail_open": false,
            "enable_xff_client_port": false,
            "enable_zonal_shift": false,
            "enforce_security_group_inbound_rules_on_private_link_traffic": "",
            "id": "arn:aws:elasticloadbalancing:eu-central-1:253490779310:loadbalancer/app/web-app-alb-dev/0bea993990d940a7",
            "idle_timeout": 60,
            "internal": false,
            "ip_address_type": "ipv4",
            "ipam_pools": [],
            "load_balancer_type": "application",
            "minimum_load_balancer_capacity": [],
            "name": "web-app-alb-dev",
            "name_prefix": "",
            "preserve_host_header": false,
            "region": "eu-central-1",
            "security_groups": [
              "sg-082fc064c3c29f824"
            ],
            "subnet_mapping": [
              {
                "allocation_id": "",
                "ipv6_address": "",
                "outpost_id": "",
                "private_ipv4_address": "",
                "subnet_id": "subnet-001fb63467574cc29"
              },
              {
                "allocation_id": "",
                "ipv6_address": "",
                "outpost_id": "",
                "private_ipv4_address": "",
                "subnet_id": "subnet-042a72e6f6945e8c6"
              }
            ],
            "subnets": [
              "subnet-001fb63467574cc29",
              "subnet-042a72e6f6945e8c6"
            ],
            "tags": {
              "Environment": "dev",
              "Name": "WebApp-ALB-dev",
              "Terraform": "true"
            },
            "tags_all": {
              "Environment": "dev",
              "Name": "WebApp-ALB-dev",
              "Terraform": "true"
            },
            "timeouts": null,
            "vpc_id": "vpc-01eb7aa93407ac6ff",
            "xff_header_processing_mode": "append",
            "zone_id": "Z215JYRZR1TBD5"
          },
          "sensitive_attributes": [],
          "identity_schema_version": 0,
          "identity": {
            "arn": "arn:aws:elasticloadbalancing:eu-central-1:253490779310:loadbalancer/app/web-app-alb-dev/0bea993990d940a7"
          },
          "private": "eyJlMmJmYjczMC1lY2FhLTExZTYtOGY4OC0zNDM2M2JjN2M0YzAiOnsiY3JlYXRlIjo2MDAwMDAwMDAwMDAsImRlbGV0ZSI6NjAwMDAwMDAwMDAwLCJ1cGRhdGUiOjYwMDAwMDAwMDAwMH19",
          "dependencies": [
            "aws_security_group.alb_sg",
            "aws_subnet.publicSubnet",
            "aws_subnet.publicSubnet2",
            "aws_vpc.myVPC",
            "data.aws_availability_zones.available"
          ]
        }
      ]
    },
    {
      "mode": "managed",
      "type": "aws_lb_listener",
      "name": "http",
      "provider": "provider[\"registry.terraform.io/hashicorp/aws\"]",
      "instances": [
        {
          "schema_version": 0,
          "attributes": {
            "alpn_policy": null,
            "arn": "arn:aws:elasticloadbalancing:eu-central-1:253490779310:listener/app/web-app-alb-dev/0bea993990d940a7/5a7fb5a8fe5790c8",
            "certificate_arn": null,
            "default_action": [
              {
                "authenticate_cognito": [],
                "authenticate_oidc": [],
                "fixed_response": [],
                "forward": [],
                "order": 1,
                "redirect": [],
                "target_group_arn": "arn:aws:elasticloadbalancing:eu-central-1:253490779310:targetgroup/web-app-tg-dev/d53de1f0d613d0f6",
                "type": "forward"
              }
            ],
            "id": "arn:aws:elasticloadbalancing:eu-central-1:253490779310:listener/app/web-app-alb-dev/0bea993990d940a7/5a7fb5a8fe5790c8",
            "load_balancer_arn": "arn:aws:elasticloadbalancing:eu-central-1:253490779310:loadbalancer/app/web-app-alb-dev/0bea993990d940a7",
            "mutual_authentication": [],
            "port": 80,
            "protocol": "HTTP",
            "region": "eu-central-1",
            "routing_http_request_x_amzn_mtls_clientcert_header_name": null,
            "routing_http_request_x_amzn_mtls_clientcert_issuer_header_name": null,
            "routing_http_request_x_amzn_mtls_clientcert_leaf_header_name": null,
            "routing_http_request_x_amzn_mtls_clientcert_serial_number_header_name": null,
            "routing_http_request_x_amzn_mtls_clientcert_subject_header_name": null,
            "routing_http_request_x_amzn_mtls_clientcert_validity_header_name": null,
            "routing_http_request_x_amzn_tls_cipher_suite_header_name": null,
            "routing_http_request_x_amzn_tls_version_header_name": null,
            "routing_http_response_access_control_allow_credentials_header_value": "",
            "routing_http_response_access_control_allow_headers_header_value": "",
            "routing_http_response_access_control_allow_methods_header_value": "",
            "routing_http_response_access_control_allow_origin_header_value": "",
            "routing_http_response_access_control_expose_headers_header_value": "",
            "routing_http_response_access_control_max_age_header_value": "",
            "routing_http_response_content_security_policy_header_value": "",
            "routing_http_response_server_enabled": true,
            "routing_http_response_strict_transport_security_header_value": "",
            "routing_http_response_x_content_type_options_header_value": "",
            "routing_http_response_x_frame_options_header_value": "",
            "ssl_policy": "",
            "tags": {},
            "tags_all": {},
            "tcp_idle_timeout_seconds": null,
            "timeouts": null
          },
          "sensitive_attributes": [],
          "identity_schema_version": 0,
          "private": "eyJlMmJmYjczMC1lY2FhLTExZTYtOGY4OC0zNDM2M2JjN2M0YzAiOnsiY3JlYXRlIjozMDAwMDAwMDAwMDAsInVwZGF0ZSI6MzAwMDAwMDAwMDAwfX0=",
          "dependencies": [
            "aws_lb.web_app_alb",
            "aws_lb_target_group.web_app_tg",
            "aws_security_group.alb_sg",
            "aws_subnet.publicSubnet",
            "aws_subnet.publicSubnet2",
            "aws_vpc.myVPC",
            "data.aws_availability_zones.available"
          ]
        }
      ]
    },
    {
      "mode": "managed",
      "type": "aws_lb_listener_rule",
      "name": "web_app",
      "provider": "provider[\"registry.terraform.io/hashicorp/aws\"]",
      "instances": [
        {
          "schema_version": 0,
          "attributes": {
            "action": [
              {
                "authenticate_cognito": [],
                "authenticate_oidc": [],
                "fixed_response": [],
                "forward": [],
                "order": 1,
                "redirect": [],
                "target_group_arn": "arn:aws:elasticloadbalancing:eu-central-1:253490779310:targetgroup/web-app-tg-dev/d53de1f0d613d0f6",
                "type": "forward"
              }
            ],
            "arn": "arn:aws:elasticloadbalancing:eu-central-1:253490779310:listener-rule/app/web-app-alb-dev/0bea993990d940a7/5a7fb5a8fe5790c8/1dbd6fdcbf29afd5",
            "condition": [
              {
                "host_header": [],
                "http_header": [],
                "http_request_method": [],
                "path_pattern": [
                  {
                    "values": [
                      "/*"
                    ]
                  }
                ],
                "query_string": [],
                "source_ip": []
              }
            ],
            "id": "arn:aws:elasticloadbalancing:eu-central-1:253490779310:listener-rule/app/web-app-alb-dev/0bea993990d940a7/5a7fb5a8fe5790c8/1dbd6fdcbf29afd5",
            "listener_arn": "arn:aws:elasticloadbalancing:eu-central-1:253490779310:listener/app/web-app-alb-dev/0bea993990d940a7/5a7fb5a8fe5790c8",
            "priority": 100,
            "region": "eu-central-1",
            "tags": {},
            "tags_all": {}
          },
          "sensitive_attributes": [],
          "identity_schema_version": 0,
          "private": "bnVsbA==",
          "dependencies": [
            "aws_lb.web_app_alb",
            "aws_lb_listener.http",
            "aws_lb_target_group.web_app_tg",
            "aws_security_group.alb_sg",
            "aws_subnet.publicSubnet",
            "aws_subnet.publicSubnet2",
            "aws_vpc.myVPC",
            "data.aws_availability_zones.available"
          ]
        }
      ]
    },
    {
      "mode": "managed",
      "type": "aws_lb_target_group",
      "name": "web_app_tg",
      "provider": "provider[\"registry.terraform.io/hashicorp/aws\"]",
      "instances": [
        {
          "schema_version": 0,
          "attributes": {
            "arn": "arn:aws:elasticloadbalancing:eu-central-1:253490779310:targetgroup/web-app-tg-dev/d53de1f0d613d0f6",
            "arn_suffix": "targetgroup/web-app-tg-dev/d53de1f0d613d0f6",
            "connection_termination": null,
            "deregistration_delay": "300",
            "health_check": [
              {
                "enabled": true,
                "healthy_threshold": 2,
                "interval": 30,
                "matcher": "200",
                "path": "/health.html",
                "port": "traffic-port",
                "protocol": "HTTP",
                "timeout": 5,
                "unhealthy_threshold": 2
              }
            ],
            "id": "arn:aws:elasticloadbalancing:eu-central-1:253490779310:targetgroup/web-app-tg-dev/d53de1f0d613d0f6",
            "ip_address_type": "ipv4",
            "lambda_multi_value_headers_enabled": false,
            "load_balancer_arns": [
              "arn:aws:elasticloadbalancing:eu-central-1:253490779310:loadbalancer/app/web-app-alb-dev/0bea993990d940a7"
            ],
            "load_balancing_algorithm_type": "round_robin",
            "load_balancing_anomaly_mitigation": "off",
            "load_balancing_cross_zone_enabled": "use_load_balancer_configuration",
            "name": "web-app-tg-dev",
            "name_prefix": "",
            "port": 80,
            "preserve_client_ip": null,
            "protocol": "HTTP",
            "protocol_version": "HTTP1",
            "proxy_protocol_v2": false,
            "region": "eu-central-1",
            "slow_start": 0,
            "stickiness": [
              {
                "cookie_duration": 86400,
                "cookie_name": "",
                "enabled": false,
                "type": "lb_cookie"
              }
            ],
            "tags": {
              "Environment": "dev",
              "Name": "web-app-tg-dev"
            },
            "tags_all": {
              "Environment": "dev",
              "Name": "web-app-tg-dev"
            },
            "target_failover": [
              {
                "on_deregistration": null,
                "on_unhealthy": null
              }
            ],
            "target_group_health": [
              {
                "dns_failover": [
                  {
                    "minimum_healthy_targets_count": "1",
                    "minimum_healthy_targets_percentage": "off"
                  }
                ],
                "unhealthy_state_routing": [
                  {
                    "minimum_healthy_targets_count": 1,
                    "minimum_healthy_targets_percentage": "off"
                  }
                ]
              }
            ],
            "target_health_state": [
              {
                "enable_unhealthy_connection_termination": null,
                "unhealthy_draining_interval": null
              }
            ],
            "target_type": "instance",
            "vpc_id": "vpc-01eb7aa93407ac6ff"
          },
          "sensitive_attributes": [],
          "identity_schema_version": 0,
          "private": "bnVsbA==",
          "dependencies": [
            "aws_vpc.myVPC"
          ]
        }
      ]
    },
    {
      "mode": "managed",
      "type": "aws_nat_gateway",
      "name": "myNATGateway",
      "provider": "provider[\"registry.terraform.io/hashicorp/aws\"]",
      "instances": [
        {
          "schema_version": 0,
          "attributes": {
            "allocation_id": "eipalloc-0b0ed2f99002c0108",
            "association_id": "eipassoc-0b2e99b966946e861",
            "connectivity_type": "public",
            "id": "nat-013c948cb3e7e3e82",
            "network_interface_id": "eni-03448a456f50a0d03",
            "private_ip": "10.0.0.55",
            "public_ip": "18.194.40.223",
            "region": "eu-central-1",
            "secondary_allocation_ids": [],
            "secondary_private_ip_address_count": 0,
            "secondary_private_ip_addresses": [],
            "subnet_id": "subnet-042a72e6f6945e8c6",
            "tags": {
              "Environment": "dev",
              "Name": "myNATGateway",
              "Terraform": "true"
            },
            "tags_all": {
              "Environment": "dev",
              "Name": "myNATGateway",
              "Terraform": "true"
            },
            "timeouts": null
          },
          "sensitive_attributes": [],
          "identity_schema_version": 0,
          "private": "eyJlMmJmYjczMC1lY2FhLTExZTYtOGY4OC0zNDM2M2JjN2M0YzAiOnsiY3JlYXRlIjo2MDAwMDAwMDAwMDAsImRlbGV0ZSI6MTgwMDAwMDAwMDAwMCwidXBkYXRlIjo2MDAwMDAwMDAwMDB9fQ==",
          "dependencies": [
            "aws_eip.elasticIP",
            "aws_internet_gateway.myIGW",
            "aws_subnet.publicSubnet",
            "aws_vpc.myVPC",
            "data.aws_availability_zones.available"
          ]
        }
      ]
    },
    {
      "mode": "managed",
      "type": "aws_route_table",
      "name": "myPrivateRouteTable",
      "provider": "provider[\"registry.terraform.io/hashicorp/aws\"]",
      "instances": [
        {
          "schema_version": 0,
          "attributes": {
            "arn": "arn:aws:ec2:eu-central-1:253490779310:route-table/rtb-03e26871b8b3797d5",
            "id": "rtb-03e26871b8b3797d5",
            "owner_id": "253490779310",
            "propagating_vgws": [],
            "region": "eu-central-1",
            "route": [
              {
                "carrier_gateway_id": "",
                "cidr_block": "0.0.0.0/0",
                "core_network_arn": "",
                "destination_prefix_list_id": "",
                "egress_only_gateway_id": "",
                "gateway_id": "",
                "ipv6_cidr_block": "",
                "local_gateway_id": "",
                "nat_gateway_id": "nat-013c948cb3e7e3e82",
                "network_interface_id": "",
                "transit_gateway_id": "",
                "vpc_endpoint_id": "",
                "vpc_peering_connection_id": ""
              }
            ],
            "tags": {
              "Environment": "dev",
              "Name": "myPrivateRouteTable",
              "Terraform": "true"
            },
            "tags_all": {
              "Environment": "dev",
              "Name": "myPrivateRouteTable",
              "Terraform": "true"
            },
            "timeouts": null,
            "vpc_id": "vpc-01eb7aa93407ac6ff"
          },
          "sensitive_attributes": [],
          "identity_schema_version": 0,
          "private": "eyJlMmJmYjczMC1lY2FhLTExZTYtOGY4OC0zNDM2M2JjN2M0YzAiOnsiY3JlYXRlIjozMDAwMDAwMDAwMDAsImRlbGV0ZSI6MzAwMDAwMDAwMDAwLCJ1cGRhdGUiOjEyMDAwMDAwMDAwMH19",
          "dependencies": [
            "aws_eip.elasticIP",
            "aws_internet_gateway.myIGW",
            "aws_nat_gateway.myNATGateway",
            "aws_subnet.publicSubnet",
            "aws_vpc.myVPC",
            "data.aws_availability_zones.available"
          ]
        }
      ]
    },
    {
      "mode": "managed",
      "type": "aws_route_table",
      "name": "myPublicRouteTable",
      "provider": "provider[\"registry.terraform.io/hashicorp/aws\"]",
      "instances": [
        {
          "schema_version": 0,
          "attributes": {
            "arn": "arn:aws:ec2:eu-central-1:253490779310:route-table/rtb-014544bad09789634",
            "id": "rtb-014544bad09789634",
            "owner_id": "253490779310",
            "propagating_vgws": [],
            "region": "eu-central-1",
            "route": [
              {
                "carrier_gateway_id": "",
                "cidr_block": "0.0.0.0/0",
                "core_network_arn": "",
                "destination_prefix_list_id": "",
                "egress_only_gateway_id": "",
                "gateway_id": "igw-09d837565efb252be",
                "ipv6_cidr_block": "",
                "local_gateway_id": "",
                "nat_gateway_id": "",
                "network_interface_id": "",
                "transit_gateway_id": "",
                "vpc_endpoint_id": "",
                "vpc_peering_connection_id": ""
              }
            ],
            "tags": {
              "Environment": "dev",
              "Name": "myPublicRouteTable",
              "Terraform": "true"
            },
            "tags_all": {
              "Environment": "dev",
              "Name": "myPublicRouteTable",
              "Terraform": "true"
            },
            "timeouts": null,
            "vpc_id": "vpc-01eb7aa93407ac6ff"
          },
          "sensitive_attributes": [],
          "identity_schema_version": 0,
          "private": "eyJlMmJmYjczMC1lY2FhLTExZTYtOGY4OC0zNDM2M2JjN2M0YzAiOnsiY3JlYXRlIjozMDAwMDAwMDAwMDAsImRlbGV0ZSI6MzAwMDAwMDAwMDAwLCJ1cGRhdGUiOjEyMDAwMDAwMDAwMH19",
          "dependencies": [
            "aws_internet_gateway.myIGW",
            "aws_vpc.myVPC"
          ]
        }
      ]
    },
    {
      "mode": "managed",
      "type": "aws_route_table_association",
      "name": "private",
      "provider": "provider[\"registry.terraform.io/hashicorp/aws\"]",
      "instances": [
        {
          "schema_version": 0,
          "attributes": {
            "gateway_id": "",
            "id": "rtbassoc-03a8d12eb057dfc4f",
            "region": "eu-central-1",
            "route_table_id": "rtb-03e26871b8b3797d5",
            "subnet_id": "subnet-05956fc2668efee40",
            "timeouts": null
          },
          "sensitive_attributes": [],
          "identity_schema_version": 0,
          "private": "eyJlMmJmYjczMC1lY2FhLTExZTYtOGY4OC0zNDM2M2JjN2M0YzAiOnsiY3JlYXRlIjozMDAwMDAwMDAwMDAsImRlbGV0ZSI6MzAwMDAwMDAwMDAwLCJ1cGRhdGUiOjEyMDAwMDAwMDAwMH19",
          "dependencies": [
            "aws_eip.elasticIP",
            "aws_internet_gateway.myIGW",
            "aws_nat_gateway.myNATGateway",
            "aws_route_table.myPrivateRouteTable",
            "aws_subnet.privateSubnet",
            "aws_subnet.publicSubnet",
            "aws_vpc.myVPC",
            "data.aws_availability_zones.available"
          ]
        }
      ]
    },
    {
      "mode": "managed",
      "type": "aws_route_table_association",
      "name": "private2",
      "provider": "provider[\"registry.terraform.io/hashicorp/aws\"]",
      "instances": [
        {
          "schema_version": 0,
          "attributes": {
            "gateway_id": "",
            "id": "rtbassoc-0b27c4ae7e062971d",
            "region": "eu-central-1",
            "route_table_id": "rtb-03e26871b8b3797d5",
            "subnet_id": "subnet-04484cd10843c42b3",
            "timeouts": null
          },
          "sensitive_attributes": [],
          "identity_schema_version": 0,
          "private": "eyJlMmJmYjczMC1lY2FhLTExZTYtOGY4OC0zNDM2M2JjN2M0YzAiOnsiY3JlYXRlIjozMDAwMDAwMDAwMDAsImRlbGV0ZSI6MzAwMDAwMDAwMDAwLCJ1cGRhdGUiOjEyMDAwMDAwMDAwMH19",
          "dependencies": [
            "aws_eip.elasticIP",
            "aws_internet_gateway.myIGW",
            "aws_nat_gateway.myNATGateway",
            "aws_route_table.myPrivateRouteTable",
            "aws_subnet.privateSubnet2",
            "aws_subnet.publicSubnet",
            "aws_vpc.myVPC",
            "data.aws_availability_zones.available"
          ]
        }
      ]
    },
    {
      "mode": "managed",
      "type": "aws_route_table_association",
      "name": "public",
      "provider": "provider[\"registry.terraform.io/hashicorp/aws\"]",
      "instances": [
        {
          "schema_version": 0,
          "attributes": {
            "gateway_id": "",
            "id": "rtbassoc-024adf08c77b11dce",
            "region": "eu-central-1",
            "route_table_id": "rtb-014544bad09789634",
            "subnet_id": "subnet-042a72e6f6945e8c6",
            "timeouts": null
          },
          "sensitive_attributes": [],
          "identity_schema_version": 0,
          "private": "eyJlMmJmYjczMC1lY2FhLTExZTYtOGY4OC0zNDM2M2JjN2M0YzAiOnsiY3JlYXRlIjozMDAwMDAwMDAwMDAsImRlbGV0ZSI6MzAwMDAwMDAwMDAwLCJ1cGRhdGUiOjEyMDAwMDAwMDAwMH19",
          "dependencies": [
            "aws_internet_gateway.myIGW",
            "aws_route_table.myPublicRouteTable",
            "aws_subnet.publicSubnet",
            "aws_vpc.myVPC",
            "data.aws_availability_zones.available"
          ]
        }
      ]
    },
    {
      "mode": "managed",
      "type": "aws_route_table_association",
      "name": "public2",
      "provider": "provider[\"registry.terraform.io/hashicorp/aws\"]",
      "instances": [
        {
          "schema_version": 0,
          "attributes": {
            "gateway_id": "",
            "id": "rtbassoc-0f38ff32d4ec40daf",
            "region": "eu-central-1",
            "route_table_id": "rtb-014544bad09789634",
            "subnet_id": "subnet-001fb63467574cc29",
            "timeouts": null
          },
          "sensitive_attributes": [],
          "identity_schema_version": 0,
          "private": "eyJlMmJmYjczMC1lY2FhLTExZTYtOGY4OC0zNDM2M2JjN2M0YzAiOnsiY3JlYXRlIjozMDAwMDAwMDAwMDAsImRlbGV0ZSI6MzAwMDAwMDAwMDAwLCJ1cGRhdGUiOjEyMDAwMDAwMDAwMH19",
          "dependencies": [
            "aws_internet_gateway.myIGW",
            "aws_route_table.myPublicRouteTable",
            "aws_subnet.publicSubnet2",
            "aws_vpc.myVPC",
            "data.aws_availability_zones.available"
          ]
        }
      ]
    },
    {
      "mode": "managed",
      "type": "aws_s3_bucket",
      "name": "image_storage",
      "provider": "provider[\"registry.terraform.io/hashicorp/aws\"]",
      "instances": [
        {
          "schema_version": 0,
          "attributes": {
            "acceleration_status": "",
            "acl": null,
            "arn": "arn:aws:s3:::dev-x97o2b9d-images",
            "bucket": "dev-x97o2b9d-images",
            "bucket_domain_name": "dev-x97o2b9d-images.s3.amazonaws.com",
            "bucket_prefix": "",
            "bucket_region": "eu-central-1",
            "bucket_regional_domain_name": "dev-x97o2b9d-images.s3.eu-central-1.amazonaws.com",
            "cors_rule": [
              {
                "allowed_headers": [
                  "*"
                ],
                "allowed_methods": [
                  "POST",
                  "GET",
                  "PUT"
                ],
                "allowed_origins": [
                  "*"
                ],
                "expose_headers": [
                  "ETag"
                ],
                "max_age_seconds": 3000
              }
            ],
            "force_destroy": false,
            "grant": [
              {
                "id": "042bf5df3864ecfe60811386674a87a6b28eb46261d5916f475b31b2355acf9b",
                "permissions": [
                  "FULL_CONTROL"
                ],
                "type": "CanonicalUser",
                "uri": ""
              }
            ],
            "hosted_zone_id": "Z21DNDUVLTQW6Q",
            "id": "dev-x97o2b9d-images",
            "lifecycle_rule": [],
            "logging": [],
            "object_lock_configuration": [],
            "object_lock_enabled": false,
            "policy": "",
            "region": "eu-central-1",
            "replication_configuration": [],
            "request_payer": "BucketOwner",
            "server_side_encryption_configuration": [
              {
                "rule": [
                  {
                    "apply_server_side_encryption_by_default": [
                      {
                        "kms_master_key_id": "",
                        "sse_algorithm": "AES256"
                      }
                    ],
                    "bucket_key_enabled": false
                  }
                ]
              }
            ],
            "tags": {
              "Environment": "dev",
              "Name": "dev-image-storage"
            },
            "tags_all": {
              "Environment": "dev",
              "Name": "dev-image-storage"
            },
            "timeouts": null,
            "versioning": [
              {
                "enabled": false,
                "mfa_delete": false
              }
            ],
            "website": [],
            "website_domain": null,
            "website_endpoint": null
          },
          "sensitive_attributes": [],
          "identity_schema_version": 0,
          "identity": {
            "account_id": "253490779310",
            "bucket": "dev-x97o2b9d-images",
            "region": "eu-central-1"
          },
          "private": "eyJlMmJmYjczMC1lY2FhLTExZTYtOGY4OC0zNDM2M2JjN2M0YzAiOnsiY3JlYXRlIjoxMjAwMDAwMDAwMDAwLCJkZWxldGUiOjM2MDAwMDAwMDAwMDAsInJlYWQiOjEyMDAwMDAwMDAwMDAsInVwZGF0ZSI6MTIwMDAwMDAwMDAwMH19",
          "dependencies": [
            "random_string.suffix"
          ]
        }
      ]
    },
    {
      "mode": "managed",
      "type": "aws_s3_bucket_acl",
      "name": "image_storage",
      "provider": "provider[\"registry.terraform.io/hashicorp/aws\"]",
      "instances": [
        {
          "schema_version": 0,
          "attributes": {
            "access_control_policy": [
              {
                "grant": [
                  {
                    "grantee": [
                      {
                        "display_name": "",
                        "email_address": "",
                        "id": "042bf5df3864ecfe60811386674a87a6b28eb46261d5916f475b31b2355acf9b",
                        "type": "CanonicalUser",
                        "uri": ""
                      }
                    ],
                    "permission": "FULL_CONTROL"
                  }
                ],
                "owner": [
                  {
                    "display_name": "",
                    "id": "042bf5df3864ecfe60811386674a87a6b28eb46261d5916f475b31b2355acf9b"
                  }
                ]
              }
            ],
            "acl": "private",
            "bucket": "dev-x97o2b9d-images",
            "expected_bucket_owner": "",
            "id": "dev-x97o2b9d-images,private",
            "region": "eu-central-1"
          },
          "sensitive_attributes": [],
          "identity_schema_version": 0,
          "private": "bnVsbA==",
          "dependencies": [
            "aws_s3_bucket.image_storage",
            "aws_s3_bucket_ownership_controls.image_storage",
            "random_string.suffix"
          ]
        }
      ]
    },
    {
      "mode": "managed",
      "type": "aws_s3_bucket_cors_configuration",
      "name": "image_storage",
      "provider": "provider[\"registry.terraform.io/hashicorp/aws\"]",
      "instances": [
        {
          "schema_version": 0,
          "attributes": {
            "bucket": "dev-x97o2b9d-images",
            "cors_rule": [
              {
                "allowed_headers": [
                  "*"
                ],
                "allowed_methods": [
                  "GET",
                  "POST",
                  "PUT"
                ],
                "allowed_origins": [
                  "*"
                ],
                "expose_headers": [
                  "ETag"
                ],
                "id": "",
                "max_age_seconds": 3000
              }
            ],
            "expected_bucket_owner": "",
            "id": "dev-x97o2b9d-images",
            "region": "eu-central-1"
          },
          "sensitive_attributes": [],
          "identity_schema_version": 0,
          "private": "bnVsbA==",
          "dependencies": [
            "aws_s3_bucket.image_storage",
            "random_string.suffix"
          ]
        }
      ]
    },
    {
      "mode": "managed",
      "type": "aws_s3_bucket_notification",
      "name": "bucket_notification",
      "provider": "provider[\"registry.terraform.io/hashicorp/aws\"]",
      "instances": [
        {
          "schema_version": 0,
          "attributes": {
            "bucket": "dev-x97o2b9d-images",
            "eventbridge": false,
            "id": "dev-x97o2b9d-images",
            "lambda_function": [],
            "queue": [],
            "region": "eu-central-1",
            "topic": [
              {
                "events": [
                  "s3:ObjectCreated:*"
                ],
                "filter_prefix": "",
                "filter_suffix": ".jpg",
                "id": "tf-s3-topic-20250723160032709200000001",
                "topic_arn": "arn:aws:sns:eu-central-1:253490779310:dev-image-processing"
              },
              {
                "events": [
                  "s3:ObjectCreated:*"
                ],
                "filter_prefix": "",
                "filter_suffix": ".png",
                "id": "tf-s3-topic-20250723160032709200000002",
                "topic_arn": "arn:aws:sns:eu-central-1:253490779310:dev-image-processing"
              },
              {
                "events": [
                  "s3:ObjectCreated:*"
                ],
                "filter_prefix": "",
                "filter_suffix": ".jpeg",
                "id": "tf-s3-topic-20250723160032709200000003",
                "topic_arn": "arn:aws:sns:eu-central-1:253490779310:dev-image-processing"
              }
            ]
          },
          "sensitive_attributes": [],
          "identity_schema_version": 0,
          "private": "bnVsbA==",
          "dependencies": [
            "aws_s3_bucket.image_storage",
            "aws_sns_topic.image_processing",
            "aws_sns_topic_policy.image_processing",
            "random_string.suffix"
          ]
        }
      ]
    },
    {
      "mode": "managed",
      "type": "aws_s3_bucket_ownership_controls",
      "name": "image_storage",
      "provider": "provider[\"registry.terraform.io/hashicorp/aws\"]",
      "instances": [
        {
          "schema_version": 0,
          "attributes": {
            "bucket": "dev-x97o2b9d-images",
            "id": "dev-x97o2b9d-images",
            "region": "eu-central-1",
            "rule": [
              {
                "object_ownership": "BucketOwnerPreferred"
              }
            ]
          },
          "sensitive_attributes": [],
          "identity_schema_version": 0,
          "private": "bnVsbA==",
          "dependencies": [
            "aws_s3_bucket.image_storage",
            "random_string.suffix"
          ]
        }
      ]
    },
    {
      "mode": "managed",
      "type": "aws_s3_bucket_public_access_block",
      "name": "image_storage",
      "provider": "provider[\"registry.terraform.io/hashicorp/aws\"]",
      "instances": [
        {
          "schema_version": 0,
          "attributes": {
            "block_public_acls": true,
            "block_public_policy": true,
            "bucket": "dev-x97o2b9d-images",
            "id": "dev-x97o2b9d-images",
            "ignore_public_acls": true,
            "region": "eu-central-1",
            "restrict_public_buckets": true
          },
          "sensitive_attributes": [],
          "identity_schema_version": 0,
          "private": "bnVsbA==",
          "dependencies": [
            "aws_s3_bucket.image_storage",
            "random_string.suffix"
          ]
        }
      ]
    },
    {
      "mode": "managed",
      "type": "aws_security_group",
      "name": "alb_sg",
      "provider": "provider[\"registry.terraform.io/hashicorp/aws\"]",
      "instances": [
        {
          "schema_version": 1,
          "attributes": {
            "arn": "arn:aws:ec2:eu-central-1:253490779310:security-group/sg-082fc064c3c29f824",
            "description": "Security group for Application Load Balancer",
            "egress": [
              {
                "cidr_blocks": [
                  "0.0.0.0/0"
                ],
                "description": "",
                "from_port": 0,
                "ipv6_cidr_blocks": [],
                "prefix_list_ids": [],
                "protocol": "-1",
                "security_groups": [],
                "self": false,
                "to_port": 0
              }
            ],
            "id": "sg-082fc064c3c29f824",
            "ingress": [
              {
                "cidr_blocks": [
                  "0.0.0.0/0"
                ],
                "description": "HTTP from anywhere",
                "from_port": 80,
                "ipv6_cidr_blocks": [],
                "prefix_list_ids": [],
                "protocol": "tcp",
                "security_groups": [],
                "self": false,
                "to_port": 80
              },
              {
                "cidr_blocks": [
                  "0.0.0.0/0"
                ],
                "description": "HTTPS from anywhere",
                "from_port": 443,
                "ipv6_cidr_blocks": [],
                "prefix_list_ids": [],
                "protocol": "tcp",
                "security_groups": [],
                "self": false,
                "to_port": 443
              }
            ],
            "name": "ALB-SecurityGroup",
            "name_prefix": "",
            "owner_id": "253490779310",
            "region": "eu-central-1",
            "revoke_rules_on_delete": false,
            "tags": {
              "Environment": "dev",
              "Name": "ALB-SecurityGroup",
              "Terraform": "true"
            },
            "tags_all": {
              "Environment": "dev",
              "Name": "ALB-SecurityGroup",
              "Terraform": "true"
            },
            "timeouts": null,
            "vpc_id": "vpc-01eb7aa93407ac6ff"
          },
          "sensitive_attributes": [],
          "identity_schema_version": 0,
          "private": "eyJlMmJmYjczMC1lY2FhLTExZTYtOGY4OC0zNDM2M2JjN2M0YzAiOnsiY3JlYXRlIjo2MDAwMDAwMDAwMDAsImRlbGV0ZSI6OTAwMDAwMDAwMDAwfSwic2NoZW1hX3ZlcnNpb24iOiIxIn0=",
          "dependencies": [
            "aws_vpc.myVPC"
          ]
        }
      ]
    },
    {
      "mode": "managed",
      "type": "aws_security_group",
      "name": "bastion_sg",
      "provider": "provider[\"registry.terraform.io/hashicorp/aws\"]",
      "instances": [
        {
          "schema_version": 1,
          "attributes": {
            "arn": "arn:aws:ec2:eu-central-1:253490779310:security-group/sg-05105ffbf1c3dcbcf",
            "description": "Security group for Bastion host - Restrict SSH access to specified IP",
            "egress": [
              {
                "cidr_blocks": [
                  "0.0.0.0/0"
                ],
                "description": "",
                "from_port": 0,
                "ipv6_cidr_blocks": [],
                "prefix_list_ids": [],
                "protocol": "-1",
                "security_groups": [],
                "self": false,
                "to_port": 0
              }
            ],
            "id": "sg-05105ffbf1c3dcbcf",
            "ingress": [
              {
                "cidr_blocks": [
                  "95.222.26.151/32"
                ],
                "description": "SSH access from specified IP",
                "from_port": 22,
                "ipv6_cidr_blocks": [],
                "prefix_list_ids": [],
                "protocol": "tcp",
                "security_groups": [],
                "self": false,
                "to_port": 22
              }
            ],
            "name": "BastionSecurityGroup",
            "name_prefix": "",
            "owner_id": "253490779310",
            "region": "eu-central-1",
            "revoke_rules_on_delete": false,
            "tags": {
              "Environment": "dev",
              "Name": "BastionSecurityGroup",
              "Terraform": "true"
            },
            "tags_all": {
              "Environment": "dev",
              "Name": "BastionSecurityGroup",
              "Terraform": "true"
            },
            "timeouts": null,
            "vpc_id": "vpc-01eb7aa93407ac6ff"
          },
          "sensitive_attributes": [],
          "identity_schema_version": 0,
          "private": "eyJlMmJmYjczMC1lY2FhLTExZTYtOGY4OC0zNDM2M2JjN2M0YzAiOnsiY3JlYXRlIjo2MDAwMDAwMDAwMDAsImRlbGV0ZSI6OTAwMDAwMDAwMDAwfSwic2NoZW1hX3ZlcnNpb24iOiIxIn0=",
          "dependencies": [
            "aws_vpc.myVPC"
          ]
        }
      ]
    },
    {
      "mode": "managed",
      "type": "aws_security_group",
      "name": "web_app_sg",
      "provider": "provider[\"registry.terraform.io/hashicorp/aws\"]",
      "instances": [
        {
          "schema_version": 1,
          "attributes": {
            "arn": "arn:aws:ec2:eu-central-1:253490779310:security-group/sg-0a82cfc9877bb8fd1",
            "description": "Security group for Web App server in private subnet",
            "egress": [
              {
                "cidr_blocks": [
                  "0.0.0.0/0"
                ],
                "description": "",
                "from_port": 0,
                "ipv6_cidr_blocks": [],
                "prefix_list_ids": [],
                "protocol": "-1",
                "security_groups": [],
                "self": false,
                "to_port": 0
              }
            ],
            "id": "sg-0a82cfc9877bb8fd1",
            "ingress": [
              {
                "cidr_blocks": [],
                "description": "HTTP from ALB",
                "from_port": 80,
                "ipv6_cidr_blocks": [],
                "prefix_list_ids": [],
                "protocol": "tcp",
                "security_groups": [
                  "sg-082fc064c3c29f824"
                ],
                "self": false,
                "to_port": 80
              },
              {
                "cidr_blocks": [],
                "description": "SSH from Bastion",
                "from_port": 22,
                "ipv6_cidr_blocks": [],
                "prefix_list_ids": [],
                "protocol": "tcp",
                "security_groups": [
                  "sg-05105ffbf1c3dcbcf"
                ],
                "self": false,
                "to_port": 22
              }
            ],
            "name": "WebApp-SecurityGroup",
            "name_prefix": "",
            "owner_id": "253490779310",
            "region": "eu-central-1",
            "revoke_rules_on_delete": false,
            "tags": {
              "Environment": "dev",
              "Name": "WebApp-SecurityGroup",
              "Terraform": "true"
            },
            "tags_all": {
              "Environment": "dev",
              "Name": "WebApp-SecurityGroup",
              "Terraform": "true"
            },
            "timeouts": null,
            "vpc_id": "vpc-01eb7aa93407ac6ff"
          },
          "sensitive_attributes": [],
          "identity_schema_version": 0,
          "private": "eyJlMmJmYjczMC1lY2FhLTExZTYtOGY4OC0zNDM2M2JjN2M0YzAiOnsiY3JlYXRlIjo2MDAwMDAwMDAwMDAsImRlbGV0ZSI6OTAwMDAwMDAwMDAwfSwic2NoZW1hX3ZlcnNpb24iOiIxIn0=",
          "dependencies": [
            "aws_security_group.alb_sg",
            "aws_security_group.bastion_sg",
            "aws_vpc.myVPC"
          ]
        }
      ]
    },
    {
      "mode": "managed",
      "type": "aws_sns_topic",
      "name": "image_processing",
      "provider": "provider[\"registry.terraform.io/hashicorp/aws\"]",
      "instances": [
        {
          "schema_version": 0,
          "attributes": {
            "application_failure_feedback_role_arn": "",
            "application_success_feedback_role_arn": "",
            "application_success_feedback_sample_rate": 0,
            "archive_policy": "",
            "arn": "arn:aws:sns:eu-central-1:253490779310:dev-image-processing",
            "beginning_archive_time": "",
            "content_based_deduplication": false,
            "delivery_policy": "",
            "display_name": "",
            "fifo_throughput_scope": "",
            "fifo_topic": false,
            "firehose_failure_feedback_role_arn": "",
            "firehose_success_feedback_role_arn": "",
            "firehose_success_feedback_sample_rate": 0,
            "http_failure_feedback_role_arn": "",
            "http_success_feedback_role_arn": "",
            "http_success_feedback_sample_rate": 0,
            "id": "arn:aws:sns:eu-central-1:253490779310:dev-image-processing",
            "kms_master_key_id": "",
            "lambda_failure_feedback_role_arn": "",
            "lambda_success_feedback_role_arn": "",
            "lambda_success_feedback_sample_rate": 0,
            "name": "dev-image-processing",
            "name_prefix": "",
            "owner": "253490779310",
            "policy": "{\"Statement\":[{\"Action\":\"sns:Publish\",\"Condition\":{\"ArnLike\":{\"aws:SourceArn\":\"arn:aws:s3:::dev-x97o2b9d-images\"}},\"Effect\":\"Allow\",\"Principal\":{\"Service\":\"s3.amazonaws.com\"},\"Resource\":\"arn:aws:sns:eu-central-1:253490779310:dev-image-processing\"}],\"Version\":\"2012-10-17\"}",
            "region": "eu-central-1",
            "signature_version": 0,
            "sqs_failure_feedback_role_arn": "",
            "sqs_success_feedback_role_arn": "",
            "sqs_success_feedback_sample_rate": 0,
            "tags": {
              "Environment": "dev",
              "Name": "dev-image-processing"
            },
            "tags_all": {
              "Environment": "dev",
              "Name": "dev-image-processing"
            },
            "tracing_config": ""
          },
          "sensitive_attributes": [],
          "identity_schema_version": 0,
          "private": "bnVsbA=="
        }
      ]
    },
    {
      "mode": "managed",
      "type": "aws_sns_topic_policy",
      "name": "image_processing",
      "provider": "provider[\"registry.terraform.io/hashicorp/aws\"]",
      "instances": [
        {
          "schema_version": 0,
          "attributes": {
            "arn": "arn:aws:sns:eu-central-1:253490779310:dev-image-processing",
            "id": "arn:aws:sns:eu-central-1:253490779310:dev-image-processing",
            "owner": "253490779310",
            "policy": "{\"Statement\":[{\"Action\":\"sns:Publish\",\"Condition\":{\"ArnLike\":{\"aws:SourceArn\":\"arn:aws:s3:::dev-x97o2b9d-images\"}},\"Effect\":\"Allow\",\"Principal\":{\"Service\":\"s3.amazonaws.com\"},\"Resource\":\"arn:aws:sns:eu-central-1:253490779310:dev-image-processing\"}],\"Version\":\"2012-10-17\"}",
            "region": "eu-central-1"
          },
          "sensitive_attributes": [],
          "identity_schema_version": 0,
          "private": "bnVsbA==",
          "dependencies": [
            "aws_s3_bucket.image_storage",
            "aws_sns_topic.image_processing",
            "random_string.suffix"
          ]
        }
      ]
    },
    {
      "mode": "managed",
      "type": "aws_sns_topic_subscription",
      "name": "lambda_subscription",
      "provider": "provider[\"registry.terraform.io/hashicorp/aws\"]",
      "instances": [
        {
          "schema_version": 0,
          "attributes": {
            "arn": "arn:aws:sns:eu-central-1:253490779310:dev-image-processing:508b8e4f-13e9-4577-a83c-422c6b487cbd",
            "confirmation_timeout_in_minutes": 1,
            "confirmation_was_authenticated": true,
            "delivery_policy": "",
            "endpoint": "arn:aws:lambda:eu-central-1:253490779310:function:dev-image-processing",
            "endpoint_auto_confirms": false,
            "filter_policy": "",
            "filter_policy_scope": "",
            "id": "arn:aws:sns:eu-central-1:253490779310:dev-image-processing:508b8e4f-13e9-4577-a83c-422c6b487cbd",
            "owner_id": "253490779310",
            "pending_confirmation": false,
            "protocol": "lambda",
            "raw_message_delivery": false,
            "redrive_policy": "",
            "region": "eu-central-1",
            "replay_policy": "",
            "subscription_role_arn": "",
            "topic_arn": "arn:aws:sns:eu-central-1:253490779310:dev-image-processing"
          },
          "sensitive_attributes": [],
          "identity_schema_version": 0,
          "private": "bnVsbA==",
          "dependencies": [
            "aws_dynamodb_table.image_analysis",
            "aws_iam_policy.lambda_image_processing",
            "aws_iam_role.lambda_image_processing",
            "aws_iam_role_policy_attachment.lambda_image_processing",
            "aws_lambda_function.image_processing",
            "aws_s3_bucket.image_storage",
            "aws_sns_topic.image_processing",
            "random_string.suffix"
          ]
        }
      ]
    },
    {
      "mode": "managed",
      "type": "aws_subnet",
      "name": "privateSubnet",
      "provider": "provider[\"registry.terraform.io/hashicorp/aws\"]",
      "instances": [
        {
          "schema_version": 1,
          "attributes": {
            "arn": "arn:aws:ec2:eu-central-1:253490779310:subnet/subnet-05956fc2668efee40",
            "assign_ipv6_address_on_creation": false,
            "availability_zone": "eu-central-1a",
            "availability_zone_id": "euc1-az2",
            "cidr_block": "10.0.0.128/26",
            "customer_owned_ipv4_pool": "",
            "enable_dns64": false,
            "enable_lni_at_device_index": 0,
            "enable_resource_name_dns_a_record_on_launch": false,
            "enable_resource_name_dns_aaaa_record_on_launch": false,
            "id": "subnet-05956fc2668efee40",
            "ipv6_cidr_block": "",
            "ipv6_cidr_block_association_id": "",
            "ipv6_native": false,
            "map_customer_owned_ip_on_launch": false,
            "map_public_ip_on_launch": false,
            "outpost_arn": "",
            "owner_id": "253490779310",
            "private_dns_hostname_type_on_launch": "ip-name",
            "region": "eu-central-1",
            "tags": {
              "Environment": "dev",
              "Name": "privateSubnet",
              "Terraform": "true"
            },
            "tags_all": {
              "Environment": "dev",
              "Name": "privateSubnet",
              "Terraform": "true"
            },
            "timeouts": null,
            "vpc_id": "vpc-01eb7aa93407ac6ff"
          },
          "sensitive_attributes": [],
          "identity_schema_version": 0,
          "private": "eyJlMmJmYjczMC1lY2FhLTExZTYtOGY4OC0zNDM2M2JjN2M0YzAiOnsiY3JlYXRlIjo2MDAwMDAwMDAwMDAsImRlbGV0ZSI6MTIwMDAwMDAwMDAwMH0sInNjaGVtYV92ZXJzaW9uIjoiMSJ9",
          "dependencies": [
            "aws_vpc.myVPC",
            "data.aws_availability_zones.available"
          ]
        }
      ]
    },
    {
      "mode": "managed",
      "type": "aws_subnet",
      "name": "privateSubnet2",
      "provider": "provider[\"registry.terraform.io/hashicorp/aws\"]",
      "instances": [
        {
          "schema_version": 1,
          "attributes": {
            "arn": "arn:aws:ec2:eu-central-1:253490779310:subnet/subnet-04484cd10843c42b3",
            "assign_ipv6_address_on_creation": false,
            "availability_zone": "eu-central-1b",
            "availability_zone_id": "euc1-az3",
            "cidr_block": "10.0.0.192/26",
            "customer_owned_ipv4_pool": "",
            "enable_dns64": false,
            "enable_lni_at_device_index": 0,
            "enable_resource_name_dns_a_record_on_launch": false,
            "enable_resource_name_dns_aaaa_record_on_launch": false,
            "id": "subnet-04484cd10843c42b3",
            "ipv6_cidr_block": "",
            "ipv6_cidr_block_association_id": "",
            "ipv6_native": false,
            "map_customer_owned_ip_on_launch": false,
            "map_public_ip_on_launch": false,
            "outpost_arn": "",
            "owner_id": "253490779310",
            "private_dns_hostname_type_on_launch": "ip-name",
            "region": "eu-central-1",
            "tags": {
              "Environment": "dev",
              "Name": "privateSubnet2",
              "Terraform": "true"
            },
            "tags_all": {
              "Environment": "dev",
              "Name": "privateSubnet2",
              "Terraform": "true"
            },
            "timeouts": null,
            "vpc_id": "vpc-01eb7aa93407ac6ff"
          },
          "sensitive_attributes": [],
          "identity_schema_version": 0,
          "private": "eyJlMmJmYjczMC1lY2FhLTExZTYtOGY4OC0zNDM2M2JjN2M0YzAiOnsiY3JlYXRlIjo2MDAwMDAwMDAwMDAsImRlbGV0ZSI6MTIwMDAwMDAwMDAwMH0sInNjaGVtYV92ZXJzaW9uIjoiMSJ9",
          "dependencies": [
            "aws_vpc.myVPC",
            "data.aws_availability_zones.available"
          ]
        }
      ]
    },
    {
      "mode": "managed",
      "type": "aws_subnet",
      "name": "publicSubnet",
      "provider": "provider[\"registry.terraform.io/hashicorp/aws\"]",
      "instances": [
        {
          "schema_version": 1,
          "attributes": {
            "arn": "arn:aws:ec2:eu-central-1:253490779310:subnet/subnet-042a72e6f6945e8c6",
            "assign_ipv6_address_on_creation": false,
            "availability_zone": "eu-central-1a",
            "availability_zone_id": "euc1-az2",
            "cidr_block": "10.0.0.0/26",
            "customer_owned_ipv4_pool": "",
            "enable_dns64": false,
            "enable_lni_at_device_index": 0,
            "enable_resource_name_dns_a_record_on_launch": false,
            "enable_resource_name_dns_aaaa_record_on_launch": false,
            "id": "subnet-042a72e6f6945e8c6",
            "ipv6_cidr_block": "",
            "ipv6_cidr_block_association_id": "",
            "ipv6_native": false,
            "map_customer_owned_ip_on_launch": false,
            "map_public_ip_on_launch": true,
            "outpost_arn": "",
            "owner_id": "253490779310",
            "private_dns_hostname_type_on_launch": "ip-name",
            "region": "eu-central-1",
            "tags": {
              "Environment": "dev",
              "Name": "publicSubnet",
              "Terraform": "true"
            },
            "tags_all": {
              "Environment": "dev",
              "Name": "publicSubnet",
              "Terraform": "true"
            },
            "timeouts": null,
            "vpc_id": "vpc-01eb7aa93407ac6ff"
          },
          "sensitive_attributes": [],
          "identity_schema_version": 0,
          "private": "eyJlMmJmYjczMC1lY2FhLTExZTYtOGY4OC0zNDM2M2JjN2M0YzAiOnsiY3JlYXRlIjo2MDAwMDAwMDAwMDAsImRlbGV0ZSI6MTIwMDAwMDAwMDAwMH0sInNjaGVtYV92ZXJzaW9uIjoiMSJ9",
          "dependencies": [
            "aws_vpc.myVPC",
            "data.aws_availability_zones.available"
          ]
        }
      ]
    },
    {
      "mode": "managed",
      "type": "aws_subnet",
      "name": "publicSubnet2",
      "provider": "provider[\"registry.terraform.io/hashicorp/aws\"]",
      "instances": [
        {
          "schema_version": 1,
          "attributes": {
            "arn": "arn:aws:ec2:eu-central-1:253490779310:subnet/subnet-001fb63467574cc29",
            "assign_ipv6_address_on_creation": false,
            "availability_zone": "eu-central-1b",
            "availability_zone_id": "euc1-az3",
            "cidr_block": "10.0.0.64/26",
            "customer_owned_ipv4_pool": "",
            "enable_dns64": false,
            "enable_lni_at_device_index": 0,
            "enable_resource_name_dns_a_record_on_launch": false,
            "enable_resource_name_dns_aaaa_record_on_launch": false,
            "id": "subnet-001fb63467574cc29",
            "ipv6_cidr_block": "",
            "ipv6_cidr_block_association_id": "",
            "ipv6_native": false,
            "map_customer_owned_ip_on_launch": false,
            "map_public_ip_on_launch": true,
            "outpost_arn": "",
            "owner_id": "253490779310",
            "private_dns_hostname_type_on_launch": "ip-name",
            "region": "eu-central-1",
            "tags": {
              "Environment": "dev",
              "Name": "publicSubnet2",
              "Terraform": "true"
            },
            "tags_all": {
              "Environment": "dev",
              "Name": "publicSubnet2",
              "Terraform": "true"
            },
            "timeouts": null,
            "vpc_id": "vpc-01eb7aa93407ac6ff"
          },
          "sensitive_attributes": [],
          "identity_schema_version": 0,
          "private": "eyJlMmJmYjczMC1lY2FhLTExZTYtOGY4OC0zNDM2M2JjN2M0YzAiOnsiY3JlYXRlIjo2MDAwMDAwMDAwMDAsImRlbGV0ZSI6MTIwMDAwMDAwMDAwMH0sInNjaGVtYV92ZXJzaW9uIjoiMSJ9",
          "dependencies": [
            "aws_vpc.myVPC",
            "data.aws_availability_zones.available"
          ]
        }
      ]
    },
    {
      "mode": "managed",
      "type": "aws_vpc",
      "name": "myVPC",
      "provider": "provider[\"registry.terraform.io/hashicorp/aws\"]",
      "instances": [
        {
          "schema_version": 1,
          "attributes": {
            "arn": "arn:aws:ec2:eu-central-1:253490779310:vpc/vpc-01eb7aa93407ac6ff",
            "assign_generated_ipv6_cidr_block": false,
            "cidr_block": "10.0.0.0/24",
            "default_network_acl_id": "acl-0af7a01493f850388",
            "default_route_table_id": "rtb-05b780b08928f2375",
            "default_security_group_id": "sg-0ecdb337febf61dc6",
            "dhcp_options_id": "dopt-04a2a549330ec6141",
            "enable_dns_hostnames": false,
            "enable_dns_support": true,
            "enable_network_address_usage_metrics": false,
            "id": "vpc-01eb7aa93407ac6ff",
            "instance_tenancy": "default",
            "ipv4_ipam_pool_id": null,
            "ipv4_netmask_length": null,
            "ipv6_association_id": "",
            "ipv6_cidr_block": "",
            "ipv6_cidr_block_network_border_group": "",
            "ipv6_ipam_pool_id": "",
            "ipv6_netmask_length": 0,
            "main_route_table_id": "rtb-05b780b08928f2375",
            "owner_id": "253490779310",
            "region": "eu-central-1",
            "tags": {
              "Environment": "dev",
              "Name": "myVPC",
              "Terraform": "true"
            },
            "tags_all": {
              "Environment": "dev",
              "Name": "myVPC",
              "Terraform": "true"
            }
          },
          "sensitive_attributes": [],
          "identity_schema_version": 0,
          "private": "eyJzY2hlbWFfdmVyc2lvbiI6IjEifQ=="
        }
      ]
    },
    {
      "mode": "managed",
      "type": "aws_vpc_security_group_egress_rule",
      "name": "allow_all_traffic_ipv4",
      "provider": "provider[\"registry.terraform.io/hashicorp/aws\"]",
      "instances": [
        {
          "schema_version": 0,
          "attributes": {
            "arn": "arn:aws:ec2:eu-central-1:253490779310:security-group-rule/sgr-042aed0a2186ef60d",
            "cidr_ipv4": "0.0.0.0/0",
            "cidr_ipv6": null,
            "description": null,
            "from_port": null,
            "id": "sgr-042aed0a2186ef60d",
            "ip_protocol": "-1",
            "prefix_list_id": null,
            "referenced_security_group_id": null,
            "region": "eu-central-1",
            "security_group_id": "sg-05105ffbf1c3dcbcf",
            "security_group_rule_id": "sgr-042aed0a2186ef60d",
            "tags": null,
            "tags_all": {},
            "to_port": null
          },
          "sensitive_attributes": [],
          "identity_schema_version": 0,
          "dependencies": [
            "aws_security_group.bastion_sg",
            "aws_vpc.myVPC"
          ]
        }
      ]
    },
    {
      "mode": "managed",
      "type": "aws_vpc_security_group_ingress_rule",
      "name": "ssh_from_specified_ip",
      "provider": "provider[\"registry.terraform.io/hashicorp/aws\"]",
      "instances": [
        {
          "schema_version": 0,
          "attributes": {
            "arn": "arn:aws:ec2:eu-central-1:253490779310:security-group-rule/sgr-002c90fe7e3136bcc",
            "cidr_ipv4": "95.222.26.151/32",
            "cidr_ipv6": null,
            "description": "SSH access from specified IP",
            "from_port": 22,
            "id": "sgr-002c90fe7e3136bcc",
            "ip_protocol": "tcp",
            "prefix_list_id": null,
            "referenced_security_group_id": null,
            "region": "eu-central-1",
            "security_group_id": "sg-05105ffbf1c3dcbcf",
            "security_group_rule_id": "sgr-002c90fe7e3136bcc",
            "tags": null,
            "tags_all": {},
            "to_port": 22
          },
          "sensitive_attributes": [],
          "identity_schema_version": 0,
          "dependencies": [
            "aws_security_group.bastion_sg",
            "aws_vpc.myVPC"
          ]
        }
      ]
    },
    {
      "mode": "managed",
      "type": "random_string",
      "name": "suffix",
      "provider": "provider[\"registry.terraform.io/hashicorp/random\"]",
      "instances": [
        {
          "schema_version": 2,
          "attributes": {
            "id": "x97o2b9d",
            "keepers": null,
            "length": 8,
            "lower": true,
            "min_lower": 0,
            "min_numeric": 0,
            "min_special": 0,
            "min_upper": 0,
            "number": true,
            "numeric": true,
            "override_special": null,
            "result": "x97o2b9d",
            "special": false,
            "upper": false
          },
          "sensitive_attributes": [],
          "identity_schema_version": 0
        }
      ]
    },
    {
      "mode": "managed",
      "type": "time_sleep",
      "name": "wait_for_nat_gateway",
      "provider": "provider[\"registry.terraform.io/hashicorp/time\"]",
      "instances": [
        {
          "schema_version": 0,
          "attributes": {
            "create_duration": "120s",
            "destroy_duration": null,
            "id": "2025-07-23T15:58:26Z",
            "triggers": null
          },
          "sensitive_attributes": [],
          "identity_schema_version": 0,
          "dependencies": [
            "aws_eip.elasticIP",
            "aws_internet_gateway.myIGW",
            "aws_nat_gateway.myNATGateway",
            "aws_route_table.myPrivateRouteTable",
            "aws_route_table_association.private",
            "aws_subnet.privateSubnet",
            "aws_subnet.publicSubnet",
            "aws_vpc.myVPC",
            "data.aws_availability_zones.available"
          ]
        }
      ]
    }
  ],
  "check_results": null
}
